{"format_version":"1.0","provider_schemas":{"registry.terraform.io/solaceproducts/solacebroker":{"provider":{"version":0,"block":{"attributes":{"bearer_token":{"type":"string","description":"A bearer token that will be sent in the Authorization header of SEMP requests. Requires TLS transport enabled. Conflicts with username and password.","description_kind":"markdown","optional":true,"sensitive":true},"insecure_skip_verify":{"type":"bool","description":"Disable validation of server SSL certificates, accept/ignore self-signed. The default value is false.","description_kind":"markdown","optional":true},"password":{"type":"string","description":"The password to connect to the broker with. Requires username and conflicts with bearer_token.","description_kind":"markdown","optional":true,"sensitive":true},"request_min_interval":{"type":"string","description":"A [duration](https://pkg.go.dev/maze.io/x/duration#ParseDuration) string indicating the minimum interval between requests; this serves as a rate limit. This setting does not apply to retries. Set to 0 for no rate limit. The default value is 100ms (which equates to a rate limit of 10 calls per second).","description_kind":"markdown","optional":true},"request_timeout_duration":{"type":"string","description":"A [duration](https://pkg.go.dev/maze.io/x/duration#ParseDuration) string indicating the maximum time to wait for a SEMP request.  The default value is 1m.","description_kind":"markdown","optional":true},"retries":{"type":"number","description":"The number of retries for a SEMP call. The default value is 10.","description_kind":"markdown","optional":true},"retry_max_interval":{"type":"string","description":"A [duration](https://pkg.go.dev/maze.io/x/duration#ParseDuration) string indicating the maximum retry interval. The default value is 30s.","description_kind":"markdown","optional":true},"retry_min_interval":{"type":"string","description":"A [duration](https://pkg.go.dev/maze.io/x/duration#ParseDuration) string indicating how long to wait after an initial failed request before the first retry.  Exponential backoff is used, up to the limit set by retry_max_interval. The default value is 3s.","description_kind":"markdown","optional":true},"url":{"type":"string","description":"The base URL of the event broker, for example `https://mybroker.example.org:1943/`. The trailing / can be omitted.","description_kind":"markdown","required":true},"username":{"type":"string","description":"The username to connect to the broker with.  Requires password and conflicts with bearer_token.","description_kind":"markdown","optional":true}},"description_kind":"plain"}},"resource_schemas":{"solacebroker_broker":{"version":0,"block":{"attributes":{"auth_client_cert_revocation_check_mode":{"type":"string","description":"The client certificate revocation checking mode used when a client authenticates with a client certificate. Changes to this attribute are synchronized to HA mates via config-sync. The default value is `\"none\"`. The allowed values and their meaning are:\n\n\u003cpre\u003e\n\"none\" - Do not perform any certificate revocation checking.\n\"ocsp\" - Use the Open Certificate Status Protcol (OCSP) for certificate revocation checking.\n\"crl\" - Use Certificate Revocation Lists (CRL) for certificate revocation checking.\n\"ocsp-crl\" - Use OCSP first, but if OCSP fails to return an unambiguous result, then check via CRL.\n\u003c/pre\u003e\n","description_kind":"markdown","optional":true},"config_sync_authentication_client_cert_max_chain_depth":{"type":"number","description":"The maximum depth for a client certificate chain. The depth of a chain is defined as the number of signing CA certificates that are present in the chain back to a trusted self-signed root CA certificate. The default value is `3`. Available since SEMP API version 2.22.","description_kind":"markdown","optional":true},"config_sync_authentication_client_cert_validate_date_enabled":{"type":"bool","description":"Enable or disable validation of the \"Not Before\" and \"Not After\" validity dates in the authentication certificate(s). The default value is `true`. Available since SEMP API version 2.22.","description_kind":"markdown","optional":true},"config_sync_client_profile_tcp_initial_congestion_window":{"type":"number","description":"The TCP initial congestion window size for Config Sync clients, in multiples of the TCP Maximum Segment Size (MSS). Changing the value from its default of 2 results in non-compliance with RFC 2581. Contact support before changing this value. The default value is `2`. Available since SEMP API version 2.22.","description_kind":"markdown","optional":true},"config_sync_client_profile_tcp_keepalive_count":{"type":"number","description":"The number of TCP keepalive retransmissions to a client using the Client Profile before declaring that it is not available. The default value is `5`. Available since SEMP API version 2.22.","description_kind":"markdown","optional":true},"config_sync_client_profile_tcp_keepalive_idle":{"type":"number","description":"The amount of time a client connection using the Client Profile must remain idle before TCP begins sending keepalive probes, in seconds. The default value is `3`. Available since SEMP API version 2.22.","description_kind":"markdown","optional":true},"config_sync_client_profile_tcp_keepalive_interval":{"type":"number","description":"The amount of time between TCP keepalive retransmissions to a client using the Client Profile when no acknowledgment is received, in seconds. The default value is `1`. Available since SEMP API version 2.22.","description_kind":"markdown","optional":true},"config_sync_client_profile_tcp_max_window":{"type":"number","description":"The TCP maximum window size for clients using the Client Profile, in kilobytes. Changes are applied to all existing connections. This setting is ignored on the software broker. The default value is `256`. Available since SEMP API version 2.22.","description_kind":"markdown","optional":true},"config_sync_client_profile_tcp_mss":{"type":"number","description":"The TCP maximum segment size for clients using the Client Profile, in bytes. Changes are applied to all existing connections. The default value is `1460`. Available since SEMP API version 2.22.","description_kind":"markdown","optional":true},"config_sync_enabled":{"type":"bool","description":"Enable or disable configuration synchronization for High Availability or Disaster Recovery. The default value is `false`. Available since SEMP API version 2.22.","description_kind":"markdown","optional":true},"config_sync_synchronize_username_enabled":{"type":"bool","description":"Enable or disable the synchronizing of usernames within High Availability groups. The transition from not synchronizing to synchronizing will cause the High Availability mate to fall out of sync. Recommendation: leave this as enabled. Changes to this attribute are synchronized to HA mates via config-sync. The default value is `true`. Available since SEMP API version 2.22.","description_kind":"markdown","optional":true},"config_sync_tls_enabled":{"type":"bool","description":"Enable or disable the use of TLS encryption of the configuration synchronization communications between brokers in High Availability groups and/or Disaster Recovery sites. The default value is `false`. Available since SEMP API version 2.22.","description_kind":"markdown","optional":true},"guaranteed_msging_defragmentation_schedule_day_list":{"type":"string","description":"The days of the week to schedule defragmentation runs, specified as \"daily\" or as a comma-separated list of days. Days must be specified as \"Sun\", \"Mon\", \"Tue\", \"Wed\", \"Thu\", \"Fri, or \"Sat\", with no spaces, and in sorted order from Sunday to Saturday. Please note \"Sun,Mon,Tue,Wed,Thu,Fri,Sat\" is not allowed, use \"daily\" instead. Changes to this attribute are synchronized to HA mates via config-sync. The default value is `\"daily\"`. Available since SEMP API version 2.25.","description_kind":"markdown","optional":true},"guaranteed_msging_defragmentation_schedule_enabled":{"type":"bool","description":"Enable or disable schedule-based defragmentation of Guaranteed Messaging spool files. Changes to this attribute are synchronized to HA mates via config-sync. The default value is `false`. Available since SEMP API version 2.25.","description_kind":"markdown","optional":true},"guaranteed_msging_defragmentation_schedule_time_list":{"type":"string","description":"The times of the day to schedule defragmentation runs, specified as \"hourly\" or as a comma-separated list of 24-hour times in the form hh:mm, or h:mm. There must be no spaces, and times (up to 4) must be in sorted order from 0:00 to 23:59. Changes to this attribute are synchronized to HA mates via config-sync. The default value is `\"0:00\"`. Available since SEMP API version 2.25.","description_kind":"markdown","optional":true},"guaranteed_msging_defragmentation_threshold_enabled":{"type":"bool","description":"Enable or disable threshold-based defragmentation of Guaranteed Messaging spool files. Changes to this attribute are synchronized to HA mates via config-sync. The default value is `false`. Available since SEMP API version 2.25.","description_kind":"markdown","optional":true},"guaranteed_msging_defragmentation_threshold_fragmentation_percentage":{"type":"number","description":"Percentage of spool fragmentation needed to trigger defragmentation run. The minimum value allowed is 30%. Changes to this attribute are synchronized to HA mates via config-sync. The default value is `50`. Available since SEMP API version 2.25.","description_kind":"markdown","optional":true},"guaranteed_msging_defragmentation_threshold_min_interval":{"type":"number","description":"Minimum interval of time (in minutes) between defragmentation runs triggered by thresholds. Changes to this attribute are synchronized to HA mates via config-sync. The default value is `15`. Available since SEMP API version 2.25.","description_kind":"markdown","optional":true},"guaranteed_msging_defragmentation_threshold_usage_percentage":{"type":"number","description":"Percentage of spool usage needed to trigger defragmentation run. The minimum value allowed is 30%. Changes to this attribute are synchronized to HA mates via config-sync. The default value is `50`. Available since SEMP API version 2.25.","description_kind":"markdown","optional":true},"guaranteed_msging_enabled":{"type":"bool","description":"Enable or disable Guaranteed Messaging. The default value is `false`. Available since SEMP API version 2.18.","description_kind":"markdown","optional":true},"guaranteed_msging_event_cache_usage_threshold":{"nested_type":{"attributes":{"clear_percent":{"type":"number","description":"The clear threshold for the value of this counter as a percentage of its maximum value. Falling below this value will trigger a corresponding event. This attribute may not be returned in a GET.","description_kind":"markdown","optional":true},"clear_value":{"type":"number","description":"The clear threshold for the absolute value of this counter. Falling below this value will trigger a corresponding event. This attribute may not be returned in a GET.","description_kind":"markdown","optional":true},"set_percent":{"type":"number","description":"The set threshold for the value of this counter as a percentage of its maximum value. Exceeding this value will trigger a corresponding event. This attribute may not be returned in a GET.","description_kind":"markdown","optional":true},"set_value":{"type":"number","description":"The set threshold for the absolute value of this counter. Exceeding this value will trigger a corresponding event. This attribute may not be returned in a GET.","description_kind":"markdown","optional":true}},"nesting_mode":"single"},"description_kind":"plain","optional":true},"guaranteed_msging_event_delivered_unacked_threshold":{"nested_type":{"attributes":{"clear_percent":{"type":"number","description":"The clear threshold for the value of this counter as a percentage of its maximum value. Falling below this value will trigger a corresponding event.","description_kind":"markdown","optional":true},"set_percent":{"type":"number","description":"The set threshold for the value of this counter as a percentage of its maximum value. Exceeding this value will trigger a corresponding event.","description_kind":"markdown","optional":true}},"nesting_mode":"single"},"description_kind":"plain","optional":true},"guaranteed_msging_event_disk_usage_threshold":{"nested_type":{"attributes":{"clear_percent":{"type":"number","description":"The clear threshold for the value of this counter as a percentage of its maximum value. Falling below this value will trigger a corresponding event.","description_kind":"markdown","optional":true},"set_percent":{"type":"number","description":"The set threshold for the value of this counter as a percentage of its maximum value. Exceeding this value will trigger a corresponding event.","description_kind":"markdown","optional":true}},"nesting_mode":"single"},"description_kind":"plain","optional":true},"guaranteed_msging_event_egress_flow_count_threshold":{"nested_type":{"attributes":{"clear_percent":{"type":"number","description":"The clear threshold for the value of this counter as a percentage of its maximum value. Falling below this value will trigger a corresponding event. This attribute may not be returned in a GET.","description_kind":"markdown","optional":true},"clear_value":{"type":"number","description":"The clear threshold for the absolute value of this counter. Falling below this value will trigger a corresponding event. This attribute may not be returned in a GET.","description_kind":"markdown","optional":true},"set_percent":{"type":"number","description":"The set threshold for the value of this counter as a percentage of its maximum value. Exceeding this value will trigger a corresponding event. This attribute may not be returned in a GET.","description_kind":"markdown","optional":true},"set_value":{"type":"number","description":"The set threshold for the absolute value of this counter. Exceeding this value will trigger a corresponding event. This attribute may not be returned in a GET.","description_kind":"markdown","optional":true}},"nesting_mode":"single"},"description_kind":"plain","optional":true},"guaranteed_msging_event_endpoint_count_threshold":{"nested_type":{"attributes":{"clear_percent":{"type":"number","description":"The clear threshold for the value of this counter as a percentage of its maximum value. Falling below this value will trigger a corresponding event. This attribute may not be returned in a GET.","description_kind":"markdown","optional":true},"clear_value":{"type":"number","description":"The clear threshold for the absolute value of this counter. Falling below this value will trigger a corresponding event. This attribute may not be returned in a GET.","description_kind":"markdown","optional":true},"set_percent":{"type":"number","description":"The set threshold for the value of this counter as a percentage of its maximum value. Exceeding this value will trigger a corresponding event. This attribute may not be returned in a GET.","description_kind":"markdown","optional":true},"set_value":{"type":"number","description":"The set threshold for the absolute value of this counter. Exceeding this value will trigger a corresponding event. This attribute may not be returned in a GET.","description_kind":"markdown","optional":true}},"nesting_mode":"single"},"description_kind":"plain","optional":true},"guaranteed_msging_event_ingress_flow_count_threshold":{"nested_type":{"attributes":{"clear_percent":{"type":"number","description":"The clear threshold for the value of this counter as a percentage of its maximum value. Falling below this value will trigger a corresponding event. This attribute may not be returned in a GET.","description_kind":"markdown","optional":true},"clear_value":{"type":"number","description":"The clear threshold for the absolute value of this counter. Falling below this value will trigger a corresponding event. This attribute may not be returned in a GET.","description_kind":"markdown","optional":true},"set_percent":{"type":"number","description":"The set threshold for the value of this counter as a percentage of its maximum value. Exceeding this value will trigger a corresponding event. This attribute may not be returned in a GET.","description_kind":"markdown","optional":true},"set_value":{"type":"number","description":"The set threshold for the absolute value of this counter. Exceeding this value will trigger a corresponding event. This attribute may not be returned in a GET.","description_kind":"markdown","optional":true}},"nesting_mode":"single"},"description_kind":"plain","optional":true},"guaranteed_msging_event_msg_count_threshold":{"nested_type":{"attributes":{"clear_percent":{"type":"number","description":"The clear threshold for the value of this counter as a percentage of its maximum value. Falling below this value will trigger a corresponding event.","description_kind":"markdown","optional":true},"set_percent":{"type":"number","description":"The set threshold for the value of this counter as a percentage of its maximum value. Exceeding this value will trigger a corresponding event.","description_kind":"markdown","optional":true}},"nesting_mode":"single"},"description_kind":"plain","optional":true},"guaranteed_msging_event_msg_spool_file_count_threshold":{"nested_type":{"attributes":{"clear_percent":{"type":"number","description":"The clear threshold for the value of this counter as a percentage of its maximum value. Falling below this value will trigger a corresponding event.","description_kind":"markdown","optional":true},"set_percent":{"type":"number","description":"The set threshold for the value of this counter as a percentage of its maximum value. Exceeding this value will trigger a corresponding event.","description_kind":"markdown","optional":true}},"nesting_mode":"single"},"description_kind":"plain","optional":true},"guaranteed_msging_event_msg_spool_usage_threshold":{"nested_type":{"attributes":{"clear_percent":{"type":"number","description":"The clear threshold for the value of this counter as a percentage of its maximum value. Falling below this value will trigger a corresponding event. This attribute may not be returned in a GET.","description_kind":"markdown","optional":true},"clear_value":{"type":"number","description":"The clear threshold for the absolute value of this counter. Falling below this value will trigger a corresponding event. This attribute may not be returned in a GET.","description_kind":"markdown","optional":true},"set_percent":{"type":"number","description":"The set threshold for the value of this counter as a percentage of its maximum value. Exceeding this value will trigger a corresponding event. This attribute may not be returned in a GET.","description_kind":"markdown","optional":true},"set_value":{"type":"number","description":"The set threshold for the absolute value of this counter. Exceeding this value will trigger a corresponding event. This attribute may not be returned in a GET.","description_kind":"markdown","optional":true}},"nesting_mode":"single"},"description_kind":"plain","optional":true},"guaranteed_msging_event_transacted_session_count_threshold":{"nested_type":{"attributes":{"clear_percent":{"type":"number","description":"The clear threshold for the value of this counter as a percentage of its maximum value. Falling below this value will trigger a corresponding event. This attribute may not be returned in a GET.","description_kind":"markdown","optional":true},"clear_value":{"type":"number","description":"The clear threshold for the absolute value of this counter. Falling below this value will trigger a corresponding event. This attribute may not be returned in a GET.","description_kind":"markdown","optional":true},"set_percent":{"type":"number","description":"The set threshold for the value of this counter as a percentage of its maximum value. Exceeding this value will trigger a corresponding event. This attribute may not be returned in a GET.","description_kind":"markdown","optional":true},"set_value":{"type":"number","description":"The set threshold for the absolute value of this counter. Exceeding this value will trigger a corresponding event. This attribute may not be returned in a GET.","description_kind":"markdown","optional":true}},"nesting_mode":"single"},"description_kind":"plain","optional":true},"guaranteed_msging_event_transacted_session_resource_count_threshold":{"nested_type":{"attributes":{"clear_percent":{"type":"number","description":"The clear threshold for the value of this counter as a percentage of its maximum value. Falling below this value will trigger a corresponding event.","description_kind":"markdown","optional":true},"set_percent":{"type":"number","description":"The set threshold for the value of this counter as a percentage of its maximum value. Exceeding this value will trigger a corresponding event.","description_kind":"markdown","optional":true}},"nesting_mode":"single"},"description_kind":"plain","optional":true},"guaranteed_msging_event_transaction_count_threshold":{"nested_type":{"attributes":{"clear_percent":{"type":"number","description":"The clear threshold for the value of this counter as a percentage of its maximum value. Falling below this value will trigger a corresponding event. This attribute may not be returned in a GET.","description_kind":"markdown","optional":true},"clear_value":{"type":"number","description":"The clear threshold for the absolute value of this counter. Falling below this value will trigger a corresponding event. This attribute may not be returned in a GET.","description_kind":"markdown","optional":true},"set_percent":{"type":"number","description":"The set threshold for the value of this counter as a percentage of its maximum value. Exceeding this value will trigger a corresponding event. This attribute may not be returned in a GET.","description_kind":"markdown","optional":true},"set_value":{"type":"number","description":"The set threshold for the absolute value of this counter. Exceeding this value will trigger a corresponding event. This attribute may not be returned in a GET.","description_kind":"markdown","optional":true}},"nesting_mode":"single"},"description_kind":"plain","optional":true},"guaranteed_msging_max_cache_usage":{"type":"number","description":"Guaranteed messaging cache usage limit. Expressed as a maximum percentage of the NAB's egress queueing. resources that the guaranteed message cache is allowed to use. Changes to this attribute are synchronized to HA mates via config-sync. The default value is `10`. Available since SEMP API version 2.18.","description_kind":"markdown","optional":true},"guaranteed_msging_max_msg_spool_usage":{"type":"number","description":"The maximum total message spool usage allowed across all VPNs on this broker, in megabytes. Recommendation: the maximum value should be less than 90% of the disk space allocated for the guaranteed message spool. Changes to this attribute are synchronized to HA mates via config-sync. The default value is `1500`. Available since SEMP API version 2.18.","description_kind":"markdown","optional":true},"guaranteed_msging_msg_spool_sync_mirrored_msg_ack_timeout":{"type":"number","description":"The maximum time, in milliseconds, that can be tolerated for remote acknowledgment of synchronization messages before which the remote system will be considered out of sync. The default value is `10000`. Available since SEMP API version 2.18.","description_kind":"markdown","optional":true},"guaranteed_msging_msg_spool_sync_mirrored_spool_file_ack_timeout":{"type":"number","description":"The maximum time, in milliseconds, that can be tolerated for remote disk writes before which the remote system will be considered out of sync. The default value is `10000`. Available since SEMP API version 2.18.","description_kind":"markdown","optional":true},"guaranteed_msging_transaction_replication_compatibility_mode":{"type":"string","description":"The replication compatibility mode for the broker. The default value is `\"legacy\"`. The allowed values and their meaning are:\"legacy\" - All transactions originated by clients are replicated to the standby site without using transactions.\"transacted\" - All transactions originated by clients are replicated to the standby site using transactions. Changes to this attribute are synchronized to HA mates via config-sync. The default value is `\"legacy\"`. The allowed values and their meaning are:\n\n\u003cpre\u003e\n\"legacy\" - All transactions originated by clients are replicated to the standby site without using transactions.\n\"transacted\" - All transactions originated by clients are replicated to the standby site using transactions.\n\u003c/pre\u003e\n Available since SEMP API version 2.18.","description_kind":"markdown","optional":true},"id":{"type":"string","description":"Identifier attribute, for internal use only.","description_kind":"plain","computed":true},"oauth_profile_default":{"type":"string","description":"The default OAuth profile for OAuth authenticated SEMP requests. Changes to this attribute are synchronized to HA mates via config-sync. The default value is `\"\"`. Available since SEMP API version 2.24.","description_kind":"markdown","optional":true},"service_amqp_enabled":{"type":"bool","description":"Enable or disable the AMQP service. When disabled new AMQP Clients may not connect through the global or per-VPN AMQP listen-ports, and all currently connected AMQP Clients are immediately disconnected. Changes to this attribute are synchronized to HA mates via config-sync. The default value is `false`. Available since SEMP API version 2.17.","description_kind":"markdown","optional":true},"service_amqp_tls_listen_port":{"type":"number","description":"TCP port number that AMQP clients can use to connect to the broker using raw TCP over TLS. Modifying this attribute while the object (or the relevant part of the object) is administratively enabled may be service impacting as service_amqp_enabled will be temporarily set to false to apply the change. Changes to this attribute are synchronized to HA mates via config-sync. The default value is `0`. Available since SEMP API version 2.17.","description_kind":"markdown","optional":true},"service_event_connection_count_threshold":{"nested_type":{"attributes":{"clear_percent":{"type":"number","description":"The clear threshold for the value of this counter as a percentage of its maximum value. Falling below this value will trigger a corresponding event. This attribute may not be returned in a GET.","description_kind":"markdown","optional":true},"clear_value":{"type":"number","description":"The clear threshold for the absolute value of this counter. Falling below this value will trigger a corresponding event. This attribute may not be returned in a GET.","description_kind":"markdown","optional":true},"set_percent":{"type":"number","description":"The set threshold for the value of this counter as a percentage of its maximum value. Exceeding this value will trigger a corresponding event. This attribute may not be returned in a GET.","description_kind":"markdown","optional":true},"set_value":{"type":"number","description":"The set threshold for the absolute value of this counter. Exceeding this value will trigger a corresponding event. This attribute may not be returned in a GET.","description_kind":"markdown","optional":true}},"nesting_mode":"single"},"description_kind":"plain","optional":true},"service_health_check_enabled":{"type":"bool","description":"Enable or disable the plain-text health-check service. Changes to this attribute are synchronized to HA mates via config-sync. The default value is `false`. Available since SEMP API version 2.17.","description_kind":"markdown","optional":true},"service_health_check_listen_port":{"type":"number","description":"The port number for the plain-text health-check service. The port must be unique across the message backbone. The health-check service must be disabled to change the port. Modifying this attribute while the object (or the relevant part of the object) is administratively enabled may be service impacting as service_health_check_enabled will be temporarily set to false to apply the change. Changes to this attribute are synchronized to HA mates via config-sync. The default value is `5550`. Available since SEMP API version 2.17.","description_kind":"markdown","optional":true},"service_health_check_tls_enabled":{"type":"bool","description":"Enable or disable the TLS health-check service. Changes to this attribute are synchronized to HA mates via config-sync. The default value is `false`. Available since SEMP API version 2.34.","description_kind":"markdown","optional":true},"service_health_check_tls_listen_port":{"type":"number","description":"The port number for the TLS health-check service. The port must be unique across the message backbone. The health-check service must be disabled to change the port. Modifying this attribute while the object (or the relevant part of the object) is administratively enabled may be service impacting as service_health_check_tls_enabled will be temporarily set to false to apply the change. Changes to this attribute are synchronized to HA mates via config-sync. The default value is `0`. Available since SEMP API version 2.34.","description_kind":"markdown","optional":true},"service_mate_link_enabled":{"type":"bool","description":"Enable or disable the mate-link service. The default value is `true`. Available since SEMP API version 2.17.","description_kind":"markdown","optional":true},"service_mate_link_listen_port":{"type":"number","description":"The port number for the mate-link service. The port must be unique across the message backbone. The mate-link service must be disabled to change the port. Modifying this attribute while the object (or the relevant part of the object) is administratively enabled may be service impacting as service_mate_link_enabled will be temporarily set to false to apply the change. The default value is `8741`. Available since SEMP API version 2.17.","description_kind":"markdown","optional":true},"service_mqtt_enabled":{"type":"bool","description":"Enable or disable the MQTT service. When disabled new MQTT Clients may not connect through the per-VPN MQTT listen-ports, and all currently connected MQTT Clients are immediately disconnected. Changes to this attribute are synchronized to HA mates via config-sync. The default value is `false`. Available since SEMP API version 2.17.","description_kind":"markdown","optional":true},"service_msg_backbone_enabled":{"type":"bool","description":"Enable or disable the msg-backbone service. When disabled new Clients may not connect through global or per-VPN listen-ports, and all currently connected Clients are immediately disconnected. The default value is `true`. Available since SEMP API version 2.17.","description_kind":"markdown","optional":true},"service_redundancy_enabled":{"type":"bool","description":"Enable or disable the redundancy service. The default value is `true`. Available since SEMP API version 2.17.","description_kind":"markdown","optional":true},"service_redundancy_first_listen_port":{"type":"number","description":"The first listen-port used for the redundancy service. Redundancy uses this port and the subsequent 2 ports. These port must be unique across the message backbone. The redundancy service must be disabled to change this port. Modifying this attribute while the object (or the relevant part of the object) is administratively enabled may be service impacting as service_redundancy_enabled will be temporarily set to false to apply the change. The default value is `8300`. Available since SEMP API version 2.17.","description_kind":"markdown","optional":true},"service_rest_event_outgoing_connection_count_threshold":{"nested_type":{"attributes":{"clear_percent":{"type":"number","description":"The clear threshold for the value of this counter as a percentage of its maximum value. Falling below this value will trigger a corresponding event. This attribute may not be returned in a GET.","description_kind":"markdown","optional":true},"clear_value":{"type":"number","description":"The clear threshold for the absolute value of this counter. Falling below this value will trigger a corresponding event. This attribute may not be returned in a GET.","description_kind":"markdown","optional":true},"set_percent":{"type":"number","description":"The set threshold for the value of this counter as a percentage of its maximum value. Exceeding this value will trigger a corresponding event. This attribute may not be returned in a GET.","description_kind":"markdown","optional":true},"set_value":{"type":"number","description":"The set threshold for the absolute value of this counter. Exceeding this value will trigger a corresponding event. This attribute may not be returned in a GET.","description_kind":"markdown","optional":true}},"nesting_mode":"single"},"description_kind":"plain","optional":true},"service_rest_incoming_enabled":{"type":"bool","description":"Enable or disable the REST service incoming connections on the broker. Changes to this attribute are synchronized to HA mates via config-sync. The default value is `false`. Available since SEMP API version 2.17.","description_kind":"markdown","optional":true},"service_rest_outgoing_enabled":{"type":"bool","description":"Enable or disable the REST service outgoing connections on the broker. Changes to this attribute are synchronized to HA mates via config-sync. The default value is `false`. Available since SEMP API version 2.17.","description_kind":"markdown","optional":true},"service_semp_cors_allow_any_host_enabled":{"type":"bool","description":"Enable or disable cross origin resource requests for the SEMP service. Changes to this attribute are synchronized to HA mates via config-sync. The default value is `true`. Available since SEMP API version 2.24.","description_kind":"markdown","optional":true},"service_semp_legacy_timeout_enabled":{"type":"bool","description":"Enable or disable extended SEMP timeouts for paged responses. When a request times out, it returns the current page of content, even if the page is not full.  When enabled, the timeout is 60 seconds. When disabled, the timeout is 5 seconds.  The recommended setting is disabled (no legacy-timeout).  This parameter is intended as a temporary workaround to be used until SEMP clients can handle short pages.  This setting will be removed in a future release. Changes to this attribute are synchronized to HA mates via config-sync. The default value is `false`. Available since SEMP API version 2.18.","description_kind":"markdown","optional":true},"service_semp_plain_text_enabled":{"type":"bool","description":"Enable or disable plain-text SEMP service. Changes to this attribute are synchronized to HA mates via config-sync. The default value is `true`. Available since SEMP API version 2.17.","description_kind":"markdown","optional":true},"service_semp_session_idle_timeout":{"type":"number","description":"The session idle timeout, in minutes. Sessions will be invalidated if there is no activity in this period of time. Changes to this attribute are synchronized to HA mates via config-sync. The default value is `15`. Available since SEMP API version 2.21.","description_kind":"markdown","optional":true},"service_semp_session_max_lifetime":{"type":"number","description":"The maximum lifetime of a session, in minutes. Sessions will be invalidated after this period of time, regardless of activity. Changes to this attribute are synchronized to HA mates via config-sync. The default value is `43200`. Available since SEMP API version 2.21.","description_kind":"markdown","optional":true},"service_semp_tls_enabled":{"type":"bool","description":"Enable or disable TLS SEMP service. Changes to this attribute are synchronized to HA mates via config-sync. The default value is `true`. Available since SEMP API version 2.17.","description_kind":"markdown","optional":true},"service_smf_compression_listen_port":{"type":"number","description":"TCP port number that SMF clients can use to connect to the broker using raw compression TCP. Modifying this attribute while the object (or the relevant part of the object) is administratively enabled may be service impacting as service_smf_enabled will be temporarily set to false to apply the change. The default value is `55003`. Available since SEMP API version 2.17.","description_kind":"markdown","optional":true},"service_smf_enabled":{"type":"bool","description":"Enable or disable the SMF service. When disabled new SMF Clients may not connect through the global listen-ports, and all currently connected SMF Clients are immediately disconnected. The default value is `true`. Available since SEMP API version 2.17.","description_kind":"markdown","optional":true},"service_smf_event_connection_count_threshold":{"nested_type":{"attributes":{"clear_percent":{"type":"number","description":"The clear threshold for the value of this counter as a percentage of its maximum value. Falling below this value will trigger a corresponding event. This attribute may not be returned in a GET.","description_kind":"markdown","optional":true},"clear_value":{"type":"number","description":"The clear threshold for the absolute value of this counter. Falling below this value will trigger a corresponding event. This attribute may not be returned in a GET.","description_kind":"markdown","optional":true},"set_percent":{"type":"number","description":"The set threshold for the value of this counter as a percentage of its maximum value. Exceeding this value will trigger a corresponding event. This attribute may not be returned in a GET.","description_kind":"markdown","optional":true},"set_value":{"type":"number","description":"The set threshold for the absolute value of this counter. Exceeding this value will trigger a corresponding event. This attribute may not be returned in a GET.","description_kind":"markdown","optional":true}},"nesting_mode":"single"},"description_kind":"plain","optional":true},"service_smf_plain_text_listen_port":{"type":"number","description":"TCP port number that SMF clients can use to connect to the broker using raw TCP. Modifying this attribute while the object (or the relevant part of the object) is administratively enabled may be service impacting as service_smf_enabled will be temporarily set to false to apply the change. The default value is `55555`. Available since SEMP API version 2.17.","description_kind":"markdown","optional":true},"service_smf_routing_control_listen_port":{"type":"number","description":"TCP port number that SMF clients can use to connect to the broker using raw routing control TCP. Modifying this attribute while the object (or the relevant part of the object) is administratively enabled may be service impacting as service_smf_enabled will be temporarily set to false to apply the change. The default value is `55556`. Available since SEMP API version 2.17.","description_kind":"markdown","optional":true},"service_smf_tls_listen_port":{"type":"number","description":"TCP port number that SMF clients can use to connect to the broker using raw TCP over TLS. Modifying this attribute while the object (or the relevant part of the object) is administratively enabled may be service impacting as service_smf_enabled will be temporarily set to false to apply the change. The default value is `55443`. Available since SEMP API version 2.17.","description_kind":"markdown","optional":true},"service_tls_event_connection_count_threshold":{"nested_type":{"attributes":{"clear_percent":{"type":"number","description":"The clear threshold for the value of this counter as a percentage of its maximum value. Falling below this value will trigger a corresponding event. This attribute may not be returned in a GET.","description_kind":"markdown","optional":true},"clear_value":{"type":"number","description":"The clear threshold for the absolute value of this counter. Falling below this value will trigger a corresponding event. This attribute may not be returned in a GET.","description_kind":"markdown","optional":true},"set_percent":{"type":"number","description":"The set threshold for the value of this counter as a percentage of its maximum value. Exceeding this value will trigger a corresponding event. This attribute may not be returned in a GET.","description_kind":"markdown","optional":true},"set_value":{"type":"number","description":"The set threshold for the absolute value of this counter. Exceeding this value will trigger a corresponding event. This attribute may not be returned in a GET.","description_kind":"markdown","optional":true}},"nesting_mode":"single"},"description_kind":"plain","optional":true},"service_web_transport_enabled":{"type":"bool","description":"Enable or disable the web-transport service. When disabled new web-transport Clients may not connect through the global listen-ports, and all currently connected web-transport Clients are immediately disconnected. Changes to this attribute are synchronized to HA mates via config-sync. The default value is `false`. Available since SEMP API version 2.17.","description_kind":"markdown","optional":true},"service_web_transport_plain_text_listen_port":{"type":"number","description":"The TCP port for plain-text WEB client connections. Modifying this attribute while the object (or the relevant part of the object) is administratively enabled may be service impacting as service_web_transport_enabled will be temporarily set to false to apply the change. Changes to this attribute are synchronized to HA mates via config-sync. The default value is `8008`. Available since SEMP API version 2.17.","description_kind":"markdown","optional":true},"service_web_transport_tls_listen_port":{"type":"number","description":"The TCP port for TLS WEB client connections. Modifying this attribute while the object (or the relevant part of the object) is administratively enabled may be service impacting as service_web_transport_enabled will be temporarily set to false to apply the change. Changes to this attribute are synchronized to HA mates via config-sync. The default value is `1443`. Available since SEMP API version 2.17.","description_kind":"markdown","optional":true},"service_web_transport_web_url_suffix":{"type":"string","description":"Used to specify the Web URL suffix that will be used by Web clients when communicating with the broker. Modifying this attribute while the object (or the relevant part of the object) is administratively enabled may be service impacting as service_web_transport_enabled will be temporarily set to false to apply the change. The default value is `\"\"`. Available since SEMP API version 2.17.","description_kind":"markdown","optional":true},"tls_block_version11_enabled":{"type":"bool","description":"Enable or disable the blocking of TLS version 1.1 connections. When blocked, all existing incoming and outgoing TLS 1.1 connections with Clients, SEMP users, and LDAP servers remain connected while new connections are blocked. Note that support for TLS 1.1 will eventually be discontinued, at which time TLS 1.1 connections will be blocked regardless of this setting. Changes to this attribute are synchronized to HA mates via config-sync. The default value is `false`.","description_kind":"markdown","optional":true},"tls_cipher_suite_management_list":{"type":"string","description":"The colon-separated list of cipher suites used for TLS management connections (e.g. SEMP, LDAP). The value \"default\" implies all supported suites ordered from most secure to least secure. Changes to this attribute are synchronized to HA mates via config-sync. The default value is `\"default\"`.","description_kind":"markdown","optional":true},"tls_cipher_suite_msg_backbone_list":{"type":"string","description":"The colon-separated list of cipher suites used for TLS data connections (e.g. client pub/sub). The value \"default\" implies all supported suites ordered from most secure to least secure. Changes to this attribute are synchronized to HA mates via config-sync. The default value is `\"default\"`.","description_kind":"markdown","optional":true},"tls_cipher_suite_secure_shell_list":{"type":"string","description":"The colon-separated list of cipher suites used for TLS secure shell connections (e.g. SSH, SFTP, SCP). The value \"default\" implies all supported suites ordered from most secure to least secure. Changes to this attribute are synchronized to HA mates via config-sync. The default value is `\"default\"`.","description_kind":"markdown","optional":true},"tls_crime_exploit_protection_enabled":{"type":"bool","description":"Enable or disable protection against the CRIME exploit. When enabled, TLS+compressed messaging performance is degraded. This protection should only be disabled if sufficient ACL and authentication features are being employed such that a potential attacker does not have sufficient access to trigger the exploit. Changes to this attribute are synchronized to HA mates via config-sync. The default value is `true`.","description_kind":"markdown","optional":true},"tls_server_cert_content":{"type":"string","description":"The PEM formatted content for the server certificate used for TLS connections. It must consist of a private key and between one and three certificates comprising the certificate trust chain. This attribute is absent from a GET and not updated when absent in a PUT, subject to the exceptions in note 4 (refer to the `Notes` section in the SEMP API `Config reference`). The default value is `\"\"`.","description_kind":"markdown","optional":true,"sensitive":true},"tls_server_cert_password":{"type":"string","description":"The password for the server certificate used for TLS connections. This attribute is absent from a GET and not updated when absent in a PUT, subject to the exceptions in note 4 (refer to the `Notes` section in the SEMP API `Config reference`). The default value is `\"\"`.","description_kind":"markdown","optional":true,"sensitive":true},"tls_standard_domain_certificate_authorities_enabled":{"type":"bool","description":"Enable or disable the standard domain certificate authority list. The default value is `true`. Available since SEMP API version 2.19.","description_kind":"markdown","optional":true},"tls_ticket_lifetime":{"type":"number","description":"The TLS ticket lifetime in seconds. When a client connects with TLS, a session with a session ticket is created using the TLS ticket lifetime which determines how long the client has to resume the session. Changes to this attribute are synchronized to HA mates via config-sync. The default value is `86400`.","description_kind":"markdown","optional":true},"web_manager_allow_unencrypted_wizards_enabled":{"type":"bool","description":"Enable or disable the use of unencrypted wizards in the Web-based Manager UI. This setting should be left at its default on all production systems or other systems that need to be secure.  Enabling this option will permit the broker to forward plain-text data to other brokers, making important information or credentials available for snooping. Changes to this attribute are synchronized to HA mates via config-sync. The default value is `false`. Available since SEMP API version 2.28.","description_kind":"markdown","optional":true},"web_manager_customization":{"type":"string","description":"Reserved for internal use by Solace. Changes to this attribute are synchronized to HA mates via config-sync. The default value is `\"\"`. Available since SEMP API version 2.25.","description_kind":"markdown","optional":true},"web_manager_redirect_http_enabled":{"type":"bool","description":"Enable or disable redirection of HTTP requests for the broker manager to HTTPS. Changes to this attribute are synchronized to HA mates via config-sync. The default value is `true`. Available since SEMP API version 2.24.","description_kind":"markdown","optional":true},"web_manager_redirect_http_override_tls_port":{"type":"number","description":"The HTTPS port that HTTP requests will be redirected towards in a HTTP 301 redirect response. Zero is a special value that means use the value specified for the SEMP TLS port value. Changes to this attribute are synchronized to HA mates via config-sync. The default value is `0`. Available since SEMP API version 2.24.","description_kind":"markdown","optional":true}},"description":"This object contains global configuration for the message broker.\n\n\nAttribute|Identifying|Write-Only|Deprecated|Opaque\n:---|:---:|:---:|:---:|:---:\ntls_server_cert_content||x||x\ntls_server_cert_password||x||\n\n\n\nA SEMP client authorized with a minimum access scope/level of \"global/none\" is required to perform this operation. Requests which include the following attributes require greater access scope/level:\n\n\nAttribute|Access Scope/Level\n:---|:---:\nauth_client_cert_revocation_check_mode|global/read-only\nconfig_sync_authentication_client_cert_max_chain_depth|global/read-only\nconfig_sync_authentication_client_cert_validate_date_enabled|global/read-only\nconfig_sync_client_profile_tcp_initial_congestion_window|global/read-only\nconfig_sync_client_profile_tcp_keepalive_count|global/read-only\nconfig_sync_client_profile_tcp_keepalive_idle|global/read-only\nconfig_sync_client_profile_tcp_keepalive_interval|global/read-only\nconfig_sync_client_profile_tcp_max_window|global/read-only\nconfig_sync_client_profile_tcp_mss|global/read-only\nconfig_sync_enabled|global/read-only\nconfig_sync_synchronize_username_enabled|global/read-only\nconfig_sync_tls_enabled|global/read-only\nguaranteed_msging_defragmentation_schedule_day_list|global/read-only\nguaranteed_msging_defragmentation_schedule_enabled|global/read-only\nguaranteed_msging_defragmentation_schedule_time_list|global/read-only\nguaranteed_msging_defragmentation_threshold_enabled|global/read-only\nguaranteed_msging_defragmentation_threshold_fragmentation_percentage|global/read-only\nguaranteed_msging_defragmentation_threshold_min_interval|global/read-only\nguaranteed_msging_defragmentation_threshold_usage_percentage|global/read-only\nguaranteed_msging_enabled|global/read-only\nguaranteed_msging_event_cache_usage_threshold.clear_percent|global/read-only\nguaranteed_msging_event_cache_usage_threshold.clear_value|global/read-only\nguaranteed_msging_event_cache_usage_threshold.set_percent|global/read-only\nguaranteed_msging_event_cache_usage_threshold.set_value|global/read-only\nguaranteed_msging_event_delivered_unacked_threshold.clear_percent|global/read-only\nguaranteed_msging_event_delivered_unacked_threshold.set_percent|global/read-only\nguaranteed_msging_event_disk_usage_threshold.clear_percent|global/read-only\nguaranteed_msging_event_disk_usage_threshold.set_percent|global/read-only\nguaranteed_msging_event_egress_flow_count_threshold.clear_percent|global/read-only\nguaranteed_msging_event_egress_flow_count_threshold.clear_value|global/read-only\nguaranteed_msging_event_egress_flow_count_threshold.set_percent|global/read-only\nguaranteed_msging_event_egress_flow_count_threshold.set_value|global/read-only\nguaranteed_msging_event_endpoint_count_threshold.clear_percent|global/read-only\nguaranteed_msging_event_endpoint_count_threshold.clear_value|global/read-only\nguaranteed_msging_event_endpoint_count_threshold.set_percent|global/read-only\nguaranteed_msging_event_endpoint_count_threshold.set_value|global/read-only\nguaranteed_msging_event_ingress_flow_count_threshold.clear_percent|global/read-only\nguaranteed_msging_event_ingress_flow_count_threshold.clear_value|global/read-only\nguaranteed_msging_event_ingress_flow_count_threshold.set_percent|global/read-only\nguaranteed_msging_event_ingress_flow_count_threshold.set_value|global/read-only\nguaranteed_msging_event_msg_count_threshold.clear_percent|global/read-only\nguaranteed_msging_event_msg_count_threshold.set_percent|global/read-only\nguaranteed_msging_event_msg_spool_file_count_threshold.clear_percent|global/read-only\nguaranteed_msging_event_msg_spool_file_count_threshold.set_percent|global/read-only\nguaranteed_msging_event_msg_spool_usage_threshold.clear_percent|global/read-only\nguaranteed_msging_event_msg_spool_usage_threshold.clear_value|global/read-only\nguaranteed_msging_event_msg_spool_usage_threshold.set_percent|global/read-only\nguaranteed_msging_event_msg_spool_usage_threshold.set_value|global/read-only\nguaranteed_msging_event_transacted_session_count_threshold.clear_percent|global/read-only\nguaranteed_msging_event_transacted_session_count_threshold.clear_value|global/read-only\nguaranteed_msging_event_transacted_session_count_threshold.set_percent|global/read-only\nguaranteed_msging_event_transacted_session_count_threshold.set_value|global/read-only\nguaranteed_msging_event_transacted_session_resource_count_threshold.clear_percent|global/read-only\nguaranteed_msging_event_transacted_session_resource_count_threshold.set_percent|global/read-only\nguaranteed_msging_event_transaction_count_threshold.clear_percent|global/read-only\nguaranteed_msging_event_transaction_count_threshold.clear_value|global/read-only\nguaranteed_msging_event_transaction_count_threshold.set_percent|global/read-only\nguaranteed_msging_event_transaction_count_threshold.set_value|global/read-only\nguaranteed_msging_max_cache_usage|global/read-only\nguaranteed_msging_max_msg_spool_usage|global/read-only\nguaranteed_msging_msg_spool_sync_mirrored_msg_ack_timeout|global/read-only\nguaranteed_msging_msg_spool_sync_mirrored_spool_file_ack_timeout|global/read-only\nguaranteed_msging_transaction_replication_compatibility_mode|global/read-only\noauth_profile_default|global/read-only\nservice_amqp_enabled|global/read-only\nservice_amqp_tls_listen_port|global/read-only\nservice_event_connection_count_threshold.clear_percent|global/read-only\nservice_event_connection_count_threshold.clear_value|global/read-only\nservice_event_connection_count_threshold.set_percent|global/read-only\nservice_event_connection_count_threshold.set_value|global/read-only\nservice_health_check_enabled|global/read-only\nservice_health_check_listen_port|global/read-only\nservice_health_check_tls_enabled|global/read-only\nservice_health_check_tls_listen_port|global/read-only\nservice_mate_link_enabled|global/read-only\nservice_mate_link_listen_port|global/read-only\nservice_mqtt_enabled|global/read-only\nservice_msg_backbone_enabled|global/read-only\nservice_redundancy_enabled|global/read-only\nservice_redundancy_first_listen_port|global/read-only\nservice_rest_event_outgoing_connection_count_threshold.clear_percent|global/read-only\nservice_rest_event_outgoing_connection_count_threshold.clear_value|global/read-only\nservice_rest_event_outgoing_connection_count_threshold.set_percent|global/read-only\nservice_rest_event_outgoing_connection_count_threshold.set_value|global/read-only\nservice_rest_incoming_enabled|global/read-only\nservice_rest_outgoing_enabled|global/read-only\nservice_semp_cors_allow_any_host_enabled|global/read-only\nservice_semp_legacy_timeout_enabled|global/read-only\nservice_semp_plain_text_enabled|global/read-only\nservice_semp_plain_text_listen_port|global/read-only\nservice_semp_session_idle_timeout|global/read-only\nservice_semp_session_max_lifetime|global/read-only\nservice_semp_tls_enabled|global/read-only\nservice_semp_tls_listen_port|global/read-only\nservice_smf_compression_listen_port|global/read-only\nservice_smf_enabled|global/read-only\nservice_smf_event_connection_count_threshold.clear_percent|global/read-only\nservice_smf_event_connection_count_threshold.clear_value|global/read-only\nservice_smf_event_connection_count_threshold.set_percent|global/read-only\nservice_smf_event_connection_count_threshold.set_value|global/read-only\nservice_smf_plain_text_listen_port|global/read-only\nservice_smf_routing_control_listen_port|global/read-only\nservice_smf_tls_listen_port|global/read-only\nservice_tls_event_connection_count_threshold.clear_percent|global/read-only\nservice_tls_event_connection_count_threshold.clear_value|global/read-only\nservice_tls_event_connection_count_threshold.set_percent|global/read-only\nservice_tls_event_connection_count_threshold.set_value|global/read-only\nservice_web_transport_enabled|global/read-only\nservice_web_transport_plain_text_listen_port|global/read-only\nservice_web_transport_tls_listen_port|global/read-only\nservice_web_transport_web_url_suffix|global/read-only\ntls_block_version11_enabled|global/read-only\ntls_cipher_suite_management_list|global/read-only\ntls_cipher_suite_msg_backbone_list|global/read-only\ntls_cipher_suite_secure_shell_list|global/read-only\ntls_crime_exploit_protection_enabled|global/read-only\ntls_server_cert_content|global/read-only\ntls_standard_domain_certificate_authorities_enabled|vpn/read-only\ntls_ticket_lifetime|global/read-only\nweb_manager_allow_unencrypted_wizards_enabled|vpn/read-only\nweb_manager_customization|vpn/read-only\nweb_manager_redirect_http_enabled|vpn/read-only\nweb_manager_redirect_http_override_tls_port|vpn/read-only\n\n\n\nThis has been available since SEMP API version 2.13.","description_kind":"markdown"}},"solacebroker_client_cert_authority":{"version":0,"block":{"attributes":{"cert_authority_name":{"type":"string","description":"The name of the Certificate Authority.","description_kind":"markdown","required":true},"cert_content":{"type":"string","description":"The PEM formatted content for the trusted root certificate of a client Certificate Authority. Changes to this attribute are synchronized to HA mates via config-sync. The default value is `\"\"`.","description_kind":"markdown","optional":true},"crl_day_list":{"type":"string","description":"The scheduled CRL refresh day(s), specified as \"daily\" or a comma-separated list of days. Days must be specified as \"Sun\", \"Mon\", \"Tue\", \"Wed\", \"Thu\", \"Fri\", or \"Sat\", with no spaces, and in sorted order from Sunday to Saturday. The empty-string (\"\") can also be specified, indicating no schedule is configured (\"crl_time_list\" must also be configured to the empty-string). Changes to this attribute are synchronized to HA mates via config-sync. The default value is `\"daily\"`.","description_kind":"markdown","optional":true},"crl_time_list":{"type":"string","description":"The scheduled CRL refresh time(s), specified as \"hourly\" or a comma-separated list of 24-hour times in the form hh:mm, or h:mm. There must be no spaces, and times (up to 4) must be in sorted order from 0:00 to 23:59. The empty-string (\"\") can also be specified, indicating no schedule is configured (\"crl_day_list\" must also be configured to the empty-string). Changes to this attribute are synchronized to HA mates via config-sync. The default value is `\"3:00\"`.","description_kind":"markdown","optional":true},"crl_url":{"type":"string","description":"The URL for the CRL source. This is a required attribute for CRL to be operational and the URL must be complete with http:// included. IPv6 addresses must be enclosed in square-brackets. Modifying this attribute while the object (or the relevant part of the object) is administratively enabled may be service impacting as revocation_check_enabled will be temporarily set to false to apply the change. Changes to this attribute are synchronized to HA mates via config-sync. The default value is `\"\"`.","description_kind":"markdown","optional":true},"id":{"type":"string","description":"Identifier attribute, for internal use only.","description_kind":"plain","computed":true},"ocsp_non_responder_cert_enabled":{"type":"bool","description":"Enable or disable allowing a non-responder certificate to sign an OCSP response. Typically used with an OCSP override URL in cases where a single certificate is used to sign client certificates and OCSP responses. Changes to this attribute are synchronized to HA mates via config-sync. The default value is `false`.","description_kind":"markdown","optional":true},"ocsp_override_url":{"type":"string","description":"The OCSP responder URL to use for overriding the one supplied in the client certificate. The URL must be complete with http:// included. Changes to this attribute are synchronized to HA mates via config-sync. The default value is `\"\"`.","description_kind":"markdown","optional":true},"ocsp_timeout":{"type":"number","description":"The timeout in seconds to receive a response from the OCSP responder after sending a request or making the initial connection attempt. Changes to this attribute are synchronized to HA mates via config-sync. The default value is `5`.","description_kind":"markdown","optional":true},"revocation_check_enabled":{"type":"bool","description":"Enable or disable Certificate Authority revocation checking. Changes to this attribute are synchronized to HA mates via config-sync. The default value is `false`.","description_kind":"markdown","optional":true}},"description":"Clients can authenticate with the message broker over TLS by presenting a valid client certificate. The message broker authenticates the client certificate by constructing a full certificate chain (from the client certificate to intermediate CAs to a configured root CA). The intermediate CAs in this chain can be provided by the client, or configured in the message broker. The root CA must be configured on the message broker.\n\n\nAttribute|Identifying|Write-Only|Deprecated|Opaque\n:---|:---:|:---:|:---:|:---:\ncert_authority_name|x|||\n\n\n\nA SEMP client authorized with a minimum access scope/level of \"global/read-only\" is required to perform this operation.\n\nThis has been available since SEMP API version 2.19.","description_kind":"markdown"}},"solacebroker_client_cert_authority_ocsp_tls_trusted_common_name":{"version":0,"block":{"attributes":{"cert_authority_name":{"type":"string","description":"The name of the Certificate Authority.","description_kind":"markdown","required":true},"id":{"type":"string","description":"Identifier attribute, for internal use only.","description_kind":"plain","computed":true},"ocsp_tls_trusted_common_name":{"type":"string","description":"The expected Trusted Common Name of the OCSP responder remote certificate.","description_kind":"markdown","required":true}},"description":"When an OCSP override URL is configured, the OCSP responder will be required to sign the OCSP responses with certificates issued to these Trusted Common Names. A maximum of 8 common names can be configured as valid response signers.\n\n\nAttribute|Identifying|Write-Only|Deprecated|Opaque\n:---|:---:|:---:|:---:|:---:\ncert_authority_name|x|||\nocsp_tls_trusted_common_name|x|||\n\n\n\nA SEMP client authorized with a minimum access scope/level of \"global/read-only\" is required to perform this operation.\n\nThis has been available since SEMP API version 2.19.","description_kind":"markdown"}},"solacebroker_dmr_cluster":{"version":0,"block":{"attributes":{"authentication_basic_enabled":{"type":"bool","description":"Enable or disable basic authentication for Cluster Links. Changes to this attribute are synchronized to HA mates via config-sync. The default value is `true`.","description_kind":"markdown","optional":true},"authentication_basic_password":{"type":"string","description":"The password used to authenticate incoming Cluster Links when using basic internal authentication. The same password is also used by outgoing Cluster Links if a per-Link password is not configured. This attribute is absent from a GET and not updated when absent in a PUT, subject to the exceptions in note 4 (refer to the `Notes` section in the SEMP API `Config reference`). Modifying this attribute while the object (or the relevant part of the object) is administratively enabled may be service impacting as enabled will be temporarily set to false to apply the change. Changes to this attribute are synchronized to HA mates via config-sync. The default value is `\"\"`.","description_kind":"markdown","optional":true,"sensitive":true},"authentication_basic_type":{"type":"string","description":"The type of basic authentication to use for Cluster Links. Changes to this attribute are synchronized to HA mates via config-sync. The default value is `\"internal\"`. The allowed values and their meaning are:\n\n\u003cpre\u003e\n\"internal\" - Use locally configured password.\n\"none\" - No authentication.\n\u003c/pre\u003e\n","description_kind":"markdown","optional":true},"authentication_client_cert_content":{"type":"string","description":"The PEM formatted content for the client certificate used to login to the remote node. It must consist of a private key and between one and three certificates comprising the certificate trust chain. This attribute is absent from a GET and not updated when absent in a PUT, subject to the exceptions in note 4 (refer to the `Notes` section in the SEMP API `Config reference`). Modifying this attribute while the object (or the relevant part of the object) is administratively enabled may be service impacting as enabled will be temporarily set to false to apply the change. The default value is `\"\"`.","description_kind":"markdown","optional":true,"sensitive":true},"authentication_client_cert_enabled":{"type":"bool","description":"Enable or disable client certificate authentication for Cluster Links. Changes to this attribute are synchronized to HA mates via config-sync. The default value is `true`.","description_kind":"markdown","optional":true},"authentication_client_cert_password":{"type":"string","description":"The password for the client certificate. This attribute is absent from a GET and not updated when absent in a PUT, subject to the exceptions in note 4 (refer to the `Notes` section in the SEMP API `Config reference`). Modifying this attribute while the object (or the relevant part of the object) is administratively enabled may be service impacting as enabled will be temporarily set to false to apply the change. The default value is `\"\"`.","description_kind":"markdown","optional":true,"sensitive":true},"direct_only_enabled":{"type":"bool","description":"Enable or disable direct messaging only. Guaranteed messages will not be transmitted through the cluster. The default value is `false`.","description_kind":"markdown","optional":true},"dmr_cluster_name":{"type":"string","description":"The name of the Cluster.","description_kind":"markdown","required":true},"enabled":{"type":"bool","description":"Enable or disable the Cluster. Changes to this attribute are synchronized to HA mates via config-sync. The default value is `false`.","description_kind":"markdown","optional":true},"id":{"type":"string","description":"Identifier attribute, for internal use only.","description_kind":"plain","computed":true},"tls_server_cert_max_chain_depth":{"type":"number","description":"The maximum allowed depth of a certificate chain. The depth of a chain is defined as the number of signing CA certificates that are present in the chain back to a trusted self-signed root CA certificate. Changes to this attribute are synchronized to HA mates via config-sync. The default value is `3`.","description_kind":"markdown","optional":true},"tls_server_cert_validate_date_enabled":{"type":"bool","description":"Enable or disable the validation of the \"Not Before\" and \"Not After\" validity dates in the certificate. When disabled, the certificate is accepted even if the certificate is not valid based on these dates. Changes to this attribute are synchronized to HA mates via config-sync. The default value is `true`.","description_kind":"markdown","optional":true},"tls_server_cert_validate_name_enabled":{"type":"bool","description":"Enable or disable the standard TLS authentication mechanism of verifying the name used to connect to the bridge. If enabled, the name used to connect to the bridge is checked against the names specified in the certificate returned by the remote broker. Legacy Common Name validation is not performed if Server Certificate Name Validation is enabled, even if Common Name validation is also enabled. Changes to this attribute are synchronized to HA mates via config-sync. The default value is `true`. Available since SEMP API version 2.18.","description_kind":"markdown","optional":true}},"description":"A Cluster is a provisioned object on a message broker that contains global DMR configuration parameters.\n\n\nAttribute|Identifying|Write-Only|Deprecated|Opaque\n:---|:---:|:---:|:---:|:---:\nauthentication_basic_password||x||x\nauthentication_client_cert_content||x||x\nauthentication_client_cert_password||x||\ndmr_cluster_name|x|||\ntls_server_cert_enforce_trusted_common_name_enabled|||x|\n\n\n\nA SEMP client authorized with a minimum access scope/level of \"global/read-only\" is required to perform this operation.\n\nThis has been available since SEMP API version 2.11.","description_kind":"markdown"}},"solacebroker_dmr_cluster_cert_matching_rule":{"version":0,"block":{"attributes":{"dmr_cluster_name":{"type":"string","description":"The name of the Cluster.","description_kind":"markdown","required":true},"enabled":{"type":"bool","description":"Enable or disable a certificate matching rule. Changes to this attribute are synchronized to HA mates via config-sync. The default value is `false`.","description_kind":"markdown","optional":true},"id":{"type":"string","description":"Identifier attribute, for internal use only.","description_kind":"plain","computed":true},"rule_name":{"type":"string","description":"The name of the rule.","description_kind":"markdown","required":true}},"description":"A Cert Matching Rule is a collection of conditions and attribute filters that all have to be satisfied for certificate to be acceptable as authentication for a given link.\n\n\nAttribute|Identifying|Write-Only|Deprecated|Opaque\n:---|:---:|:---:|:---:|:---:\ndmr_cluster_name|x|||\nrule_name|x|||\n\n\n\nA SEMP client authorized with a minimum access scope/level of \"global/read-only\" is required to perform this operation.\n\nThis has been available since SEMP API version 2.28.","description_kind":"markdown"}},"solacebroker_dmr_cluster_cert_matching_rule_attribute_filter":{"version":0,"block":{"attributes":{"attribute_name":{"type":"string","description":"Link Attribute to be tested. Changes to this attribute are synchronized to HA mates via config-sync. The default value is `\"\"`.","description_kind":"markdown","optional":true},"attribute_value":{"type":"string","description":"Expected attribute value. Changes to this attribute are synchronized to HA mates via config-sync. The default value is `\"\"`.","description_kind":"markdown","optional":true},"dmr_cluster_name":{"type":"string","description":"The name of the Cluster.","description_kind":"markdown","required":true},"filter_name":{"type":"string","description":"The name of the filter.","description_kind":"markdown","required":true},"id":{"type":"string","description":"Identifier attribute, for internal use only.","description_kind":"plain","computed":true},"rule_name":{"type":"string","description":"The name of the rule.","description_kind":"markdown","required":true}},"description":"A Cert Matching Rule Attribute Filter compares a link attribute to a string.\n\n\nAttribute|Identifying|Write-Only|Deprecated|Opaque\n:---|:---:|:---:|:---:|:---:\ndmr_cluster_name|x|||\nfilter_name|x|||\nrule_name|x|||\n\n\n\nA SEMP client authorized with a minimum access scope/level of \"global/read-only\" is required to perform this operation.\n\nThis has been available since SEMP API version 2.28.","description_kind":"markdown"}},"solacebroker_dmr_cluster_cert_matching_rule_condition":{"version":0,"block":{"attributes":{"attribute":{"type":"string","description":"Link Attribute to be compared with certificate content. Either an attribute or an expression must be provided on creation, but not both. The default value is `\"\"`.","description_kind":"markdown","optional":true},"dmr_cluster_name":{"type":"string","description":"The name of the Cluster.","description_kind":"markdown","required":true},"expression":{"type":"string","description":"Glob expression to be matched with certificate content. Either an expression or an attribute must be provided on creation, but not both. The default value is `\"\"`.","description_kind":"markdown","optional":true},"id":{"type":"string","description":"Identifier attribute, for internal use only.","description_kind":"plain","computed":true},"rule_name":{"type":"string","description":"The name of the rule.","description_kind":"markdown","required":true},"source":{"type":"string","description":"Certificate field to be compared with the Attribute. The allowed values and their meaning are:\n\n\u003cpre\u003e\n\"certificate-thumbprint\" - The attribute is computed as the SHA-1 hash over the entire DER-encoded contents of the client certificate.\n\"common-name\" - The attribute is extracted from the certificate's first instance of the Common Name attribute in the Subject DN.\n\"common-name-last\" - The attribute is extracted from the certificate's last instance of the Common Name attribute in the Subject DN.\n\"subject-alternate-name-msupn\" - The attribute is extracted from the certificate's Other Name type of the Subject Alternative Name and must have the msUPN signature.\n\"uid\" - The attribute is extracted from the certificate's first instance of the User Identifier attribute in the Subject DN.\n\"uid-last\" - The attribute is extracted from the certificate's last instance of the User Identifier attribute in the Subject DN.\n\"org-unit\" - The attribute is extracted from the certificate's first instance of the Org Unit attribute in the Subject DN.\n\"org-unit-last\" - The attribute is extracted from the certificate's last instance of the Org Unit attribute in the Subject DN.\n\"issuer\" - The attribute is extracted from the certificate's Issuer DN.\n\"subject\" - The attribute is extracted from the certificate's Subject DN.\n\"serial-number\" - The attribute is extracted from the certificate's Serial Number.\n\"dns-name\" - The attribute is extracted from the certificate's Subject Alt Name DNS Name.\n\"ip-address\" - The attribute is extracted from the certificate's Subject Alt Name IP Address.\n\u003c/pre\u003e\n","description_kind":"markdown","required":true}},"description":"A Cert Matching Rule Condition compares data extracted from a certificate to a link attribute or an expression.\n\n\nAttribute|Identifying|Write-Only|Deprecated|Opaque\n:---|:---:|:---:|:---:|:---:\ndmr_cluster_name|x|||\nrule_name|x|||\nsource|x|||\n\n\n\nA SEMP client authorized with a minimum access scope/level of \"global/read-only\" is required to perform this operation.\n\nThis has been available since SEMP API version 2.28.","description_kind":"markdown"}},"solacebroker_dmr_cluster_link":{"version":0,"block":{"attributes":{"authentication_basic_password":{"type":"string","description":"The password used to authenticate with the remote node when using basic internal authentication. If this per-Link password is not configured, the Cluster's password is used instead. This attribute is absent from a GET and not updated when absent in a PUT, subject to the exceptions in note 4 (refer to the `Notes` section in the SEMP API `Config reference`). Modifying this attribute while the object (or the relevant part of the object) is administratively enabled may be service impacting as enabled will be temporarily set to false to apply the change. Changes to this attribute are synchronized to HA mates via config-sync. The default value is `\"\"`.","description_kind":"markdown","optional":true,"sensitive":true},"authentication_scheme":{"type":"string","description":"The authentication scheme to be used by the Link which initiates connections to the remote node. Modifying this attribute while the object (or the relevant part of the object) is administratively enabled may be service impacting as enabled will be temporarily set to false to apply the change. Changes to this attribute are synchronized to HA mates via config-sync. The default value is `\"basic\"`. The allowed values and their meaning are:\n\n\u003cpre\u003e\n\"basic\" - Basic Authentication Scheme (via username and password).\n\"client-certificate\" - Client Certificate Authentication Scheme (via certificate file or content).\n\u003c/pre\u003e\n","description_kind":"markdown","optional":true},"client_profile_queue_control1_max_depth":{"type":"number","description":"The maximum depth of the \"Control 1\" (C-1) priority queue, in work units. Each work unit is 2048 bytes of message data. Changes to this attribute are synchronized to HA mates via config-sync. The default value is `20000`.","description_kind":"markdown","optional":true},"client_profile_queue_control1_min_msg_burst":{"type":"number","description":"The number of messages that are always allowed entry into the \"Control 1\" (C-1) priority queue, regardless of the `client_profile_queue_control1_max_depth` value. Changes to this attribute are synchronized to HA mates via config-sync. The default value is `4`.","description_kind":"markdown","optional":true},"client_profile_queue_direct1_max_depth":{"type":"number","description":"The maximum depth of the \"Direct 1\" (D-1) priority queue, in work units. Each work unit is 2048 bytes of message data. Changes to this attribute are synchronized to HA mates via config-sync. The default value is `20000`.","description_kind":"markdown","optional":true},"client_profile_queue_direct1_min_msg_burst":{"type":"number","description":"The number of messages that are always allowed entry into the \"Direct 1\" (D-1) priority queue, regardless of the `client_profile_queue_direct1_max_depth` value. Changes to this attribute are synchronized to HA mates via config-sync. The default value is `4`.","description_kind":"markdown","optional":true},"client_profile_queue_direct2_max_depth":{"type":"number","description":"The maximum depth of the \"Direct 2\" (D-2) priority queue, in work units. Each work unit is 2048 bytes of message data. Changes to this attribute are synchronized to HA mates via config-sync. The default value is `20000`.","description_kind":"markdown","optional":true},"client_profile_queue_direct2_min_msg_burst":{"type":"number","description":"The number of messages that are always allowed entry into the \"Direct 2\" (D-2) priority queue, regardless of the `client_profile_queue_direct2_max_depth` value. Changes to this attribute are synchronized to HA mates via config-sync. The default value is `4`.","description_kind":"markdown","optional":true},"client_profile_queue_direct3_max_depth":{"type":"number","description":"The maximum depth of the \"Direct 3\" (D-3) priority queue, in work units. Each work unit is 2048 bytes of message data. Changes to this attribute are synchronized to HA mates via config-sync. The default value is `20000`.","description_kind":"markdown","optional":true},"client_profile_queue_direct3_min_msg_burst":{"type":"number","description":"The number of messages that are always allowed entry into the \"Direct 3\" (D-3) priority queue, regardless of the `client_profile_queue_direct3_max_depth` value. Changes to this attribute are synchronized to HA mates via config-sync. The default value is `4`.","description_kind":"markdown","optional":true},"client_profile_queue_guaranteed1_max_depth":{"type":"number","description":"The maximum depth of the \"Guaranteed 1\" (G-1) priority queue, in work units. Each work unit is 2048 bytes of message data. Changes to this attribute are synchronized to HA mates via config-sync. The default value is `20000`.","description_kind":"markdown","optional":true},"client_profile_queue_guaranteed1_min_msg_burst":{"type":"number","description":"The number of messages that are always allowed entry into the \"Guaranteed 1\" (G-3) priority queue, regardless of the `client_profile_queue_guaranteed1_max_depth` value. Changes to this attribute are synchronized to HA mates via config-sync. The default value is `255`.","description_kind":"markdown","optional":true},"client_profile_tcp_congestion_window_size":{"type":"number","description":"The TCP initial congestion window size, in multiples of the TCP Maximum Segment Size (MSS). Changing the value from its default of 2 results in non-compliance with RFC 2581. Contact support before changing this value. Changes to this attribute are synchronized to HA mates via config-sync. The default value is `2`.","description_kind":"markdown","optional":true},"client_profile_tcp_keepalive_count":{"type":"number","description":"The number of TCP keepalive retransmissions to be carried out before declaring that the remote end is not available. Changes to this attribute are synchronized to HA mates via config-sync. The default value is `5`.","description_kind":"markdown","optional":true},"client_profile_tcp_keepalive_idle_time":{"type":"number","description":"The amount of time a connection must remain idle before TCP begins sending keepalive probes, in seconds. Changes to this attribute are synchronized to HA mates via config-sync. The default value is `3`.","description_kind":"markdown","optional":true},"client_profile_tcp_keepalive_interval":{"type":"number","description":"The amount of time between TCP keepalive retransmissions when no acknowledgment is received, in seconds. Changes to this attribute are synchronized to HA mates via config-sync. The default value is `1`.","description_kind":"markdown","optional":true},"client_profile_tcp_max_segment_size":{"type":"number","description":"The TCP maximum segment size, in bytes. Changes are applied to all existing connections. Changes to this attribute are synchronized to HA mates via config-sync. The default value is `1460`.","description_kind":"markdown","optional":true},"client_profile_tcp_max_window_size":{"type":"number","description":"The TCP maximum window size, in kilobytes. Changes are applied to all existing connections. This setting is ignored on the software broker. Changes to this attribute are synchronized to HA mates via config-sync. The default value is `256`.","description_kind":"markdown","optional":true},"dmr_cluster_name":{"type":"string","description":"The name of the Cluster.","description_kind":"markdown","required":true},"egress_flow_window_size":{"type":"number","description":"The number of outstanding guaranteed messages that can be sent over the Link before acknowledgment is received by the sender. Modifying this attribute while the object (or the relevant part of the object) is administratively enabled may be service impacting as enabled will be temporarily set to false to apply the change. Changes to this attribute are synchronized to HA mates via config-sync. The default value is `255`.","description_kind":"markdown","optional":true},"enabled":{"type":"bool","description":"Enable or disable the Link. When disabled, subscription sets of this and the remote node are not kept up-to-date, and messages are not exchanged with the remote node. Published guaranteed messages will be queued up for future delivery based on current subscription sets. Changes to this attribute are synchronized to HA mates via config-sync. The default value is `false`.","description_kind":"markdown","optional":true},"id":{"type":"string","description":"Identifier attribute, for internal use only.","description_kind":"plain","computed":true},"initiator":{"type":"string","description":"The initiator of the Link's TCP connections. Modifying this attribute while the object (or the relevant part of the object) is administratively enabled may be service impacting as enabled will be temporarily set to false to apply the change. Changes to this attribute are synchronized to HA mates via config-sync. The default value is `\"lexical\"`. The allowed values and their meaning are:\n\n\u003cpre\u003e\n\"lexical\" - The \"higher\" node-name initiates.\n\"local\" - The local node initiates.\n\"remote\" - The remote node initiates.\n\u003c/pre\u003e\n","description_kind":"markdown","optional":true},"queue_dead_msg_queue":{"type":"string","description":"The name of the Dead Message Queue (DMQ) used by the Queue for discarded messages. Changes to this attribute are synchronized to HA mates via config-sync. The default value is `\"#DEAD_MSG_QUEUE\"`.","description_kind":"markdown","optional":true},"queue_event_spool_usage_threshold":{"nested_type":{"attributes":{"clear_percent":{"type":"number","description":"The clear threshold for the value of this counter as a percentage of its maximum value. Falling below this value will trigger a corresponding event. This attribute may not be returned in a GET.","description_kind":"markdown","optional":true},"clear_value":{"type":"number","description":"The clear threshold for the absolute value of this counter. Falling below this value will trigger a corresponding event. This attribute may not be returned in a GET.","description_kind":"markdown","optional":true},"set_percent":{"type":"number","description":"The set threshold for the value of this counter as a percentage of its maximum value. Exceeding this value will trigger a corresponding event. This attribute may not be returned in a GET.","description_kind":"markdown","optional":true},"set_value":{"type":"number","description":"The set threshold for the absolute value of this counter. Exceeding this value will trigger a corresponding event. This attribute may not be returned in a GET.","description_kind":"markdown","optional":true}},"nesting_mode":"single"},"description_kind":"plain","optional":true},"queue_max_delivered_unacked_msgs_per_flow":{"type":"number","description":"The maximum number of messages delivered but not acknowledged per flow for the Queue. Changes to this attribute are synchronized to HA mates via config-sync. The default value is `1000000`.","description_kind":"markdown","optional":true},"queue_max_msg_spool_usage":{"type":"number","description":"The maximum message spool usage by the Queue (quota), in megabytes (MB). Changes to this attribute are synchronized to HA mates via config-sync. The default value is `800000`.","description_kind":"markdown","optional":true},"queue_max_redelivery_count":{"type":"number","description":"The maximum number of times the Queue will attempt redelivery of a message prior to it being discarded or moved to the DMQ. A value of 0 means to retry forever. Changes to this attribute are synchronized to HA mates via config-sync. The default value is `0`.","description_kind":"markdown","optional":true},"queue_max_ttl":{"type":"number","description":"The maximum time in seconds a message can stay in the Queue when `queue_respect_ttl_enabled` is `true`. A message expires when the lesser of the sender assigned time-to-live (TTL) in the message and the `queue_max_ttl` configured for the Queue, is exceeded. A value of 0 disables expiry. Changes to this attribute are synchronized to HA mates via config-sync. The default value is `0`.","description_kind":"markdown","optional":true},"queue_reject_msg_to_sender_on_discard_behavior":{"type":"string","description":"Determines when to return negative acknowledgments (NACKs) to sending clients on message discards. Note that NACKs cause the message to not be delivered to any destination and Transacted Session commits to fail. Changes to this attribute are synchronized to HA mates via config-sync. The default value is `\"always\"`. The allowed values and their meaning are:\n\n\u003cpre\u003e\n\"never\" - Silently discard messages.\n\"when-queue-enabled\" - NACK each message discard back to the client, except messages that are discarded because an endpoint is administratively disabled.\n\"always\" - NACK each message discard back to the client, including messages that are discarded because an endpoint is administratively disabled.\n\u003c/pre\u003e\n","description_kind":"markdown","optional":true},"queue_respect_ttl_enabled":{"type":"bool","description":"Enable or disable the respecting of the time-to-live (TTL) for messages in the Queue. When enabled, expired messages are discarded or moved to the DMQ. Changes to this attribute are synchronized to HA mates via config-sync. The default value is `false`.","description_kind":"markdown","optional":true},"remote_node_name":{"type":"string","description":"The name of the node at the remote end of the Link.","description_kind":"markdown","required":true},"span":{"type":"string","description":"The span of the Link, either internal or external. Internal Links connect nodes within the same Cluster. External Links connect nodes within different Clusters. Modifying this attribute while the object (or the relevant part of the object) is administratively enabled may be service impacting as enabled will be temporarily set to false to apply the change. Changes to this attribute are synchronized to HA mates via config-sync. The default value is `\"external\"`. The allowed values and their meaning are:\n\n\u003cpre\u003e\n\"internal\" - Link to same cluster.\n\"external\" - Link to other cluster.\n\u003c/pre\u003e\n","description_kind":"markdown","optional":true},"transport_compressed_enabled":{"type":"bool","description":"Enable or disable compression on the Link. Modifying this attribute while the object (or the relevant part of the object) is administratively enabled may be service impacting as enabled will be temporarily set to false to apply the change. Changes to this attribute are synchronized to HA mates via config-sync. The default value is `false`.","description_kind":"markdown","optional":true},"transport_tls_enabled":{"type":"bool","description":"Enable or disable encryption (TLS) on the Link. Modifying this attribute while the object (or the relevant part of the object) is administratively enabled may be service impacting as enabled will be temporarily set to false to apply the change. Changes to this attribute are synchronized to HA mates via config-sync. The default value is `false`.","description_kind":"markdown","optional":true}},"description":"A Link connects nodes (either within a Cluster or between two different Clusters) and allows them to exchange topology information, subscriptions and data.\n\n\nAttribute|Identifying|Write-Only|Deprecated|Opaque\n:---|:---:|:---:|:---:|:---:\nauthentication_basic_password||x||x\ndmr_cluster_name|x|||\nremote_node_name|x|||\n\n\n\nA SEMP client authorized with a minimum access scope/level of \"global/read-only\" is required to perform this operation.\n\nThis has been available since SEMP API version 2.11.","description_kind":"markdown"}},"solacebroker_dmr_cluster_link_attribute":{"version":0,"block":{"attributes":{"attribute_name":{"type":"string","description":"The name of the Attribute.","description_kind":"markdown","required":true},"attribute_value":{"type":"string","description":"The value of the Attribute.","description_kind":"markdown","required":true},"dmr_cluster_name":{"type":"string","description":"The name of the Cluster.","description_kind":"markdown","required":true},"id":{"type":"string","description":"Identifier attribute, for internal use only.","description_kind":"plain","computed":true},"remote_node_name":{"type":"string","description":"The name of the node at the remote end of the Link.","description_kind":"markdown","required":true}},"description":"A Link Attribute is a key+value pair that can be used to locate a DMR Cluster Link, for example when using client certificate mapping.\n\n\nAttribute|Identifying|Write-Only|Deprecated|Opaque\n:---|:---:|:---:|:---:|:---:\nattribute_name|x|||\nattribute_value|x|||\ndmr_cluster_name|x|||\nremote_node_name|x|||\n\n\n\nA SEMP client authorized with a minimum access scope/level of \"global/read-only\" is required to perform this operation.\n\nThis has been available since SEMP API version 2.28.","description_kind":"markdown"}},"solacebroker_dmr_cluster_link_remote_address":{"version":0,"block":{"attributes":{"dmr_cluster_name":{"type":"string","description":"The name of the Cluster.","description_kind":"markdown","required":true},"id":{"type":"string","description":"Identifier attribute, for internal use only.","description_kind":"plain","computed":true},"remote_address":{"type":"string","description":"The FQDN or IP address (and optional port) of the remote node. If a port is not provided, it will vary based on the transport encoding: 55555 (plain-text), 55443 (encrypted), or 55003 (compressed).","description_kind":"markdown","required":true},"remote_node_name":{"type":"string","description":"The name of the node at the remote end of the Link.","description_kind":"markdown","required":true}},"description":"Each Remote Address, consisting of a FQDN or IP address and optional port, is used to connect to the remote node for this Link. Up to 4 addresses may be provided for each Link, and will be tried on a round-robin basis.\n\n\nAttribute|Identifying|Write-Only|Deprecated|Opaque\n:---|:---:|:---:|:---:|:---:\ndmr_cluster_name|x|||\nremote_address|x|||\nremote_node_name|x|||\n\n\n\nA SEMP client authorized with a minimum access scope/level of \"global/read-only\" is required to perform this operation.\n\nThis has been available since SEMP API version 2.11.","description_kind":"markdown"}},"solacebroker_domain_cert_authority":{"version":0,"block":{"attributes":{"cert_authority_name":{"type":"string","description":"The name of the Certificate Authority.","description_kind":"markdown","required":true},"cert_content":{"type":"string","description":"The PEM formatted content for the trusted root certificate of a domain Certificate Authority. Changes to this attribute are synchronized to HA mates via config-sync. The default value is `\"\"`.","description_kind":"markdown","optional":true},"id":{"type":"string","description":"Identifier attribute, for internal use only.","description_kind":"plain","computed":true}},"description":"Certificate Authorities trusted for domain verification.\n\n\nAttribute|Identifying|Write-Only|Deprecated|Opaque\n:---|:---:|:---:|:---:|:---:\ncert_authority_name|x|||\n\n\n\nA SEMP client authorized with a minimum access scope/level of \"global/read-only\" is required to perform this operation.\n\nThis has been available since SEMP API version 2.19.","description_kind":"markdown"}},"solacebroker_msg_vpn":{"version":0,"block":{"attributes":{"alias":{"type":"string","description":"The name of another Message VPN which this Message VPN is an alias for. When this Message VPN is enabled, the alias has no effect. When this Message VPN is disabled, Clients (but not Bridges and routing Links) logging into this Message VPN are automatically logged in to the other Message VPN, and authentication and authorization take place in the context of the other Message VPN.\n\nAliases may form a non-circular chain, cascading one to the next. Changes to this attribute are synchronized to HA mates and replication sites via config-sync. The default value is `\"\"`. Available since SEMP API version 2.14.","description_kind":"markdown","optional":true},"authentication_basic_enabled":{"type":"bool","description":"Enable or disable basic authentication for clients connecting to the Message VPN. Basic authentication is authentication that involves the use of a username and password to prove identity. If a user provides credentials for a different authentication scheme, this setting is not applicable. Changes to this attribute are synchronized to HA mates and replication sites via config-sync. The default value is `true`.","description_kind":"markdown","optional":true},"authentication_basic_profile_name":{"type":"string","description":"The name of the RADIUS or LDAP Profile to use for basic authentication. Changes to this attribute are synchronized to HA mates and replication sites via config-sync. The default value is `\"default\"`.","description_kind":"markdown","optional":true},"authentication_basic_radius_domain":{"type":"string","description":"The RADIUS domain to use for basic authentication. Changes to this attribute are synchronized to HA mates and replication sites via config-sync. The default value is `\"\"`.","description_kind":"markdown","optional":true},"authentication_basic_type":{"type":"string","description":"The type of basic authentication to use for clients connecting to the Message VPN. Changes to this attribute are synchronized to HA mates and replication sites via config-sync. The default value is `\"radius\"`. The allowed values and their meaning are:\n\n\u003cpre\u003e\n\"internal\" - Internal database. Authentication is against Client Usernames.\n\"ldap\" - LDAP authentication. An LDAP profile name must be provided.\n\"radius\" - RADIUS authentication. A RADIUS profile name must be provided.\n\"none\" - No authentication. Anonymous login allowed.\n\u003c/pre\u003e\n","description_kind":"markdown","optional":true},"authentication_client_cert_allow_api_provided_username_enabled":{"type":"bool","description":"Enable or disable allowing a client to specify a Client Username via the API connect method. When disabled, the certificate CN (Common Name) is always used. Changes to this attribute are synchronized to HA mates and replication sites via config-sync. The default value is `false`.","description_kind":"markdown","optional":true},"authentication_client_cert_certificate_matching_rules_enabled":{"type":"bool","description":"Enable or disable certificate matching rules. When disabled, any valid certificate is accepted. Changes to this attribute are synchronized to HA mates and replication sites via config-sync. The default value is `false`. Available since SEMP API version 2.27.","description_kind":"markdown","optional":true},"authentication_client_cert_enabled":{"type":"bool","description":"Enable or disable client certificate authentication in the Message VPN. Changes to this attribute are synchronized to HA mates and replication sites via config-sync. The default value is `false`.","description_kind":"markdown","optional":true},"authentication_client_cert_max_chain_depth":{"type":"number","description":"The maximum depth for a client certificate chain. The depth of a chain is defined as the number of signing CA certificates that are present in the chain back to a trusted self-signed root CA certificate. Changes to this attribute are synchronized to HA mates and replication sites via config-sync. The default value is `3`.","description_kind":"markdown","optional":true},"authentication_client_cert_revocation_check_mode":{"type":"string","description":"The desired behavior for client certificate revocation checking. Changes to this attribute are synchronized to HA mates and replication sites via config-sync. The default value is `\"allow-valid\"`. The allowed values and their meaning are:\n\n\u003cpre\u003e\n\"allow-all\" - Allow the client to authenticate, the result of client certificate revocation check is ignored.\n\"allow-unknown\" - Allow the client to authenticate even if the revocation status of his certificate cannot be determined.\n\"allow-valid\" - Allow the client to authenticate only when the revocation check returned an explicit positive response.\n\u003c/pre\u003e\n Available since SEMP API version 2.6.","description_kind":"markdown","optional":true},"authentication_client_cert_username_source":{"type":"string","description":"The field from the client certificate to use as the client username. Changes to this attribute are synchronized to HA mates and replication sites via config-sync. The default value is `\"common-name\"`. The allowed values and their meaning are:\n\n\u003cpre\u003e\n\"certificate-thumbprint\" - The username is computed as the SHA-1 hash over the entire DER-encoded contents of the client certificate.\n\"common-name\" - The username is extracted from the certificate's first instance of the Common Name attribute in the Subject DN.\n\"common-name-last\" - The username is extracted from the certificate's last instance of the Common Name attribute in the Subject DN.\n\"subject-alternate-name-msupn\" - The username is extracted from the certificate's Other Name type of the Subject Alternative Name and must have the msUPN signature.\n\"uid\" - The username is extracted from the certificate's first instance of the User Identifier attribute in the Subject DN.\n\"uid-last\" - The username is extracted from the certificate's last instance of the User Identifier attribute in the Subject DN.\n\u003c/pre\u003e\n Available since SEMP API version 2.6.","description_kind":"markdown","optional":true},"authentication_client_cert_validate_date_enabled":{"type":"bool","description":"Enable or disable validation of the \"Not Before\" and \"Not After\" validity dates in the client certificate. Changes to this attribute are synchronized to HA mates and replication sites via config-sync. The default value is `true`.","description_kind":"markdown","optional":true},"authentication_kerberos_allow_api_provided_username_enabled":{"type":"bool","description":"Enable or disable allowing a client to specify a Client Username via the API connect method. When disabled, the Kerberos Principal name is always used. Changes to this attribute are synchronized to HA mates and replication sites via config-sync. The default value is `false`.","description_kind":"markdown","optional":true},"authentication_kerberos_enabled":{"type":"bool","description":"Enable or disable Kerberos authentication in the Message VPN. Changes to this attribute are synchronized to HA mates and replication sites via config-sync. The default value is `false`.","description_kind":"markdown","optional":true},"authentication_oauth_default_profile_name":{"type":"string","description":"The name of the profile to use when the client does not supply a profile name. Changes to this attribute are synchronized to HA mates and replication sites via config-sync. The default value is `\"\"`. Available since SEMP API version 2.25.","description_kind":"markdown","optional":true},"authentication_oauth_enabled":{"type":"bool","description":"Enable or disable OAuth authentication. Changes to this attribute are synchronized to HA mates and replication sites via config-sync. The default value is `false`. Available since SEMP API version 2.13.","description_kind":"markdown","optional":true},"authorization_ldap_group_membership_attribute_name":{"type":"string","description":"The name of the attribute that is retrieved from the LDAP server as part of the LDAP search when authorizing a client connecting to the Message VPN. Changes to this attribute are synchronized to HA mates and replication sites via config-sync. The default value is `\"memberOf\"`.","description_kind":"markdown","optional":true},"authorization_ldap_trim_client_username_domain_enabled":{"type":"bool","description":"Enable or disable client-username domain trimming for LDAP lookups of client connections. When enabled, the value of $CLIENT_USERNAME (when used for searching) will be truncated at the first occurrence of the @ character. For example, if the client-username is in the form of an email address, then the domain portion will be removed. Changes to this attribute are synchronized to HA mates and replication sites via config-sync. The default value is `false`. Available since SEMP API version 2.13.","description_kind":"markdown","optional":true},"authorization_profile_name":{"type":"string","description":"The name of the LDAP Profile to use for client authorization. Changes to this attribute are synchronized to HA mates and replication sites via config-sync. The default value is `\"\"`.","description_kind":"markdown","optional":true},"authorization_type":{"type":"string","description":"The type of authorization to use for clients connecting to the Message VPN. Changes to this attribute are synchronized to HA mates and replication sites via config-sync. The default value is `\"internal\"`. The allowed values and their meaning are:\n\n\u003cpre\u003e\n\"ldap\" - LDAP authorization.\n\"internal\" - Internal authorization.\n\u003c/pre\u003e\n","description_kind":"markdown","optional":true},"bridging_tls_server_cert_max_chain_depth":{"type":"number","description":"The maximum depth for a server certificate chain. The depth of a chain is defined as the number of signing CA certificates that are present in the chain back to a trusted self-signed root CA certificate. Changes to this attribute are synchronized to HA mates and replication sites via config-sync. The default value is `3`.","description_kind":"markdown","optional":true},"bridging_tls_server_cert_validate_date_enabled":{"type":"bool","description":"Enable or disable validation of the \"Not Before\" and \"Not After\" validity dates in the server certificate. When disabled, a certificate will be accepted even if the certificate is not valid based on these dates. Changes to this attribute are synchronized to HA mates and replication sites via config-sync. The default value is `true`.","description_kind":"markdown","optional":true},"bridging_tls_server_cert_validate_name_enabled":{"type":"bool","description":"Enable or disable the standard TLS authentication mechanism of verifying the name used to connect to the bridge. If enabled, the name used to connect to the bridge is checked against the names specified in the certificate returned by the remote broker. Legacy Common Name validation is not performed if Server Certificate Name Validation is enabled, even if Common Name validation is also enabled. Changes to this attribute are synchronized to HA mates and replication sites via config-sync. The default value is `true`. Available since SEMP API version 2.18.","description_kind":"markdown","optional":true},"dmr_enabled":{"type":"bool","description":"Enable or disable Dynamic Message Routing (DMR) for the Message VPN. Changes to this attribute are synchronized to HA mates and replication sites via config-sync. The default value is `false`. Available since SEMP API version 2.11.","description_kind":"markdown","optional":true},"enabled":{"type":"bool","description":"Enable or disable the Message VPN. Changes to this attribute are synchronized to HA mates and replication sites via config-sync. The default value is `false`.","description_kind":"markdown","optional":true},"event_connection_count_threshold":{"nested_type":{"attributes":{"clear_percent":{"type":"number","description":"The clear threshold for the value of this counter as a percentage of its maximum value. Falling below this value will trigger a corresponding event. This attribute may not be returned in a GET.","description_kind":"markdown","optional":true},"clear_value":{"type":"number","description":"The clear threshold for the absolute value of this counter. Falling below this value will trigger a corresponding event. This attribute may not be returned in a GET.","description_kind":"markdown","optional":true},"set_percent":{"type":"number","description":"The set threshold for the value of this counter as a percentage of its maximum value. Exceeding this value will trigger a corresponding event. This attribute may not be returned in a GET.","description_kind":"markdown","optional":true},"set_value":{"type":"number","description":"The set threshold for the absolute value of this counter. Exceeding this value will trigger a corresponding event. This attribute may not be returned in a GET.","description_kind":"markdown","optional":true}},"nesting_mode":"single"},"description_kind":"plain","optional":true},"event_egress_flow_count_threshold":{"nested_type":{"attributes":{"clear_percent":{"type":"number","description":"The clear threshold for the value of this counter as a percentage of its maximum value. Falling below this value will trigger a corresponding event. This attribute may not be returned in a GET.","description_kind":"markdown","optional":true},"clear_value":{"type":"number","description":"The clear threshold for the absolute value of this counter. Falling below this value will trigger a corresponding event. This attribute may not be returned in a GET.","description_kind":"markdown","optional":true},"set_percent":{"type":"number","description":"The set threshold for the value of this counter as a percentage of its maximum value. Exceeding this value will trigger a corresponding event. This attribute may not be returned in a GET.","description_kind":"markdown","optional":true},"set_value":{"type":"number","description":"The set threshold for the absolute value of this counter. Exceeding this value will trigger a corresponding event. This attribute may not be returned in a GET.","description_kind":"markdown","optional":true}},"nesting_mode":"single"},"description_kind":"plain","optional":true},"event_egress_msg_rate_threshold":{"nested_type":{"attributes":{"clear_value":{"type":"number","description":"The clear threshold for the absolute value of this counter or rate. Falling below this value will trigger a corresponding event.","description_kind":"markdown","optional":true},"set_value":{"type":"number","description":"The set threshold for the absolute value of this counter or rate. Exceeding this value will trigger a corresponding event.","description_kind":"markdown","optional":true}},"nesting_mode":"single"},"description_kind":"plain","optional":true},"event_endpoint_count_threshold":{"nested_type":{"attributes":{"clear_percent":{"type":"number","description":"The clear threshold for the value of this counter as a percentage of its maximum value. Falling below this value will trigger a corresponding event. This attribute may not be returned in a GET.","description_kind":"markdown","optional":true},"clear_value":{"type":"number","description":"The clear threshold for the absolute value of this counter. Falling below this value will trigger a corresponding event. This attribute may not be returned in a GET.","description_kind":"markdown","optional":true},"set_percent":{"type":"number","description":"The set threshold for the value of this counter as a percentage of its maximum value. Exceeding this value will trigger a corresponding event. This attribute may not be returned in a GET.","description_kind":"markdown","optional":true},"set_value":{"type":"number","description":"The set threshold for the absolute value of this counter. Exceeding this value will trigger a corresponding event. This attribute may not be returned in a GET.","description_kind":"markdown","optional":true}},"nesting_mode":"single"},"description_kind":"plain","optional":true},"event_ingress_flow_count_threshold":{"nested_type":{"attributes":{"clear_percent":{"type":"number","description":"The clear threshold for the value of this counter as a percentage of its maximum value. Falling below this value will trigger a corresponding event. This attribute may not be returned in a GET.","description_kind":"markdown","optional":true},"clear_value":{"type":"number","description":"The clear threshold for the absolute value of this counter. Falling below this value will trigger a corresponding event. This attribute may not be returned in a GET.","description_kind":"markdown","optional":true},"set_percent":{"type":"number","description":"The set threshold for the value of this counter as a percentage of its maximum value. Exceeding this value will trigger a corresponding event. This attribute may not be returned in a GET.","description_kind":"markdown","optional":true},"set_value":{"type":"number","description":"The set threshold for the absolute value of this counter. Exceeding this value will trigger a corresponding event. This attribute may not be returned in a GET.","description_kind":"markdown","optional":true}},"nesting_mode":"single"},"description_kind":"plain","optional":true},"event_ingress_msg_rate_threshold":{"nested_type":{"attributes":{"clear_value":{"type":"number","description":"The clear threshold for the absolute value of this counter or rate. Falling below this value will trigger a corresponding event.","description_kind":"markdown","optional":true},"set_value":{"type":"number","description":"The set threshold for the absolute value of this counter or rate. Exceeding this value will trigger a corresponding event.","description_kind":"markdown","optional":true}},"nesting_mode":"single"},"description_kind":"plain","optional":true},"event_large_msg_threshold":{"type":"number","description":"The threshold, in kilobytes, after which a message is considered to be large for the Message VPN. Changes to this attribute are synchronized to HA mates and replication sites via config-sync. The default value is `1024`.","description_kind":"markdown","optional":true},"event_log_tag":{"type":"string","description":"A prefix applied to all published Events in the Message VPN. Changes to this attribute are synchronized to HA mates and replication sites via config-sync. The default value is `\"\"`.","description_kind":"markdown","optional":true},"event_msg_spool_usage_threshold":{"nested_type":{"attributes":{"clear_percent":{"type":"number","description":"The clear threshold for the value of this counter as a percentage of its maximum value. Falling below this value will trigger a corresponding event. This attribute may not be returned in a GET.","description_kind":"markdown","optional":true},"clear_value":{"type":"number","description":"The clear threshold for the absolute value of this counter. Falling below this value will trigger a corresponding event. This attribute may not be returned in a GET.","description_kind":"markdown","optional":true},"set_percent":{"type":"number","description":"The set threshold for the value of this counter as a percentage of its maximum value. Exceeding this value will trigger a corresponding event. This attribute may not be returned in a GET.","description_kind":"markdown","optional":true},"set_value":{"type":"number","description":"The set threshold for the absolute value of this counter. Exceeding this value will trigger a corresponding event. This attribute may not be returned in a GET.","description_kind":"markdown","optional":true}},"nesting_mode":"single"},"description_kind":"plain","optional":true},"event_publish_client_enabled":{"type":"bool","description":"Enable or disable Client level Event message publishing. Changes to this attribute are synchronized to HA mates and replication sites via config-sync. The default value is `false`.","description_kind":"markdown","optional":true},"event_publish_msg_vpn_enabled":{"type":"bool","description":"Enable or disable Message VPN level Event message publishing. Changes to this attribute are synchronized to HA mates and replication sites via config-sync. The default value is `false`.","description_kind":"markdown","optional":true},"event_publish_subscription_mode":{"type":"string","description":"Subscription level Event message publishing mode. Changes to this attribute are synchronized to HA mates and replication sites via config-sync. The default value is `\"off\"`. The allowed values and their meaning are:\n\n\u003cpre\u003e\n\"off\" - Disable client level event message publishing.\n\"on-with-format-v1\" - Enable client level event message publishing with format v1.\n\"on-with-no-unsubscribe-events-on-disconnect-format-v1\" - As \"on-with-format-v1\", but unsubscribe events are not generated when a client disconnects. Unsubscribe events are still raised when a client explicitly unsubscribes from its subscriptions.\n\"on-with-format-v2\" - Enable client level event message publishing with format v2.\n\"on-with-no-unsubscribe-events-on-disconnect-format-v2\" - As \"on-with-format-v2\", but unsubscribe events are not generated when a client disconnects. Unsubscribe events are still raised when a client explicitly unsubscribes from its subscriptions.\n\u003c/pre\u003e\n","description_kind":"markdown","optional":true},"event_publish_topic_format_mqtt_enabled":{"type":"bool","description":"Enable or disable Event publish topics in MQTT format. Changes to this attribute are synchronized to HA mates and replication sites via config-sync. The default value is `false`.","description_kind":"markdown","optional":true},"event_publish_topic_format_smf_enabled":{"type":"bool","description":"Enable or disable Event publish topics in SMF format. Changes to this attribute are synchronized to HA mates and replication sites via config-sync. The default value is `true`.","description_kind":"markdown","optional":true},"event_service_amqp_connection_count_threshold":{"nested_type":{"attributes":{"clear_percent":{"type":"number","description":"The clear threshold for the value of this counter as a percentage of its maximum value. Falling below this value will trigger a corresponding event. This attribute may not be returned in a GET.","description_kind":"markdown","optional":true},"clear_value":{"type":"number","description":"The clear threshold for the absolute value of this counter. Falling below this value will trigger a corresponding event. This attribute may not be returned in a GET.","description_kind":"markdown","optional":true},"set_percent":{"type":"number","description":"The set threshold for the value of this counter as a percentage of its maximum value. Exceeding this value will trigger a corresponding event. This attribute may not be returned in a GET.","description_kind":"markdown","optional":true},"set_value":{"type":"number","description":"The set threshold for the absolute value of this counter. Exceeding this value will trigger a corresponding event. This attribute may not be returned in a GET.","description_kind":"markdown","optional":true}},"nesting_mode":"single"},"description_kind":"plain","optional":true},"event_service_mqtt_connection_count_threshold":{"nested_type":{"attributes":{"clear_percent":{"type":"number","description":"The clear threshold for the value of this counter as a percentage of its maximum value. Falling below this value will trigger a corresponding event. This attribute may not be returned in a GET.","description_kind":"markdown","optional":true},"clear_value":{"type":"number","description":"The clear threshold for the absolute value of this counter. Falling below this value will trigger a corresponding event. This attribute may not be returned in a GET.","description_kind":"markdown","optional":true},"set_percent":{"type":"number","description":"The set threshold for the value of this counter as a percentage of its maximum value. Exceeding this value will trigger a corresponding event. This attribute may not be returned in a GET.","description_kind":"markdown","optional":true},"set_value":{"type":"number","description":"The set threshold for the absolute value of this counter. Exceeding this value will trigger a corresponding event. This attribute may not be returned in a GET.","description_kind":"markdown","optional":true}},"nesting_mode":"single"},"description_kind":"plain","optional":true},"event_service_rest_incoming_connection_count_threshold":{"nested_type":{"attributes":{"clear_percent":{"type":"number","description":"The clear threshold for the value of this counter as a percentage of its maximum value. Falling below this value will trigger a corresponding event. This attribute may not be returned in a GET.","description_kind":"markdown","optional":true},"clear_value":{"type":"number","description":"The clear threshold for the absolute value of this counter. Falling below this value will trigger a corresponding event. This attribute may not be returned in a GET.","description_kind":"markdown","optional":true},"set_percent":{"type":"number","description":"The set threshold for the value of this counter as a percentage of its maximum value. Exceeding this value will trigger a corresponding event. This attribute may not be returned in a GET.","description_kind":"markdown","optional":true},"set_value":{"type":"number","description":"The set threshold for the absolute value of this counter. Exceeding this value will trigger a corresponding event. This attribute may not be returned in a GET.","description_kind":"markdown","optional":true}},"nesting_mode":"single"},"description_kind":"plain","optional":true},"event_service_smf_connection_count_threshold":{"nested_type":{"attributes":{"clear_percent":{"type":"number","description":"The clear threshold for the value of this counter as a percentage of its maximum value. Falling below this value will trigger a corresponding event. This attribute may not be returned in a GET.","description_kind":"markdown","optional":true},"clear_value":{"type":"number","description":"The clear threshold for the absolute value of this counter. Falling below this value will trigger a corresponding event. This attribute may not be returned in a GET.","description_kind":"markdown","optional":true},"set_percent":{"type":"number","description":"The set threshold for the value of this counter as a percentage of its maximum value. Exceeding this value will trigger a corresponding event. This attribute may not be returned in a GET.","description_kind":"markdown","optional":true},"set_value":{"type":"number","description":"The set threshold for the absolute value of this counter. Exceeding this value will trigger a corresponding event. This attribute may not be returned in a GET.","description_kind":"markdown","optional":true}},"nesting_mode":"single"},"description_kind":"plain","optional":true},"event_service_web_connection_count_threshold":{"nested_type":{"attributes":{"clear_percent":{"type":"number","description":"The clear threshold for the value of this counter as a percentage of its maximum value. Falling below this value will trigger a corresponding event. This attribute may not be returned in a GET.","description_kind":"markdown","optional":true},"clear_value":{"type":"number","description":"The clear threshold for the absolute value of this counter. Falling below this value will trigger a corresponding event. This attribute may not be returned in a GET.","description_kind":"markdown","optional":true},"set_percent":{"type":"number","description":"The set threshold for the value of this counter as a percentage of its maximum value. Exceeding this value will trigger a corresponding event. This attribute may not be returned in a GET.","description_kind":"markdown","optional":true},"set_value":{"type":"number","description":"The set threshold for the absolute value of this counter. Exceeding this value will trigger a corresponding event. This attribute may not be returned in a GET.","description_kind":"markdown","optional":true}},"nesting_mode":"single"},"description_kind":"plain","optional":true},"event_subscription_count_threshold":{"nested_type":{"attributes":{"clear_percent":{"type":"number","description":"The clear threshold for the value of this counter as a percentage of its maximum value. Falling below this value will trigger a corresponding event. This attribute may not be returned in a GET.","description_kind":"markdown","optional":true},"clear_value":{"type":"number","description":"The clear threshold for the absolute value of this counter. Falling below this value will trigger a corresponding event. This attribute may not be returned in a GET.","description_kind":"markdown","optional":true},"set_percent":{"type":"number","description":"The set threshold for the value of this counter as a percentage of its maximum value. Exceeding this value will trigger a corresponding event. This attribute may not be returned in a GET.","description_kind":"markdown","optional":true},"set_value":{"type":"number","description":"The set threshold for the absolute value of this counter. Exceeding this value will trigger a corresponding event. This attribute may not be returned in a GET.","description_kind":"markdown","optional":true}},"nesting_mode":"single"},"description_kind":"plain","optional":true},"event_transacted_session_count_threshold":{"nested_type":{"attributes":{"clear_percent":{"type":"number","description":"The clear threshold for the value of this counter as a percentage of its maximum value. Falling below this value will trigger a corresponding event. This attribute may not be returned in a GET.","description_kind":"markdown","optional":true},"clear_value":{"type":"number","description":"The clear threshold for the absolute value of this counter. Falling below this value will trigger a corresponding event. This attribute may not be returned in a GET.","description_kind":"markdown","optional":true},"set_percent":{"type":"number","description":"The set threshold for the value of this counter as a percentage of its maximum value. Exceeding this value will trigger a corresponding event. This attribute may not be returned in a GET.","description_kind":"markdown","optional":true},"set_value":{"type":"number","description":"The set threshold for the absolute value of this counter. Exceeding this value will trigger a corresponding event. This attribute may not be returned in a GET.","description_kind":"markdown","optional":true}},"nesting_mode":"single"},"description_kind":"plain","optional":true},"event_transaction_count_threshold":{"nested_type":{"attributes":{"clear_percent":{"type":"number","description":"The clear threshold for the value of this counter as a percentage of its maximum value. Falling below this value will trigger a corresponding event. This attribute may not be returned in a GET.","description_kind":"markdown","optional":true},"clear_value":{"type":"number","description":"The clear threshold for the absolute value of this counter. Falling below this value will trigger a corresponding event. This attribute may not be returned in a GET.","description_kind":"markdown","optional":true},"set_percent":{"type":"number","description":"The set threshold for the value of this counter as a percentage of its maximum value. Exceeding this value will trigger a corresponding event. This attribute may not be returned in a GET.","description_kind":"markdown","optional":true},"set_value":{"type":"number","description":"The set threshold for the absolute value of this counter. Exceeding this value will trigger a corresponding event. This attribute may not be returned in a GET.","description_kind":"markdown","optional":true}},"nesting_mode":"single"},"description_kind":"plain","optional":true},"export_subscriptions_enabled":{"type":"bool","description":"Enable or disable the export of subscriptions in the Message VPN to other routers in the network over Neighbor links. Changes to this attribute are synchronized to HA mates and replication sites via config-sync. The default value is `false`.","description_kind":"markdown","optional":true},"id":{"type":"string","description":"Identifier attribute, for internal use only.","description_kind":"plain","computed":true},"jndi_enabled":{"type":"bool","description":"Enable or disable JNDI access for clients in the Message VPN. Changes to this attribute are synchronized to HA mates and replication sites via config-sync. The default value is `false`. Available since SEMP API version 2.2.","description_kind":"markdown","optional":true},"max_connection_count":{"type":"number","description":"The maximum number of client connections to the Message VPN. Changes to this attribute are synchronized to HA mates and replication sites via config-sync. The default is the maximum value supported by the platform.","description_kind":"markdown","optional":true},"max_egress_flow_count":{"type":"number","description":"The maximum number of transmit flows that can be created in the Message VPN. Changes to this attribute are synchronized to HA mates and replication sites via config-sync. The default value is `1000`.","description_kind":"markdown","optional":true},"max_endpoint_count":{"type":"number","description":"The maximum number of Queues and Topic Endpoints that can be created in the Message VPN. Changes to this attribute are synchronized to HA mates and replication sites via config-sync. The default value is `1000`.","description_kind":"markdown","optional":true},"max_ingress_flow_count":{"type":"number","description":"The maximum number of receive flows that can be created in the Message VPN. Changes to this attribute are synchronized to HA mates and replication sites via config-sync. The default value is `1000`.","description_kind":"markdown","optional":true},"max_msg_spool_usage":{"type":"number","description":"The maximum message spool usage by the Message VPN, in megabytes. Changes to this attribute are synchronized to HA mates and replication sites via config-sync. The default value is `0`.","description_kind":"markdown","optional":true},"max_subscription_count":{"type":"number","description":"The maximum number of local client subscriptions that can be added to the Message VPN. This limit is not enforced when a subscription is added using a management interface, such as CLI or SEMP. Changes to this attribute are synchronized to HA mates and replication sites via config-sync. The default varies by platform.","description_kind":"markdown","optional":true},"max_transacted_session_count":{"type":"number","description":"The maximum number of transacted sessions that can be created in the Message VPN. Changes to this attribute are synchronized to HA mates and replication sites via config-sync. The default varies by platform.","description_kind":"markdown","optional":true},"max_transaction_count":{"type":"number","description":"The maximum number of transactions that can be created in the Message VPN. Changes to this attribute are synchronized to HA mates and replication sites via config-sync. The default varies by platform.","description_kind":"markdown","optional":true},"mqtt_retain_max_memory":{"type":"number","description":"The maximum total memory usage of the MQTT Retain feature for this Message VPN, in MB. If the maximum memory is reached, any arriving retain messages that require more memory are discarded. A value of -1 indicates that the memory is bounded only by the global max memory limit. A value of 0 prevents MQTT Retain from becoming operational. Changes to this attribute are synchronized to HA mates and replication sites via config-sync. The default value is `-1`. Available since SEMP API version 2.11.","description_kind":"markdown","optional":true},"msg_vpn_name":{"type":"string","description":"The name of the Message VPN.","description_kind":"markdown","required":true},"replication_ack_propagation_interval_msg_count":{"type":"number","description":"The acknowledgment (ACK) propagation interval for the replication Bridge, in number of replicated messages. Changes to this attribute are synchronized to HA mates and replication sites via config-sync. The default value is `20`.","description_kind":"markdown","optional":true},"replication_bridge_authentication_basic_client_username":{"type":"string","description":"The Client Username the replication Bridge uses to login to the remote Message VPN. Changes to this attribute are synchronized to HA mates via config-sync. The default value is `\"\"`.","description_kind":"markdown","optional":true},"replication_bridge_authentication_basic_password":{"type":"string","description":"The password for the Client Username. This attribute is absent from a GET and not updated when absent in a PUT, subject to the exceptions in note 4 (refer to the `Notes` section in the SEMP API `Config reference`). Changes to this attribute are synchronized to HA mates via config-sync. The default value is `\"\"`.","description_kind":"markdown","optional":true,"sensitive":true},"replication_bridge_authentication_client_cert_content":{"type":"string","description":"The PEM formatted content for the client certificate used by this bridge to login to the Remote Message VPN. It must consist of a private key and between one and three certificates comprising the certificate trust chain. This attribute is absent from a GET and not updated when absent in a PUT, subject to the exceptions in note 4 (refer to the `Notes` section in the SEMP API `Config reference`). The default value is `\"\"`. Available since SEMP API version 2.9.","description_kind":"markdown","optional":true,"sensitive":true},"replication_bridge_authentication_client_cert_password":{"type":"string","description":"The password for the client certificate. This attribute is absent from a GET and not updated when absent in a PUT, subject to the exceptions in note 4 (refer to the `Notes` section in the SEMP API `Config reference`). The default value is `\"\"`. Available since SEMP API version 2.9.","description_kind":"markdown","optional":true,"sensitive":true},"replication_bridge_authentication_scheme":{"type":"string","description":"The authentication scheme for the replication Bridge in the Message VPN. Changes to this attribute are synchronized to HA mates via config-sync. The default value is `\"basic\"`. The allowed values and their meaning are:\n\n\u003cpre\u003e\n\"basic\" - Basic Authentication Scheme (via username and password).\n\"client-certificate\" - Client Certificate Authentication Scheme (via certificate file or content).\n\u003c/pre\u003e\n","description_kind":"markdown","optional":true},"replication_bridge_compressed_data_enabled":{"type":"bool","description":"Enable or disable use of compression for the replication Bridge. Changes to this attribute are synchronized to HA mates via config-sync. The default value is `false`.","description_kind":"markdown","optional":true},"replication_bridge_egress_flow_window_size":{"type":"number","description":"The size of the window used for guaranteed messages published to the replication Bridge, in messages. Changes to this attribute are synchronized to HA mates via config-sync. The default value is `255`.","description_kind":"markdown","optional":true},"replication_bridge_retry_delay":{"type":"number","description":"The number of seconds that must pass before retrying the replication Bridge connection. Changes to this attribute are synchronized to HA mates via config-sync. The default value is `3`.","description_kind":"markdown","optional":true},"replication_bridge_tls_enabled":{"type":"bool","description":"Enable or disable use of encryption (TLS) for the replication Bridge connection. Changes to this attribute are synchronized to HA mates via config-sync. The default value is `false`.","description_kind":"markdown","optional":true},"replication_bridge_unidirectional_client_profile_name":{"type":"string","description":"The Client Profile for the unidirectional replication Bridge in the Message VPN. It is used only for the TCP parameters. Changes to this attribute are synchronized to HA mates and replication sites via config-sync. The default value is `\"#client-profile\"`.","description_kind":"markdown","optional":true},"replication_enabled":{"type":"bool","description":"Enable or disable replication for the Message VPN. Changes to this attribute are synchronized to HA mates via config-sync. The default value is `false`.","description_kind":"markdown","optional":true},"replication_enabled_queue_behavior":{"type":"string","description":"The behavior to take when enabling replication for the Message VPN, depending on the existence of the replication Queue. This attribute is absent from a GET and not updated when absent in a PUT, subject to the exceptions in note 4 (refer to the `Notes` section in the SEMP API `Config reference`). Changes to this attribute are synchronized to HA mates via config-sync. The default value is `\"fail-on-existing-queue\"`. The allowed values and their meaning are:\n\n\u003cpre\u003e\n\"fail-on-existing-queue\" - The data replication queue must not already exist.\n\"force-use-existing-queue\" - The data replication queue must already exist. Any data messages on the Queue will be forwarded to interested applications. IMPORTANT: Before using this mode be certain that the messages are not stale or otherwise unsuitable to be forwarded. This mode can only be specified when the existing queue is configured the same as is currently specified under replication configuration otherwise the enabling of replication will fail.\n\"force-recreate-queue\" - The data replication queue must already exist. Any data messages on the Queue will be discarded. IMPORTANT: Before using this mode be certain that the messages on the existing data replication queue are not needed by interested applications.\n\u003c/pre\u003e\n","description_kind":"markdown","optional":true,"sensitive":true},"replication_queue_max_msg_spool_usage":{"type":"number","description":"The maximum message spool usage by the replication Bridge local Queue (quota), in megabytes. Changes to this attribute are synchronized to HA mates and replication sites via config-sync. The default value is `60000`.","description_kind":"markdown","optional":true},"replication_queue_reject_msg_to_sender_on_discard_enabled":{"type":"bool","description":"Enable or disable whether messages discarded on the replication Bridge local Queue are rejected back to the sender. Changes to this attribute are synchronized to HA mates and replication sites via config-sync. The default value is `true`.","description_kind":"markdown","optional":true},"replication_reject_msg_when_sync_ineligible_enabled":{"type":"bool","description":"Enable or disable whether guaranteed messages published to synchronously replicated Topics are rejected back to the sender when synchronous replication becomes ineligible. Changes to this attribute are synchronized to HA mates and replication sites via config-sync. The default value is `false`.","description_kind":"markdown","optional":true},"replication_role":{"type":"string","description":"The replication role for the Message VPN. Changes to this attribute are synchronized to HA mates via config-sync. The default value is `\"standby\"`. The allowed values and their meaning are:\n\n\u003cpre\u003e\n\"active\" - Assume the Active role in replication for the Message VPN.\n\"standby\" - Assume the Standby role in replication for the Message VPN.\n\u003c/pre\u003e\n","description_kind":"markdown","optional":true},"replication_transaction_mode":{"type":"string","description":"The transaction replication mode for all transactions within the Message VPN. Changing this value during operation will not affect existing transactions; it is only used upon starting a transaction. Changes to this attribute are synchronized to HA mates and replication sites via config-sync. The default value is `\"async\"`. The allowed values and their meaning are:\n\n\u003cpre\u003e\n\"sync\" - Messages are acknowledged when replicated (spooled remotely).\n\"async\" - Messages are acknowledged when pending replication (spooled locally).\n\u003c/pre\u003e\n","description_kind":"markdown","optional":true},"rest_tls_server_cert_max_chain_depth":{"type":"number","description":"The maximum depth for a REST Consumer server certificate chain. The depth of a chain is defined as the number of signing CA certificates that are present in the chain back to a trusted self-signed root CA certificate. Changes to this attribute are synchronized to HA mates and replication sites via config-sync. The default value is `3`.","description_kind":"markdown","optional":true},"rest_tls_server_cert_validate_date_enabled":{"type":"bool","description":"Enable or disable validation of the \"Not Before\" and \"Not After\" validity dates in the REST Consumer server certificate. Changes to this attribute are synchronized to HA mates and replication sites via config-sync. The default value is `true`.","description_kind":"markdown","optional":true},"rest_tls_server_cert_validate_name_enabled":{"type":"bool","description":"Enable or disable the standard TLS authentication mechanism of verifying the name used to connect to the remote REST Consumer. If enabled, the name used to connect to the remote REST Consumer is checked against the names specified in the certificate returned by the remote broker. Legacy Common Name validation is not performed if Server Certificate Name Validation is enabled, even if Common Name validation is also enabled. Changes to this attribute are synchronized to HA mates and replication sites via config-sync. The default value is `true`. Available since SEMP API version 2.17.","description_kind":"markdown","optional":true},"semp_over_msg_bus_admin_client_enabled":{"type":"bool","description":"Enable or disable \"admin client\" SEMP over the message bus commands for the current Message VPN. Changes to this attribute are synchronized to HA mates and replication sites via config-sync. The default value is `false`.","description_kind":"markdown","optional":true},"semp_over_msg_bus_admin_distributed_cache_enabled":{"type":"bool","description":"Enable or disable \"admin distributed-cache\" SEMP over the message bus commands for the current Message VPN. Changes to this attribute are synchronized to HA mates and replication sites via config-sync. The default value is `false`.","description_kind":"markdown","optional":true},"semp_over_msg_bus_admin_enabled":{"type":"bool","description":"Enable or disable \"admin\" SEMP over the message bus commands for the current Message VPN. Changes to this attribute are synchronized to HA mates and replication sites via config-sync. The default value is `false`.","description_kind":"markdown","optional":true},"semp_over_msg_bus_enabled":{"type":"bool","description":"Enable or disable SEMP over the message bus for the current Message VPN. Changes to this attribute are synchronized to HA mates and replication sites via config-sync. The default value is `true`.","description_kind":"markdown","optional":true},"semp_over_msg_bus_show_enabled":{"type":"bool","description":"Enable or disable \"show\" SEMP over the message bus commands for the current Message VPN. Changes to this attribute are synchronized to HA mates and replication sites via config-sync. The default value is `false`.","description_kind":"markdown","optional":true},"service_amqp_max_connection_count":{"type":"number","description":"The maximum number of AMQP client connections that can be simultaneously connected to the Message VPN. This value may be higher than supported by the platform. Changes to this attribute are synchronized to HA mates and replication sites via config-sync. The default is the maximum value supported by the platform. Available since SEMP API version 2.7.","description_kind":"markdown","optional":true},"service_amqp_plain_text_enabled":{"type":"bool","description":"Enable or disable the plain-text AMQP service in the Message VPN. Disabling causes clients connected to the corresponding listen-port to be disconnected. Changes to this attribute are synchronized to HA mates and replication sites via config-sync. The default value is `false`. Available since SEMP API version 2.7.","description_kind":"markdown","optional":true},"service_amqp_plain_text_listen_port":{"type":"number","description":"The port number for plain-text AMQP clients that connect to the Message VPN. The port must be unique across the message backbone. A value of 0 means that the listen-port is unassigned and cannot be enabled. Modifying this attribute while the object (or the relevant part of the object) is administratively enabled may be service impacting as service_amqp_plain_text_enabled will be temporarily set to false to apply the change. Changes to this attribute are synchronized to HA mates and replication sites via config-sync. The default value is `0`. Available since SEMP API version 2.7.","description_kind":"markdown","optional":true},"service_amqp_tls_enabled":{"type":"bool","description":"Enable or disable the use of encryption (TLS) for the AMQP service in the Message VPN. Disabling causes clients currently connected over TLS to be disconnected. Changes to this attribute are synchronized to HA mates and replication sites via config-sync. The default value is `false`. Available since SEMP API version 2.7.","description_kind":"markdown","optional":true},"service_amqp_tls_listen_port":{"type":"number","description":"The port number for AMQP clients that connect to the Message VPN over TLS. The port must be unique across the message backbone. A value of 0 means that the listen-port is unassigned and cannot be enabled. Modifying this attribute while the object (or the relevant part of the object) is administratively enabled may be service impacting as service_amqp_tls_enabled will be temporarily set to false to apply the change. Changes to this attribute are synchronized to HA mates and replication sites via config-sync. The default value is `0`. Available since SEMP API version 2.7.","description_kind":"markdown","optional":true},"service_mqtt_authentication_client_cert_request":{"type":"string","description":"Determines when to request a client certificate from an incoming MQTT client connecting via a TLS port. Changes to this attribute are synchronized to HA mates and replication sites via config-sync. The default value is `\"when-enabled-in-message-vpn\"`. The allowed values and their meaning are:\n\n\u003cpre\u003e\n\"always\" - Always ask for a client certificate regardless of the \"message-vpn \u003e authentication \u003e client-certificate \u003e shutdown\" configuration.\n\"never\" - Never ask for a client certificate regardless of the \"message-vpn \u003e authentication \u003e client-certificate \u003e shutdown\" configuration.\n\"when-enabled-in-message-vpn\" - Only ask for a client-certificate if client certificate authentication is enabled under \"message-vpn \u003e  authentication \u003e client-certificate \u003e shutdown\".\n\u003c/pre\u003e\n Available since SEMP API version 2.21.","description_kind":"markdown","optional":true},"service_mqtt_max_connection_count":{"type":"number","description":"The maximum number of MQTT client connections that can be simultaneously connected to the Message VPN. Changes to this attribute are synchronized to HA mates and replication sites via config-sync. The default is the maximum value supported by the platform. Available since SEMP API version 2.1.","description_kind":"markdown","optional":true},"service_mqtt_plain_text_enabled":{"type":"bool","description":"Enable or disable the plain-text MQTT service in the Message VPN. Disabling causes clients currently connected to be disconnected. Changes to this attribute are synchronized to HA mates and replication sites via config-sync. The default value is `false`. Available since SEMP API version 2.1.","description_kind":"markdown","optional":true},"service_mqtt_plain_text_listen_port":{"type":"number","description":"The port number for plain-text MQTT clients that connect to the Message VPN. The port must be unique across the message backbone. A value of 0 means that the listen-port is unassigned and cannot be enabled. Modifying this attribute while the object (or the relevant part of the object) is administratively enabled may be service impacting as service_mqtt_plain_text_enabled will be temporarily set to false to apply the change. Changes to this attribute are synchronized to HA mates and replication sites via config-sync. The default value is `0`. Available since SEMP API version 2.1.","description_kind":"markdown","optional":true},"service_mqtt_tls_enabled":{"type":"bool","description":"Enable or disable the use of encryption (TLS) for the MQTT service in the Message VPN. Disabling causes clients currently connected over TLS to be disconnected. Changes to this attribute are synchronized to HA mates and replication sites via config-sync. The default value is `false`. Available since SEMP API version 2.1.","description_kind":"markdown","optional":true},"service_mqtt_tls_listen_port":{"type":"number","description":"The port number for MQTT clients that connect to the Message VPN over TLS. The port must be unique across the message backbone. A value of 0 means that the listen-port is unassigned and cannot be enabled. Modifying this attribute while the object (or the relevant part of the object) is administratively enabled may be service impacting as service_mqtt_tls_enabled will be temporarily set to false to apply the change. Changes to this attribute are synchronized to HA mates and replication sites via config-sync. The default value is `0`. Available since SEMP API version 2.1.","description_kind":"markdown","optional":true},"service_mqtt_tls_web_socket_enabled":{"type":"bool","description":"Enable or disable the use of encrypted WebSocket (WebSocket over TLS) for the MQTT service in the Message VPN. Disabling causes clients currently connected by encrypted WebSocket to be disconnected. Changes to this attribute are synchronized to HA mates and replication sites via config-sync. The default value is `false`. Available since SEMP API version 2.1.","description_kind":"markdown","optional":true},"service_mqtt_tls_web_socket_listen_port":{"type":"number","description":"The port number for MQTT clients that connect to the Message VPN using WebSocket over TLS. The port must be unique across the message backbone. A value of 0 means that the listen-port is unassigned and cannot be enabled. Modifying this attribute while the object (or the relevant part of the object) is administratively enabled may be service impacting as service_mqtt_tls_web_socket_enabled will be temporarily set to false to apply the change. Changes to this attribute are synchronized to HA mates and replication sites via config-sync. The default value is `0`. Available since SEMP API version 2.1.","description_kind":"markdown","optional":true},"service_mqtt_web_socket_enabled":{"type":"bool","description":"Enable or disable the use of WebSocket for the MQTT service in the Message VPN. Disabling causes clients currently connected by WebSocket to be disconnected. Changes to this attribute are synchronized to HA mates and replication sites via config-sync. The default value is `false`. Available since SEMP API version 2.1.","description_kind":"markdown","optional":true},"service_mqtt_web_socket_listen_port":{"type":"number","description":"The port number for plain-text MQTT clients that connect to the Message VPN using WebSocket. The port must be unique across the message backbone. A value of 0 means that the listen-port is unassigned and cannot be enabled. Modifying this attribute while the object (or the relevant part of the object) is administratively enabled may be service impacting as service_mqtt_web_socket_enabled will be temporarily set to false to apply the change. Changes to this attribute are synchronized to HA mates and replication sites via config-sync. The default value is `0`. Available since SEMP API version 2.1.","description_kind":"markdown","optional":true},"service_rest_incoming_authentication_client_cert_request":{"type":"string","description":"Determines when to request a client certificate from an incoming REST Producer connecting via a TLS port. Changes to this attribute are synchronized to HA mates and replication sites via config-sync. The default value is `\"when-enabled-in-message-vpn\"`. The allowed values and their meaning are:\n\n\u003cpre\u003e\n\"always\" - Always ask for a client certificate regardless of the \"message-vpn \u003e authentication \u003e client-certificate \u003e shutdown\" configuration.\n\"never\" - Never ask for a client certificate regardless of the \"message-vpn \u003e authentication \u003e client-certificate \u003e shutdown\" configuration.\n\"when-enabled-in-message-vpn\" - Only ask for a client-certificate if client certificate authentication is enabled under \"message-vpn \u003e  authentication \u003e client-certificate \u003e shutdown\".\n\u003c/pre\u003e\n Available since SEMP API version 2.21.","description_kind":"markdown","optional":true},"service_rest_incoming_authorization_header_handling":{"type":"string","description":"The handling of Authorization headers for incoming REST connections. Changes to this attribute are synchronized to HA mates and replication sites via config-sync. The default value is `\"drop\"`. The allowed values and their meaning are:\n\n\u003cpre\u003e\n\"drop\" - Do not attach the Authorization header to the message as a user property. This configuration is most secure.\n\"forward\" - Forward the Authorization header, attaching it to the message as a user property in the same way as other headers. For best security, use the drop setting.\n\"legacy\" - If the Authorization header was used for authentication to the broker, do not attach it to the message. If the Authorization header was not used for authentication to the broker, attach it to the message as a user property in the same way as other headers. For best security, use the drop setting.\n\u003c/pre\u003e\n Available since SEMP API version 2.19.","description_kind":"markdown","optional":true},"service_rest_incoming_max_connection_count":{"type":"number","description":"The maximum number of REST incoming client connections that can be simultaneously connected to the Message VPN. This value may be higher than supported by the platform. Changes to this attribute are synchronized to HA mates and replication sites via config-sync. The default is the maximum value supported by the platform.","description_kind":"markdown","optional":true},"service_rest_incoming_plain_text_enabled":{"type":"bool","description":"Enable or disable the plain-text REST service for incoming clients in the Message VPN. Disabling causes clients currently connected to be disconnected. Changes to this attribute are synchronized to HA mates and replication sites via config-sync. The default value is `false`.","description_kind":"markdown","optional":true},"service_rest_incoming_plain_text_listen_port":{"type":"number","description":"The port number for incoming plain-text REST clients that connect to the Message VPN. The port must be unique across the message backbone. A value of 0 means that the listen-port is unassigned and cannot be enabled. Modifying this attribute while the object (or the relevant part of the object) is administratively enabled may be service impacting as service_rest_incoming_plain_text_enabled will be temporarily set to false to apply the change. Changes to this attribute are synchronized to HA mates and replication sites via config-sync. The default value is `0`.","description_kind":"markdown","optional":true},"service_rest_incoming_tls_enabled":{"type":"bool","description":"Enable or disable the use of encryption (TLS) for the REST service for incoming clients in the Message VPN. Disabling causes clients currently connected over TLS to be disconnected. Changes to this attribute are synchronized to HA mates and replication sites via config-sync. The default value is `false`.","description_kind":"markdown","optional":true},"service_rest_incoming_tls_listen_port":{"type":"number","description":"The port number for incoming REST clients that connect to the Message VPN over TLS. The port must be unique across the message backbone. A value of 0 means that the listen-port is unassigned and cannot be enabled. Modifying this attribute while the object (or the relevant part of the object) is administratively enabled may be service impacting as service_rest_incoming_tls_enabled will be temporarily set to false to apply the change. Changes to this attribute are synchronized to HA mates and replication sites via config-sync. The default value is `0`.","description_kind":"markdown","optional":true},"service_rest_mode":{"type":"string","description":"The REST service mode for incoming REST clients that connect to the Message VPN. Changes to this attribute are synchronized to HA mates and replication sites via config-sync. The default value is `\"messaging\"`. The allowed values and their meaning are:\n\n\u003cpre\u003e\n\"gateway\" - Act as a message gateway through which REST messages are propagated.\n\"messaging\" - Act as a message broker on which REST messages are queued.\n\u003c/pre\u003e\n Available since SEMP API version 2.6.","description_kind":"markdown","optional":true},"service_rest_outgoing_max_connection_count":{"type":"number","description":"The maximum number of REST Consumer (outgoing) client connections that can be simultaneously connected to the Message VPN. Changes to this attribute are synchronized to HA mates and replication sites via config-sync. The default varies by platform.","description_kind":"markdown","optional":true},"service_smf_max_connection_count":{"type":"number","description":"The maximum number of SMF client connections that can be simultaneously connected to the Message VPN. This value may be higher than supported by the platform. Changes to this attribute are synchronized to HA mates and replication sites via config-sync. The default varies by platform.","description_kind":"markdown","optional":true},"service_smf_plain_text_enabled":{"type":"bool","description":"Enable or disable the plain-text SMF service in the Message VPN. Disabling causes clients currently connected to be disconnected. Changes to this attribute are synchronized to HA mates and replication sites via config-sync. The default value is `true`.","description_kind":"markdown","optional":true},"service_smf_tls_enabled":{"type":"bool","description":"Enable or disable the use of encryption (TLS) for the SMF service in the Message VPN. Disabling causes clients currently connected over TLS to be disconnected. Changes to this attribute are synchronized to HA mates and replication sites via config-sync. The default value is `true`.","description_kind":"markdown","optional":true},"service_web_authentication_client_cert_request":{"type":"string","description":"Determines when to request a client certificate from a Web Transport client connecting via a TLS port. Changes to this attribute are synchronized to HA mates and replication sites via config-sync. The default value is `\"when-enabled-in-message-vpn\"`. The allowed values and their meaning are:\n\n\u003cpre\u003e\n\"always\" - Always ask for a client certificate regardless of the \"message-vpn \u003e authentication \u003e client-certificate \u003e shutdown\" configuration.\n\"never\" - Never ask for a client certificate regardless of the \"message-vpn \u003e authentication \u003e client-certificate \u003e shutdown\" configuration.\n\"when-enabled-in-message-vpn\" - Only ask for a client-certificate if client certificate authentication is enabled under \"message-vpn \u003e  authentication \u003e client-certificate \u003e shutdown\".\n\u003c/pre\u003e\n Available since SEMP API version 2.21.","description_kind":"markdown","optional":true},"service_web_max_connection_count":{"type":"number","description":"The maximum number of Web Transport client connections that can be simultaneously connected to the Message VPN. This value may be higher than supported by the platform. Changes to this attribute are synchronized to HA mates and replication sites via config-sync. The default is the maximum value supported by the platform.","description_kind":"markdown","optional":true},"service_web_plain_text_enabled":{"type":"bool","description":"Enable or disable the plain-text Web Transport service in the Message VPN. Disabling causes clients currently connected to be disconnected. Changes to this attribute are synchronized to HA mates and replication sites via config-sync. The default value is `true`.","description_kind":"markdown","optional":true},"service_web_tls_enabled":{"type":"bool","description":"Enable or disable the use of TLS for the Web Transport service in the Message VPN. Disabling causes clients currently connected over TLS to be disconnected. Changes to this attribute are synchronized to HA mates and replication sites via config-sync. The default value is `true`.","description_kind":"markdown","optional":true},"tls_allow_downgrade_to_plain_text_enabled":{"type":"bool","description":"Enable or disable the allowing of TLS SMF clients to downgrade their connections to plain-text connections. Changing this will not affect existing connections. Changes to this attribute are synchronized to HA mates and replication sites via config-sync. The default value is `false`.","description_kind":"markdown","optional":true}},"description":"Message VPNs (Virtual Private Networks) allow for the segregation of topic space and clients. They also group clients connecting to a network of message brokers, such that messages published within a particular group are only visible to that group's clients.\n\n\nAttribute|Identifying|Write-Only|Deprecated|Opaque\n:---|:---:|:---:|:---:|:---:\nauthentication_oauth_default_provider_name|||x|\nbridging_tls_server_cert_enforce_trusted_common_name_enabled|||x|\ndistributed_cache_management_enabled|||x|\nmsg_vpn_name|x|||\nreplication_bridge_authentication_basic_password||x||x\nreplication_bridge_authentication_client_cert_content||x||x\nreplication_bridge_authentication_client_cert_password||x||\nreplication_enabled_queue_behavior||x||\nrest_tls_server_cert_enforce_trusted_common_name_enabled|||x|\n\n\n\nA SEMP client authorized with a minimum access scope/level of \"vpn/read-only\" is required to perform this operation.\n\nThis has been available since SEMP API version 2.0.","description_kind":"markdown"}},"solacebroker_msg_vpn_acl_profile":{"version":0,"block":{"attributes":{"acl_profile_name":{"type":"string","description":"The name of the ACL Profile.","description_kind":"markdown","required":true},"client_connect_default_action":{"type":"string","description":"The default action to take when a client using the ACL Profile connects to the Message VPN. Changes to this attribute are synchronized to HA mates and replication sites via config-sync. The default value is `\"disallow\"`. The allowed values and their meaning are:\n\n\u003cpre\u003e\n\"allow\" - Allow client connection unless an exception is found for it.\n\"disallow\" - Disallow client connection unless an exception is found for it.\n\u003c/pre\u003e\n","description_kind":"markdown","optional":true},"id":{"type":"string","description":"Identifier attribute, for internal use only.","description_kind":"plain","computed":true},"msg_vpn_name":{"type":"string","description":"The name of the Message VPN.","description_kind":"markdown","required":true},"publish_topic_default_action":{"type":"string","description":"The default action to take when a client using the ACL Profile publishes to a topic in the Message VPN. Changes to this attribute are synchronized to HA mates and replication sites via config-sync. The default value is `\"disallow\"`. The allowed values and their meaning are:\n\n\u003cpre\u003e\n\"allow\" - Allow topic unless an exception is found for it.\n\"disallow\" - Disallow topic unless an exception is found for it.\n\u003c/pre\u003e\n","description_kind":"markdown","optional":true},"subscribe_share_name_default_action":{"type":"string","description":"The default action to take when a client using the ACL Profile subscribes to a share-name subscription in the Message VPN. Changes to this attribute are synchronized to HA mates and replication sites via config-sync. The default value is `\"allow\"`. The allowed values and their meaning are:\n\n\u003cpre\u003e\n\"allow\" - Allow topic unless an exception is found for it.\n\"disallow\" - Disallow topic unless an exception is found for it.\n\u003c/pre\u003e\n Available since SEMP API version 2.14.","description_kind":"markdown","optional":true},"subscribe_topic_default_action":{"type":"string","description":"The default action to take when a client using the ACL Profile subscribes to a topic in the Message VPN. Changes to this attribute are synchronized to HA mates and replication sites via config-sync. The default value is `\"disallow\"`. The allowed values and their meaning are:\n\n\u003cpre\u003e\n\"allow\" - Allow topic unless an exception is found for it.\n\"disallow\" - Disallow topic unless an exception is found for it.\n\u003c/pre\u003e\n","description_kind":"markdown","optional":true}},"description":"An ACL Profile controls whether an authenticated client is permitted to establish a connection with the message broker or permitted to publish and subscribe to specific topics.\n\n\nAttribute|Identifying|Write-Only|Deprecated|Opaque\n:---|:---:|:---:|:---:|:---:\nacl_profile_name|x|||\nmsg_vpn_name|x|||\n\n\n\nA SEMP client authorized with a minimum access scope/level of \"vpn/read-only\" is required to perform this operation.\n\nThis has been available since SEMP API version 2.0.","description_kind":"markdown"}},"solacebroker_msg_vpn_acl_profile_client_connect_exception":{"version":0,"block":{"attributes":{"acl_profile_name":{"type":"string","description":"The name of the ACL Profile.","description_kind":"markdown","required":true},"client_connect_exception_address":{"type":"string","description":"The IP address/netmask of the client connect exception in canonical CIDR form.","description_kind":"markdown","required":true},"id":{"type":"string","description":"Identifier attribute, for internal use only.","description_kind":"plain","computed":true},"msg_vpn_name":{"type":"string","description":"The name of the Message VPN.","description_kind":"markdown","required":true}},"description":"A Client Connect Exception is an exception to the default action to take when a client using the ACL Profile connects to the Message VPN. Exceptions must be expressed as an IP address/netmask in CIDR form.\n\n\nAttribute|Identifying|Write-Only|Deprecated|Opaque\n:---|:---:|:---:|:---:|:---:\nacl_profile_name|x|||\nclient_connect_exception_address|x|||\nmsg_vpn_name|x|||\n\n\n\nA SEMP client authorized with a minimum access scope/level of \"vpn/read-only\" is required to perform this operation.\n\nThis has been available since SEMP API version 2.0.","description_kind":"markdown"}},"solacebroker_msg_vpn_acl_profile_publish_topic_exception":{"version":0,"block":{"attributes":{"acl_profile_name":{"type":"string","description":"The name of the ACL Profile.","description_kind":"markdown","required":true},"id":{"type":"string","description":"Identifier attribute, for internal use only.","description_kind":"plain","computed":true},"msg_vpn_name":{"type":"string","description":"The name of the Message VPN.","description_kind":"markdown","required":true},"publish_topic_exception":{"type":"string","description":"The topic for the exception to the default action taken. May include wildcard characters.","description_kind":"markdown","required":true},"publish_topic_exception_syntax":{"type":"string","description":"The syntax of the topic for the exception to the default action taken. The allowed values and their meaning are:\n\n\u003cpre\u003e\n\"smf\" - Topic uses SMF syntax.\n\"mqtt\" - Topic uses MQTT syntax.\n\u003c/pre\u003e\n","description_kind":"markdown","required":true}},"description":"A Publish Topic Exception is an exception to the default action to take when a client using the ACL Profile publishes to a topic in the Message VPN. Exceptions must be expressed as a topic.\n\n\nAttribute|Identifying|Write-Only|Deprecated|Opaque\n:---|:---:|:---:|:---:|:---:\nacl_profile_name|x|||\nmsg_vpn_name|x|||\npublish_topic_exception|x|||\npublish_topic_exception_syntax|x|||\n\n\n\nA SEMP client authorized with a minimum access scope/level of \"vpn/read-only\" is required to perform this operation.\n\nThis has been available since SEMP API version 2.14.","description_kind":"markdown"}},"solacebroker_msg_vpn_acl_profile_subscribe_share_name_exception":{"version":0,"block":{"attributes":{"acl_profile_name":{"type":"string","description":"The name of the ACL Profile.","description_kind":"markdown","required":true},"id":{"type":"string","description":"Identifier attribute, for internal use only.","description_kind":"plain","computed":true},"msg_vpn_name":{"type":"string","description":"The name of the Message VPN.","description_kind":"markdown","required":true},"subscribe_share_name_exception":{"type":"string","description":"The subscribe share name exception to the default action taken. May include wildcard characters.","description_kind":"markdown","required":true},"subscribe_share_name_exception_syntax":{"type":"string","description":"The syntax of the subscribe share name for the exception to the default action taken. The allowed values and their meaning are:\n\n\u003cpre\u003e\n\"smf\" - Topic uses SMF syntax.\n\"mqtt\" - Topic uses MQTT syntax.\n\u003c/pre\u003e\n","description_kind":"markdown","required":true}},"description":"A Subscribe Share Name Exception is an exception to the default action to take when a client using the ACL Profile subscribes to a share-name subscription in the Message VPN. Exceptions must be expressed as a topic.\n\n\nAttribute|Identifying|Write-Only|Deprecated|Opaque\n:---|:---:|:---:|:---:|:---:\nacl_profile_name|x|||\nmsg_vpn_name|x|||\nsubscribe_share_name_exception|x|||\nsubscribe_share_name_exception_syntax|x|||\n\n\n\nA SEMP client authorized with a minimum access scope/level of \"vpn/read-only\" is required to perform this operation.\n\nThis has been available since SEMP API version 2.14.","description_kind":"markdown"}},"solacebroker_msg_vpn_acl_profile_subscribe_topic_exception":{"version":0,"block":{"attributes":{"acl_profile_name":{"type":"string","description":"The name of the ACL Profile.","description_kind":"markdown","required":true},"id":{"type":"string","description":"Identifier attribute, for internal use only.","description_kind":"plain","computed":true},"msg_vpn_name":{"type":"string","description":"The name of the Message VPN.","description_kind":"markdown","required":true},"subscribe_topic_exception":{"type":"string","description":"The topic for the exception to the default action taken. May include wildcard characters.","description_kind":"markdown","required":true},"subscribe_topic_exception_syntax":{"type":"string","description":"The syntax of the topic for the exception to the default action taken. The allowed values and their meaning are:\n\n\u003cpre\u003e\n\"smf\" - Topic uses SMF syntax.\n\"mqtt\" - Topic uses MQTT syntax.\n\u003c/pre\u003e\n","description_kind":"markdown","required":true}},"description":"A Subscribe Topic Exception is an exception to the default action to take when a client using the ACL Profile subscribes to a topic in the Message VPN. Exceptions must be expressed as a topic.\n\n\nAttribute|Identifying|Write-Only|Deprecated|Opaque\n:---|:---:|:---:|:---:|:---:\nacl_profile_name|x|||\nmsg_vpn_name|x|||\nsubscribe_topic_exception|x|||\nsubscribe_topic_exception_syntax|x|||\n\n\n\nA SEMP client authorized with a minimum access scope/level of \"vpn/read-only\" is required to perform this operation.\n\nThis has been available since SEMP API version 2.14.","description_kind":"markdown"}},"solacebroker_msg_vpn_authentication_oauth_profile":{"version":0,"block":{"attributes":{"authorization_groups_claim_name":{"type":"string","description":"The name of the groups claim. If non-empty, the specified claim will be used to determine groups for authorization. If empty, the authorization_type attribute of the Message VPN will be used to determine authorization. Changes to this attribute are synchronized to HA mates and replication sites via config-sync. The default value is `\"groups\"`.","description_kind":"markdown","optional":true},"authorization_groups_claim_string_format":{"type":"string","description":"The format of the authorization groups claim value when it is a string. Changes to this attribute are synchronized to HA mates and replication sites via config-sync. The default value is `\"single\"`. The allowed values and their meaning are:\n\n\u003cpre\u003e\n\"single\" - When the claim is a string, it is interpreted as as single group.\n\"space-delimited\" - When the claim is a string, it is interpreted as a space-delimited list of groups, similar to the \"scope\" claim.\n\u003c/pre\u003e\n Available since SEMP API version 2.32.","description_kind":"markdown","optional":true},"client_id":{"type":"string","description":"The OAuth client id. Changes to this attribute are synchronized to HA mates and replication sites via config-sync. The default value is `\"\"`.","description_kind":"markdown","optional":true},"client_required_type":{"type":"string","description":"The required value for the TYP field in the ID token header. Changes to this attribute are synchronized to HA mates and replication sites via config-sync. The default value is `\"JWT\"`.","description_kind":"markdown","optional":true},"client_secret":{"type":"string","description":"The OAuth client secret. This attribute is absent from a GET and not updated when absent in a PUT, subject to the exceptions in note 4 (refer to the `Notes` section in the SEMP API `Config reference`). Changes to this attribute are synchronized to HA mates and replication sites via config-sync. The default value is `\"\"`.","description_kind":"markdown","optional":true,"sensitive":true},"client_validate_type_enabled":{"type":"bool","description":"Enable or disable verification of the TYP field in the ID token header. Changes to this attribute are synchronized to HA mates and replication sites via config-sync. The default value is `true`.","description_kind":"markdown","optional":true},"disconnect_on_token_expiration_enabled":{"type":"bool","description":"Enable or disable the disconnection of clients when their tokens expire. Changing this value does not affect existing clients, only new client connections. Changes to this attribute are synchronized to HA mates and replication sites via config-sync. The default value is `true`.","description_kind":"markdown","optional":true},"enabled":{"type":"bool","description":"Enable or disable the OAuth profile. Changes to this attribute are synchronized to HA mates and replication sites via config-sync. The default value is `false`.","description_kind":"markdown","optional":true},"endpoint_discovery":{"type":"string","description":"The OpenID Connect discovery endpoint or OAuth Authorization Server Metadata endpoint. Changes to this attribute are synchronized to HA mates and replication sites via config-sync. The default value is `\"\"`.","description_kind":"markdown","optional":true},"endpoint_discovery_refresh_interval":{"type":"number","description":"The number of seconds between discovery endpoint requests. Changes to this attribute are synchronized to HA mates and replication sites via config-sync. The default value is `86400`.","description_kind":"markdown","optional":true},"endpoint_introspection":{"type":"string","description":"The OAuth introspection endpoint. Changes to this attribute are synchronized to HA mates and replication sites via config-sync. The default value is `\"\"`.","description_kind":"markdown","optional":true},"endpoint_introspection_timeout":{"type":"number","description":"The maximum time in seconds a token introspection request is allowed to take. Changes to this attribute are synchronized to HA mates and replication sites via config-sync. The default value is `1`.","description_kind":"markdown","optional":true},"endpoint_jwks":{"type":"string","description":"The OAuth JWKS endpoint. Changes to this attribute are synchronized to HA mates and replication sites via config-sync. The default value is `\"\"`.","description_kind":"markdown","optional":true},"endpoint_jwks_refresh_interval":{"type":"number","description":"The number of seconds between JWKS endpoint requests. Changes to this attribute are synchronized to HA mates and replication sites via config-sync. The default value is `86400`.","description_kind":"markdown","optional":true},"endpoint_userinfo":{"type":"string","description":"The OpenID Connect Userinfo endpoint. Changes to this attribute are synchronized to HA mates and replication sites via config-sync. The default value is `\"\"`.","description_kind":"markdown","optional":true},"endpoint_userinfo_timeout":{"type":"number","description":"The maximum time in seconds a userinfo request is allowed to take. Changes to this attribute are synchronized to HA mates and replication sites via config-sync. The default value is `1`.","description_kind":"markdown","optional":true},"id":{"type":"string","description":"Identifier attribute, for internal use only.","description_kind":"plain","computed":true},"issuer":{"type":"string","description":"The Issuer Identifier for the OAuth provider. Changes to this attribute are synchronized to HA mates and replication sites via config-sync. The default value is `\"\"`.","description_kind":"markdown","optional":true},"mqtt_username_validate_enabled":{"type":"bool","description":"Enable or disable whether the API provided MQTT client username will be validated against the username calculated from the token(s). When enabled, connection attempts by MQTT clients are rejected if they differ. Note that this value only applies to MQTT clients; SMF client usernames will not be validated. Changes to this attribute are synchronized to HA mates and replication sites via config-sync. The default value is `false`.","description_kind":"markdown","optional":true},"msg_vpn_name":{"type":"string","description":"The name of the Message VPN.","description_kind":"markdown","required":true},"oauth_profile_name":{"type":"string","description":"The name of the OAuth profile.","description_kind":"markdown","required":true},"oauth_role":{"type":"string","description":"The OAuth role of the broker. Changes to this attribute are synchronized to HA mates and replication sites via config-sync. The default value is `\"client\"`. The allowed values and their meaning are:\n\n\u003cpre\u003e\n\"client\" - The broker is in the OAuth client role.\n\"resource-server\" - The broker is in the OAuth resource server role.\n\u003c/pre\u003e\n","description_kind":"markdown","optional":true},"resource_server_parse_access_token_enabled":{"type":"bool","description":"Enable or disable parsing of the access token as a JWT. Changes to this attribute are synchronized to HA mates and replication sites via config-sync. The default value is `true`.","description_kind":"markdown","optional":true},"resource_server_required_audience":{"type":"string","description":"The required audience value. Changes to this attribute are synchronized to HA mates and replication sites via config-sync. The default value is `\"\"`.","description_kind":"markdown","optional":true},"resource_server_required_issuer":{"type":"string","description":"The required issuer value. Changes to this attribute are synchronized to HA mates and replication sites via config-sync. The default value is `\"\"`.","description_kind":"markdown","optional":true},"resource_server_required_scope":{"type":"string","description":"A space-separated list of scopes that must be present in the scope claim. Changes to this attribute are synchronized to HA mates and replication sites via config-sync. The default value is `\"\"`.","description_kind":"markdown","optional":true},"resource_server_required_type":{"type":"string","description":"The required TYP value. Changes to this attribute are synchronized to HA mates and replication sites via config-sync. The default value is `\"at+jwt\"`.","description_kind":"markdown","optional":true},"resource_server_validate_audience_enabled":{"type":"bool","description":"Enable or disable verification of the audience claim in the access token or introspection response. Changes to this attribute are synchronized to HA mates and replication sites via config-sync. The default value is `true`.","description_kind":"markdown","optional":true},"resource_server_validate_issuer_enabled":{"type":"bool","description":"Enable or disable verification of the issuer claim in the access token or introspection response. Changes to this attribute are synchronized to HA mates and replication sites via config-sync. The default value is `true`.","description_kind":"markdown","optional":true},"resource_server_validate_scope_enabled":{"type":"bool","description":"Enable or disable verification of the scope claim in the access token or introspection response. Changes to this attribute are synchronized to HA mates and replication sites via config-sync. The default value is `true`.","description_kind":"markdown","optional":true},"resource_server_validate_type_enabled":{"type":"bool","description":"Enable or disable verification of the TYP field in the access token header. Changes to this attribute are synchronized to HA mates and replication sites via config-sync. The default value is `true`.","description_kind":"markdown","optional":true},"username_claim_name":{"type":"string","description":"The name of the username claim. Changes to this attribute are synchronized to HA mates and replication sites via config-sync. The default value is `\"sub\"`.","description_kind":"markdown","optional":true}},"description":"OAuth profiles specify how to securely authenticate to an OAuth provider.\n\n\nAttribute|Identifying|Write-Only|Deprecated|Opaque\n:---|:---:|:---:|:---:|:---:\nclient_secret||x||x\nmsg_vpn_name|x|||\noauth_profile_name|x|||\n\n\n\nA SEMP client authorized with a minimum access scope/level of \"vpn/read-only\" is required to perform this operation.\n\nThis has been available since SEMP API version 2.25.","description_kind":"markdown"}},"solacebroker_msg_vpn_authentication_oauth_profile_client_required_claim":{"version":0,"block":{"attributes":{"client_required_claim_name":{"type":"string","description":"The name of the ID token claim to verify.","description_kind":"markdown","required":true},"client_required_claim_value":{"type":"string","description":"The required claim value.","description_kind":"markdown","required":true},"id":{"type":"string","description":"Identifier attribute, for internal use only.","description_kind":"plain","computed":true},"msg_vpn_name":{"type":"string","description":"The name of the Message VPN.","description_kind":"markdown","required":true},"oauth_profile_name":{"type":"string","description":"The name of the OAuth profile.","description_kind":"markdown","required":true}},"description":"Additional claims to be verified in the ID token.\n\n\nAttribute|Identifying|Write-Only|Deprecated|Opaque\n:---|:---:|:---:|:---:|:---:\nclient_required_claim_name|x|||\nmsg_vpn_name|x|||\noauth_profile_name|x|||\n\n\n\nA SEMP client authorized with a minimum access scope/level of \"vpn/read-only\" is required to perform this operation.\n\nThis has been available since SEMP API version 2.25.","description_kind":"markdown"}},"solacebroker_msg_vpn_authentication_oauth_profile_resource_server_required_claim":{"version":0,"block":{"attributes":{"id":{"type":"string","description":"Identifier attribute, for internal use only.","description_kind":"plain","computed":true},"msg_vpn_name":{"type":"string","description":"The name of the Message VPN.","description_kind":"markdown","required":true},"oauth_profile_name":{"type":"string","description":"The name of the OAuth profile.","description_kind":"markdown","required":true},"resource_server_required_claim_name":{"type":"string","description":"The name of the access token claim to verify.","description_kind":"markdown","required":true},"resource_server_required_claim_value":{"type":"string","description":"The required claim value.","description_kind":"markdown","required":true}},"description":"Additional claims to be verified in the access token.\n\n\nAttribute|Identifying|Write-Only|Deprecated|Opaque\n:---|:---:|:---:|:---:|:---:\nmsg_vpn_name|x|||\noauth_profile_name|x|||\nresource_server_required_claim_name|x|||\n\n\n\nA SEMP client authorized with a minimum access scope/level of \"vpn/read-only\" is required to perform this operation.\n\nThis has been available since SEMP API version 2.25.","description_kind":"markdown"}},"solacebroker_msg_vpn_authorization_group":{"version":0,"block":{"attributes":{"acl_profile_name":{"type":"string","description":"The ACL Profile of the Authorization Group. Modifying this attribute while the object (or the relevant part of the object) is administratively enabled may be service impacting as enabled will be temporarily set to false to apply the change. Changes to this attribute are synchronized to HA mates and replication sites via config-sync. The default value is `\"default\"`.","description_kind":"markdown","optional":true},"authorization_group_name":{"type":"string","description":"The name of the Authorization Group. For LDAP groups, special care is needed if the group name contains special characters such as '#', '+', ';', '=' as the value of the group name returned from the LDAP server might prepend those characters with '\\'. For example a group name called 'test#,lab,com' will be returned from the LDAP server as 'test\\#,lab,com'.","description_kind":"markdown","required":true},"client_profile_name":{"type":"string","description":"The Client Profile of the Authorization Group. Modifying this attribute while the object (or the relevant part of the object) is administratively enabled may be service impacting as enabled will be temporarily set to false to apply the change. Changes to this attribute are synchronized to HA mates and replication sites via config-sync. The default value is `\"default\"`.","description_kind":"markdown","optional":true},"enabled":{"type":"bool","description":"Enable or disable the Authorization Group in the Message VPN. Changes to this attribute are synchronized to HA mates and replication sites via config-sync. The default value is `false`.","description_kind":"markdown","optional":true},"id":{"type":"string","description":"Identifier attribute, for internal use only.","description_kind":"plain","computed":true},"msg_vpn_name":{"type":"string","description":"The name of the Message VPN.","description_kind":"markdown","required":true},"order_after_authorization_group_name":{"type":"string","description":"Lower the priority to be less than this group. This attribute is absent from a GET and not updated when absent in a PUT, subject to the exceptions in note 4 (refer to the `Notes` section in the SEMP API `Config reference`). Changes to this attribute are synchronized to HA mates and replication sites via config-sync. The default is not applicable.","description_kind":"markdown","optional":true,"sensitive":true},"order_before_authorization_group_name":{"type":"string","description":"Raise the priority to be greater than this group. This attribute is absent from a GET and not updated when absent in a PUT, subject to the exceptions in note 4 (refer to the `Notes` section in the SEMP API `Config reference`). Changes to this attribute are synchronized to HA mates and replication sites via config-sync. The default is not applicable.","description_kind":"markdown","optional":true,"sensitive":true}},"description":"To use client authorization groups configured on an external server to provide client authorizations, Authorization Group objects must be created on the Message VPN that match the authorization groups provisioned on the external server. These objects must be configured with the client profiles and ACL profiles that will be assigned to the clients that belong to those authorization groups. A newly created group is placed at the end of the group list which is the lowest priority.\n\n\nAttribute|Identifying|Write-Only|Deprecated|Opaque\n:---|:---:|:---:|:---:|:---:\nauthorization_group_name|x|||\nmsg_vpn_name|x|||\norder_after_authorization_group_name||x||\norder_before_authorization_group_name||x||\n\n\n\nA SEMP client authorized with a minimum access scope/level of \"vpn/read-only\" is required to perform this operation.\n\nThis has been available since SEMP API version 2.0.","description_kind":"markdown"}},"solacebroker_msg_vpn_bridge":{"version":0,"block":{"attributes":{"bridge_name":{"type":"string","description":"The name of the Bridge.","description_kind":"markdown","required":true},"bridge_virtual_router":{"type":"string","description":"The virtual router of the Bridge. The allowed values and their meaning are:\n\n\u003cpre\u003e\n\"primary\" - The Bridge is used for the primary virtual router.\n\"backup\" - The Bridge is used for the backup virtual router.\n\"auto\" - The Bridge is automatically assigned a virtual router at creation, depending on the broker's active-standby role.\n\u003c/pre\u003e\n","description_kind":"markdown","required":true},"enabled":{"type":"bool","description":"Enable or disable the Bridge. Changes to this attribute are synchronized to HA mates and replication sites via config-sync. The default value is `false`.","description_kind":"markdown","optional":true},"id":{"type":"string","description":"Identifier attribute, for internal use only.","description_kind":"plain","computed":true},"max_ttl":{"type":"number","description":"The maximum time-to-live (TTL) in hops. Messages are discarded if their TTL exceeds this value. Modifying this attribute while the object (or the relevant part of the object) is administratively enabled may be service impacting as enabled will be temporarily set to false to apply the change. Changes to this attribute are synchronized to HA mates and replication sites via config-sync. The default value is `8`.","description_kind":"markdown","optional":true},"msg_vpn_name":{"type":"string","description":"The name of the Message VPN.","description_kind":"markdown","required":true},"remote_authentication_basic_client_username":{"type":"string","description":"The Client Username the Bridge uses to login to the remote Message VPN. Modifying this attribute while the object (or the relevant part of the object) is administratively enabled may be service impacting as enabled will be temporarily set to false to apply the change. Changes to this attribute are synchronized to HA mates and replication sites via config-sync. The default value is `\"\"`.","description_kind":"markdown","optional":true},"remote_authentication_basic_password":{"type":"string","description":"The password for the Client Username. This attribute is absent from a GET and not updated when absent in a PUT, subject to the exceptions in note 4 (refer to the `Notes` section in the SEMP API `Config reference`). Modifying this attribute while the object (or the relevant part of the object) is administratively enabled may be service impacting as enabled will be temporarily set to false to apply the change. Changes to this attribute are synchronized to HA mates and replication sites via config-sync. The default value is `\"\"`.","description_kind":"markdown","optional":true,"sensitive":true},"remote_authentication_client_cert_content":{"type":"string","description":"The PEM formatted content for the client certificate used by the Bridge to login to the remote Message VPN. It must consist of a private key and between one and three certificates comprising the certificate trust chain. This attribute is absent from a GET and not updated when absent in a PUT, subject to the exceptions in note 4 (refer to the `Notes` section in the SEMP API `Config reference`). Modifying this attribute while the object (or the relevant part of the object) is administratively enabled may be service impacting as enabled will be temporarily set to false to apply the change. The default value is `\"\"`. Available since SEMP API version 2.9.","description_kind":"markdown","optional":true,"sensitive":true},"remote_authentication_client_cert_password":{"type":"string","description":"The password for the client certificate. This attribute is absent from a GET and not updated when absent in a PUT, subject to the exceptions in note 4 (refer to the `Notes` section in the SEMP API `Config reference`). Modifying this attribute while the object (or the relevant part of the object) is administratively enabled may be service impacting as enabled will be temporarily set to false to apply the change. The default value is `\"\"`. Available since SEMP API version 2.9.","description_kind":"markdown","optional":true,"sensitive":true},"remote_authentication_scheme":{"type":"string","description":"The authentication scheme for the remote Message VPN. Modifying this attribute while the object (or the relevant part of the object) is administratively enabled may be service impacting as enabled will be temporarily set to false to apply the change. Changes to this attribute are synchronized to HA mates and replication sites via config-sync. The default value is `\"basic\"`. The allowed values and their meaning are:\n\n\u003cpre\u003e\n\"basic\" - Basic Authentication Scheme (via username and password).\n\"client-certificate\" - Client Certificate Authentication Scheme (via certificate file or content).\n\u003c/pre\u003e\n","description_kind":"markdown","optional":true},"remote_connection_retry_count":{"type":"number","description":"The maximum number of retry attempts to establish a connection to the remote Message VPN. A value of 0 means to retry forever. Changes to this attribute are synchronized to HA mates and replication sites via config-sync. The default value is `0`.","description_kind":"markdown","optional":true},"remote_connection_retry_delay":{"type":"number","description":"The number of seconds the broker waits for the bridge connection to be established before attempting a new connection. Changes to this attribute are synchronized to HA mates and replication sites via config-sync. The default value is `3`.","description_kind":"markdown","optional":true},"remote_deliver_to_one_priority":{"type":"string","description":"The priority for deliver-to-one (DTO) messages transmitted from the remote Message VPN. Modifying this attribute while the object (or the relevant part of the object) is administratively enabled may be service impacting as enabled will be temporarily set to false to apply the change. Changes to this attribute are synchronized to HA mates and replication sites via config-sync. The default value is `\"p1\"`. The allowed values and their meaning are:\n\n\u003cpre\u003e\n\"p1\" - The 1st or highest priority.\n\"p2\" - The 2nd highest priority.\n\"p3\" - The 3rd highest priority.\n\"p4\" - The 4th highest priority.\n\"da\" - Ignore priority and deliver always.\n\u003c/pre\u003e\n","description_kind":"markdown","optional":true},"tls_cipher_suite_list":{"type":"string","description":"The colon-separated list of cipher suites supported for TLS connections to the remote Message VPN. The value \"default\" implies all supported suites ordered from most secure to least secure. Changes to this attribute are synchronized to HA mates and replication sites via config-sync. The default value is `\"default\"`.","description_kind":"markdown","optional":true}},"description":"Bridges can be used to link two Message VPNs so that messages published to one Message VPN that match the topic subscriptions set for the bridge are also delivered to the linked Message VPN.\n\n\nAttribute|Identifying|Write-Only|Deprecated|Opaque\n:---|:---:|:---:|:---:|:---:\nbridge_name|x|||\nbridge_virtual_router|x|||\nmsg_vpn_name|x|||\nremote_authentication_basic_password||x||x\nremote_authentication_client_cert_content||x||x\nremote_authentication_client_cert_password||x||\n\n\n\nA SEMP client authorized with a minimum access scope/level of \"vpn/read-only\" is required to perform this operation.\n\nThis has been available since SEMP API version 2.0.","description_kind":"markdown"}},"solacebroker_msg_vpn_bridge_remote_msg_vpn":{"version":0,"block":{"attributes":{"bridge_name":{"type":"string","description":"The name of the Bridge.","description_kind":"markdown","required":true},"bridge_virtual_router":{"type":"string","description":"The virtual router of the Bridge. The allowed values and their meaning are:\n\n\u003cpre\u003e\n\"primary\" - The Bridge is used for the primary virtual router.\n\"backup\" - The Bridge is used for the backup virtual router.\n\"auto\" - The Bridge is automatically assigned a virtual router at creation, depending on the broker's active-standby role.\n\u003c/pre\u003e\n","description_kind":"markdown","required":true},"client_username":{"type":"string","description":"The Client Username the Bridge uses to login to the remote Message VPN. This per remote Message VPN value overrides the value provided for the Bridge overall. Modifying this attribute while the object (or the relevant part of the object) is administratively enabled may be service impacting as enabled will be temporarily set to false to apply the change. Changes to this attribute are synchronized to HA mates and replication sites via config-sync. The default value is `\"\"`.","description_kind":"markdown","optional":true},"compressed_data_enabled":{"type":"bool","description":"Enable or disable data compression for the remote Message VPN connection. Modifying this attribute while the object (or the relevant part of the object) is administratively enabled may be service impacting as enabled will be temporarily set to false to apply the change. Changes to this attribute are synchronized to HA mates and replication sites via config-sync. The default value is `false`.","description_kind":"markdown","optional":true},"connect_order":{"type":"number","description":"The preference given to incoming connections from remote Message VPN hosts, from 1 (highest priority) to 4 (lowest priority). Changes to this attribute are synchronized to HA mates and replication sites via config-sync. The default value is `4`.","description_kind":"markdown","optional":true},"egress_flow_window_size":{"type":"number","description":"The number of outstanding guaranteed messages that can be transmitted over the remote Message VPN connection before an acknowledgment is received. Modifying this attribute while the object (or the relevant part of the object) is administratively enabled may be service impacting as enabled will be temporarily set to false to apply the change. Changes to this attribute are synchronized to HA mates and replication sites via config-sync. The default value is `255`.","description_kind":"markdown","optional":true},"enabled":{"type":"bool","description":"Enable or disable the remote Message VPN. Changes to this attribute are synchronized to HA mates and replication sites via config-sync. The default value is `false`.","description_kind":"markdown","optional":true},"id":{"type":"string","description":"Identifier attribute, for internal use only.","description_kind":"plain","computed":true},"msg_vpn_name":{"type":"string","description":"The name of the Message VPN.","description_kind":"markdown","required":true},"password":{"type":"string","description":"The password for the Client Username. This attribute is absent from a GET and not updated when absent in a PUT, subject to the exceptions in note 4 (refer to the `Notes` section in the SEMP API `Config reference`). Modifying this attribute while the object (or the relevant part of the object) is administratively enabled may be service impacting as enabled will be temporarily set to false to apply the change. Changes to this attribute are synchronized to HA mates and replication sites via config-sync. The default value is `\"\"`.","description_kind":"markdown","optional":true,"sensitive":true},"queue_binding":{"type":"string","description":"The queue binding of the Bridge in the remote Message VPN. Changes to this attribute are synchronized to HA mates and replication sites via config-sync. The default value is `\"\"`.","description_kind":"markdown","optional":true},"remote_msg_vpn_interface":{"type":"string","description":"The physical interface on the local Message VPN host for connecting to the remote Message VPN. By default, an interface is chosen automatically (recommended), but if specified, `remote_msg_vpn_location` must not be a virtual router name.","description_kind":"markdown","required":true},"remote_msg_vpn_location":{"type":"string","description":"The location of the remote Message VPN as either an FQDN with port, IP address with port, or virtual router name (starting with \"v:\").","description_kind":"markdown","required":true},"remote_msg_vpn_name":{"type":"string","description":"The name of the remote Message VPN.","description_kind":"markdown","required":true},"tls_enabled":{"type":"bool","description":"Enable or disable encryption (TLS) for the remote Message VPN connection. Modifying this attribute while the object (or the relevant part of the object) is administratively enabled may be service impacting as enabled will be temporarily set to false to apply the change. Changes to this attribute are synchronized to HA mates and replication sites via config-sync. The default value is `false`.","description_kind":"markdown","optional":true},"unidirectional_client_profile":{"type":"string","description":"The Client Profile for the unidirectional Bridge of the remote Message VPN. The Client Profile must exist in the local Message VPN, and it is used only for the TCP parameters. Note that the default client profile has a TCP maximum window size of 2 MB. Changes to this attribute are synchronized to HA mates and replication sites via config-sync. The default value is `\"#client-profile\"`.","description_kind":"markdown","optional":true}},"description":"The Remote Message VPN is the Message VPN that the Bridge connects to.\n\n\nAttribute|Identifying|Write-Only|Deprecated|Opaque\n:---|:---:|:---:|:---:|:---:\nbridge_name|x|||\nbridge_virtual_router|x|||\nmsg_vpn_name|x|||\npassword||x||x\nremote_msg_vpn_interface|x|||\nremote_msg_vpn_location|x|||\nremote_msg_vpn_name|x|||\n\n\n\nA SEMP client authorized with a minimum access scope/level of \"vpn/read-only\" is required to perform this operation.\n\nThis has been available since SEMP API version 2.0.","description_kind":"markdown"}},"solacebroker_msg_vpn_bridge_remote_subscription":{"version":0,"block":{"attributes":{"bridge_name":{"type":"string","description":"The name of the Bridge.","description_kind":"markdown","required":true},"bridge_virtual_router":{"type":"string","description":"The virtual router of the Bridge. The allowed values and their meaning are:\n\n\u003cpre\u003e\n\"primary\" - The Bridge is used for the primary virtual router.\n\"backup\" - The Bridge is used for the backup virtual router.\n\"auto\" - The Bridge is automatically assigned a virtual router at creation, depending on the broker's active-standby role.\n\u003c/pre\u003e\n","description_kind":"markdown","required":true},"deliver_always_enabled":{"type":"bool","description":"Enable or disable deliver-always for the Bridge remote subscription topic instead of a deliver-to-one remote priority. A given topic for the Bridge may be deliver-to-one or deliver-always but not both.","description_kind":"markdown","required":true},"id":{"type":"string","description":"Identifier attribute, for internal use only.","description_kind":"plain","computed":true},"msg_vpn_name":{"type":"string","description":"The name of the Message VPN.","description_kind":"markdown","required":true},"remote_subscription_topic":{"type":"string","description":"The topic of the Bridge remote subscription.","description_kind":"markdown","required":true}},"description":"A Remote Subscription is a topic subscription used by the Message VPN Bridge to attract messages from the remote message broker.\n\n\nAttribute|Identifying|Write-Only|Deprecated|Opaque\n:---|:---:|:---:|:---:|:---:\nbridge_name|x|||\nbridge_virtual_router|x|||\nmsg_vpn_name|x|||\nremote_subscription_topic|x|||\n\n\n\nA SEMP client authorized with a minimum access scope/level of \"vpn/read-only\" is required to perform this operation.\n\nThis has been available since SEMP API version 2.0.","description_kind":"markdown"}},"solacebroker_msg_vpn_cert_matching_rule":{"version":0,"block":{"attributes":{"enabled":{"type":"bool","description":"Enable or disable a certificate matching rule. Changes to this attribute are synchronized to HA mates and replication sites via config-sync. The default value is `false`.","description_kind":"markdown","optional":true},"id":{"type":"string","description":"Identifier attribute, for internal use only.","description_kind":"plain","computed":true},"msg_vpn_name":{"type":"string","description":"The name of the Message VPN.","description_kind":"markdown","required":true},"rule_name":{"type":"string","description":"The name of the rule.","description_kind":"markdown","required":true}},"description":"A Cert Matching Rule is a collection of conditions and attribute filters that all have to be satisfied for certificate to be acceptable as authentication for a given username.\n\n\nAttribute|Identifying|Write-Only|Deprecated|Opaque\n:---|:---:|:---:|:---:|:---:\nmsg_vpn_name|x|||\nrule_name|x|||\n\n\n\nA SEMP client authorized with a minimum access scope/level of \"vpn/read-only\" is required to perform this operation.\n\nThis has been available since SEMP API version 2.27.","description_kind":"markdown"}},"solacebroker_msg_vpn_cert_matching_rule_attribute_filter":{"version":0,"block":{"attributes":{"attribute_name":{"type":"string","description":"Client Username Attribute to be tested. Changes to this attribute are synchronized to HA mates and replication sites via config-sync. The default value is `\"\"`.","description_kind":"markdown","optional":true},"attribute_value":{"type":"string","description":"Expected attribute value. Changes to this attribute are synchronized to HA mates and replication sites via config-sync. The default value is `\"\"`.","description_kind":"markdown","optional":true},"filter_name":{"type":"string","description":"The name of the filter.","description_kind":"markdown","required":true},"id":{"type":"string","description":"Identifier attribute, for internal use only.","description_kind":"plain","computed":true},"msg_vpn_name":{"type":"string","description":"The name of the Message VPN.","description_kind":"markdown","required":true},"rule_name":{"type":"string","description":"The name of the rule.","description_kind":"markdown","required":true}},"description":"A Cert Matching Rule Attribute Filter compares a username attribute to a string.\n\n\nAttribute|Identifying|Write-Only|Deprecated|Opaque\n:---|:---:|:---:|:---:|:---:\nfilter_name|x|||\nmsg_vpn_name|x|||\nrule_name|x|||\n\n\n\nA SEMP client authorized with a minimum access scope/level of \"vpn/read-only\" is required to perform this operation.\n\nThis has been available since SEMP API version 2.28.","description_kind":"markdown"}},"solacebroker_msg_vpn_cert_matching_rule_condition":{"version":0,"block":{"attributes":{"attribute":{"type":"string","description":"Client Username Attribute to be compared with certificate content. Either an attribute or an expression must be provided on creation, but not both. The default value is `\"\"`.","description_kind":"markdown","optional":true},"expression":{"type":"string","description":"Glob expression to be matched with certificate content. Either an expression or an attribute must be provided on creation, but not both. The default value is `\"\"`.","description_kind":"markdown","optional":true},"id":{"type":"string","description":"Identifier attribute, for internal use only.","description_kind":"plain","computed":true},"msg_vpn_name":{"type":"string","description":"The name of the Message VPN.","description_kind":"markdown","required":true},"rule_name":{"type":"string","description":"The name of the rule.","description_kind":"markdown","required":true},"source":{"type":"string","description":"Certificate field to be compared with the Attribute. The allowed values and their meaning are:\n\n\u003cpre\u003e\n\"certificate-thumbprint\" - The attribute is computed as the SHA-1 hash over the entire DER-encoded contents of the client certificate.\n\"common-name\" - The attribute is extracted from the certificate's first instance of the Common Name attribute in the Subject DN.\n\"common-name-last\" - The attribute is extracted from the certificate's last instance of the Common Name attribute in the Subject DN.\n\"subject-alternate-name-msupn\" - The attribute is extracted from the certificate's Other Name type of the Subject Alternative Name and must have the msUPN signature.\n\"uid\" - The attribute is extracted from the certificate's first instance of the User Identifier attribute in the Subject DN.\n\"uid-last\" - The attribute is extracted from the certificate's last instance of the User Identifier attribute in the Subject DN.\n\"org-unit\" - The attribute is extracted from the certificate's first instance of the Org Unit attribute in the Subject DN.\n\"org-unit-last\" - The attribute is extracted from the certificate's last instance of the Org Unit attribute in the Subject DN.\n\"issuer\" - The attribute is extracted from the certificate's Issuer DN.\n\"subject\" - The attribute is extracted from the certificate's Subject DN.\n\"serial-number\" - The attribute is extracted from the certificate's Serial Number.\n\"dns-name\" - The attribute is extracted from the certificate's Subject Alt Name DNS Name.\n\"ip-address\" - The attribute is extracted from the certificate's Subject Alt Name IP Address.\n\u003c/pre\u003e\n","description_kind":"markdown","required":true}},"description":"A Cert Matching Rule Condition compares data extracted from a certificate to a username attribute or an expression.\n\n\nAttribute|Identifying|Write-Only|Deprecated|Opaque\n:---|:---:|:---:|:---:|:---:\nmsg_vpn_name|x|||\nrule_name|x|||\nsource|x|||\n\n\n\nA SEMP client authorized with a minimum access scope/level of \"vpn/read-only\" is required to perform this operation.\n\nThis has been available since SEMP API version 2.27.","description_kind":"markdown"}},"solacebroker_msg_vpn_client_profile":{"version":0,"block":{"attributes":{"allow_bridge_connections_enabled":{"type":"bool","description":"Enable or disable allowing Bridge clients using the Client Profile to connect. Changing this setting does not affect existing Bridge client connections. Changes to this attribute are synchronized to HA mates and replication sites via config-sync. The default value is `false`.","description_kind":"markdown","optional":true},"allow_guaranteed_endpoint_create_durability":{"type":"string","description":"The types of Queues and Topic Endpoints that clients using the client-profile can create. Changing this value does not affect existing client connections. Changes to this attribute are synchronized to HA mates and replication sites via config-sync. The default value is `\"all\"`. The allowed values and their meaning are:\n\n\u003cpre\u003e\n\"all\" - Client can create any type of endpoint.\n\"durable\" - Client can create only durable endpoints.\n\"non-durable\" - Client can create only non-durable endpoints.\n\u003c/pre\u003e\n Available since SEMP API version 2.14.","description_kind":"markdown","optional":true},"allow_guaranteed_endpoint_create_enabled":{"type":"bool","description":"Enable or disable allowing clients using the Client Profile to create topic endpoints or queues. Changing this value does not affect existing client connections. Changes to this attribute are synchronized to HA mates and replication sites via config-sync. The default value is `false`.","description_kind":"markdown","optional":true},"allow_guaranteed_msg_receive_enabled":{"type":"bool","description":"Enable or disable allowing clients using the Client Profile to receive guaranteed messages. Changing this setting does not affect existing client connections. Changes to this attribute are synchronized to HA mates and replication sites via config-sync. The default value is `false`.","description_kind":"markdown","optional":true},"allow_guaranteed_msg_send_enabled":{"type":"bool","description":"Enable or disable allowing clients using the Client Profile to send guaranteed messages. Changing this setting does not affect existing client connections. Changes to this attribute are synchronized to HA mates and replication sites via config-sync. The default value is `false`.","description_kind":"markdown","optional":true},"allow_shared_subscriptions_enabled":{"type":"bool","description":"Enable or disable allowing shared subscriptions. Changing this setting does not affect existing subscriptions. Changes to this attribute are synchronized to HA mates and replication sites via config-sync. The default value is `false`. Available since SEMP API version 2.11.","description_kind":"markdown","optional":true},"allow_transacted_sessions_enabled":{"type":"bool","description":"Enable or disable allowing clients using the Client Profile to establish transacted sessions. Changing this setting does not affect existing client connections. Changes to this attribute are synchronized to HA mates and replication sites via config-sync. The default value is `false`.","description_kind":"markdown","optional":true},"api_queue_management_copy_from_on_create_template_name":{"type":"string","description":"The name of a queue template to copy settings from when a new queue is created by a client using the Client Profile. If the referenced queue template does not exist, queue creation will fail when it tries to resolve this template. Changes to this attribute are synchronized to HA mates and replication sites via config-sync. The default value is `\"\"`. Available since SEMP API version 2.14.","description_kind":"markdown","optional":true},"api_topic_endpoint_management_copy_from_on_create_template_name":{"type":"string","description":"The name of a topic endpoint template to copy settings from when a new topic endpoint is created by a client using the Client Profile. If the referenced topic endpoint template does not exist, topic endpoint creation will fail when it tries to resolve this template. Changes to this attribute are synchronized to HA mates and replication sites via config-sync. The default value is `\"\"`. Available since SEMP API version 2.14.","description_kind":"markdown","optional":true},"client_profile_name":{"type":"string","description":"The name of the Client Profile.","description_kind":"markdown","required":true},"compression_enabled":{"type":"bool","description":"Enable or disable allowing clients using the Client Profile to use compression. Changes to this attribute are synchronized to HA mates and replication sites via config-sync. The default value is `true`. Available since SEMP API version 2.10.","description_kind":"markdown","optional":true},"eliding_delay":{"type":"number","description":"The amount of time to delay the delivery of messages to clients using the Client Profile after the initial message has been delivered (the eliding delay interval), in milliseconds. A value of 0 means there is no delay in delivering messages to clients. Changes to this attribute are synchronized to HA mates and replication sites via config-sync. The default value is `0`.","description_kind":"markdown","optional":true},"eliding_enabled":{"type":"bool","description":"Enable or disable message eliding for clients using the Client Profile. Changes to this attribute are synchronized to HA mates and replication sites via config-sync. The default value is `false`.","description_kind":"markdown","optional":true},"eliding_max_topic_count":{"type":"number","description":"The maximum number of topics tracked for message eliding per client connection using the Client Profile. Changes to this attribute are synchronized to HA mates and replication sites via config-sync. The default value is `256`.","description_kind":"markdown","optional":true},"event_client_provisioned_endpoint_spool_usage_threshold":{"nested_type":{"attributes":{"clear_percent":{"type":"number","description":"The clear threshold for the value of this counter as a percentage of its maximum value. Falling below this value will trigger a corresponding event.","description_kind":"markdown","optional":true},"set_percent":{"type":"number","description":"The set threshold for the value of this counter as a percentage of its maximum value. Exceeding this value will trigger a corresponding event.","description_kind":"markdown","optional":true}},"nesting_mode":"single"},"description_kind":"plain","optional":true},"event_connection_count_per_client_username_threshold":{"nested_type":{"attributes":{"clear_percent":{"type":"number","description":"The clear threshold for the value of this counter as a percentage of its maximum value. Falling below this value will trigger a corresponding event. This attribute may not be returned in a GET.","description_kind":"markdown","optional":true},"clear_value":{"type":"number","description":"The clear threshold for the absolute value of this counter. Falling below this value will trigger a corresponding event. This attribute may not be returned in a GET.","description_kind":"markdown","optional":true},"set_percent":{"type":"number","description":"The set threshold for the value of this counter as a percentage of its maximum value. Exceeding this value will trigger a corresponding event. This attribute may not be returned in a GET.","description_kind":"markdown","optional":true},"set_value":{"type":"number","description":"The set threshold for the absolute value of this counter. Exceeding this value will trigger a corresponding event. This attribute may not be returned in a GET.","description_kind":"markdown","optional":true}},"nesting_mode":"single"},"description_kind":"plain","optional":true},"event_egress_flow_count_threshold":{"nested_type":{"attributes":{"clear_percent":{"type":"number","description":"The clear threshold for the value of this counter as a percentage of its maximum value. Falling below this value will trigger a corresponding event. This attribute may not be returned in a GET.","description_kind":"markdown","optional":true},"clear_value":{"type":"number","description":"The clear threshold for the absolute value of this counter. Falling below this value will trigger a corresponding event. This attribute may not be returned in a GET.","description_kind":"markdown","optional":true},"set_percent":{"type":"number","description":"The set threshold for the value of this counter as a percentage of its maximum value. Exceeding this value will trigger a corresponding event. This attribute may not be returned in a GET.","description_kind":"markdown","optional":true},"set_value":{"type":"number","description":"The set threshold for the absolute value of this counter. Exceeding this value will trigger a corresponding event. This attribute may not be returned in a GET.","description_kind":"markdown","optional":true}},"nesting_mode":"single"},"description_kind":"plain","optional":true},"event_endpoint_count_per_client_username_threshold":{"nested_type":{"attributes":{"clear_percent":{"type":"number","description":"The clear threshold for the value of this counter as a percentage of its maximum value. Falling below this value will trigger a corresponding event. This attribute may not be returned in a GET.","description_kind":"markdown","optional":true},"clear_value":{"type":"number","description":"The clear threshold for the absolute value of this counter. Falling below this value will trigger a corresponding event. This attribute may not be returned in a GET.","description_kind":"markdown","optional":true},"set_percent":{"type":"number","description":"The set threshold for the value of this counter as a percentage of its maximum value. Exceeding this value will trigger a corresponding event. This attribute may not be returned in a GET.","description_kind":"markdown","optional":true},"set_value":{"type":"number","description":"The set threshold for the absolute value of this counter. Exceeding this value will trigger a corresponding event. This attribute may not be returned in a GET.","description_kind":"markdown","optional":true}},"nesting_mode":"single"},"description_kind":"plain","optional":true},"event_ingress_flow_count_threshold":{"nested_type":{"attributes":{"clear_percent":{"type":"number","description":"The clear threshold for the value of this counter as a percentage of its maximum value. Falling below this value will trigger a corresponding event. This attribute may not be returned in a GET.","description_kind":"markdown","optional":true},"clear_value":{"type":"number","description":"The clear threshold for the absolute value of this counter. Falling below this value will trigger a corresponding event. This attribute may not be returned in a GET.","description_kind":"markdown","optional":true},"set_percent":{"type":"number","description":"The set threshold for the value of this counter as a percentage of its maximum value. Exceeding this value will trigger a corresponding event. This attribute may not be returned in a GET.","description_kind":"markdown","optional":true},"set_value":{"type":"number","description":"The set threshold for the absolute value of this counter. Exceeding this value will trigger a corresponding event. This attribute may not be returned in a GET.","description_kind":"markdown","optional":true}},"nesting_mode":"single"},"description_kind":"plain","optional":true},"event_service_smf_connection_count_per_client_username_threshold":{"nested_type":{"attributes":{"clear_percent":{"type":"number","description":"The clear threshold for the value of this counter as a percentage of its maximum value. Falling below this value will trigger a corresponding event. This attribute may not be returned in a GET.","description_kind":"markdown","optional":true},"clear_value":{"type":"number","description":"The clear threshold for the absolute value of this counter. Falling below this value will trigger a corresponding event. This attribute may not be returned in a GET.","description_kind":"markdown","optional":true},"set_percent":{"type":"number","description":"The set threshold for the value of this counter as a percentage of its maximum value. Exceeding this value will trigger a corresponding event. This attribute may not be returned in a GET.","description_kind":"markdown","optional":true},"set_value":{"type":"number","description":"The set threshold for the absolute value of this counter. Exceeding this value will trigger a corresponding event. This attribute may not be returned in a GET.","description_kind":"markdown","optional":true}},"nesting_mode":"single"},"description_kind":"plain","optional":true},"event_service_web_connection_count_per_client_username_threshold":{"nested_type":{"attributes":{"clear_percent":{"type":"number","description":"The clear threshold for the value of this counter as a percentage of its maximum value. Falling below this value will trigger a corresponding event. This attribute may not be returned in a GET.","description_kind":"markdown","optional":true},"clear_value":{"type":"number","description":"The clear threshold for the absolute value of this counter. Falling below this value will trigger a corresponding event. This attribute may not be returned in a GET.","description_kind":"markdown","optional":true},"set_percent":{"type":"number","description":"The set threshold for the value of this counter as a percentage of its maximum value. Exceeding this value will trigger a corresponding event. This attribute may not be returned in a GET.","description_kind":"markdown","optional":true},"set_value":{"type":"number","description":"The set threshold for the absolute value of this counter. Exceeding this value will trigger a corresponding event. This attribute may not be returned in a GET.","description_kind":"markdown","optional":true}},"nesting_mode":"single"},"description_kind":"plain","optional":true},"event_subscription_count_threshold":{"nested_type":{"attributes":{"clear_percent":{"type":"number","description":"The clear threshold for the value of this counter as a percentage of its maximum value. Falling below this value will trigger a corresponding event. This attribute may not be returned in a GET.","description_kind":"markdown","optional":true},"clear_value":{"type":"number","description":"The clear threshold for the absolute value of this counter. Falling below this value will trigger a corresponding event. This attribute may not be returned in a GET.","description_kind":"markdown","optional":true},"set_percent":{"type":"number","description":"The set threshold for the value of this counter as a percentage of its maximum value. Exceeding this value will trigger a corresponding event. This attribute may not be returned in a GET.","description_kind":"markdown","optional":true},"set_value":{"type":"number","description":"The set threshold for the absolute value of this counter. Exceeding this value will trigger a corresponding event. This attribute may not be returned in a GET.","description_kind":"markdown","optional":true}},"nesting_mode":"single"},"description_kind":"plain","optional":true},"event_transacted_session_count_threshold":{"nested_type":{"attributes":{"clear_percent":{"type":"number","description":"The clear threshold for the value of this counter as a percentage of its maximum value. Falling below this value will trigger a corresponding event. This attribute may not be returned in a GET.","description_kind":"markdown","optional":true},"clear_value":{"type":"number","description":"The clear threshold for the absolute value of this counter. Falling below this value will trigger a corresponding event. This attribute may not be returned in a GET.","description_kind":"markdown","optional":true},"set_percent":{"type":"number","description":"The set threshold for the value of this counter as a percentage of its maximum value. Exceeding this value will trigger a corresponding event. This attribute may not be returned in a GET.","description_kind":"markdown","optional":true},"set_value":{"type":"number","description":"The set threshold for the absolute value of this counter. Exceeding this value will trigger a corresponding event. This attribute may not be returned in a GET.","description_kind":"markdown","optional":true}},"nesting_mode":"single"},"description_kind":"plain","optional":true},"event_transaction_count_threshold":{"nested_type":{"attributes":{"clear_percent":{"type":"number","description":"The clear threshold for the value of this counter as a percentage of its maximum value. Falling below this value will trigger a corresponding event. This attribute may not be returned in a GET.","description_kind":"markdown","optional":true},"clear_value":{"type":"number","description":"The clear threshold for the absolute value of this counter. Falling below this value will trigger a corresponding event. This attribute may not be returned in a GET.","description_kind":"markdown","optional":true},"set_percent":{"type":"number","description":"The set threshold for the value of this counter as a percentage of its maximum value. Exceeding this value will trigger a corresponding event. This attribute may not be returned in a GET.","description_kind":"markdown","optional":true},"set_value":{"type":"number","description":"The set threshold for the absolute value of this counter. Exceeding this value will trigger a corresponding event. This attribute may not be returned in a GET.","description_kind":"markdown","optional":true}},"nesting_mode":"single"},"description_kind":"plain","optional":true},"id":{"type":"string","description":"Identifier attribute, for internal use only.","description_kind":"plain","computed":true},"max_connection_count_per_client_username":{"type":"number","description":"The maximum number of client connections per Client Username using the Client Profile. Changes to this attribute are synchronized to HA mates and replication sites via config-sync. The default is the maximum value supported by the platform.","description_kind":"markdown","optional":true},"max_egress_flow_count":{"type":"number","description":"The maximum number of transmit flows that can be created by one client using the Client Profile. Changes to this attribute are synchronized to HA mates and replication sites via config-sync. The default value is `1000`.","description_kind":"markdown","optional":true},"max_endpoint_count_per_client_username":{"type":"number","description":"The maximum number of queues and topic endpoints that can be created by clients with the same Client Username using the Client Profile. Changes to this attribute are synchronized to HA mates and replication sites via config-sync. The default value is `1000`.","description_kind":"markdown","optional":true},"max_ingress_flow_count":{"type":"number","description":"The maximum number of receive flows that can be created by one client using the Client Profile. Changes to this attribute are synchronized to HA mates and replication sites via config-sync. The default value is `1000`.","description_kind":"markdown","optional":true},"max_msgs_per_transaction":{"type":"number","description":"The maximum number of publisher and consumer messages combined that is allowed within a transaction for each client associated with this client-profile. Exceeding this limit will result in a transaction prepare or commit failure. Changing this value during operation will not affect existing sessions. It is only validated at transaction creation time. Large transactions consume more resources and are more likely to require retrieving messages from the ADB or from disk to process the transaction prepare or commit requests. The transaction processing rate may diminish if a large number of messages must be retrieved from the ADB or from disk. Care should be taken to not use excessively large transactions needlessly to avoid exceeding resource limits and to avoid reducing the overall broker performance. Changes to this attribute are synchronized to HA mates and replication sites via config-sync. The default value is `256`. Available since SEMP API version 2.20.","description_kind":"markdown","optional":true},"max_subscription_count":{"type":"number","description":"The maximum number of subscriptions per client using the Client Profile. This limit is not enforced when a client adds a subscription to an endpoint, except for MQTT QoS 1 subscriptions. In addition, this limit is not enforced when a subscription is added using a management interface, such as CLI or SEMP. Changes to this attribute are synchronized to HA mates and replication sites via config-sync. The default varies by platform.","description_kind":"markdown","optional":true},"max_transacted_session_count":{"type":"number","description":"The maximum number of transacted sessions that can be created by one client using the Client Profile. Changes to this attribute are synchronized to HA mates and replication sites via config-sync. The default value is `10`.","description_kind":"markdown","optional":true},"max_transaction_count":{"type":"number","description":"The maximum number of transactions that can be created by one client using the Client Profile. Changes to this attribute are synchronized to HA mates and replication sites via config-sync. The default varies by platform.","description_kind":"markdown","optional":true},"msg_vpn_name":{"type":"string","description":"The name of the Message VPN.","description_kind":"markdown","required":true},"queue_control1_max_depth":{"type":"number","description":"The maximum depth of the \"Control 1\" (C-1) priority queue, in work units. Each work unit is 2048 bytes of message data. Changes to this attribute are synchronized to HA mates and replication sites via config-sync. The default value is `20000`.","description_kind":"markdown","optional":true},"queue_control1_min_msg_burst":{"type":"number","description":"The number of messages that are always allowed entry into the \"Control 1\" (C-1) priority queue, regardless of the `queue_control1_max_depth` value. Changes to this attribute are synchronized to HA mates and replication sites via config-sync. The default value is `4`.","description_kind":"markdown","optional":true},"queue_direct1_max_depth":{"type":"number","description":"The maximum depth of the \"Direct 1\" (D-1) priority queue, in work units. Each work unit is 2048 bytes of message data. Changes to this attribute are synchronized to HA mates and replication sites via config-sync. The default value is `20000`.","description_kind":"markdown","optional":true},"queue_direct1_min_msg_burst":{"type":"number","description":"The number of messages that are always allowed entry into the \"Direct 1\" (D-1) priority queue, regardless of the `queue_direct1_max_depth` value. Changes to this attribute are synchronized to HA mates and replication sites via config-sync. The default value is `4`.","description_kind":"markdown","optional":true},"queue_direct2_max_depth":{"type":"number","description":"The maximum depth of the \"Direct 2\" (D-2) priority queue, in work units. Each work unit is 2048 bytes of message data. Changes to this attribute are synchronized to HA mates and replication sites via config-sync. The default value is `20000`.","description_kind":"markdown","optional":true},"queue_direct2_min_msg_burst":{"type":"number","description":"The number of messages that are always allowed entry into the \"Direct 2\" (D-2) priority queue, regardless of the `queue_direct2_max_depth` value. Changes to this attribute are synchronized to HA mates and replication sites via config-sync. The default value is `4`.","description_kind":"markdown","optional":true},"queue_direct3_max_depth":{"type":"number","description":"The maximum depth of the \"Direct 3\" (D-3) priority queue, in work units. Each work unit is 2048 bytes of message data. Changes to this attribute are synchronized to HA mates and replication sites via config-sync. The default value is `20000`.","description_kind":"markdown","optional":true},"queue_direct3_min_msg_burst":{"type":"number","description":"The number of messages that are always allowed entry into the \"Direct 3\" (D-3) priority queue, regardless of the `queue_direct3_max_depth` value. Changes to this attribute are synchronized to HA mates and replication sites via config-sync. The default value is `4`.","description_kind":"markdown","optional":true},"queue_guaranteed1_max_depth":{"type":"number","description":"The maximum depth of the \"Guaranteed 1\" (G-1) priority queue, in work units. Each work unit is 2048 bytes of message data. Changes to this attribute are synchronized to HA mates and replication sites via config-sync. The default value is `20000`.","description_kind":"markdown","optional":true},"queue_guaranteed1_min_msg_burst":{"type":"number","description":"The number of messages that are always allowed entry into the \"Guaranteed 1\" (G-3) priority queue, regardless of the `queue_guaranteed1_max_depth` value. Changes to this attribute are synchronized to HA mates and replication sites via config-sync. The default value is `255`.","description_kind":"markdown","optional":true},"reject_msg_to_sender_on_no_subscription_match_enabled":{"type":"bool","description":"Enable or disable the sending of a negative acknowledgment (NACK) to a client using the Client Profile when discarding a guaranteed message due to no matching subscription found. Changes to this attribute are synchronized to HA mates and replication sites via config-sync. The default value is `false`. Available since SEMP API version 2.2.","description_kind":"markdown","optional":true},"replication_allow_client_connect_when_standby_enabled":{"type":"bool","description":"Enable or disable allowing clients using the Client Profile to connect to the Message VPN when its replication state is standby. Changes to this attribute are synchronized to HA mates and replication sites via config-sync. The default value is `false`.","description_kind":"markdown","optional":true},"service_min_keepalive_timeout":{"type":"number","description":"The minimum client keepalive timeout which will be enforced for client connections. Changes to this attribute are synchronized to HA mates and replication sites via config-sync. The default value is `30`. Available since SEMP API version 2.19.","description_kind":"markdown","optional":true},"service_smf_max_connection_count_per_client_username":{"type":"number","description":"The maximum number of SMF client connections per Client Username using the Client Profile. Changes to this attribute are synchronized to HA mates and replication sites via config-sync. The default is the maximum value supported by the platform.","description_kind":"markdown","optional":true},"service_smf_min_keepalive_enabled":{"type":"bool","description":"Enable or disable the enforcement of a minimum keepalive timeout for SMF clients. Changes to this attribute are synchronized to HA mates and replication sites via config-sync. The default value is `false`. Available since SEMP API version 2.19.","description_kind":"markdown","optional":true},"service_web_inactive_timeout":{"type":"number","description":"The timeout for inactive Web Transport client sessions using the Client Profile, in seconds. Changes to this attribute are synchronized to HA mates and replication sites via config-sync. The default value is `30`.","description_kind":"markdown","optional":true},"service_web_max_connection_count_per_client_username":{"type":"number","description":"The maximum number of Web Transport client connections per Client Username using the Client Profile. Changes to this attribute are synchronized to HA mates and replication sites via config-sync. The default is the maximum value supported by the platform.","description_kind":"markdown","optional":true},"service_web_max_payload":{"type":"number","description":"The maximum Web Transport payload size before fragmentation occurs for clients using the Client Profile, in bytes. The size of the header is not included. Changes to this attribute are synchronized to HA mates and replication sites via config-sync. The default value is `1000000`.","description_kind":"markdown","optional":true},"tcp_congestion_window_size":{"type":"number","description":"The TCP initial congestion window size for clients using the Client Profile, in multiples of the TCP Maximum Segment Size (MSS). Changing the value from its default of 2 results in non-compliance with RFC 2581. Contact support before changing this value. Changes to this attribute are synchronized to HA mates and replication sites via config-sync. The default value is `2`.","description_kind":"markdown","optional":true},"tcp_keepalive_count":{"type":"number","description":"The number of TCP keepalive retransmissions to a client using the Client Profile before declaring that it is not available. Changes to this attribute are synchronized to HA mates and replication sites via config-sync. The default value is `5`.","description_kind":"markdown","optional":true},"tcp_keepalive_idle_time":{"type":"number","description":"The amount of time a client connection using the Client Profile must remain idle before TCP begins sending keepalive probes, in seconds. Changes to this attribute are synchronized to HA mates and replication sites via config-sync. The default value is `3`.","description_kind":"markdown","optional":true},"tcp_keepalive_interval":{"type":"number","description":"The amount of time between TCP keepalive retransmissions to a client using the Client Profile when no acknowledgment is received, in seconds. Changes to this attribute are synchronized to HA mates and replication sites via config-sync. The default value is `1`.","description_kind":"markdown","optional":true},"tcp_max_segment_size":{"type":"number","description":"The TCP maximum segment size for clients using the Client Profile, in bytes. Changes are applied to all existing connections. Changes to this attribute are synchronized to HA mates and replication sites via config-sync. The default value is `1460`.","description_kind":"markdown","optional":true},"tcp_max_window_size":{"type":"number","description":"The TCP maximum window size for clients using the Client Profile, in kilobytes. Changes are applied to all existing connections. This setting is ignored on the software broker. Changes to this attribute are synchronized to HA mates and replication sites via config-sync. The default value is `256`.","description_kind":"markdown","optional":true},"tls_allow_downgrade_to_plain_text_enabled":{"type":"bool","description":"Enable or disable allowing a client using the Client Profile to downgrade an encrypted connection to plain text. Changes to this attribute are synchronized to HA mates and replication sites via config-sync. The default value is `true`. Available since SEMP API version 2.8.","description_kind":"markdown","optional":true}},"description":"Client Profiles are used to assign common configuration properties to clients that have been successfully authorized.\n\n\nAttribute|Identifying|Write-Only|Deprecated|Opaque\n:---|:---:|:---:|:---:|:---:\nallow_cut_through_forwarding_enabled|||x|\napi_queue_management_copy_from_on_create_name|||x|\napi_topic_endpoint_management_copy_from_on_create_name|||x|\nclient_profile_name|x|||\nmsg_vpn_name|x|||\n\n\n\nA SEMP client authorized with a minimum access scope/level of \"vpn/read-only\" is required to perform this operation.\n\nThis has been available since SEMP API version 2.0.","description_kind":"markdown"}},"solacebroker_msg_vpn_client_username":{"version":0,"block":{"attributes":{"acl_profile_name":{"type":"string","description":"The ACL Profile of the Client Username. Modifying this attribute while the object (or the relevant part of the object) is administratively enabled may be service impacting as enabled will be temporarily set to false to apply the change. Changes to this attribute are synchronized to HA mates and replication sites via config-sync. The default value is `\"default\"`.","description_kind":"markdown","optional":true},"client_profile_name":{"type":"string","description":"The Client Profile of the Client Username. Modifying this attribute while the object (or the relevant part of the object) is administratively enabled may be service impacting as enabled will be temporarily set to false to apply the change. Changes to this attribute are synchronized to HA mates and replication sites via config-sync. The default value is `\"default\"`.","description_kind":"markdown","optional":true},"client_username":{"type":"string","description":"The name of the Client Username.","description_kind":"markdown","required":true},"enabled":{"type":"bool","description":"Enable or disable the Client Username. When disabled, all clients currently connected as the Client Username are disconnected. Changes to this attribute are synchronized to HA mates and replication sites via config-sync. The default value is `false`.","description_kind":"markdown","optional":true},"guaranteed_endpoint_permission_override_enabled":{"type":"bool","description":"Enable or disable guaranteed endpoint permission override for the Client Username. When enabled all guaranteed endpoints may be accessed, modified or deleted with the same permission as the owner. Changes to this attribute are synchronized to HA mates and replication sites via config-sync. The default value is `false`.","description_kind":"markdown","optional":true},"id":{"type":"string","description":"Identifier attribute, for internal use only.","description_kind":"plain","computed":true},"msg_vpn_name":{"type":"string","description":"The name of the Message VPN.","description_kind":"markdown","required":true},"password":{"type":"string","description":"The password for the Client Username. This attribute is absent from a GET and not updated when absent in a PUT, subject to the exceptions in note 4 (refer to the `Notes` section in the SEMP API `Config reference`). Changes to this attribute are synchronized to HA mates and replication sites via config-sync. The default value is `\"\"`.","description_kind":"markdown","optional":true,"sensitive":true},"subscription_manager_enabled":{"type":"bool","description":"Enable or disable the subscription management capability of the Client Username. This is the ability to manage subscriptions on behalf of other Client Usernames. Changes to this attribute are synchronized to HA mates and replication sites via config-sync. The default value is `false`.","description_kind":"markdown","optional":true}},"description":"A client is only authorized to connect to a Message VPN that is associated with a Client Username that the client has been assigned.\n\n\nAttribute|Identifying|Write-Only|Deprecated|Opaque\n:---|:---:|:---:|:---:|:---:\nclient_username|x|||\nmsg_vpn_name|x|||\npassword||x||x\n\n\n\nA SEMP client authorized with a minimum access scope/level of \"vpn/read-only\" is required to perform this operation.\n\nThis has been available since SEMP API version 2.0.","description_kind":"markdown"}},"solacebroker_msg_vpn_client_username_attribute":{"version":0,"block":{"attributes":{"attribute_name":{"type":"string","description":"The name of the Attribute.","description_kind":"markdown","required":true},"attribute_value":{"type":"string","description":"The value of the Attribute.","description_kind":"markdown","required":true},"client_username":{"type":"string","description":"The name of the Client Username.","description_kind":"markdown","required":true},"id":{"type":"string","description":"Identifier attribute, for internal use only.","description_kind":"plain","computed":true},"msg_vpn_name":{"type":"string","description":"The name of the Message VPN.","description_kind":"markdown","required":true}},"description":"A ClientUsername Attribute is a key+value pair that can be used to locate a client username, for example when using client certificate mapping.\n\n\nAttribute|Identifying|Write-Only|Deprecated|Opaque\n:---|:---:|:---:|:---:|:---:\nattribute_name|x|||\nattribute_value|x|||\nclient_username|x|||\nmsg_vpn_name|x|||\n\n\n\nA SEMP client authorized with a minimum access scope/level of \"vpn/read-only\" is required to perform this operation.\n\nThis has been available since SEMP API version 2.27.","description_kind":"markdown"}},"solacebroker_msg_vpn_distributed_cache":{"version":0,"block":{"attributes":{"cache_name":{"type":"string","description":"The name of the Distributed Cache.","description_kind":"markdown","required":true},"cache_virtual_router":{"type":"string","description":"The virtual router of the Distributed Cache. The default value is `\"auto\"`. The allowed values and their meaning are:\n\n\u003cpre\u003e\n\"auto\" - The Distributed Cache is automatically assigned a virtual router at creation, depending on the broker's active-standby role.\n\u003c/pre\u003e\n Available since SEMP API version 2.28.","description_kind":"markdown","optional":true},"enabled":{"type":"bool","description":"Enable or disable the Distributed Cache. Changes to this attribute are synchronized to HA mates and replication sites via config-sync. The default value is `false`.","description_kind":"markdown","optional":true},"heartbeat":{"type":"number","description":"The heartbeat interval, in seconds, used by the Cache Instances to monitor connectivity with the message broker. Changes to this attribute are synchronized to HA mates and replication sites via config-sync. The default value is `10`.","description_kind":"markdown","optional":true},"id":{"type":"string","description":"Identifier attribute, for internal use only.","description_kind":"plain","computed":true},"msg_vpn_name":{"type":"string","description":"The name of the Message VPN.","description_kind":"markdown","required":true},"scheduled_delete_msg_day_list":{"type":"string","description":"The scheduled delete message day(s), specified as \"daily\" or a comma-separated list of days. Days must be specified as \"Sun\", \"Mon\", \"Tue\", \"Wed\", \"Thu\", \"Fri\", or \"Sat\", with no spaces, and in sorted order from Sunday to Saturday. The empty-string (\"\") can also be specified, indicating no schedule is configured (\"scheduled_delete_msg_time_list\" must also be configured to the empty-string). Changes to this attribute are synchronized to HA mates and replication sites via config-sync. The default value is `\"\"`.","description_kind":"markdown","optional":true},"scheduled_delete_msg_time_list":{"type":"string","description":"The scheduled delete message time(s), specified as \"hourly\" or a comma-separated list of 24-hour times in the form hh:mm, or h:mm. There must be no spaces, and times (up to 4) must be in sorted order from 0:00 to 23:59. The empty-string (\"\") can also be specified, indicating no schedule is configured (\"scheduled_delete_msg_day_list\" must also be configured to the empty-string). Changes to this attribute are synchronized to HA mates and replication sites via config-sync. The default value is `\"\"`.","description_kind":"markdown","optional":true}},"description":"A Distributed Cache is a collection of one or more Cache Clusters that belong to the same Message VPN. Each Cache Cluster in a Distributed Cache is configured to subscribe to a different set of topics. This effectively divides up the configured topic space, to provide scaling to very large topic spaces or very high cached message throughput.\n\n\nAttribute|Identifying|Write-Only|Deprecated|Opaque\n:---|:---:|:---:|:---:|:---:\ncache_name|x|||\nmsg_vpn_name|x|||\n\n\n\nA SEMP client authorized with a minimum access scope/level of \"vpn/read-only\" is required to perform this operation.\n\nThis has been available since SEMP API version 2.11.","description_kind":"markdown"}},"solacebroker_msg_vpn_distributed_cache_cluster":{"version":0,"block":{"attributes":{"cache_name":{"type":"string","description":"The name of the Distributed Cache.","description_kind":"markdown","required":true},"cluster_name":{"type":"string","description":"The name of the Cache Cluster.","description_kind":"markdown","required":true},"deliver_to_one_override_enabled":{"type":"bool","description":"Enable or disable deliver-to-one override for the Cache Cluster. Modifying this attribute while the object (or the relevant part of the object) is administratively enabled may be service impacting as enabled will be temporarily set to false to apply the change. Changes to this attribute are synchronized to HA mates and replication sites via config-sync. The default value is `true`.","description_kind":"markdown","optional":true},"enabled":{"type":"bool","description":"Enable or disable the Cache Cluster. Changes to this attribute are synchronized to HA mates and replication sites via config-sync. The default value is `false`.","description_kind":"markdown","optional":true},"event_data_byte_rate_threshold":{"nested_type":{"attributes":{"clear_value":{"type":"number","description":"The clear threshold for the absolute value of this counter or rate. Falling below this value will trigger a corresponding event.","description_kind":"markdown","optional":true},"set_value":{"type":"number","description":"The set threshold for the absolute value of this counter or rate. Exceeding this value will trigger a corresponding event.","description_kind":"markdown","optional":true}},"nesting_mode":"single"},"description_kind":"plain","optional":true},"event_data_msg_rate_threshold":{"nested_type":{"attributes":{"clear_value":{"type":"number","description":"The clear threshold for the absolute value of this counter or rate. Falling below this value will trigger a corresponding event.","description_kind":"markdown","optional":true},"set_value":{"type":"number","description":"The set threshold for the absolute value of this counter or rate. Exceeding this value will trigger a corresponding event.","description_kind":"markdown","optional":true}},"nesting_mode":"single"},"description_kind":"plain","optional":true},"event_max_memory_threshold":{"nested_type":{"attributes":{"clear_percent":{"type":"number","description":"The clear threshold for the value of this counter as a percentage of its maximum value. Falling below this value will trigger a corresponding event.","description_kind":"markdown","optional":true},"set_percent":{"type":"number","description":"The set threshold for the value of this counter as a percentage of its maximum value. Exceeding this value will trigger a corresponding event.","description_kind":"markdown","optional":true}},"nesting_mode":"single"},"description_kind":"plain","optional":true},"event_max_topics_threshold":{"nested_type":{"attributes":{"clear_percent":{"type":"number","description":"The clear threshold for the value of this counter as a percentage of its maximum value. Falling below this value will trigger a corresponding event.","description_kind":"markdown","optional":true},"set_percent":{"type":"number","description":"The set threshold for the value of this counter as a percentage of its maximum value. Exceeding this value will trigger a corresponding event.","description_kind":"markdown","optional":true}},"nesting_mode":"single"},"description_kind":"plain","optional":true},"event_request_queue_depth_threshold":{"nested_type":{"attributes":{"clear_percent":{"type":"number","description":"The clear threshold for the value of this counter as a percentage of its maximum value. Falling below this value will trigger a corresponding event.","description_kind":"markdown","optional":true},"set_percent":{"type":"number","description":"The set threshold for the value of this counter as a percentage of its maximum value. Exceeding this value will trigger a corresponding event.","description_kind":"markdown","optional":true}},"nesting_mode":"single"},"description_kind":"plain","optional":true},"event_request_rate_threshold":{"nested_type":{"attributes":{"clear_value":{"type":"number","description":"The clear threshold for the absolute value of this counter or rate. Falling below this value will trigger a corresponding event.","description_kind":"markdown","optional":true},"set_value":{"type":"number","description":"The set threshold for the absolute value of this counter or rate. Exceeding this value will trigger a corresponding event.","description_kind":"markdown","optional":true}},"nesting_mode":"single"},"description_kind":"plain","optional":true},"event_response_rate_threshold":{"nested_type":{"attributes":{"clear_value":{"type":"number","description":"The clear threshold for the absolute value of this counter or rate. Falling below this value will trigger a corresponding event.","description_kind":"markdown","optional":true},"set_value":{"type":"number","description":"The set threshold for the absolute value of this counter or rate. Exceeding this value will trigger a corresponding event.","description_kind":"markdown","optional":true}},"nesting_mode":"single"},"description_kind":"plain","optional":true},"global_caching_enabled":{"type":"bool","description":"Enable or disable global caching for the Cache Cluster. When enabled, the Cache Instances will fetch topics from remote Home Cache Clusters when requested, and subscribe to those topics to cache them locally. When disabled, the Cache Instances will remove all subscriptions and cached messages for topics from remote Home Cache Clusters. Changes to this attribute are synchronized to HA mates and replication sites via config-sync. The default value is `false`.","description_kind":"markdown","optional":true},"global_caching_heartbeat":{"type":"number","description":"The heartbeat interval, in seconds, used by the Cache Instances to monitor connectivity with the remote Home Cache Clusters. Changes to this attribute are synchronized to HA mates and replication sites via config-sync. The default value is `3`.","description_kind":"markdown","optional":true},"global_caching_topic_lifetime":{"type":"number","description":"The topic lifetime, in seconds. If no client requests are received for a given global topic over the duration of the topic lifetime, then the Cache Instance will remove the subscription and cached messages for that topic. A value of 0 disables aging. Changes to this attribute are synchronized to HA mates and replication sites via config-sync. The default value is `3600`.","description_kind":"markdown","optional":true},"id":{"type":"string","description":"Identifier attribute, for internal use only.","description_kind":"plain","computed":true},"max_memory":{"type":"number","description":"The maximum memory usage, in megabytes (MB), for each Cache Instance in the Cache Cluster. Changes to this attribute are synchronized to HA mates and replication sites via config-sync. The default value is `2048`.","description_kind":"markdown","optional":true},"max_msgs_per_topic":{"type":"number","description":"The maximum number of messages per topic for each Cache Instance in the Cache Cluster. When at the maximum, old messages are removed as new messages arrive. Changes to this attribute are synchronized to HA mates and replication sites via config-sync. The default value is `1`.","description_kind":"markdown","optional":true},"max_request_queue_depth":{"type":"number","description":"The maximum queue depth for cache requests received by the Cache Cluster. Changes to this attribute are synchronized to HA mates and replication sites via config-sync. The default value is `100000`.","description_kind":"markdown","optional":true},"max_topic_count":{"type":"number","description":"The maximum number of topics for each Cache Instance in the Cache Cluster. Changes to this attribute are synchronized to HA mates and replication sites via config-sync. The default value is `2000000`.","description_kind":"markdown","optional":true},"msg_lifetime":{"type":"number","description":"The message lifetime, in seconds. If a message remains cached for the duration of its lifetime, the Cache Instance will remove the message. A lifetime of 0 results in the message being retained indefinitely. Changes to this attribute are synchronized to HA mates and replication sites via config-sync. The default value is `0`.","description_kind":"markdown","optional":true},"msg_vpn_name":{"type":"string","description":"The name of the Message VPN.","description_kind":"markdown","required":true},"new_topic_advertisement_enabled":{"type":"bool","description":"Enable or disable the advertising, onto the message bus, of new topics learned by each Cache Instance in the Cache Cluster. Changes to this attribute are synchronized to HA mates and replication sites via config-sync. The default value is `false`.","description_kind":"markdown","optional":true}},"description":"A Cache Cluster is a collection of one or more Cache Instances that subscribe to exactly the same topics. Cache Instances are grouped together in a Cache Cluster for the purpose of fault tolerance and load balancing. As published messages are received, the message broker message bus sends these live data messages to the Cache Instances in the Cache Cluster. This enables client cache requests to be served by any of Cache Instances in the Cache Cluster.\n\n\nAttribute|Identifying|Write-Only|Deprecated|Opaque\n:---|:---:|:---:|:---:|:---:\ncache_name|x|||\ncluster_name|x|||\nmsg_vpn_name|x|||\n\n\n\nA SEMP client authorized with a minimum access scope/level of \"vpn/read-only\" is required to perform this operation.\n\nThis has been available since SEMP API version 2.11.","description_kind":"markdown"}},"solacebroker_msg_vpn_distributed_cache_cluster_global_caching_home_cluster":{"version":0,"block":{"attributes":{"cache_name":{"type":"string","description":"The name of the Distributed Cache.","description_kind":"markdown","required":true},"cluster_name":{"type":"string","description":"The name of the Cache Cluster.","description_kind":"markdown","required":true},"home_cluster_name":{"type":"string","description":"The name of the remote Home Cache Cluster.","description_kind":"markdown","required":true},"id":{"type":"string","description":"Identifier attribute, for internal use only.","description_kind":"plain","computed":true},"msg_vpn_name":{"type":"string","description":"The name of the Message VPN.","description_kind":"markdown","required":true}},"description":"A Home Cache Cluster is a Cache Cluster that is the \"definitive\" Cache Cluster for a given topic in the context of the Global Caching feature.\n\n\nAttribute|Identifying|Write-Only|Deprecated|Opaque\n:---|:---:|:---:|:---:|:---:\ncache_name|x|||\ncluster_name|x|||\nhome_cluster_name|x|||\nmsg_vpn_name|x|||\n\n\n\nA SEMP client authorized with a minimum access scope/level of \"vpn/read-only\" is required to perform this operation.\n\nThis has been available since SEMP API version 2.11.","description_kind":"markdown"}},"solacebroker_msg_vpn_distributed_cache_cluster_global_caching_home_cluster_topic_prefix":{"version":0,"block":{"attributes":{"cache_name":{"type":"string","description":"The name of the Distributed Cache.","description_kind":"markdown","required":true},"cluster_name":{"type":"string","description":"The name of the Cache Cluster.","description_kind":"markdown","required":true},"home_cluster_name":{"type":"string","description":"The name of the remote Home Cache Cluster.","description_kind":"markdown","required":true},"id":{"type":"string","description":"Identifier attribute, for internal use only.","description_kind":"plain","computed":true},"msg_vpn_name":{"type":"string","description":"The name of the Message VPN.","description_kind":"markdown","required":true},"topic_prefix":{"type":"string","description":"A topic prefix for global topics available from the remote Home Cache Cluster. A wildcard (/\u003e) is implied at the end of the prefix.","description_kind":"markdown","required":true}},"description":"A Topic Prefix is a prefix for a global topic that is available from the containing Home Cache Cluster.\n\n\nAttribute|Identifying|Write-Only|Deprecated|Opaque\n:---|:---:|:---:|:---:|:---:\ncache_name|x|||\ncluster_name|x|||\nhome_cluster_name|x|||\nmsg_vpn_name|x|||\ntopic_prefix|x|||\n\n\n\nA SEMP client authorized with a minimum access scope/level of \"vpn/read-only\" is required to perform this operation.\n\nThis has been available since SEMP API version 2.11.","description_kind":"markdown"}},"solacebroker_msg_vpn_distributed_cache_cluster_instance":{"version":0,"block":{"attributes":{"auto_start_enabled":{"type":"bool","description":"Enable or disable auto-start for the Cache Instance. When enabled, the Cache Instance will automatically attempt to transition from the Stopped operational state to Up whenever it restarts or reconnects to the message broker. Changes to this attribute are synchronized to HA mates and replication sites via config-sync. The default value is `false`.","description_kind":"markdown","optional":true},"cache_name":{"type":"string","description":"The name of the Distributed Cache.","description_kind":"markdown","required":true},"cluster_name":{"type":"string","description":"The name of the Cache Cluster.","description_kind":"markdown","required":true},"enabled":{"type":"bool","description":"Enable or disable the Cache Instance. Changes to this attribute are synchronized to HA mates and replication sites via config-sync. The default value is `false`.","description_kind":"markdown","optional":true},"id":{"type":"string","description":"Identifier attribute, for internal use only.","description_kind":"plain","computed":true},"instance_name":{"type":"string","description":"The name of the Cache Instance.","description_kind":"markdown","required":true},"msg_vpn_name":{"type":"string","description":"The name of the Message VPN.","description_kind":"markdown","required":true},"stop_on_lost_msg_enabled":{"type":"bool","description":"Enable or disable stop-on-lost-message for the Cache Instance. When enabled, the Cache Instance will transition to the stopped operational state upon losing a message. When stopped, it cannot accept or respond to cache requests, but continues to cache messages. Changes to this attribute are synchronized to HA mates and replication sites via config-sync. The default value is `true`.","description_kind":"markdown","optional":true}},"description":"A Cache Instance is a single Cache process that belongs to a single Cache Cluster. A Cache Instance object provisioned on the broker is used to disseminate configuration information to the Cache process. Cache Instances listen for and cache live data messages that match the topic subscriptions configured for their parent Cache Cluster.\n\n\nAttribute|Identifying|Write-Only|Deprecated|Opaque\n:---|:---:|:---:|:---:|:---:\ncache_name|x|||\ncluster_name|x|||\ninstance_name|x|||\nmsg_vpn_name|x|||\n\n\n\nA SEMP client authorized with a minimum access scope/level of \"vpn/read-only\" is required to perform this operation.\n\nThis has been available since SEMP API version 2.11.","description_kind":"markdown"}},"solacebroker_msg_vpn_distributed_cache_cluster_topic":{"version":0,"block":{"attributes":{"cache_name":{"type":"string","description":"The name of the Distributed Cache.","description_kind":"markdown","required":true},"cluster_name":{"type":"string","description":"The name of the Cache Cluster.","description_kind":"markdown","required":true},"id":{"type":"string","description":"Identifier attribute, for internal use only.","description_kind":"plain","computed":true},"msg_vpn_name":{"type":"string","description":"The name of the Message VPN.","description_kind":"markdown","required":true},"topic":{"type":"string","description":"The value of the Topic in the form a/b/c.","description_kind":"markdown","required":true}},"description":"The Cache Instances that belong to the containing Cache Cluster will cache any messages published to topics that match a Topic Subscription.\n\n\nAttribute|Identifying|Write-Only|Deprecated|Opaque\n:---|:---:|:---:|:---:|:---:\ncache_name|x|||\ncluster_name|x|||\nmsg_vpn_name|x|||\ntopic|x|||\n\n\n\nA SEMP client authorized with a minimum access scope/level of \"vpn/read-only\" is required to perform this operation.\n\nThis has been available since SEMP API version 2.11.","description_kind":"markdown"}},"solacebroker_msg_vpn_dmr_bridge":{"version":0,"block":{"attributes":{"id":{"type":"string","description":"Identifier attribute, for internal use only.","description_kind":"plain","computed":true},"msg_vpn_name":{"type":"string","description":"The name of the Message VPN.","description_kind":"markdown","required":true},"remote_msg_vpn_name":{"type":"string","description":"The remote Message VPN of the DMR Bridge. Changes to this attribute are synchronized to HA mates and replication sites via config-sync. The default value is `\"\"`.","description_kind":"markdown","optional":true},"remote_node_name":{"type":"string","description":"The name of the node at the remote end of the DMR Bridge.","description_kind":"markdown","required":true}},"description":"A DMR Bridge is required to establish a data channel over a corresponding external link to the remote node for a given Message VPN. Each DMR Bridge identifies which external link the Message VPN should use, and what the name of the equivalent Message VPN at the remote node is.\n\n\nAttribute|Identifying|Write-Only|Deprecated|Opaque\n:---|:---:|:---:|:---:|:---:\nmsg_vpn_name|x|||\nremote_node_name|x|||\n\n\n\nA SEMP client authorized with a minimum access scope/level of \"vpn/read-only\" is required to perform this operation.\n\nThis has been available since SEMP API version 2.11.","description_kind":"markdown"}},"solacebroker_msg_vpn_jndi_connection_factory":{"version":0,"block":{"attributes":{"allow_duplicate_client_id_enabled":{"type":"bool","description":"Enable or disable whether new JMS connections can use the same Client identifier (ID) as an existing connection. Changes to this attribute are synchronized to HA mates and replication sites via config-sync. The default value is `false`. Available since SEMP API version 2.3.","description_kind":"markdown","optional":true},"client_description":{"type":"string","description":"The description of the Client. Changes to this attribute are synchronized to HA mates and replication sites via config-sync. The default value is `\"\"`.","description_kind":"markdown","optional":true},"client_id":{"type":"string","description":"The Client identifier (ID). If not specified, a unique value for it will be generated. Changes to this attribute are synchronized to HA mates and replication sites via config-sync. The default value is `\"\"`.","description_kind":"markdown","optional":true},"connection_factory_name":{"type":"string","description":"The name of the JMS Connection Factory.","description_kind":"markdown","required":true},"dto_receive_override_enabled":{"type":"bool","description":"Enable or disable overriding by the Subscriber (Consumer) of the deliver-to-one (DTO) property on messages. When enabled, the Subscriber can receive all DTO tagged messages. Changes to this attribute are synchronized to HA mates and replication sites via config-sync. The default value is `true`.","description_kind":"markdown","optional":true},"dto_receive_subscriber_local_priority":{"type":"number","description":"The priority for receiving deliver-to-one (DTO) messages by the Subscriber (Consumer) if the messages are published on the local broker that the Subscriber is directly connected to. Changes to this attribute are synchronized to HA mates and replication sites via config-sync. The default value is `1`.","description_kind":"markdown","optional":true},"dto_receive_subscriber_network_priority":{"type":"number","description":"The priority for receiving deliver-to-one (DTO) messages by the Subscriber (Consumer) if the messages are published on a remote broker. Changes to this attribute are synchronized to HA mates and replication sites via config-sync. The default value is `1`.","description_kind":"markdown","optional":true},"dto_send_enabled":{"type":"bool","description":"Enable or disable the deliver-to-one (DTO) property on messages sent by the Publisher (Producer). Changes to this attribute are synchronized to HA mates and replication sites via config-sync. The default value is `false`.","description_kind":"markdown","optional":true},"dynamic_endpoint_create_durable_enabled":{"type":"bool","description":"Enable or disable whether a durable endpoint will be dynamically created on the broker when the client calls \"Session.createDurableSubscriber()\" or \"Session.createQueue()\". The created endpoint respects the message time-to-live (TTL) according to the \"dynamic_endpoint_respect_ttl_enabled\" property. Changes to this attribute are synchronized to HA mates and replication sites via config-sync. The default value is `false`.","description_kind":"markdown","optional":true},"dynamic_endpoint_respect_ttl_enabled":{"type":"bool","description":"Enable or disable whether dynamically created durable and non-durable endpoints respect the message time-to-live (TTL) property. Changes to this attribute are synchronized to HA mates and replication sites via config-sync. The default value is `true`.","description_kind":"markdown","optional":true},"guaranteed_receive_ack_timeout":{"type":"number","description":"The timeout for sending the acknowledgment (ACK) for guaranteed messages received by the Subscriber (Consumer), in milliseconds. Changes to this attribute are synchronized to HA mates and replication sites via config-sync. The default value is `1000`.","description_kind":"markdown","optional":true},"guaranteed_receive_reconnect_retry_count":{"type":"number","description":"The maximum number of attempts to reconnect to the host or list of hosts after the guaranteed  messaging connection has been lost. The value \"-1\" means to retry forever. Changes to this attribute are synchronized to HA mates and replication sites via config-sync. The default value is `-1`. Available since SEMP API version 2.14.","description_kind":"markdown","optional":true},"guaranteed_receive_reconnect_retry_wait":{"type":"number","description":"The amount of time to wait before making another attempt to connect or reconnect to the host after the guaranteed messaging connection has been lost, in milliseconds. Changes to this attribute are synchronized to HA mates and replication sites via config-sync. The default value is `3000`. Available since SEMP API version 2.14.","description_kind":"markdown","optional":true},"guaranteed_receive_window_size":{"type":"number","description":"The size of the window for guaranteed messages received by the Subscriber (Consumer), in messages. Changes to this attribute are synchronized to HA mates and replication sites via config-sync. The default value is `18`.","description_kind":"markdown","optional":true},"guaranteed_receive_window_size_ack_threshold":{"type":"number","description":"The threshold for sending the acknowledgment (ACK) for guaranteed messages received by the Subscriber (Consumer) as a percentage of `guaranteed_receive_window_size`. Changes to this attribute are synchronized to HA mates and replication sites via config-sync. The default value is `60`.","description_kind":"markdown","optional":true},"guaranteed_send_ack_timeout":{"type":"number","description":"The timeout for receiving the acknowledgment (ACK) for guaranteed messages sent by the Publisher (Producer), in milliseconds. Changes to this attribute are synchronized to HA mates and replication sites via config-sync. The default value is `2000`.","description_kind":"markdown","optional":true},"guaranteed_send_window_size":{"type":"number","description":"The size of the window for non-persistent guaranteed messages sent by the Publisher (Producer), in messages. For persistent messages the window size is fixed at 1. Changes to this attribute are synchronized to HA mates and replication sites via config-sync. The default value is `255`.","description_kind":"markdown","optional":true},"id":{"type":"string","description":"Identifier attribute, for internal use only.","description_kind":"plain","computed":true},"messaging_default_delivery_mode":{"type":"string","description":"The default delivery mode for messages sent by the Publisher (Producer). Changes to this attribute are synchronized to HA mates and replication sites via config-sync. The default value is `\"persistent\"`. The allowed values and their meaning are:\n\n\u003cpre\u003e\n\"persistent\" - The broker spools messages (persists in the Message Spool) as part of the send operation.\n\"non-persistent\" - The broker does not spool messages (does not persist in the Message Spool) as part of the send operation.\n\u003c/pre\u003e\n","description_kind":"markdown","optional":true},"messaging_default_dmq_eligible_enabled":{"type":"bool","description":"Enable or disable whether messages sent by the Publisher (Producer) are Dead Message Queue (DMQ) eligible by default. Changes to this attribute are synchronized to HA mates and replication sites via config-sync. The default value is `false`.","description_kind":"markdown","optional":true},"messaging_default_eliding_eligible_enabled":{"type":"bool","description":"Enable or disable whether messages sent by the Publisher (Producer) are Eliding eligible by default. Changes to this attribute are synchronized to HA mates and replication sites via config-sync. The default value is `false`.","description_kind":"markdown","optional":true},"messaging_jmsx_user_id_enabled":{"type":"bool","description":"Enable or disable inclusion (adding or replacing) of the JMSXUserID property in messages sent by the Publisher (Producer). Changes to this attribute are synchronized to HA mates and replication sites via config-sync. The default value is `false`.","description_kind":"markdown","optional":true},"messaging_text_in_xml_payload_enabled":{"type":"bool","description":"Enable or disable encoding of JMS text messages in Publisher (Producer) messages as XML payload. When disabled, JMS text messages are encoded as a binary attachment. Changes to this attribute are synchronized to HA mates and replication sites via config-sync. The default value is `true`.","description_kind":"markdown","optional":true},"msg_vpn_name":{"type":"string","description":"The name of the Message VPN.","description_kind":"markdown","required":true},"transport_compression_level":{"type":"number","description":"The ZLIB compression level for the connection to the broker. The value \"0\" means no compression, and the value \"-1\" means the compression level is specified in the JNDI Properties file. Changes to this attribute are synchronized to HA mates and replication sites via config-sync. The default value is `-1`.","description_kind":"markdown","optional":true},"transport_connect_retry_count":{"type":"number","description":"The maximum number of retry attempts to establish an initial connection to the host or list of hosts. The value \"0\" means a single attempt (no retries), and the value \"-1\" means to retry forever. Changes to this attribute are synchronized to HA mates and replication sites via config-sync. The default value is `0`.","description_kind":"markdown","optional":true},"transport_connect_retry_per_host_count":{"type":"number","description":"The maximum number of retry attempts to establish an initial connection to each host on the list of hosts. The value \"0\" means a single attempt (no retries), and the value \"-1\" means to retry forever. Changes to this attribute are synchronized to HA mates and replication sites via config-sync. The default value is `0`.","description_kind":"markdown","optional":true},"transport_connect_timeout":{"type":"number","description":"The timeout for establishing an initial connection to the broker, in milliseconds. Changes to this attribute are synchronized to HA mates and replication sites via config-sync. The default value is `30000`.","description_kind":"markdown","optional":true},"transport_direct_transport_enabled":{"type":"bool","description":"Enable or disable usage of Direct Transport mode. When enabled, NON-PERSISTENT messages are sent as direct messages and non-durable topic consumers and temporary queue consumers consume using direct subscriptions rather than from guaranteed endpoints. If disabled all messaging uses guaranteed transport. Changes to this attribute are synchronized to HA mates and replication sites via config-sync. The default value is `true`.","description_kind":"markdown","optional":true},"transport_keepalive_count":{"type":"number","description":"The maximum number of consecutive application-level keepalive messages sent without the broker response before the connection to the broker is closed. Changes to this attribute are synchronized to HA mates and replication sites via config-sync. The default value is `3`.","description_kind":"markdown","optional":true},"transport_keepalive_enabled":{"type":"bool","description":"Enable or disable usage of application-level keepalive messages to maintain a connection with the broker. Changes to this attribute are synchronized to HA mates and replication sites via config-sync. The default value is `true`.","description_kind":"markdown","optional":true},"transport_keepalive_interval":{"type":"number","description":"The interval between application-level keepalive messages, in milliseconds. Changes to this attribute are synchronized to HA mates and replication sites via config-sync. The default value is `3000`.","description_kind":"markdown","optional":true},"transport_msg_callback_on_io_thread_enabled":{"type":"bool","description":"Enable or disable delivery of asynchronous messages directly from the I/O thread. Contact support before enabling this property. Changes to this attribute are synchronized to HA mates and replication sites via config-sync. The default value is `false`.","description_kind":"markdown","optional":true},"transport_optimize_direct_enabled":{"type":"bool","description":"Enable or disable optimization for the Direct Transport delivery mode. If enabled, the client application is limited to one Publisher (Producer) and one non-durable Subscriber (Consumer). Changes to this attribute are synchronized to HA mates and replication sites via config-sync. The default value is `false`.","description_kind":"markdown","optional":true},"transport_port":{"type":"number","description":"The connection port number on the broker for SMF clients. The value \"-1\" means the port is specified in the JNDI Properties file. Changes to this attribute are synchronized to HA mates and replication sites via config-sync. The default value is `-1`.","description_kind":"markdown","optional":true},"transport_read_timeout":{"type":"number","description":"The timeout for reading a reply from the broker, in milliseconds. Changes to this attribute are synchronized to HA mates and replication sites via config-sync. The default value is `10000`.","description_kind":"markdown","optional":true},"transport_receive_buffer_size":{"type":"number","description":"The size of the receive socket buffer, in bytes. It corresponds to the SO_RCVBUF socket option. Changes to this attribute are synchronized to HA mates and replication sites via config-sync. The default value is `65536`.","description_kind":"markdown","optional":true},"transport_reconnect_retry_count":{"type":"number","description":"The maximum number of attempts to reconnect to the host or list of hosts after the connection has been lost. The value \"-1\" means to retry forever. Changes to this attribute are synchronized to HA mates and replication sites via config-sync. The default value is `3`.","description_kind":"markdown","optional":true},"transport_reconnect_retry_wait":{"type":"number","description":"The amount of time before making another attempt to connect or reconnect to the host after the connection has been lost, in milliseconds. Changes to this attribute are synchronized to HA mates and replication sites via config-sync. The default value is `3000`.","description_kind":"markdown","optional":true},"transport_send_buffer_size":{"type":"number","description":"The size of the send socket buffer, in bytes. It corresponds to the SO_SNDBUF socket option. Changes to this attribute are synchronized to HA mates and replication sites via config-sync. The default value is `65536`.","description_kind":"markdown","optional":true},"transport_tcp_no_delay_enabled":{"type":"bool","description":"Enable or disable the TCP_NODELAY option. When enabled, Nagle's algorithm for TCP/IP congestion control (RFC 896) is disabled. Changes to this attribute are synchronized to HA mates and replication sites via config-sync. The default value is `true`.","description_kind":"markdown","optional":true},"xa_enabled":{"type":"bool","description":"Enable or disable this as an XA Connection Factory. When enabled, the Connection Factory can be cast to \"XAConnectionFactory\", \"XAQueueConnectionFactory\" or \"XATopicConnectionFactory\". Changes to this attribute are synchronized to HA mates and replication sites via config-sync. The default value is `false`.","description_kind":"markdown","optional":true}},"description":"The message broker provides an internal JNDI store for provisioned Connection Factory objects that clients can access through JNDI lookups.\n\n\nAttribute|Identifying|Write-Only|Deprecated|Opaque\n:---|:---:|:---:|:---:|:---:\nconnection_factory_name|x|||\nmsg_vpn_name|x|||\n\n\n\nA SEMP client authorized with a minimum access scope/level of \"vpn/read-only\" is required to perform this operation.\n\nThis has been available since SEMP API version 2.2.","description_kind":"markdown"}},"solacebroker_msg_vpn_jndi_queue":{"version":0,"block":{"attributes":{"id":{"type":"string","description":"Identifier attribute, for internal use only.","description_kind":"plain","computed":true},"msg_vpn_name":{"type":"string","description":"The name of the Message VPN.","description_kind":"markdown","required":true},"physical_name":{"type":"string","description":"The physical name of the JMS Queue. Changes to this attribute are synchronized to HA mates and replication sites via config-sync. The default value is `\"\"`.","description_kind":"markdown","optional":true},"queue_name":{"type":"string","description":"The JNDI name of the JMS Queue.","description_kind":"markdown","required":true}},"description":"The message broker provides an internal JNDI store for provisioned Queue objects that clients can access through JNDI lookups.\n\n\nAttribute|Identifying|Write-Only|Deprecated|Opaque\n:---|:---:|:---:|:---:|:---:\nmsg_vpn_name|x|||\nqueue_name|x|||\n\n\n\nA SEMP client authorized with a minimum access scope/level of \"vpn/read-only\" is required to perform this operation.\n\nThis has been available since SEMP API version 2.2.","description_kind":"markdown"}},"solacebroker_msg_vpn_jndi_topic":{"version":0,"block":{"attributes":{"id":{"type":"string","description":"Identifier attribute, for internal use only.","description_kind":"plain","computed":true},"msg_vpn_name":{"type":"string","description":"The name of the Message VPN.","description_kind":"markdown","required":true},"physical_name":{"type":"string","description":"The physical name of the JMS Topic. Changes to this attribute are synchronized to HA mates and replication sites via config-sync. The default value is `\"\"`.","description_kind":"markdown","optional":true},"topic_name":{"type":"string","description":"The JNDI name of the JMS Topic.","description_kind":"markdown","required":true}},"description":"The message broker provides an internal JNDI store for provisioned Topic objects that clients can access through JNDI lookups.\n\n\nAttribute|Identifying|Write-Only|Deprecated|Opaque\n:---|:---:|:---:|:---:|:---:\nmsg_vpn_name|x|||\ntopic_name|x|||\n\n\n\nA SEMP client authorized with a minimum access scope/level of \"vpn/read-only\" is required to perform this operation.\n\nThis has been available since SEMP API version 2.2.","description_kind":"markdown"}},"solacebroker_msg_vpn_kafka_receiver":{"version":0,"block":{"attributes":{"authentication_basic_password":{"type":"string","description":"The password for the Username. This attribute is absent from a GET and not updated when absent in a PUT, subject to the exceptions in note 4 (refer to the `Notes` section in the SEMP API `Config reference`). Modifying this attribute while the object (or the relevant part of the object) is administratively enabled may be service impacting as enabled will be temporarily set to false to apply the change. Changes to this attribute are synchronized to HA mates and replication sites via config-sync. The default value is `\"\"`.","description_kind":"markdown","optional":true,"sensitive":true},"authentication_basic_username":{"type":"string","description":"The username the Kafka Receiver uses to login to the remote Kafka broker. Modifying this attribute while the object (or the relevant part of the object) is administratively enabled may be service impacting as enabled will be temporarily set to false to apply the change. Changes to this attribute are synchronized to HA mates and replication sites via config-sync. The default value is `\"\"`.","description_kind":"markdown","optional":true},"authentication_client_cert_content":{"type":"string","description":"The PEM formatted content for the client certificate used by the Kafka Receiver to login to the remote Kafka broker. This attribute is absent from a GET and not updated when absent in a PUT, subject to the exceptions in note 4 (refer to the `Notes` section in the SEMP API `Config reference`). Modifying this attribute while the object (or the relevant part of the object) is administratively enabled may be service impacting as enabled will be temporarily set to false to apply the change. The default value is `\"\"`.","description_kind":"markdown","optional":true,"sensitive":true},"authentication_client_cert_password":{"type":"string","description":"The password for the client certificate. This attribute is absent from a GET and not updated when absent in a PUT, subject to the exceptions in note 4 (refer to the `Notes` section in the SEMP API `Config reference`). Modifying this attribute while the object (or the relevant part of the object) is administratively enabled may be service impacting as enabled will be temporarily set to false to apply the change. The default value is `\"\"`.","description_kind":"markdown","optional":true,"sensitive":true},"authentication_oauth_client_id":{"type":"string","description":"The OAuth client ID. Modifying this attribute while the object (or the relevant part of the object) is administratively enabled may be service impacting as enabled will be temporarily set to false to apply the change. Changes to this attribute are synchronized to HA mates and replication sites via config-sync. The default value is `\"\"`.","description_kind":"markdown","optional":true},"authentication_oauth_client_scope":{"type":"string","description":"The OAuth scope. Modifying this attribute while the object (or the relevant part of the object) is administratively enabled may be service impacting as enabled will be temporarily set to false to apply the change. Changes to this attribute are synchronized to HA mates and replication sites via config-sync. The default value is `\"\"`.","description_kind":"markdown","optional":true},"authentication_oauth_client_secret":{"type":"string","description":"The OAuth client secret. This attribute is absent from a GET and not updated when absent in a PUT, subject to the exceptions in note 4 (refer to the `Notes` section in the SEMP API `Config reference`). Modifying this attribute while the object (or the relevant part of the object) is administratively enabled may be service impacting as enabled will be temporarily set to false to apply the change. Changes to this attribute are synchronized to HA mates and replication sites via config-sync. The default value is `\"\"`.","description_kind":"markdown","optional":true,"sensitive":true},"authentication_oauth_client_token_endpoint":{"type":"string","description":"The OAuth token endpoint URL that the Kafka Receiver will use to request a token for login to the Kafka broker. Must begin with \"https\". Modifying this attribute while the object (or the relevant part of the object) is administratively enabled may be service impacting as enabled will be temporarily set to false to apply the change. Changes to this attribute are synchronized to HA mates and replication sites via config-sync. The default value is `\"\"`.","description_kind":"markdown","optional":true},"authentication_scheme":{"type":"string","description":"The authentication scheme for the Kafka Receiver. Modifying this attribute while the object (or the relevant part of the object) is administratively enabled may be service impacting as enabled will be temporarily set to false to apply the change. Changes to this attribute are synchronized to HA mates and replication sites via config-sync. The default value is `\"none\"`. The allowed values and their meaning are:\n\n\u003cpre\u003e\n\"none\" - Anonymous Authentication.\n\"basic\" - Basic Authentication.\n\"scram\" - Salted Challenge Response Authentication.\n\"client-certificate\" - Client Certificate Authentication.\n\"oauth-client\" - Oauth Authentication.\n\u003c/pre\u003e\n","description_kind":"markdown","optional":true},"authentication_scram_hash":{"type":"string","description":"The hash used for SCRAM authentication. Modifying this attribute while the object (or the relevant part of the object) is administratively enabled may be service impacting as enabled will be temporarily set to false to apply the change. Changes to this attribute are synchronized to HA mates and replication sites via config-sync. The default value is `\"sha-512\"`. The allowed values and their meaning are:\n\n\u003cpre\u003e\n\"sha-256\" - SHA-2 256 bits.\n\"sha-512\" - SHA-2 512 bits.\n\u003c/pre\u003e\n","description_kind":"markdown","optional":true},"authentication_scram_password":{"type":"string","description":"The password for the Username. This attribute is absent from a GET and not updated when absent in a PUT, subject to the exceptions in note 4 (refer to the `Notes` section in the SEMP API `Config reference`). Modifying this attribute while the object (or the relevant part of the object) is administratively enabled may be service impacting as enabled will be temporarily set to false to apply the change. Changes to this attribute are synchronized to HA mates and replication sites via config-sync. The default value is `\"\"`.","description_kind":"markdown","optional":true,"sensitive":true},"authentication_scram_username":{"type":"string","description":"The username the Kafka Receiver uses to login to the remote Kafka broker. Modifying this attribute while the object (or the relevant part of the object) is administratively enabled may be service impacting as enabled will be temporarily set to false to apply the change. Changes to this attribute are synchronized to HA mates and replication sites via config-sync. The default value is `\"\"`.","description_kind":"markdown","optional":true},"batch_delay":{"type":"number","description":"Delay (in ms) to wait to accumulate a batch of messages to receive. Batching is done on a per-partition basis. Modifying this attribute while the object (or the relevant part of the object) is administratively enabled may be service impacting as enabled will be temporarily set to false to apply the change. Changes to this attribute are synchronized to HA mates and replication sites via config-sync. The default value is `500`.","description_kind":"markdown","optional":true},"batch_max_size":{"type":"number","description":"Maximum size of a message batch, in bytes (B). Batching is done on a per-partition basis. Modifying this attribute while the object (or the relevant part of the object) is administratively enabled may be service impacting as enabled will be temporarily set to false to apply the change. Changes to this attribute are synchronized to HA mates and replication sites via config-sync. The default value is `1`.","description_kind":"markdown","optional":true},"bootstrap_address_list":{"type":"string","description":"Comma separated list of addresses (and optional ports) of brokers in the Kafka Cluster from which the state of the entire Kafka Cluster can be learned. If a port is not provided with an address it will default to 9092. Modifying this attribute while the object (or the relevant part of the object) is administratively enabled may be service impacting as enabled will be temporarily set to false to apply the change. Changes to this attribute are synchronized to HA mates and replication sites via config-sync. The default value is `\"\"`.","description_kind":"markdown","optional":true},"enabled":{"type":"bool","description":"Enable or disable the Kafka Receiver. Changes to this attribute are synchronized to HA mates and replication sites via config-sync. The default value is `false`.","description_kind":"markdown","optional":true},"group_id":{"type":"string","description":"The id of the Kafka consumer group for the Receiver. Modifying this attribute while the object (or the relevant part of the object) is administratively enabled may be service impacting as enabled will be temporarily set to false to apply the change. Changes to this attribute are synchronized to HA mates and replication sites via config-sync. The default value is `\"\"`.","description_kind":"markdown","optional":true},"group_keepalive_interval":{"type":"number","description":"The time between sending keepalives to the group. Modifying this attribute while the object (or the relevant part of the object) is administratively enabled may be service impacting as enabled will be temporarily set to false to apply the change. Changes to this attribute are synchronized to HA mates and replication sites via config-sync. The default value is `3000`.","description_kind":"markdown","optional":true},"group_keepalive_timeout":{"type":"number","description":"The time until unresponsive group members are removed, triggering a partition rebalance across other members of the group. Modifying this attribute while the object (or the relevant part of the object) is administratively enabled may be service impacting as enabled will be temporarily set to false to apply the change. Changes to this attribute are synchronized to HA mates and replication sites via config-sync. The default value is `45000`.","description_kind":"markdown","optional":true},"group_membership_type":{"type":"string","description":"The membership type of the Kafka consumer group for the Receiver. Static members can leave and rejoin the group (within group_keepalive_timeout) without prompting a group rebalance. Modifying this attribute while the object (or the relevant part of the object) is administratively enabled may be service impacting as enabled will be temporarily set to false to apply the change. Changes to this attribute are synchronized to HA mates and replication sites via config-sync. The default value is `\"dynamic\"`. The allowed values and their meaning are:\n\n\u003cpre\u003e\n\"dynamic\" - Dynamic Membership.\n\"static\" - Static Membership.\n\u003c/pre\u003e\n","description_kind":"markdown","optional":true},"group_partition_scheme_list":{"type":"string","description":"The ordered, comma-separated list of schemes used for partition assignment of the consumer group for this Receiver. Both Eager (\"range\", \"roundrobin\") and Cooperative (\"cooperative-sticky\") schemes are supported. The elected group leader will choose the first common strategy provided by all members of the group. Eager and Cooperative schemes must not be mixed. For more information on these schemes, see Kafka documentation. Modifying this attribute while the object (or the relevant part of the object) is administratively enabled may be service impacting as enabled will be temporarily set to false to apply the change. Changes to this attribute are synchronized to HA mates and replication sites via config-sync. The default value is `\"range,roundrobin\"`.","description_kind":"markdown","optional":true},"id":{"type":"string","description":"Identifier attribute, for internal use only.","description_kind":"plain","computed":true},"kafka_receiver_name":{"type":"string","description":"The name of the Kafka Receiver.","description_kind":"markdown","required":true},"metadata_topic_exclude_list":{"type":"string","description":"A comma-separated list of regular expressions. Any matching topic names will be ignored in broker metadata. Modifying this attribute while the object (or the relevant part of the object) is administratively enabled may be service impacting as enabled will be temporarily set to false to apply the change. Changes to this attribute are synchronized to HA mates and replication sites via config-sync. The default value is `\"\"`.","description_kind":"markdown","optional":true},"metadata_topic_refresh_interval":{"type":"number","description":"The time between refreshes of topic metadata from the Kafka Cluster. Modifying this attribute while the object (or the relevant part of the object) is administratively enabled may be service impacting as enabled will be temporarily set to false to apply the change. Changes to this attribute are synchronized to HA mates and replication sites via config-sync. The default value is `30000`.","description_kind":"markdown","optional":true},"msg_vpn_name":{"type":"string","description":"The name of the Message VPN.","description_kind":"markdown","required":true},"transport_tls_enabled":{"type":"bool","description":"Enable or disable encryption (TLS) for the Kafka Receiver. Modifying this attribute while the object (or the relevant part of the object) is administratively enabled may be service impacting as enabled will be temporarily set to false to apply the change. Changes to this attribute are synchronized to HA mates and replication sites via config-sync. The default value is `false`.","description_kind":"markdown","optional":true}},"description":"A Kafka Receiver receives messages from a Kafka Cluster.\n\nWARNING: This feature is in BETA with limited scalability and no production support. Configuration may change or be eliminated by future upgrades.\n\n\nAttribute|Identifying|Write-Only|Deprecated|Opaque\n:---|:---:|:---:|:---:|:---:\nauthentication_basic_password||x||x\nauthentication_client_cert_content||x||x\nauthentication_client_cert_password||x||\nauthentication_oauth_client_secret||x||x\nauthentication_scram_password||x||x\nkafka_receiver_name|x|||\nmsg_vpn_name|x|||\n\n\n\nA SEMP client authorized with a minimum access scope/level of \"vpn/read-only\" is required to perform this operation.\n\nThis has been available since SEMP API version 2.36.","description_kind":"markdown"}},"solacebroker_msg_vpn_kafka_receiver_topic_binding":{"version":0,"block":{"attributes":{"enabled":{"type":"bool","description":"Enable or disable this topic binding of the Kafka Receiver. Changes to this attribute are synchronized to HA mates and replication sites via config-sync. The default value is `false`.","description_kind":"markdown","optional":true},"id":{"type":"string","description":"Identifier attribute, for internal use only.","description_kind":"plain","computed":true},"initial_offset":{"type":"string","description":"The initial offset to consume from the Kafka Topic if no member of the group has consumed and committed any offset already, or if the last committed offset has been deleted. Offsets are unique per partition. Modifying this attribute while the object (or the relevant part of the object) is administratively enabled may be service impacting as enabled will be temporarily set to false to apply the change. Changes to this attribute are synchronized to HA mates and replication sites via config-sync. The default value is `\"end\"`. The allowed values and their meaning are:\n\n\u003cpre\u003e\n\"beginning\" - Start with the earliest offset available.\n\"end\" - Start with new offsets only.\n\u003c/pre\u003e\n","description_kind":"markdown","optional":true},"kafka_receiver_name":{"type":"string","description":"The name of the Kafka Receiver.","description_kind":"markdown","required":true},"local_key":{"type":"string","description":"The Substitution Expression used to generate the key for each message received from Kafka. This expression can include fields extracted from the metadata of each individual Kafka message as it is received from the Kafka Topic.\n\nIf empty, no key is included for each message as it is published into Solace. Modifying this attribute while the object (or the relevant part of the object) is administratively enabled may be service impacting as enabled will be temporarily set to false to apply the change. Changes to this attribute are synchronized to HA mates and replication sites via config-sync. The default value is `\"\"`.","description_kind":"markdown","optional":true},"local_topic":{"type":"string","description":"The Substitution Expression used to generate the Solace Topic for each message received from Kafka. This expression can include data extracted from the metadata of each individual Kafka message as it is received from the Kafka Topic.\n\nIf empty, the Topic Binding will not be operational. Modifying this attribute while the object (or the relevant part of the object) is administratively enabled may be service impacting as enabled will be temporarily set to false to apply the change. Changes to this attribute are synchronized to HA mates and replication sites via config-sync. The default value is `\"\"`.","description_kind":"markdown","optional":true},"msg_vpn_name":{"type":"string","description":"The name of the Message VPN.","description_kind":"markdown","required":true},"topic_name":{"type":"string","description":"The name of the Topic.","description_kind":"markdown","required":true}},"description":"A Topic Binding receives messages from a remote Kafka Topic.\n\n\nAttribute|Identifying|Write-Only|Deprecated|Opaque\n:---|:---:|:---:|:---:|:---:\nkafka_receiver_name|x|||\nmsg_vpn_name|x|||\ntopic_name|x|||\n\n\n\nA SEMP client authorized with a minimum access scope/level of \"vpn/read-only\" is required to perform this operation.\n\nThis has been available since SEMP API version 2.36.","description_kind":"markdown"}},"solacebroker_msg_vpn_kafka_sender":{"version":0,"block":{"attributes":{"authentication_basic_password":{"type":"string","description":"The password for the Username. This attribute is absent from a GET and not updated when absent in a PUT, subject to the exceptions in note 4 (refer to the `Notes` section in the SEMP API `Config reference`). Modifying this attribute while the object (or the relevant part of the object) is administratively enabled may be service impacting as enabled will be temporarily set to false to apply the change. Changes to this attribute are synchronized to HA mates and replication sites via config-sync. The default value is `\"\"`.","description_kind":"markdown","optional":true,"sensitive":true},"authentication_basic_username":{"type":"string","description":"The username the Kafka Sender uses to login to the remote Kafka broker. Modifying this attribute while the object (or the relevant part of the object) is administratively enabled may be service impacting as enabled will be temporarily set to false to apply the change. Changes to this attribute are synchronized to HA mates and replication sites via config-sync. The default value is `\"\"`.","description_kind":"markdown","optional":true},"authentication_client_cert_content":{"type":"string","description":"The PEM formatted content for the client certificate used by the Kafka Sender to login to the remote Kafka broker. This attribute is absent from a GET and not updated when absent in a PUT, subject to the exceptions in note 4 (refer to the `Notes` section in the SEMP API `Config reference`). Modifying this attribute while the object (or the relevant part of the object) is administratively enabled may be service impacting as enabled will be temporarily set to false to apply the change. The default value is `\"\"`.","description_kind":"markdown","optional":true,"sensitive":true},"authentication_client_cert_password":{"type":"string","description":"The password for the client certificate. This attribute is absent from a GET and not updated when absent in a PUT, subject to the exceptions in note 4 (refer to the `Notes` section in the SEMP API `Config reference`). Modifying this attribute while the object (or the relevant part of the object) is administratively enabled may be service impacting as enabled will be temporarily set to false to apply the change. The default value is `\"\"`.","description_kind":"markdown","optional":true,"sensitive":true},"authentication_oauth_client_id":{"type":"string","description":"The OAuth client ID. Modifying this attribute while the object (or the relevant part of the object) is administratively enabled may be service impacting as enabled will be temporarily set to false to apply the change. Changes to this attribute are synchronized to HA mates and replication sites via config-sync. The default value is `\"\"`.","description_kind":"markdown","optional":true},"authentication_oauth_client_scope":{"type":"string","description":"The OAuth scope. Modifying this attribute while the object (or the relevant part of the object) is administratively enabled may be service impacting as enabled will be temporarily set to false to apply the change. Changes to this attribute are synchronized to HA mates and replication sites via config-sync. The default value is `\"\"`.","description_kind":"markdown","optional":true},"authentication_oauth_client_secret":{"type":"string","description":"The OAuth client secret. This attribute is absent from a GET and not updated when absent in a PUT, subject to the exceptions in note 4 (refer to the `Notes` section in the SEMP API `Config reference`). Modifying this attribute while the object (or the relevant part of the object) is administratively enabled may be service impacting as enabled will be temporarily set to false to apply the change. Changes to this attribute are synchronized to HA mates and replication sites via config-sync. The default value is `\"\"`.","description_kind":"markdown","optional":true,"sensitive":true},"authentication_oauth_client_token_endpoint":{"type":"string","description":"The OAuth token endpoint URL that the Kafka Sender will use to request a token for login to the Kafka broker. Must begin with \"https\". Modifying this attribute while the object (or the relevant part of the object) is administratively enabled may be service impacting as enabled will be temporarily set to false to apply the change. Changes to this attribute are synchronized to HA mates and replication sites via config-sync. The default value is `\"\"`.","description_kind":"markdown","optional":true},"authentication_scheme":{"type":"string","description":"The authentication scheme for the Kafka Sender. Modifying this attribute while the object (or the relevant part of the object) is administratively enabled may be service impacting as enabled will be temporarily set to false to apply the change. Changes to this attribute are synchronized to HA mates and replication sites via config-sync. The default value is `\"none\"`. The allowed values and their meaning are:\n\n\u003cpre\u003e\n\"none\" - Anonymous Authentication.\n\"basic\" - Basic Authentication.\n\"scram\" - Salted Challenge Response Authentication.\n\"client-certificate\" - Client Certificate Authentication.\n\"oauth-client\" - Oauth Authentication.\n\u003c/pre\u003e\n","description_kind":"markdown","optional":true},"authentication_scram_hash":{"type":"string","description":"The hash used for SCRAM authentication. Modifying this attribute while the object (or the relevant part of the object) is administratively enabled may be service impacting as enabled will be temporarily set to false to apply the change. Changes to this attribute are synchronized to HA mates and replication sites via config-sync. The default value is `\"sha-512\"`. The allowed values and their meaning are:\n\n\u003cpre\u003e\n\"sha-256\" - SHA-2 256 bits.\n\"sha-512\" - SHA-2 512 bits.\n\u003c/pre\u003e\n","description_kind":"markdown","optional":true},"authentication_scram_password":{"type":"string","description":"The password for the Username. This attribute is absent from a GET and not updated when absent in a PUT, subject to the exceptions in note 4 (refer to the `Notes` section in the SEMP API `Config reference`). Modifying this attribute while the object (or the relevant part of the object) is administratively enabled may be service impacting as enabled will be temporarily set to false to apply the change. Changes to this attribute are synchronized to HA mates and replication sites via config-sync. The default value is `\"\"`.","description_kind":"markdown","optional":true,"sensitive":true},"authentication_scram_username":{"type":"string","description":"The username the Kafka Sender uses to login to the remote Kafka broker. Modifying this attribute while the object (or the relevant part of the object) is administratively enabled may be service impacting as enabled will be temporarily set to false to apply the change. Changes to this attribute are synchronized to HA mates and replication sites via config-sync. The default value is `\"\"`.","description_kind":"markdown","optional":true},"batch_delay":{"type":"number","description":"Delay (in ms) to wait to accumulate a batch of messages to send. Batching is done for all Senders on a per-partition basis. Modifying this attribute while the object (or the relevant part of the object) is administratively enabled may be service impacting as enabled will be temporarily set to false to apply the change. Changes to this attribute are synchronized to HA mates and replication sites via config-sync. The default value is `5`.","description_kind":"markdown","optional":true},"batch_max_msg_count":{"type":"number","description":"Maximum number of messages sent in a single batch. Batching is done for all Senders on a per-partition basis. Modifying this attribute while the object (or the relevant part of the object) is administratively enabled may be service impacting as enabled will be temporarily set to false to apply the change. Changes to this attribute are synchronized to HA mates and replication sites via config-sync. The default value is `10000`.","description_kind":"markdown","optional":true},"batch_max_size":{"type":"number","description":"Maximum size of a message batch, in bytes (B). Batching is done for all Senders on a per-partition basis. Modifying this attribute while the object (or the relevant part of the object) is administratively enabled may be service impacting as enabled will be temporarily set to false to apply the change. Changes to this attribute are synchronized to HA mates and replication sites via config-sync. The default value is `1000000`.","description_kind":"markdown","optional":true},"bootstrap_address_list":{"type":"string","description":"Comma separated list of addresses (and optional ports) of brokers in the Kafka Cluster from which the state of the entire Kafka Cluster can be learned. If a port is not provided with an address it will default to 9092. Modifying this attribute while the object (or the relevant part of the object) is administratively enabled may be service impacting as enabled will be temporarily set to false to apply the change. Changes to this attribute are synchronized to HA mates and replication sites via config-sync. The default value is `\"\"`.","description_kind":"markdown","optional":true},"enabled":{"type":"bool","description":"Enable or disable the Kafka Sender. Changes to this attribute are synchronized to HA mates and replication sites via config-sync. The default value is `false`.","description_kind":"markdown","optional":true},"id":{"type":"string","description":"Identifier attribute, for internal use only.","description_kind":"plain","computed":true},"idempotence_enabled":{"type":"bool","description":"Enable or disable idempotence for the Kafka Sender. Idempotence guarantees in order at-least-once message delivery to the remote Kafka Topic, at the expense of performance. Modifying this attribute while the object (or the relevant part of the object) is administratively enabled may be service impacting as enabled will be temporarily set to false to apply the change. Changes to this attribute are synchronized to HA mates and replication sites via config-sync. The default value is `false`.","description_kind":"markdown","optional":true},"kafka_sender_name":{"type":"string","description":"The name of the Kafka Sender.","description_kind":"markdown","required":true},"msg_vpn_name":{"type":"string","description":"The name of the Message VPN.","description_kind":"markdown","required":true},"transport_compression_enabled":{"type":"bool","description":"Enable or disable compression for the Kafka Sender. Modifying this attribute while the object (or the relevant part of the object) is administratively enabled may be service impacting as enabled will be temporarily set to false to apply the change. Changes to this attribute are synchronized to HA mates and replication sites via config-sync. The default value is `false`.","description_kind":"markdown","optional":true},"transport_compression_level":{"type":"number","description":"Compression level. The valid range is dependent on the compression type. Modifying this attribute while the object (or the relevant part of the object) is administratively enabled may be service impacting as enabled will be temporarily set to false to apply the change. Changes to this attribute are synchronized to HA mates and replication sites via config-sync. The default value is `-1`.","description_kind":"markdown","optional":true},"transport_compression_type":{"type":"string","description":"Compression type. Only relevant if compression is enabled. Modifying this attribute while the object (or the relevant part of the object) is administratively enabled may be service impacting as enabled will be temporarily set to false to apply the change. Changes to this attribute are synchronized to HA mates and replication sites via config-sync. The default value is `\"gzip\"`. The allowed values and their meaning are:\n\n\u003cpre\u003e\n\"gzip\" - GZIP Compression.\n\"snappy\" - Snappy Compression.\n\"lz4\" - LZ4 Compression.\n\"zstd\" - Zstandard Compression.\n\u003c/pre\u003e\n","description_kind":"markdown","optional":true},"transport_tls_enabled":{"type":"bool","description":"Enable or disable encryption (TLS) for the Kafka Sender. Modifying this attribute while the object (or the relevant part of the object) is administratively enabled may be service impacting as enabled will be temporarily set to false to apply the change. Changes to this attribute are synchronized to HA mates and replication sites via config-sync. The default value is `false`.","description_kind":"markdown","optional":true}},"description":"A Kafka Sender sends messages to a Kafka Cluster.\n\nWARNING: This feature is in BETA with limited scalability and no production support. Configuration may change or be eliminated by future upgrades.\n\n\nAttribute|Identifying|Write-Only|Deprecated|Opaque\n:---|:---:|:---:|:---:|:---:\nauthentication_basic_password||x||x\nauthentication_client_cert_content||x||x\nauthentication_client_cert_password||x||\nauthentication_oauth_client_secret||x||x\nauthentication_scram_password||x||x\nkafka_sender_name|x|||\nmsg_vpn_name|x|||\n\n\n\nA SEMP client authorized with a minimum access scope/level of \"vpn/read-only\" is required to perform this operation.\n\nThis has been available since SEMP API version 2.36.","description_kind":"markdown"}},"solacebroker_msg_vpn_kafka_sender_queue_binding":{"version":0,"block":{"attributes":{"ack_mode":{"type":"string","description":"The number of acks required from the remote Kafka broker. When \"none\" messages are delivered at-most-once. When \"one\" or \"all\" messages are delivered at-least-once but may be reordered. This is overridden to \"all\" for an idempotent Kafka Sender. Modifying this attribute while the object (or the relevant part of the object) is administratively enabled may be service impacting as enabled will be temporarily set to false to apply the change. Changes to this attribute are synchronized to HA mates and replication sites via config-sync. The default value is `\"all\"`. The allowed values and their meaning are:\n\n\u003cpre\u003e\n\"none\" - No Acks.\n\"one\" - Leader Ack Only.\n\"all\" - All Replica Acks.\n\u003c/pre\u003e\n","description_kind":"markdown","optional":true},"enabled":{"type":"bool","description":"Enable or disable this queue binding of the Kafka Sender. Changes to this attribute are synchronized to HA mates and replication sites via config-sync. The default value is `false`.","description_kind":"markdown","optional":true},"id":{"type":"string","description":"Identifier attribute, for internal use only.","description_kind":"plain","computed":true},"kafka_sender_name":{"type":"string","description":"The name of the Kafka Sender.","description_kind":"markdown","required":true},"msg_vpn_name":{"type":"string","description":"The name of the Message VPN.","description_kind":"markdown","required":true},"partition_consistent_hash":{"type":"string","description":"The hash algorithm to use for consistent partition selection. Modifying this attribute while the object (or the relevant part of the object) is administratively enabled may be service impacting as enabled will be temporarily set to false to apply the change. Changes to this attribute are synchronized to HA mates and replication sites via config-sync. The default value is `\"crc\"`. The allowed values and their meaning are:\n\n\u003cpre\u003e\n\"crc\" - CRC Hash.\n\"murmur2\" - Murmer2 Hash.\n\"fnv1a\" - Fowler-Noll-Vo 1a Hash.\n\u003c/pre\u003e\n","description_kind":"markdown","optional":true},"partition_explicit_number":{"type":"number","description":"The partition number to use for explicit partition selection. Modifying this attribute while the object (or the relevant part of the object) is administratively enabled may be service impacting as enabled will be temporarily set to false to apply the change. Changes to this attribute are synchronized to HA mates and replication sites via config-sync. The default value is `0`.","description_kind":"markdown","optional":true},"partition_random_fallback_enabled":{"type":"bool","description":"Enable or disable fallback to the random partition selection scheme when the consistent partition scheme is being used but no partition key is available for the message. When enabled a random partition will be selected for each unkeyed messages, otherwise some partition will be selected for groups of unkeyed messages. Modifying this attribute while the object (or the relevant part of the object) is administratively enabled may be service impacting as enabled will be temporarily set to false to apply the change. Changes to this attribute are synchronized to HA mates and replication sites via config-sync. The default value is `true`.","description_kind":"markdown","optional":true},"partition_scheme":{"type":"string","description":"The partitioning scheme used to select a partition of the topic on the Kafka cluster to send messages to. Modifying this attribute while the object (or the relevant part of the object) is administratively enabled may be service impacting as enabled will be temporarily set to false to apply the change. Changes to this attribute are synchronized to HA mates and replication sites via config-sync. The default value is `\"consistent\"`. The allowed values and their meaning are:\n\n\u003cpre\u003e\n\"consistent\" - Select a consistent partition for each key value. A hash of the key will be used to select the partition number.\n\"explicit\" - Select an explicit partition independent of key value.\n\"random\" - Select a random partition independent of key value.\n\u003c/pre\u003e\n","description_kind":"markdown","optional":true},"queue_name":{"type":"string","description":"The name of the Queue.","description_kind":"markdown","required":true},"remote_key":{"type":"string","description":"The Substitution Expression used to generate the key for each message sent to Kafka. This expression can include fields extracted from the metadata of each individual Solace message as it is taken from the Solace Queue.\n\nIf empty, no key is included for each message as it is published into Kafka. Modifying this attribute while the object (or the relevant part of the object) is administratively enabled may be service impacting as enabled will be temporarily set to false to apply the change. Changes to this attribute are synchronized to HA mates and replication sites via config-sync. The default value is `\"\"`.","description_kind":"markdown","optional":true},"remote_topic":{"type":"string","description":"The Kafka Topic on the Kafka Cluster to send each message taken from the Solace Queue to.\n\nIf empty, the Queue Binding will not be operational. Modifying this attribute while the object (or the relevant part of the object) is administratively enabled may be service impacting as enabled will be temporarily set to false to apply the change. Changes to this attribute are synchronized to HA mates and replication sites via config-sync. The default value is `\"\"`.","description_kind":"markdown","optional":true}},"description":"A Queue Binding sends messages from a local Solace Queue to a remote Kafka topic.\n\n\nAttribute|Identifying|Write-Only|Deprecated|Opaque\n:---|:---:|:---:|:---:|:---:\nkafka_sender_name|x|||\nmsg_vpn_name|x|||\nqueue_name|x|||\n\n\n\nA SEMP client authorized with a minimum access scope/level of \"vpn/read-only\" is required to perform this operation.\n\nThis has been available since SEMP API version 2.36.","description_kind":"markdown"}},"solacebroker_msg_vpn_mqtt_retain_cache":{"version":0,"block":{"attributes":{"cache_name":{"type":"string","description":"The name of the MQTT Retain Cache.","description_kind":"markdown","required":true},"enabled":{"type":"bool","description":"Enable or disable this MQTT Retain Cache. When the cache is disabled, neither retain messages nor retain requests will be delivered by the cache. However, live retain messages will continue to be delivered to currently connected MQTT clients. Changes to this attribute are synchronized to HA mates and replication sites via config-sync. The default value is `false`.","description_kind":"markdown","optional":true},"id":{"type":"string","description":"Identifier attribute, for internal use only.","description_kind":"plain","computed":true},"msg_lifetime":{"type":"number","description":"The message lifetime, in seconds. If a message remains cached for the duration of its lifetime, the cache will remove the message. A lifetime of 0 results in the message being retained indefinitely, otherwise it must be 3 seconds or more. Changes to this attribute are synchronized to HA mates and replication sites via config-sync. The default value is `0`.","description_kind":"markdown","optional":true},"msg_vpn_name":{"type":"string","description":"The name of the Message VPN.","description_kind":"markdown","required":true}},"description":"Using MQTT retained messages allows publishing MQTT clients to indicate that a message must be stored for later delivery to subscribing clients when those subscribing clients add subscriptions matching the retained message's topic. An MQTT Retain Cache processes all retained messages for a Message VPN.\n\n\nAttribute|Identifying|Write-Only|Deprecated|Opaque\n:---|:---:|:---:|:---:|:---:\ncache_name|x|||\nmsg_vpn_name|x|||\n\n\n\nA SEMP client authorized with a minimum access scope/level of \"vpn/read-only\" is required to perform this operation.\n\nThis has been available since SEMP API version 2.11.","description_kind":"markdown"}},"solacebroker_msg_vpn_mqtt_session":{"version":0,"block":{"attributes":{"enabled":{"type":"bool","description":"Enable or disable the MQTT Session. When disabled, the client is disconnected, new messages matching QoS 0 subscriptions are discarded, and new messages matching QoS 1 subscriptions are stored for future delivery. Changes to this attribute are synchronized to HA mates and replication sites via config-sync. The default value is `false`.","description_kind":"markdown","optional":true},"id":{"type":"string","description":"Identifier attribute, for internal use only.","description_kind":"plain","computed":true},"mqtt_session_client_id":{"type":"string","description":"The Client ID of the MQTT Session, which corresponds to the ClientId provided in the MQTT CONNECT packet.","description_kind":"markdown","required":true},"mqtt_session_virtual_router":{"type":"string","description":"The virtual router of the MQTT Session. The allowed values and their meaning are:\n\n\u003cpre\u003e\n\"primary\" - The MQTT Session belongs to the primary virtual router.\n\"backup\" - The MQTT Session belongs to the backup virtual router.\n\"auto\" - The MQTT Session is automatically assigned a virtual router at creation, depending on the broker's active-standby role.\n\u003c/pre\u003e\n","description_kind":"markdown","required":true},"msg_vpn_name":{"type":"string","description":"The name of the Message VPN.","description_kind":"markdown","required":true},"owner":{"type":"string","description":"The owner of the MQTT Session. For externally-created sessions this defaults to the Client Username of the connecting client. For management-created sessions this defaults to empty. Modifying this attribute while the object (or the relevant part of the object) is administratively enabled may be service impacting as enabled will be temporarily set to false to apply the change. Changes to this attribute are synchronized to HA mates and replication sites via config-sync. The default value is `\"\"`.","description_kind":"markdown","optional":true},"queue_consumer_ack_propagation_enabled":{"type":"bool","description":"Enable or disable the propagation of consumer acknowledgments (ACKs) received on the active replication Message VPN to the standby replication Message VPN. Changes to this attribute are synchronized to HA mates and replication sites via config-sync. The default value is `true`. Available since SEMP API version 2.14.","description_kind":"markdown","optional":true},"queue_dead_msg_queue":{"type":"string","description":"The name of the Dead Message Queue (DMQ) used by the MQTT Session Queue. Changes to this attribute are synchronized to HA mates and replication sites via config-sync. The default value is `\"#DEAD_MSG_QUEUE\"`. Available since SEMP API version 2.14.","description_kind":"markdown","optional":true},"queue_event_bind_count_threshold":{"nested_type":{"attributes":{"clear_percent":{"type":"number","description":"The clear threshold for the value of this counter as a percentage of its maximum value. Falling below this value will trigger a corresponding event. This attribute may not be returned in a GET.","description_kind":"markdown","optional":true},"clear_value":{"type":"number","description":"The clear threshold for the absolute value of this counter. Falling below this value will trigger a corresponding event. This attribute may not be returned in a GET.","description_kind":"markdown","optional":true},"set_percent":{"type":"number","description":"The set threshold for the value of this counter as a percentage of its maximum value. Exceeding this value will trigger a corresponding event. This attribute may not be returned in a GET.","description_kind":"markdown","optional":true},"set_value":{"type":"number","description":"The set threshold for the absolute value of this counter. Exceeding this value will trigger a corresponding event. This attribute may not be returned in a GET.","description_kind":"markdown","optional":true}},"nesting_mode":"single"},"description_kind":"plain","optional":true},"queue_event_msg_spool_usage_threshold":{"nested_type":{"attributes":{"clear_percent":{"type":"number","description":"The clear threshold for the value of this counter as a percentage of its maximum value. Falling below this value will trigger a corresponding event. This attribute may not be returned in a GET.","description_kind":"markdown","optional":true},"clear_value":{"type":"number","description":"The clear threshold for the absolute value of this counter. Falling below this value will trigger a corresponding event. This attribute may not be returned in a GET.","description_kind":"markdown","optional":true},"set_percent":{"type":"number","description":"The set threshold for the value of this counter as a percentage of its maximum value. Exceeding this value will trigger a corresponding event. This attribute may not be returned in a GET.","description_kind":"markdown","optional":true},"set_value":{"type":"number","description":"The set threshold for the absolute value of this counter. Exceeding this value will trigger a corresponding event. This attribute may not be returned in a GET.","description_kind":"markdown","optional":true}},"nesting_mode":"single"},"description_kind":"plain","optional":true},"queue_event_reject_low_priority_msg_limit_threshold":{"nested_type":{"attributes":{"clear_percent":{"type":"number","description":"The clear threshold for the value of this counter as a percentage of its maximum value. Falling below this value will trigger a corresponding event. This attribute may not be returned in a GET.","description_kind":"markdown","optional":true},"clear_value":{"type":"number","description":"The clear threshold for the absolute value of this counter. Falling below this value will trigger a corresponding event. This attribute may not be returned in a GET.","description_kind":"markdown","optional":true},"set_percent":{"type":"number","description":"The set threshold for the value of this counter as a percentage of its maximum value. Exceeding this value will trigger a corresponding event. This attribute may not be returned in a GET.","description_kind":"markdown","optional":true},"set_value":{"type":"number","description":"The set threshold for the absolute value of this counter. Exceeding this value will trigger a corresponding event. This attribute may not be returned in a GET.","description_kind":"markdown","optional":true}},"nesting_mode":"single"},"description_kind":"plain","optional":true},"queue_max_bind_count":{"type":"number","description":"The maximum number of consumer flows that can bind to the MQTT Session Queue. Changes to this attribute are synchronized to HA mates and replication sites via config-sync. The default value is `1000`. Available since SEMP API version 2.14.","description_kind":"markdown","optional":true},"queue_max_delivered_unacked_msgs_per_flow":{"type":"number","description":"The maximum number of messages delivered but not acknowledged per flow for the MQTT Session Queue. Changes to this attribute are synchronized to HA mates and replication sites via config-sync. The default value is `10000`. Available since SEMP API version 2.14.","description_kind":"markdown","optional":true},"queue_max_msg_size":{"type":"number","description":"The maximum message size allowed in the MQTT Session Queue, in bytes (B). Changes to this attribute are synchronized to HA mates and replication sites via config-sync. The default value is `10000000`. Available since SEMP API version 2.14.","description_kind":"markdown","optional":true},"queue_max_msg_spool_usage":{"type":"number","description":"The maximum message spool usage allowed by the MQTT Session Queue, in megabytes (MB). A value of 0 only allows spooling of the last message received and disables quota checking. Changes to this attribute are synchronized to HA mates and replication sites via config-sync. The default value is `5000`. Available since SEMP API version 2.14.","description_kind":"markdown","optional":true},"queue_max_redelivery_count":{"type":"number","description":"The maximum number of times the MQTT Session Queue will attempt redelivery of a message prior to it being discarded or moved to the DMQ. A value of 0 means to retry forever. Changes to this attribute are synchronized to HA mates and replication sites via config-sync. The default value is `0`. Available since SEMP API version 2.14.","description_kind":"markdown","optional":true},"queue_max_ttl":{"type":"number","description":"The maximum time in seconds a message can stay in the MQTT Session Queue when `queue_respect_ttl_enabled` is `\"true\"`. A message expires when the lesser of the sender assigned time-to-live (TTL) in the message and the `queue_max_ttl` configured for the MQTT Session Queue, is exceeded. A value of 0 disables expiry. Changes to this attribute are synchronized to HA mates and replication sites via config-sync. The default value is `0`. Available since SEMP API version 2.14.","description_kind":"markdown","optional":true},"queue_reject_low_priority_msg_enabled":{"type":"bool","description":"Enable or disable the checking of low priority messages against the `queue_reject_low_priority_msg_limit`. This may only be enabled if `queue_reject_msg_to_sender_on_discard_behavior` does not have a value of `\"never\"`. Changes to this attribute are synchronized to HA mates and replication sites via config-sync. The default value is `false`. Available since SEMP API version 2.14.","description_kind":"markdown","optional":true},"queue_reject_low_priority_msg_limit":{"type":"number","description":"The number of messages of any priority in the MQTT Session Queue above which low priority messages are not admitted but higher priority messages are allowed. Changes to this attribute are synchronized to HA mates and replication sites via config-sync. The default value is `0`. Available since SEMP API version 2.14.","description_kind":"markdown","optional":true},"queue_reject_msg_to_sender_on_discard_behavior":{"type":"string","description":"Determines when to return negative acknowledgments (NACKs) to sending clients on message discards. Note that NACKs cause the message to not be delivered to any destination and Transacted Session commits to fail. Modifying this attribute while the object (or the relevant part of the object) is administratively enabled may be service impacting as queue_reject_low_priority_msg_enabled will be temporarily set to false to apply the change. Changes to this attribute are synchronized to HA mates and replication sites via config-sync. The default value is `\"when-queue-enabled\"`. The allowed values and their meaning are:\n\n\u003cpre\u003e\n\"never\" - Silently discard messages.\n\"when-queue-enabled\" - NACK each message discard back to the client, except messages that are discarded because an endpoint is administratively disabled.\n\"always\" - NACK each message discard back to the client, including messages that are discarded because an endpoint is administratively disabled.\n\u003c/pre\u003e\n Available since SEMP API version 2.14.","description_kind":"markdown","optional":true},"queue_respect_ttl_enabled":{"type":"bool","description":"Enable or disable the respecting of the time-to-live (TTL) for messages in the MQTT Session Queue. When enabled, expired messages are discarded or moved to the DMQ. Changes to this attribute are synchronized to HA mates and replication sites via config-sync. The default value is `false`. Available since SEMP API version 2.14.","description_kind":"markdown","optional":true}},"description":"An MQTT Session object is a virtual representation of an MQTT client connection. An MQTT session holds the state of an MQTT client (that is, it is used to contain a client's QoS 0 and QoS 1 subscription sets and any undelivered QoS 1 messages).\n\n\nAttribute|Identifying|Write-Only|Deprecated|Opaque\n:---|:---:|:---:|:---:|:---:\nmqtt_session_client_id|x|||\nmqtt_session_virtual_router|x|||\nmsg_vpn_name|x|||\n\n\n\nA SEMP client authorized with a minimum access scope/level of \"vpn/read-only\" is required to perform this operation.\n\nThis has been available since SEMP API version 2.1.","description_kind":"markdown"}},"solacebroker_msg_vpn_mqtt_session_subscription":{"version":0,"block":{"attributes":{"id":{"type":"string","description":"Identifier attribute, for internal use only.","description_kind":"plain","computed":true},"mqtt_session_client_id":{"type":"string","description":"The Client ID of the MQTT Session, which corresponds to the ClientId provided in the MQTT CONNECT packet.","description_kind":"markdown","required":true},"mqtt_session_virtual_router":{"type":"string","description":"The virtual router of the MQTT Session. The allowed values and their meaning are:\n\n\u003cpre\u003e\n\"primary\" - The MQTT Session belongs to the primary virtual router.\n\"backup\" - The MQTT Session belongs to the backup virtual router.\n\"auto\" - The MQTT Session is automatically assigned a virtual router at creation, depending on the broker's active-standby role.\n\u003c/pre\u003e\n","description_kind":"markdown","required":true},"msg_vpn_name":{"type":"string","description":"The name of the Message VPN.","description_kind":"markdown","required":true},"subscription_qos":{"type":"number","description":"The quality of service (QoS) for the subscription as either 0 (deliver at most once) or 1 (deliver at least once). QoS 2 is not supported, but QoS 2 messages attracted by QoS 0 or QoS 1 subscriptions are accepted and delivered accordingly. Changes to this attribute are synchronized to HA mates and replication sites via config-sync. The default value is `0`.","description_kind":"markdown","optional":true},"subscription_topic":{"type":"string","description":"The MQTT subscription topic.","description_kind":"markdown","required":true}},"description":"An MQTT session contains a client's QoS 0 and QoS 1 subscription sets. On creation, a subscription defaults to QoS 0.\n\n\nAttribute|Identifying|Write-Only|Deprecated|Opaque\n:---|:---:|:---:|:---:|:---:\nmqtt_session_client_id|x|||\nmqtt_session_virtual_router|x|||\nmsg_vpn_name|x|||\nsubscription_topic|x|||\n\n\n\nA SEMP client authorized with a minimum access scope/level of \"vpn/read-only\" is required to perform this operation.\n\nThis has been available since SEMP API version 2.1.","description_kind":"markdown"}},"solacebroker_msg_vpn_proxy":{"version":0,"block":{"attributes":{"authentication_basic_password":{"type":"string","description":"The password to use with basic authentication. This attribute is absent from a GET and not updated when absent in a PUT, subject to the exceptions in note 4 (refer to the `Notes` section in the SEMP API `Config reference`). Changes to this attribute are synchronized to HA mates via config-sync. The default value is `\"\"`.","description_kind":"markdown","optional":true,"sensitive":true},"authentication_basic_username":{"type":"string","description":"The username to use with basic authentication. Changes to this attribute are synchronized to HA mates via config-sync. The default value is `\"\"`.","description_kind":"markdown","optional":true},"authentication_scheme":{"type":"string","description":"The authentication scheme used to connect to the proxy. Changes to this attribute are synchronized to HA mates via config-sync. The default value is `\"none\"`. The allowed values and their meaning are:\n\n\u003cpre\u003e\n\"none\" - No authentication.\n\"basic\" - Username/password authentication.\n\u003c/pre\u003e\n","description_kind":"markdown","optional":true},"enabled":{"type":"bool","description":"Enable or disable the proxy. When disabled, no connections are initiated to this particular Proxy. Changes to this attribute are synchronized to HA mates via config-sync. The default value is `false`.","description_kind":"markdown","optional":true},"host":{"type":"string","description":"The IP address or host name of the proxy. Changes to this attribute are synchronized to HA mates via config-sync. The default value is `\"\"`.","description_kind":"markdown","optional":true},"id":{"type":"string","description":"Identifier attribute, for internal use only.","description_kind":"plain","computed":true},"msg_vpn_name":{"type":"string","description":"The name of the Message VPN.","description_kind":"markdown","required":true},"port":{"type":"number","description":"The port to connect to on the proxy host. Changes to this attribute are synchronized to HA mates via config-sync. The default value is `0`.","description_kind":"markdown","optional":true},"proxy_name":{"type":"string","description":"The name of the proxy.","description_kind":"markdown","required":true},"proxy_type":{"type":"string","description":"The type of proxy. Changes to this attribute are synchronized to HA mates via config-sync. The default value is `\"direct\"`. The allowed values and their meaning are:\n\n\u003cpre\u003e\n\"direct\" - Direct connection (no proxy).\n\"http\" - HTTP proxy.\n\u003c/pre\u003e\n","description_kind":"markdown","optional":true}},"description":"Proxy objects define the connection parameters for a proxy server. To use a proxy for a particular connection such as a REST Consumer, select the proxy by name in the configuration for that object.\n\n\nAttribute|Identifying|Write-Only|Deprecated|Opaque\n:---|:---:|:---:|:---:|:---:\nauthentication_basic_password||x||x\nmsg_vpn_name|x|||\nproxy_name|x|||\n\n\n\nA SEMP client authorized with a minimum access scope/level of \"vpn/read-only\" is required to perform this operation.\n\nThis has been available since SEMP API version 2.36.","description_kind":"markdown"}},"solacebroker_msg_vpn_queue":{"version":0,"block":{"attributes":{"access_type":{"type":"string","description":"The access type for delivering messages to consumer flows bound to the Queue. Modifying this attribute while the object (or the relevant part of the object) is administratively enabled may be service impacting as egress_enabled will be temporarily set to false to apply the change. Changes to this attribute are synchronized to HA mates and replication sites via config-sync. The default value is `\"exclusive\"`. The allowed values and their meaning are:\n\n\u003cpre\u003e\n\"exclusive\" - Exclusive delivery of messages to the first bound consumer flow.\n\"non-exclusive\" - Non-exclusive delivery of messages to bound consumer flows in a round-robin (if partition count is zero) or partitioned (if partition count is non-zero) fashion.\n\u003c/pre\u003e\n","description_kind":"markdown","optional":true},"consumer_ack_propagation_enabled":{"type":"bool","description":"Enable or disable the propagation of consumer acknowledgments (ACKs) received on the active replication Message VPN to the standby replication Message VPN. Changes to this attribute are synchronized to HA mates and replication sites via config-sync. The default value is `true`.","description_kind":"markdown","optional":true},"dead_msg_queue":{"type":"string","description":"The name of the Dead Message Queue (DMQ) used by the Queue. Changes to this attribute are synchronized to HA mates and replication sites via config-sync. The default value is `\"#DEAD_MSG_QUEUE\"`. Available since SEMP API version 2.2.","description_kind":"markdown","optional":true},"delivery_count_enabled":{"type":"bool","description":"Enable or disable the ability for client applications to query the message delivery count of messages received from the Queue. This is a controlled availability feature. Please contact support to find out if this feature is supported for your use case. Changes to this attribute are synchronized to HA mates and replication sites via config-sync. The default value is `false`. Available since SEMP API version 2.19.","description_kind":"markdown","optional":true},"delivery_delay":{"type":"number","description":"The delay, in seconds, to apply to messages arriving on the Queue before the messages are eligible for delivery. Changes to this attribute are synchronized to HA mates and replication sites via config-sync. The default value is `0`. Available since SEMP API version 2.22.","description_kind":"markdown","optional":true},"egress_enabled":{"type":"bool","description":"Enable or disable the transmission of messages from the Queue. Changes to this attribute are synchronized to HA mates and replication sites via config-sync. The default value is `false`.","description_kind":"markdown","optional":true},"event_bind_count_threshold":{"nested_type":{"attributes":{"clear_percent":{"type":"number","description":"The clear threshold for the value of this counter as a percentage of its maximum value. Falling below this value will trigger a corresponding event. This attribute may not be returned in a GET.","description_kind":"markdown","optional":true},"clear_value":{"type":"number","description":"The clear threshold for the absolute value of this counter. Falling below this value will trigger a corresponding event. This attribute may not be returned in a GET.","description_kind":"markdown","optional":true},"set_percent":{"type":"number","description":"The set threshold for the value of this counter as a percentage of its maximum value. Exceeding this value will trigger a corresponding event. This attribute may not be returned in a GET.","description_kind":"markdown","optional":true},"set_value":{"type":"number","description":"The set threshold for the absolute value of this counter. Exceeding this value will trigger a corresponding event. This attribute may not be returned in a GET.","description_kind":"markdown","optional":true}},"nesting_mode":"single"},"description_kind":"plain","optional":true},"event_msg_spool_usage_threshold":{"nested_type":{"attributes":{"clear_percent":{"type":"number","description":"The clear threshold for the value of this counter as a percentage of its maximum value. Falling below this value will trigger a corresponding event. This attribute may not be returned in a GET.","description_kind":"markdown","optional":true},"clear_value":{"type":"number","description":"The clear threshold for the absolute value of this counter. Falling below this value will trigger a corresponding event. This attribute may not be returned in a GET.","description_kind":"markdown","optional":true},"set_percent":{"type":"number","description":"The set threshold for the value of this counter as a percentage of its maximum value. Exceeding this value will trigger a corresponding event. This attribute may not be returned in a GET.","description_kind":"markdown","optional":true},"set_value":{"type":"number","description":"The set threshold for the absolute value of this counter. Exceeding this value will trigger a corresponding event. This attribute may not be returned in a GET.","description_kind":"markdown","optional":true}},"nesting_mode":"single"},"description_kind":"plain","optional":true},"event_reject_low_priority_msg_limit_threshold":{"nested_type":{"attributes":{"clear_percent":{"type":"number","description":"The clear threshold for the value of this counter as a percentage of its maximum value. Falling below this value will trigger a corresponding event. This attribute may not be returned in a GET.","description_kind":"markdown","optional":true},"clear_value":{"type":"number","description":"The clear threshold for the absolute value of this counter. Falling below this value will trigger a corresponding event. This attribute may not be returned in a GET.","description_kind":"markdown","optional":true},"set_percent":{"type":"number","description":"The set threshold for the value of this counter as a percentage of its maximum value. Exceeding this value will trigger a corresponding event. This attribute may not be returned in a GET.","description_kind":"markdown","optional":true},"set_value":{"type":"number","description":"The set threshold for the absolute value of this counter. Exceeding this value will trigger a corresponding event. This attribute may not be returned in a GET.","description_kind":"markdown","optional":true}},"nesting_mode":"single"},"description_kind":"plain","optional":true},"id":{"type":"string","description":"Identifier attribute, for internal use only.","description_kind":"plain","computed":true},"ingress_enabled":{"type":"bool","description":"Enable or disable the reception of messages to the Queue. Changes to this attribute are synchronized to HA mates and replication sites via config-sync. The default value is `false`.","description_kind":"markdown","optional":true},"max_bind_count":{"type":"number","description":"The maximum number of consumer flows that can bind to the Queue. Changes to this attribute are synchronized to HA mates and replication sites via config-sync. The default value is `1000`.","description_kind":"markdown","optional":true},"max_delivered_unacked_msgs_per_flow":{"type":"number","description":"The maximum number of messages delivered but not acknowledged per flow for the Queue. Changes to this attribute are synchronized to HA mates and replication sites via config-sync. The default value is `10000`.","description_kind":"markdown","optional":true},"max_msg_size":{"type":"number","description":"The maximum message size allowed in the Queue, in bytes (B). Changes to this attribute are synchronized to HA mates and replication sites via config-sync. The default value is `10000000`.","description_kind":"markdown","optional":true},"max_msg_spool_usage":{"type":"number","description":"The maximum message spool usage allowed by the Queue, in megabytes (MB). A value of 0 only allows spooling of the last message received and disables quota checking. Changes to this attribute are synchronized to HA mates and replication sites via config-sync. The default value is `5000`.","description_kind":"markdown","optional":true},"max_redelivery_count":{"type":"number","description":"The maximum number of times the Queue will attempt redelivery of a message prior to it being discarded or moved to the DMQ. A value of 0 means to retry forever. Changes to this attribute are synchronized to HA mates and replication sites via config-sync. The default value is `0`.","description_kind":"markdown","optional":true},"max_ttl":{"type":"number","description":"The maximum time in seconds a message can stay in the Queue when `respect_ttl_enabled` is `\"true\"`. A message expires when the lesser of the sender assigned time-to-live (TTL) in the message and the `max_ttl` configured for the Queue, is exceeded. A value of 0 disables expiry. Changes to this attribute are synchronized to HA mates and replication sites via config-sync. The default value is `0`.","description_kind":"markdown","optional":true},"msg_vpn_name":{"type":"string","description":"The name of the Message VPN.","description_kind":"markdown","required":true},"owner":{"type":"string","description":"The Client Username that owns the Queue and has permission equivalent to `\"delete\"`. Modifying this attribute while the object (or the relevant part of the object) is administratively enabled may be service impacting as egress_enabled will be temporarily set to false to apply the change. Changes to this attribute are synchronized to HA mates and replication sites via config-sync. The default value is `\"\"`.","description_kind":"markdown","optional":true},"partition_count":{"type":"number","description":"The count of partitions of the queue. Only relevant for queues with an access type of non-exclusive. When zero, bound clients receive messages round-robin. Otherwise, bound clients receive messages from individually assigned partitions. Changes to this attribute are synchronized to HA mates and replication sites via config-sync. The default value is `0`. Available since SEMP API version 2.35.","description_kind":"markdown","optional":true},"partition_rebalance_delay":{"type":"number","description":"The delay (in seconds) before a partition rebalance is started once needed. Changes to this attribute are synchronized to HA mates and replication sites via config-sync. The default value is `5`. Available since SEMP API version 2.35.","description_kind":"markdown","optional":true},"partition_rebalance_max_handoff_time":{"type":"number","description":"The maximum time (in seconds) to wait before handing off a partition while rebalancing. Changes to this attribute are synchronized to HA mates and replication sites via config-sync. The default value is `3`. Available since SEMP API version 2.35.","description_kind":"markdown","optional":true},"permission":{"type":"string","description":"The permission level for all consumers of the Queue, excluding the owner. Modifying this attribute while the object (or the relevant part of the object) is administratively enabled may be service impacting as egress_enabled will be temporarily set to false to apply the change. Changes to this attribute are synchronized to HA mates and replication sites via config-sync. The default value is `\"no-access\"`. The allowed values and their meaning are:\n\n\u003cpre\u003e\n\"no-access\" - Disallows all access.\n\"read-only\" - Read-only access to the messages.\n\"consume\" - Consume (read and remove) messages.\n\"modify-topic\" - Consume messages or modify the topic/selector.\n\"delete\" - Consume messages, modify the topic/selector or delete the Client created endpoint altogether.\n\u003c/pre\u003e\n","description_kind":"markdown","optional":true},"queue_name":{"type":"string","description":"The name of the Queue.","description_kind":"markdown","required":true},"redelivery_delay_enabled":{"type":"bool","description":"Enable or disable a message redelivery delay. When false, messages are redelivered as soon as possible.  When true, messages are redelivered according to the initial, max and multiplier.  This should only be enabled when redelivery is enabled. Modifying this attribute while the object (or the relevant part of the object) is administratively enabled may be service impacting as egress_enabled will be temporarily set to false to apply the change. Changes to this attribute are synchronized to HA mates and replication sites via config-sync. The default value is `false`. Available since SEMP API version 2.33.","description_kind":"markdown","optional":true},"redelivery_delay_initial_interval":{"type":"number","description":"The delay to be used between the first 2 redelivery attempts.  This value is in milliseconds. Modifying this attribute while the object (or the relevant part of the object) is administratively enabled may be service impacting as egress_enabled will be temporarily set to false to apply the change. Changes to this attribute are synchronized to HA mates and replication sites via config-sync. The default value is `1000`. Available since SEMP API version 2.33.","description_kind":"markdown","optional":true},"redelivery_delay_max_interval":{"type":"number","description":"The maximum delay to be used between any 2 redelivery attempts.  This value is in milliseconds.  Due to technical limitations, some redelivery attempt delays may slightly exceed this value. Modifying this attribute while the object (or the relevant part of the object) is administratively enabled may be service impacting as egress_enabled will be temporarily set to false to apply the change. Changes to this attribute are synchronized to HA mates and replication sites via config-sync. The default value is `64000`. Available since SEMP API version 2.33.","description_kind":"markdown","optional":true},"redelivery_delay_multiplier":{"type":"number","description":"The amount each delay interval is multiplied by after each failed delivery attempt.  This number is in a fixed-point decimal format in which you must divide by 100 to get the floating point value. For example, a value of 125 would cause the delay to be multiplied by 1.25. Modifying this attribute while the object (or the relevant part of the object) is administratively enabled may be service impacting as egress_enabled will be temporarily set to false to apply the change. Changes to this attribute are synchronized to HA mates and replication sites via config-sync. The default value is `200`. Available since SEMP API version 2.33.","description_kind":"markdown","optional":true},"redelivery_enabled":{"type":"bool","description":"Enable or disable message redelivery. When enabled, the number of redelivery attempts is controlled by max_redelivery_count. When disabled, the message will never be delivered from the queue more than once. Changes to this attribute are synchronized to HA mates and replication sites via config-sync. The default value is `true`. Available since SEMP API version 2.18.","description_kind":"markdown","optional":true},"reject_low_priority_msg_enabled":{"type":"bool","description":"Enable or disable the checking of low priority messages against the `reject_low_priority_msg_limit`. This may only be enabled if `reject_msg_to_sender_on_discard_behavior` does not have a value of `\"never\"`. Changes to this attribute are synchronized to HA mates and replication sites via config-sync. The default value is `false`.","description_kind":"markdown","optional":true},"reject_low_priority_msg_limit":{"type":"number","description":"The number of messages of any priority in the Queue above which low priority messages are not admitted but higher priority messages are allowed. Changes to this attribute are synchronized to HA mates and replication sites via config-sync. The default value is `0`.","description_kind":"markdown","optional":true},"reject_msg_to_sender_on_discard_behavior":{"type":"string","description":"Determines when to return negative acknowledgments (NACKs) to sending clients on message discards. Note that NACKs cause the message to not be delivered to any destination and Transacted Session commits to fail. Modifying this attribute while the object (or the relevant part of the object) is administratively enabled may be service impacting as reject_low_priority_msg_enabled will be temporarily set to false to apply the change. Changes to this attribute are synchronized to HA mates and replication sites via config-sync. The default value is `\"when-queue-enabled\"`. The allowed values and their meaning are:\n\n\u003cpre\u003e\n\"never\" - Silently discard messages.\n\"when-queue-enabled\" - NACK each message discard back to the client, except messages that are discarded because an endpoint is administratively disabled.\n\"always\" - NACK each message discard back to the client, including messages that are discarded because an endpoint is administratively disabled.\n\u003c/pre\u003e\n Available since SEMP API version 2.1.","description_kind":"markdown","optional":true},"respect_msg_priority_enabled":{"type":"bool","description":"Enable or disable the respecting of message priority. When enabled, messages contained in the Queue are delivered in priority order, from 9 (highest) to 0 (lowest). Regardless of this setting, message priority is not respected when browsing the queue, when the queue is used by a bridge, or if the queue is partitioned. Modifying this attribute while the object (or the relevant part of the object) is administratively enabled may be service impacting as egress_enabled and ingress_enabled will be temporarily set to false to apply the change. Changes to this attribute are synchronized to HA mates and replication sites via config-sync. The default value is `false`. Available since SEMP API version 2.8.","description_kind":"markdown","optional":true},"respect_ttl_enabled":{"type":"bool","description":"Enable or disable the respecting of the time-to-live (TTL) for messages in the Queue. When enabled, expired messages are discarded or moved to the DMQ. Changes to this attribute are synchronized to HA mates and replication sites via config-sync. The default value is `false`.","description_kind":"markdown","optional":true}},"description":"A Queue acts as both a destination that clients can publish messages to, and as an endpoint that clients can bind consumers to and consume messages from.\n\n\nAttribute|Identifying|Write-Only|Deprecated|Opaque\n:---|:---:|:---:|:---:|:---:\nmsg_vpn_name|x|||\nqueue_name|x|||\n\n\n\nA SEMP client authorized with a minimum access scope/level of \"vpn/read-only\" is required to perform this operation.\n\nThis has been available since SEMP API version 2.0.","description_kind":"markdown"}},"solacebroker_msg_vpn_queue_subscription":{"version":0,"block":{"attributes":{"id":{"type":"string","description":"Identifier attribute, for internal use only.","description_kind":"plain","computed":true},"msg_vpn_name":{"type":"string","description":"The name of the Message VPN.","description_kind":"markdown","required":true},"queue_name":{"type":"string","description":"The name of the Queue.","description_kind":"markdown","required":true},"subscription_topic":{"type":"string","description":"The topic of the Subscription.","description_kind":"markdown","required":true}},"description":"One or more Queue Subscriptions can be added to a durable queue so that Guaranteed messages published to matching topics are also delivered to and spooled by the queue.\n\n\nAttribute|Identifying|Write-Only|Deprecated|Opaque\n:---|:---:|:---:|:---:|:---:\nmsg_vpn_name|x|||\nqueue_name|x|||\nsubscription_topic|x|||\n\n\n\nA SEMP client authorized with a minimum access scope/level of \"vpn/read-only\" is required to perform this operation.\n\nThis has been available since SEMP API version 2.0.","description_kind":"markdown"}},"solacebroker_msg_vpn_queue_template":{"version":0,"block":{"attributes":{"access_type":{"type":"string","description":"The access type for delivering messages to consumer flows. Changes to this attribute are synchronized to HA mates and replication sites via config-sync. The default value is `\"exclusive\"`. The allowed values and their meaning are:\n\n\u003cpre\u003e\n\"exclusive\" - Exclusive delivery of messages to the first bound consumer flow.\n\"non-exclusive\" - Non-exclusive delivery of messages to bound consumer flows in a round-robin (if partition count is zero) or partitioned (if partition count is non-zero) fashion.\n\u003c/pre\u003e\n","description_kind":"markdown","optional":true},"consumer_ack_propagation_enabled":{"type":"bool","description":"Enable or disable the propagation of consumer acknowledgments (ACKs) received on the active replication Message VPN to the standby replication Message VPN. Changes to this attribute are synchronized to HA mates and replication sites via config-sync. The default value is `true`.","description_kind":"markdown","optional":true},"dead_msg_queue":{"type":"string","description":"The name of the Dead Message Queue (DMQ). Changes to this attribute are synchronized to HA mates and replication sites via config-sync. The default value is `\"#DEAD_MSG_QUEUE\"`.","description_kind":"markdown","optional":true},"delivery_delay":{"type":"number","description":"The delay, in seconds, to apply to messages arriving on the Queue before the messages are eligible for delivery. This attribute does not apply to MQTT queues created from this template, but it may apply in future releases. Therefore, to maintain forward compatibility, do not set this value on templates that might be used for MQTT queues. Changes to this attribute are synchronized to HA mates and replication sites via config-sync. The default value is `0`. Available since SEMP API version 2.22.","description_kind":"markdown","optional":true},"durability_override":{"type":"string","description":"Controls the durability of queues created from this template. If non-durable, the created queue will be non-durable, regardless of the specified durability. If none, the created queue will have the requested durability. Changes to this attribute are synchronized to HA mates and replication sites via config-sync. The default value is `\"none\"`. The allowed values and their meaning are:\n\n\u003cpre\u003e\n\"none\" - The durability of the endpoint will be as requested on create.\n\"non-durable\" - The durability of the created queue will be non-durable, regardless of what was requested.\n\u003c/pre\u003e\n","description_kind":"markdown","optional":true},"event_bind_count_threshold":{"nested_type":{"attributes":{"clear_percent":{"type":"number","description":"The clear threshold for the value of this counter as a percentage of its maximum value. Falling below this value will trigger a corresponding event. This attribute may not be returned in a GET.","description_kind":"markdown","optional":true},"clear_value":{"type":"number","description":"The clear threshold for the absolute value of this counter. Falling below this value will trigger a corresponding event. This attribute may not be returned in a GET.","description_kind":"markdown","optional":true},"set_percent":{"type":"number","description":"The set threshold for the value of this counter as a percentage of its maximum value. Exceeding this value will trigger a corresponding event. This attribute may not be returned in a GET.","description_kind":"markdown","optional":true},"set_value":{"type":"number","description":"The set threshold for the absolute value of this counter. Exceeding this value will trigger a corresponding event. This attribute may not be returned in a GET.","description_kind":"markdown","optional":true}},"nesting_mode":"single"},"description_kind":"plain","optional":true},"event_msg_spool_usage_threshold":{"nested_type":{"attributes":{"clear_percent":{"type":"number","description":"The clear threshold for the value of this counter as a percentage of its maximum value. Falling below this value will trigger a corresponding event. This attribute may not be returned in a GET.","description_kind":"markdown","optional":true},"clear_value":{"type":"number","description":"The clear threshold for the absolute value of this counter. Falling below this value will trigger a corresponding event. This attribute may not be returned in a GET.","description_kind":"markdown","optional":true},"set_percent":{"type":"number","description":"The set threshold for the value of this counter as a percentage of its maximum value. Exceeding this value will trigger a corresponding event. This attribute may not be returned in a GET.","description_kind":"markdown","optional":true},"set_value":{"type":"number","description":"The set threshold for the absolute value of this counter. Exceeding this value will trigger a corresponding event. This attribute may not be returned in a GET.","description_kind":"markdown","optional":true}},"nesting_mode":"single"},"description_kind":"plain","optional":true},"event_reject_low_priority_msg_limit_threshold":{"nested_type":{"attributes":{"clear_percent":{"type":"number","description":"The clear threshold for the value of this counter as a percentage of its maximum value. Falling below this value will trigger a corresponding event. This attribute may not be returned in a GET.","description_kind":"markdown","optional":true},"clear_value":{"type":"number","description":"The clear threshold for the absolute value of this counter. Falling below this value will trigger a corresponding event. This attribute may not be returned in a GET.","description_kind":"markdown","optional":true},"set_percent":{"type":"number","description":"The set threshold for the value of this counter as a percentage of its maximum value. Exceeding this value will trigger a corresponding event. This attribute may not be returned in a GET.","description_kind":"markdown","optional":true},"set_value":{"type":"number","description":"The set threshold for the absolute value of this counter. Exceeding this value will trigger a corresponding event. This attribute may not be returned in a GET.","description_kind":"markdown","optional":true}},"nesting_mode":"single"},"description_kind":"plain","optional":true},"id":{"type":"string","description":"Identifier attribute, for internal use only.","description_kind":"plain","computed":true},"max_bind_count":{"type":"number","description":"The maximum number of consumer flows that can bind. Changes to this attribute are synchronized to HA mates and replication sites via config-sync. The default value is `1000`.","description_kind":"markdown","optional":true},"max_delivered_unacked_msgs_per_flow":{"type":"number","description":"The maximum number of messages delivered but not acknowledged per flow. Changes to this attribute are synchronized to HA mates and replication sites via config-sync. The default value is `10000`.","description_kind":"markdown","optional":true},"max_msg_size":{"type":"number","description":"The maximum message size allowed, in bytes (B). Changes to this attribute are synchronized to HA mates and replication sites via config-sync. The default value is `10000000`.","description_kind":"markdown","optional":true},"max_msg_spool_usage":{"type":"number","description":"The maximum message spool usage allowed, in megabytes (MB). A value of 0 only allows spooling of the last message received and disables quota checking. Changes to this attribute are synchronized to HA mates and replication sites via config-sync. The default value is `5000`.","description_kind":"markdown","optional":true},"max_redelivery_count":{"type":"number","description":"The maximum number of message redelivery attempts that will occur prior to the message being discarded or moved to the DMQ. A value of 0 means to retry forever. Changes to this attribute are synchronized to HA mates and replication sites via config-sync. The default value is `0`.","description_kind":"markdown","optional":true},"max_ttl":{"type":"number","description":"The maximum time in seconds a message can stay in a Queue when `respect_ttl_enabled` is `\"true\"`. A message expires when the lesser of the sender assigned time-to-live (TTL) in the message and the `max_ttl` configured for the Queue, is exceeded. A value of 0 disables expiry. Changes to this attribute are synchronized to HA mates and replication sites via config-sync. The default value is `0`.","description_kind":"markdown","optional":true},"msg_vpn_name":{"type":"string","description":"The name of the Message VPN.","description_kind":"markdown","required":true},"permission":{"type":"string","description":"The permission level for all consumers, excluding the owner. Changes to this attribute are synchronized to HA mates and replication sites via config-sync. The default value is `\"no-access\"`. The allowed values and their meaning are:\n\n\u003cpre\u003e\n\"no-access\" - Disallows all access.\n\"read-only\" - Read-only access to the messages.\n\"consume\" - Consume (read and remove) messages.\n\"modify-topic\" - Consume messages or modify the topic/selector.\n\"delete\" - Consume messages, modify the topic/selector or delete the Client created endpoint altogether.\n\u003c/pre\u003e\n","description_kind":"markdown","optional":true},"queue_name_filter":{"type":"string","description":"A pattern used to determine which Queues use settings from this Template. Two different wildcards can be used in the pattern: * and \u003e. Similar to topic filters or subscription patterns, a \u003e matches anything (but only when used at the end), and a * matches zero or more characters but never a slash (/). A \u003e is only a wildcard when used at the end, after a /. A * is only allowed at the end, after a slash (/). Changes to this attribute are synchronized to HA mates and replication sites via config-sync. The default value is `\"\"`.","description_kind":"markdown","optional":true},"queue_template_name":{"type":"string","description":"The name of the Queue Template.","description_kind":"markdown","required":true},"redelivery_delay_enabled":{"type":"bool","description":"Enable or disable a message redelivery delay. When false, messages are redelivered as soon as possible.  When true, messages are redelivered according to the initial, max and multiplier.  This should only be enabled when redelivery is enabled. Changes to this attribute are synchronized to HA mates and replication sites via config-sync. The default value is `false`. Available since SEMP API version 2.33.","description_kind":"markdown","optional":true},"redelivery_delay_initial_interval":{"type":"number","description":"The delay to be used between the first 2 redelivery attempts.  This value is in milliseconds. Changes to this attribute are synchronized to HA mates and replication sites via config-sync. The default value is `1000`. Available since SEMP API version 2.33.","description_kind":"markdown","optional":true},"redelivery_delay_max_interval":{"type":"number","description":"The maximum delay to be used between any 2 redelivery attempts.  This value is in milliseconds.  Due to technical limitations, some redelivery attempt delays may slightly exceed this value. Changes to this attribute are synchronized to HA mates and replication sites via config-sync. The default value is `64000`. Available since SEMP API version 2.33.","description_kind":"markdown","optional":true},"redelivery_delay_multiplier":{"type":"number","description":"The amount each delay interval is multiplied by after each failed delivery attempt.  This number is in a fixed-point decimal format in which you must divide by 100 to get the floating point value. For example, a value of 125 would cause the delay to be multiplied by 1.25. Changes to this attribute are synchronized to HA mates and replication sites via config-sync. The default value is `200`. Available since SEMP API version 2.33.","description_kind":"markdown","optional":true},"redelivery_enabled":{"type":"bool","description":"Enable or disable message redelivery. When enabled, the number of redelivery attempts is controlled by max_redelivery_count. When disabled, the message will never be delivered from the queue more than once. Changes to this attribute are synchronized to HA mates and replication sites via config-sync. The default value is `true`. Available since SEMP API version 2.18.","description_kind":"markdown","optional":true},"reject_low_priority_msg_enabled":{"type":"bool","description":"Enable or disable the checking of low priority messages against the `reject_low_priority_msg_limit`. This may only be enabled if `reject_msg_to_sender_on_discard_behavior` does not have a value of `\"never\"`. Changes to this attribute are synchronized to HA mates and replication sites via config-sync. The default value is `false`.","description_kind":"markdown","optional":true},"reject_low_priority_msg_limit":{"type":"number","description":"The number of messages of any priority above which low priority messages are not admitted but higher priority messages are allowed. Changes to this attribute are synchronized to HA mates and replication sites via config-sync. The default value is `0`.","description_kind":"markdown","optional":true},"reject_msg_to_sender_on_discard_behavior":{"type":"string","description":"Determines when to return negative acknowledgments (NACKs) to sending clients on message discards. Note that NACKs prevent the message from being delivered to any destination and Transacted Session commits to fail. Changes to this attribute are synchronized to HA mates and replication sites via config-sync. The default value is `\"when-queue-enabled\"`. The allowed values and their meaning are:\n\n\u003cpre\u003e\n\"never\" - Silently discard messages.\n\"when-queue-enabled\" - NACK each message discard back to the client, except messages that are discarded because an endpoint is administratively disabled.\n\"always\" - NACK each message discard back to the client, including messages that are discarded because an endpoint is administratively disabled.\n\u003c/pre\u003e\n","description_kind":"markdown","optional":true},"respect_msg_priority_enabled":{"type":"bool","description":"Enable or disable the respecting of message priority. When enabled, messages are delivered in priority order, from 9 (highest) to 0 (lowest). Changes to this attribute are synchronized to HA mates and replication sites via config-sync. The default value is `false`.","description_kind":"markdown","optional":true},"respect_ttl_enabled":{"type":"bool","description":"Enable or disable the respecting of the time-to-live (TTL) for messages. When enabled, expired messages are discarded or moved to the DMQ. Changes to this attribute are synchronized to HA mates and replication sites via config-sync. The default value is `false`.","description_kind":"markdown","optional":true}},"description":"A Queue Template provides a mechanism for specifying the initial state for client created queues.\n\n\nAttribute|Identifying|Write-Only|Deprecated|Opaque\n:---|:---:|:---:|:---:|:---:\nmsg_vpn_name|x|||\nqueue_template_name|x|||\n\n\n\nA SEMP client authorized with a minimum access scope/level of \"vpn/read-only\" is required to perform this operation.\n\nThis has been available since SEMP API version 2.14.","description_kind":"markdown"}},"solacebroker_msg_vpn_replay_log":{"version":0,"block":{"attributes":{"egress_enabled":{"type":"bool","description":"Enable or disable the transmission of messages from the Replay Log. Changes to this attribute are synchronized to HA mates and replication sites via config-sync. The default value is `false`.","description_kind":"markdown","optional":true},"id":{"type":"string","description":"Identifier attribute, for internal use only.","description_kind":"plain","computed":true},"ingress_enabled":{"type":"bool","description":"Enable or disable the reception of messages to the Replay Log. Changes to this attribute are synchronized to HA mates and replication sites via config-sync. The default value is `false`.","description_kind":"markdown","optional":true},"max_spool_usage":{"type":"number","description":"The maximum spool usage allowed by the Replay Log, in megabytes (MB). If this limit is exceeded, old messages will be trimmed. Changes to this attribute are synchronized to HA mates and replication sites via config-sync. The default value is `0`.","description_kind":"markdown","optional":true},"msg_vpn_name":{"type":"string","description":"The name of the Message VPN.","description_kind":"markdown","required":true},"replay_log_name":{"type":"string","description":"The name of the Replay Log.","description_kind":"markdown","required":true},"topic_filter_enabled":{"type":"bool","description":"Enable or disable topic filtering for the Replay Log. Changes to this attribute are synchronized to HA mates and replication sites via config-sync. The default value is `false`. Available since SEMP API version 2.27.","description_kind":"markdown","optional":true}},"description":"When the Message Replay feature is enabled, message brokers store persistent messages in a Replay Log. These messages are kept until the log is full, after which the oldest messages are removed to free up space for new messages.\n\n\nAttribute|Identifying|Write-Only|Deprecated|Opaque\n:---|:---:|:---:|:---:|:---:\nmsg_vpn_name|x|||\nreplay_log_name|x|||\n\n\n\nA SEMP client authorized with a minimum access scope/level of \"vpn/read-only\" is required to perform this operation.\n\nThis has been available since SEMP API version 2.10.","description_kind":"markdown"}},"solacebroker_msg_vpn_replay_log_topic_filter_subscription":{"version":0,"block":{"attributes":{"id":{"type":"string","description":"Identifier attribute, for internal use only.","description_kind":"plain","computed":true},"msg_vpn_name":{"type":"string","description":"The name of the Message VPN.","description_kind":"markdown","required":true},"replay_log_name":{"type":"string","description":"The name of the Replay Log.","description_kind":"markdown","required":true},"topic_filter_subscription":{"type":"string","description":"The topic of the Subscription.","description_kind":"markdown","required":true}},"description":"One or more Subscriptions can be added to a replay-log so that only guaranteed messages published to matching topics are stored in the Replay Log.\n\n\nAttribute|Identifying|Write-Only|Deprecated|Opaque\n:---|:---:|:---:|:---:|:---:\nmsg_vpn_name|x|||\nreplay_log_name|x|||\ntopic_filter_subscription|x|||\n\n\n\nA SEMP client authorized with a minimum access scope/level of \"vpn/read-only\" is required to perform this operation.\n\nThis has been available since SEMP API version 2.27.","description_kind":"markdown"}},"solacebroker_msg_vpn_replicated_topic":{"version":0,"block":{"attributes":{"id":{"type":"string","description":"Identifier attribute, for internal use only.","description_kind":"plain","computed":true},"msg_vpn_name":{"type":"string","description":"The name of the Message VPN.","description_kind":"markdown","required":true},"replicated_topic":{"type":"string","description":"The topic for applying replication. Published messages matching this topic will be replicated to the standby site.","description_kind":"markdown","required":true},"replication_mode":{"type":"string","description":"The replication mode for the Replicated Topic. Changes to this attribute are synchronized to HA mates and replication sites via config-sync. The default value is `\"async\"`. The allowed values and their meaning are:\n\n\u003cpre\u003e\n\"sync\" - Messages are acknowledged when replicated (spooled remotely).\n\"async\" - Messages are acknowledged when pending replication (spooled locally).\n\u003c/pre\u003e\n","description_kind":"markdown","optional":true}},"description":"To indicate which messages should be replicated between the active and standby site, a Replicated Topic subscription must be configured on a Message VPN. If a published message matches both a replicated topic and an endpoint on the active site, then the message is replicated to the standby site.\n\n\nAttribute|Identifying|Write-Only|Deprecated|Opaque\n:---|:---:|:---:|:---:|:---:\nmsg_vpn_name|x|||\nreplicated_topic|x|||\n\n\n\nA SEMP client authorized with a minimum access scope/level of \"vpn/read-only\" is required to perform this operation.\n\nThis has been available since SEMP API version 2.1.","description_kind":"markdown"}},"solacebroker_msg_vpn_rest_delivery_point":{"version":0,"block":{"attributes":{"client_profile_name":{"type":"string","description":"The Client Profile of the REST Delivery Point. It must exist in the local Message VPN. Its TCP parameters are used for all REST Consumers in this RDP. Its queue properties are used by the RDP client. The Client Profile is used inside the auto-generated Client Username for this RDP. Modifying this attribute while the object (or the relevant part of the object) is administratively enabled may be service impacting as enabled will be temporarily set to false to apply the change. Changes to this attribute are synchronized to HA mates and replication sites via config-sync. The default value is `\"default\"`.","description_kind":"markdown","optional":true},"enabled":{"type":"bool","description":"Enable or disable the REST Delivery Point. When disabled, no connections are initiated or messages delivered to any of the contained REST Consumers. Changes to this attribute are synchronized to HA mates and replication sites via config-sync. The default value is `false`.","description_kind":"markdown","optional":true},"id":{"type":"string","description":"Identifier attribute, for internal use only.","description_kind":"plain","computed":true},"msg_vpn_name":{"type":"string","description":"The name of the Message VPN.","description_kind":"markdown","required":true},"rest_delivery_point_name":{"type":"string","description":"The name of the REST Delivery Point.","description_kind":"markdown","required":true},"service":{"type":"string","description":"The name of the service that this REST Delivery Point connects to. Internally the broker does not use this value; it is informational only. Changes to this attribute are synchronized to HA mates and replication sites via config-sync. The default value is `\"\"`. Available since SEMP API version 2.19.","description_kind":"markdown","optional":true},"vendor":{"type":"string","description":"The name of the vendor that this REST Delivery Point connects to. Internally the broker does not use this value; it is informational only. Changes to this attribute are synchronized to HA mates and replication sites via config-sync. The default value is `\"\"`. Available since SEMP API version 2.19.","description_kind":"markdown","optional":true}},"description":"A REST Delivery Point manages delivery of messages from queues to a named list of REST Consumers.\n\n\nAttribute|Identifying|Write-Only|Deprecated|Opaque\n:---|:---:|:---:|:---:|:---:\nmsg_vpn_name|x|||\nrest_delivery_point_name|x|||\n\n\n\nA SEMP client authorized with a minimum access scope/level of \"vpn/read-only\" is required to perform this operation.\n\nThis has been available since SEMP API version 2.0.","description_kind":"markdown"}},"solacebroker_msg_vpn_rest_delivery_point_queue_binding":{"version":0,"block":{"attributes":{"gateway_replace_target_authority_enabled":{"type":"bool","description":"Enable or disable whether the authority for the request-target is replaced with that configured for the REST Consumer remote. When enabled, the broker sends HTTP requests in absolute-form, with the request-target's authority taken from the REST Consumer's remote host and port configuration. When disabled, the broker sends HTTP requests whose request-target matches that of the original request message, including whether to use absolute-form or origin-form. This configuration is applicable only when the Message VPN is in REST gateway mode. Changes to this attribute are synchronized to HA mates and replication sites via config-sync. The default value is `false`. Available since SEMP API version 2.6.","description_kind":"markdown","optional":true},"id":{"type":"string","description":"Identifier attribute, for internal use only.","description_kind":"plain","computed":true},"msg_vpn_name":{"type":"string","description":"The name of the Message VPN.","description_kind":"markdown","required":true},"post_request_target":{"type":"string","description":"The request-target string to use when sending requests. It identifies the target resource on the far-end REST Consumer upon which to apply the request. There are generally two common forms for the request-target. The origin-form is most often used in practice and contains the path and query components of the target URI. If the path component is empty then the client must generally send a \"/\" as the path. When making a request to a proxy, most often the absolute-form is required. This configuration is only applicable when the Message VPN is in REST messaging mode. Changes to this attribute are synchronized to HA mates and replication sites via config-sync. The default value is `\"\"`.","description_kind":"markdown","optional":true},"queue_binding_name":{"type":"string","description":"The name of a queue in the Message VPN.","description_kind":"markdown","required":true},"request_target_evaluation":{"type":"string","description":"The type of evaluation to perform on the request target. Changes to this attribute are synchronized to HA mates and replication sites via config-sync. The default value is `\"none\"`. The allowed values and their meaning are:\n\n\u003cpre\u003e\n\"none\" - Do not evaluate substitution expressions on the request target.\n\"substitution-expressions\" - Evaluate substitution expressions on the request target.\n\u003c/pre\u003e\n Available since SEMP API version 2.23.","description_kind":"markdown","optional":true},"rest_delivery_point_name":{"type":"string","description":"The name of the REST Delivery Point.","description_kind":"markdown","required":true}},"description":"A Queue Binding for a REST Delivery Point attracts messages to be delivered to REST consumers. If the queue does not exist it can be created subsequently, and once the queue is operational the broker performs the queue binding. Removing the queue binding does not delete the queue itself. Similarly, removing the queue does not remove the queue binding, which fails until the queue is recreated or the queue binding is deleted.\n\n\nAttribute|Identifying|Write-Only|Deprecated|Opaque\n:---|:---:|:---:|:---:|:---:\nmsg_vpn_name|x|||\nqueue_binding_name|x|||\nrest_delivery_point_name|x|||\n\n\n\nA SEMP client authorized with a minimum access scope/level of \"vpn/read-only\" is required to perform this operation.\n\nThis has been available since SEMP API version 2.0.","description_kind":"markdown"}},"solacebroker_msg_vpn_rest_delivery_point_queue_binding_protected_request_header":{"version":0,"block":{"attributes":{"header_name":{"type":"string","description":"The name of the protected HTTP request header.","description_kind":"markdown","required":true},"header_value":{"type":"string","description":"The value of the protected HTTP request header. Unlike a non-protected request header, this value cannot be displayed after it is set, and does not support substitution expressions. This attribute is absent from a GET and not updated when absent in a PUT, subject to the exceptions in note 4 (refer to the `Notes` section in the SEMP API `Config reference`). Changes to this attribute are synchronized to HA mates and replication sites via config-sync. The default value is `\"\"`.","description_kind":"markdown","optional":true,"sensitive":true},"id":{"type":"string","description":"Identifier attribute, for internal use only.","description_kind":"plain","computed":true},"msg_vpn_name":{"type":"string","description":"The name of the Message VPN.","description_kind":"markdown","required":true},"queue_binding_name":{"type":"string","description":"The name of a queue in the Message VPN.","description_kind":"markdown","required":true},"rest_delivery_point_name":{"type":"string","description":"The name of the REST Delivery Point.","description_kind":"markdown","required":true}},"description":"A protected request header to be added to the HTTP request. Unlike a non-protected request header, the header value cannot be displayed after it is set.\n\n\nAttribute|Identifying|Write-Only|Deprecated|Opaque\n:---|:---:|:---:|:---:|:---:\nheader_name|x|||\nheader_value||x||x\nmsg_vpn_name|x|||\nqueue_binding_name|x|||\nrest_delivery_point_name|x|||\n\n\n\nA SEMP client authorized with a minimum access scope/level of \"vpn/read-only\" is required to perform this operation.\n\nThis has been available since SEMP API version 2.30.","description_kind":"markdown"}},"solacebroker_msg_vpn_rest_delivery_point_queue_binding_request_header":{"version":0,"block":{"attributes":{"header_name":{"type":"string","description":"The name of the HTTP request header.","description_kind":"markdown","required":true},"header_value":{"type":"string","description":"A substitution expression for the value of the HTTP request header. Changes to this attribute are synchronized to HA mates and replication sites via config-sync. The default value is `\"\"`.","description_kind":"markdown","optional":true},"id":{"type":"string","description":"Identifier attribute, for internal use only.","description_kind":"plain","computed":true},"msg_vpn_name":{"type":"string","description":"The name of the Message VPN.","description_kind":"markdown","required":true},"queue_binding_name":{"type":"string","description":"The name of a queue in the Message VPN.","description_kind":"markdown","required":true},"rest_delivery_point_name":{"type":"string","description":"The name of the REST Delivery Point.","description_kind":"markdown","required":true}},"description":"A request header to be added to the HTTP request.\n\n\nAttribute|Identifying|Write-Only|Deprecated|Opaque\n:---|:---:|:---:|:---:|:---:\nheader_name|x|||\nmsg_vpn_name|x|||\nqueue_binding_name|x|||\nrest_delivery_point_name|x|||\n\n\n\nA SEMP client authorized with a minimum access scope/level of \"vpn/read-only\" is required to perform this operation.\n\nThis has been available since SEMP API version 2.23.","description_kind":"markdown"}},"solacebroker_msg_vpn_rest_delivery_point_rest_consumer":{"version":0,"block":{"attributes":{"authentication_aws_access_key_id":{"type":"string","description":"The AWS access key id. Changes to this attribute are synchronized to HA mates and replication sites via config-sync. The default value is `\"\"`. Available since SEMP API version 2.26.","description_kind":"markdown","optional":true},"authentication_aws_region":{"type":"string","description":"The AWS region id. Changes to this attribute are synchronized to HA mates and replication sites via config-sync. The default value is `\"\"`. Available since SEMP API version 2.26.","description_kind":"markdown","optional":true},"authentication_aws_secret_access_key":{"type":"string","description":"The AWS secret access key. This attribute is absent from a GET and not updated when absent in a PUT, subject to the exceptions in note 4 (refer to the `Notes` section in the SEMP API `Config reference`). Changes to this attribute are synchronized to HA mates and replication sites via config-sync. The default value is `\"\"`. Available since SEMP API version 2.26.","description_kind":"markdown","optional":true,"sensitive":true},"authentication_aws_service":{"type":"string","description":"The AWS service id. Changes to this attribute are synchronized to HA mates and replication sites via config-sync. The default value is `\"\"`. Available since SEMP API version 2.26.","description_kind":"markdown","optional":true},"authentication_client_cert_content":{"type":"string","description":"The PEM formatted content for the client certificate that the REST Consumer will present to the REST host. It must consist of a private key and between one and three certificates comprising the certificate trust chain. This attribute is absent from a GET and not updated when absent in a PUT, subject to the exceptions in note 4 (refer to the `Notes` section in the SEMP API `Config reference`). Modifying this attribute while the object (or the relevant part of the object) is administratively enabled may be service impacting as enabled will be temporarily set to false to apply the change. The default value is `\"\"`. Available since SEMP API version 2.9.","description_kind":"markdown","optional":true,"sensitive":true},"authentication_client_cert_password":{"type":"string","description":"The password for the client certificate. This attribute is absent from a GET and not updated when absent in a PUT, subject to the exceptions in note 4 (refer to the `Notes` section in the SEMP API `Config reference`). Modifying this attribute while the object (or the relevant part of the object) is administratively enabled may be service impacting as enabled will be temporarily set to false to apply the change. The default value is `\"\"`. Available since SEMP API version 2.9.","description_kind":"markdown","optional":true,"sensitive":true},"authentication_http_basic_password":{"type":"string","description":"The password for the username. This attribute is absent from a GET and not updated when absent in a PUT, subject to the exceptions in note 4 (refer to the `Notes` section in the SEMP API `Config reference`). Modifying this attribute while the object (or the relevant part of the object) is administratively enabled may be service impacting as enabled will be temporarily set to false to apply the change. Changes to this attribute are synchronized to HA mates and replication sites via config-sync. The default value is `\"\"`.","description_kind":"markdown","optional":true,"sensitive":true},"authentication_http_basic_username":{"type":"string","description":"The username that the REST Consumer will use to login to the REST host. Normally a username is only configured when basic authentication is selected for the REST Consumer. Modifying this attribute while the object (or the relevant part of the object) is administratively enabled may be service impacting as enabled will be temporarily set to false to apply the change. Changes to this attribute are synchronized to HA mates and replication sites via config-sync. The default value is `\"\"`.","description_kind":"markdown","optional":true},"authentication_http_header_name":{"type":"string","description":"The authentication header name. Changes to this attribute are synchronized to HA mates and replication sites via config-sync. The default value is `\"\"`. Available since SEMP API version 2.15.","description_kind":"markdown","optional":true},"authentication_http_header_value":{"type":"string","description":"The authentication header value. This attribute is absent from a GET and not updated when absent in a PUT, subject to the exceptions in note 4 (refer to the `Notes` section in the SEMP API `Config reference`). Changes to this attribute are synchronized to HA mates and replication sites via config-sync. The default value is `\"\"`. Available since SEMP API version 2.15.","description_kind":"markdown","optional":true,"sensitive":true},"authentication_oauth_client_id":{"type":"string","description":"The OAuth client ID. Modifying this attribute while the object (or the relevant part of the object) is administratively enabled may be service impacting as enabled will be temporarily set to false to apply the change. Changes to this attribute are synchronized to HA mates and replication sites via config-sync. The default value is `\"\"`. Available since SEMP API version 2.19.","description_kind":"markdown","optional":true},"authentication_oauth_client_scope":{"type":"string","description":"The OAuth scope. Modifying this attribute while the object (or the relevant part of the object) is administratively enabled may be service impacting as enabled will be temporarily set to false to apply the change. Changes to this attribute are synchronized to HA mates and replication sites via config-sync. The default value is `\"\"`. Available since SEMP API version 2.19.","description_kind":"markdown","optional":true},"authentication_oauth_client_secret":{"type":"string","description":"The OAuth client secret. This attribute is absent from a GET and not updated when absent in a PUT, subject to the exceptions in note 4 (refer to the `Notes` section in the SEMP API `Config reference`). Modifying this attribute while the object (or the relevant part of the object) is administratively enabled may be service impacting as enabled will be temporarily set to false to apply the change. Changes to this attribute are synchronized to HA mates and replication sites via config-sync. The default value is `\"\"`. Available since SEMP API version 2.19.","description_kind":"markdown","optional":true,"sensitive":true},"authentication_oauth_client_token_endpoint":{"type":"string","description":"The OAuth token endpoint URL that the REST Consumer will use to request a token for login to the REST host. Must begin with \"https\". Modifying this attribute while the object (or the relevant part of the object) is administratively enabled may be service impacting as enabled will be temporarily set to false to apply the change. Changes to this attribute are synchronized to HA mates and replication sites via config-sync. The default value is `\"\"`. Available since SEMP API version 2.19.","description_kind":"markdown","optional":true},"authentication_oauth_client_token_expiry_default":{"type":"number","description":"The default expiry time for a token, in seconds. Only used when the token endpoint does not return an expiry time. Changes to this attribute are synchronized to HA mates and replication sites via config-sync. Modifying this attribute while the object (or the relevant part of the object) is administratively enabled may be service impacting as enabled will be temporarily set to false to apply the change. Changes to this attribute are synchronized to HA mates and replication sites via config-sync. The default value is `900`. Available since SEMP API version 2.30.","description_kind":"markdown","optional":true},"authentication_oauth_jwt_secret_key":{"type":"string","description":"The OAuth secret key used to sign the token request JWT. This attribute is absent from a GET and not updated when absent in a PUT, subject to the exceptions in note 4 (refer to the `Notes` section in the SEMP API `Config reference`). Modifying this attribute while the object (or the relevant part of the object) is administratively enabled may be service impacting as enabled will be temporarily set to false to apply the change. Changes to this attribute are synchronized to HA mates and replication sites via config-sync. The default value is `\"\"`. Available since SEMP API version 2.21.","description_kind":"markdown","optional":true,"sensitive":true},"authentication_oauth_jwt_token_endpoint":{"type":"string","description":"The OAuth token endpoint URL that the REST Consumer will use to request a token for login to the REST host. Modifying this attribute while the object (or the relevant part of the object) is administratively enabled may be service impacting as enabled will be temporarily set to false to apply the change. Changes to this attribute are synchronized to HA mates and replication sites via config-sync. The default value is `\"\"`. Available since SEMP API version 2.21.","description_kind":"markdown","optional":true},"authentication_oauth_jwt_token_expiry_default":{"type":"number","description":"The default expiry time for a token, in seconds. Only used when the token endpoint does not return an expiry time. Changes to this attribute are synchronized to HA mates and replication sites via config-sync. Modifying this attribute while the object (or the relevant part of the object) is administratively enabled may be service impacting as enabled will be temporarily set to false to apply the change. Changes to this attribute are synchronized to HA mates and replication sites via config-sync. The default value is `900`. Available since SEMP API version 2.30.","description_kind":"markdown","optional":true},"authentication_scheme":{"type":"string","description":"The authentication scheme used by the REST Consumer to login to the REST host. Modifying this attribute while the object (or the relevant part of the object) is administratively enabled may be service impacting as enabled will be temporarily set to false to apply the change. Changes to this attribute are synchronized to HA mates and replication sites via config-sync. The default value is `\"none\"`. The allowed values and their meaning are:\n\n\u003cpre\u003e\n\"none\" - Login with no authentication. This may be useful for anonymous connections or when a REST Consumer does not require authentication.\n\"http-basic\" - Login with a username and optional password according to HTTP Basic authentication as per RFC 2616.\n\"client-certificate\" - Login with a client TLS certificate as per RFC 5246. Client certificate authentication is only available on TLS connections.\n\"http-header\" - Login with a specified HTTP header.\n\"oauth-client\" - Login with OAuth 2.0 client credentials.\n\"oauth-jwt\" - Login with OAuth (RFC 7523 JWT Profile).\n\"transparent\" - Login using the Authorization header from the message properties, if present. Transparent authentication passes along existing Authorization header metadata instead of discarding it. Note that if the message is coming from a REST producer, the REST service must be configured to forward the Authorization header.\n\"aws\" - Login using AWS Signature Version 4 authentication (AWS4-HMAC-SHA256).\n\u003c/pre\u003e\n","description_kind":"markdown","optional":true},"enabled":{"type":"bool","description":"Enable or disable the REST Consumer. When disabled, no connections are initiated or messages delivered to this particular REST Consumer. Changes to this attribute are synchronized to HA mates and replication sites via config-sync. The default value is `false`.","description_kind":"markdown","optional":true},"http_method":{"type":"string","description":"The HTTP method to use (POST or PUT). This is used only when operating in the REST service \"messaging\" mode and is ignored in \"gateway\" mode. Changes to this attribute are synchronized to HA mates and replication sites via config-sync. The default value is `\"post\"`. The allowed values and their meaning are:\n\n\u003cpre\u003e\n\"post\" - Use the POST HTTP method.\n\"put\" - Use the PUT HTTP method.\n\u003c/pre\u003e\n Available since SEMP API version 2.17.","description_kind":"markdown","optional":true},"id":{"type":"string","description":"Identifier attribute, for internal use only.","description_kind":"plain","computed":true},"local_interface":{"type":"string","description":"The interface that will be used for all outgoing connections associated with the REST Consumer. When unspecified, an interface is automatically chosen. Changes to this attribute are synchronized to HA mates and replication sites via config-sync. The default value is `\"\"`.","description_kind":"markdown","optional":true},"max_post_wait_time":{"type":"number","description":"The maximum amount of time (in seconds) to wait for an HTTP POST response from the REST Consumer. Once this time is exceeded, the TCP connection is reset. Changes to this attribute are synchronized to HA mates and replication sites via config-sync. The default value is `30`.","description_kind":"markdown","optional":true},"msg_vpn_name":{"type":"string","description":"The name of the Message VPN.","description_kind":"markdown","required":true},"outgoing_connection_count":{"type":"number","description":"The number of concurrent TCP connections open to the REST Consumer. Modifying this attribute while the object (or the relevant part of the object) is administratively enabled may be service impacting as enabled will be temporarily set to false to apply the change. Changes to this attribute are synchronized to HA mates and replication sites via config-sync. The default value is `3`.","description_kind":"markdown","optional":true},"proxy_name":{"type":"string","description":"The name of the proxy to use. Leave empty for no proxy. Changes to this attribute are synchronized to HA mates and replication sites via config-sync. The default value is `\"\"`. Available since SEMP API version 2.36.","description_kind":"markdown","optional":true},"remote_host":{"type":"string","description":"The IP address or DNS name to which the broker is to connect to deliver messages for the REST Consumer. A host value must be configured for the REST Consumer to be operationally up. Modifying this attribute while the object (or the relevant part of the object) is administratively enabled may be service impacting as enabled will be temporarily set to false to apply the change. Changes to this attribute are synchronized to HA mates and replication sites via config-sync. The default value is `\"\"`.","description_kind":"markdown","optional":true},"remote_port":{"type":"number","description":"The port associated with the host of the REST Consumer. Modifying this attribute while the object (or the relevant part of the object) is administratively enabled may be service impacting as enabled will be temporarily set to false to apply the change. Changes to this attribute are synchronized to HA mates and replication sites via config-sync. The default value is `8080`.","description_kind":"markdown","optional":true},"rest_consumer_name":{"type":"string","description":"The name of the REST Consumer.","description_kind":"markdown","required":true},"rest_delivery_point_name":{"type":"string","description":"The name of the REST Delivery Point.","description_kind":"markdown","required":true},"retry_delay":{"type":"number","description":"The number of seconds that must pass before retrying the remote REST Consumer connection. Changes to this attribute are synchronized to HA mates and replication sites via config-sync. The default value is `3`.","description_kind":"markdown","optional":true},"tls_cipher_suite_list":{"type":"string","description":"The colon-separated list of cipher suites the REST Consumer uses in its encrypted connection. The value `\"default\"` implies all supported suites ordered from most secure to least secure. The list of default cipher suites is available in the `tlsCipherSuiteMsgBackboneDefaultList` attribute of the broker object in the Monitoring API. The REST Consumer should choose the first suite from this list that it supports. Modifying this attribute while the object (or the relevant part of the object) is administratively enabled may be service impacting as enabled will be temporarily set to false to apply the change. Changes to this attribute are synchronized to HA mates and replication sites via config-sync. The default value is `\"default\"`.","description_kind":"markdown","optional":true},"tls_enabled":{"type":"bool","description":"Enable or disable encryption (TLS) for the REST Consumer. Modifying this attribute while the object (or the relevant part of the object) is administratively enabled may be service impacting as enabled will be temporarily set to false to apply the change. Changes to this attribute are synchronized to HA mates and replication sites via config-sync. The default value is `false`.","description_kind":"markdown","optional":true}},"description":"REST Consumer objects establish HTTP connectivity to REST consumer applications who wish to receive messages from a broker.\n\n\nAttribute|Identifying|Write-Only|Deprecated|Opaque\n:---|:---:|:---:|:---:|:---:\nauthentication_aws_secret_access_key||x||x\nauthentication_client_cert_content||x||x\nauthentication_client_cert_password||x||\nauthentication_http_basic_password||x||x\nauthentication_http_header_value||x||x\nauthentication_oauth_client_secret||x||x\nauthentication_oauth_jwt_secret_key||x||x\nmsg_vpn_name|x|||\nrest_consumer_name|x|||\nrest_delivery_point_name|x|||\n\n\n\nA SEMP client authorized with a minimum access scope/level of \"vpn/read-only\" is required to perform this operation.\n\nThis has been available since SEMP API version 2.0.","description_kind":"markdown"}},"solacebroker_msg_vpn_rest_delivery_point_rest_consumer_oauth_jwt_claim":{"version":0,"block":{"attributes":{"id":{"type":"string","description":"Identifier attribute, for internal use only.","description_kind":"plain","computed":true},"msg_vpn_name":{"type":"string","description":"The name of the Message VPN.","description_kind":"markdown","required":true},"oauth_jwt_claim_name":{"type":"string","description":"The name of the additional claim. Cannot be \"exp\", \"iat\", or \"jti\".","description_kind":"markdown","required":true},"oauth_jwt_claim_value":{"type":"string","description":"The value of the additional claim, which must be a string containing a valid JSON value.","description_kind":"markdown","required":true},"rest_consumer_name":{"type":"string","description":"The name of the REST Consumer.","description_kind":"markdown","required":true},"rest_delivery_point_name":{"type":"string","description":"The name of the REST Delivery Point.","description_kind":"markdown","required":true}},"description":"A Claim is added to the JWT sent to the OAuth token request endpoint.\n\n\nAttribute|Identifying|Write-Only|Deprecated|Opaque\n:---|:---:|:---:|:---:|:---:\nmsg_vpn_name|x|||\noauth_jwt_claim_name|x|||\nrest_consumer_name|x|||\nrest_delivery_point_name|x|||\n\n\n\nA SEMP client authorized with a minimum access scope/level of \"vpn/read-only\" is required to perform this operation.\n\nThis has been available since SEMP API version 2.21.","description_kind":"markdown"}},"solacebroker_msg_vpn_sequenced_topic":{"version":0,"block":{"attributes":{"id":{"type":"string","description":"Identifier attribute, for internal use only.","description_kind":"plain","computed":true},"msg_vpn_name":{"type":"string","description":"The name of the Message VPN.","description_kind":"markdown","required":true},"sequenced_topic":{"type":"string","description":"Topic for applying sequence numbers.","description_kind":"markdown","required":true}},"description":"A Sequenced Topic is a topic subscription for which any matching messages received on the Message VPN are assigned a sequence number that is monotonically increased by a value of one per message.\n\n\nAttribute|Identifying|Write-Only|Deprecated|Opaque\n:---|:---:|:---:|:---:|:---:\nmsg_vpn_name|x|||\nsequenced_topic|x|||\n\n\n\nA SEMP client authorized with a minimum access scope/level of \"vpn/read-only\" is required to perform this operation.\n\nThis has been available since SEMP API version 2.0.","description_kind":"markdown"}},"solacebroker_msg_vpn_telemetry_profile":{"version":0,"block":{"attributes":{"id":{"type":"string","description":"Identifier attribute, for internal use only.","description_kind":"plain","computed":true},"msg_vpn_name":{"type":"string","description":"The name of the Message VPN.","description_kind":"markdown","required":true},"queue_event_bind_count_threshold":{"nested_type":{"attributes":{"clear_percent":{"type":"number","description":"The clear threshold for the value of this counter as a percentage of its maximum value. Falling below this value will trigger a corresponding event. This attribute may not be returned in a GET.","description_kind":"markdown","optional":true},"clear_value":{"type":"number","description":"The clear threshold for the absolute value of this counter. Falling below this value will trigger a corresponding event. This attribute may not be returned in a GET.","description_kind":"markdown","optional":true},"set_percent":{"type":"number","description":"The set threshold for the value of this counter as a percentage of its maximum value. Exceeding this value will trigger a corresponding event. This attribute may not be returned in a GET.","description_kind":"markdown","optional":true},"set_value":{"type":"number","description":"The set threshold for the absolute value of this counter. Exceeding this value will trigger a corresponding event. This attribute may not be returned in a GET.","description_kind":"markdown","optional":true}},"nesting_mode":"single"},"description_kind":"plain","optional":true},"queue_event_msg_spool_usage_threshold":{"nested_type":{"attributes":{"clear_percent":{"type":"number","description":"The clear threshold for the value of this counter as a percentage of its maximum value. Falling below this value will trigger a corresponding event. This attribute may not be returned in a GET.","description_kind":"markdown","optional":true},"clear_value":{"type":"number","description":"The clear threshold for the absolute value of this counter. Falling below this value will trigger a corresponding event. This attribute may not be returned in a GET.","description_kind":"markdown","optional":true},"set_percent":{"type":"number","description":"The set threshold for the value of this counter as a percentage of its maximum value. Exceeding this value will trigger a corresponding event. This attribute may not be returned in a GET.","description_kind":"markdown","optional":true},"set_value":{"type":"number","description":"The set threshold for the absolute value of this counter. Exceeding this value will trigger a corresponding event. This attribute may not be returned in a GET.","description_kind":"markdown","optional":true}},"nesting_mode":"single"},"description_kind":"plain","optional":true},"queue_max_bind_count":{"type":"number","description":"The maximum number of consumer flows that can bind to the Queue. Changes to this attribute are synchronized to HA mates and replication sites via config-sync. The default value is `1000`.","description_kind":"markdown","optional":true},"queue_max_msg_spool_usage":{"type":"number","description":"The maximum message spool usage allowed by the Queue, in megabytes (MB). Changes to this attribute are synchronized to HA mates and replication sites via config-sync. The default value is `800000`.","description_kind":"markdown","optional":true},"receiver_acl_connect_default_action":{"type":"string","description":"The default action to take when a receiver client connects to the broker. Changes to this attribute are synchronized to HA mates and replication sites via config-sync. The default value is `\"disallow\"`. The allowed values and their meaning are:\n\n\u003cpre\u003e\n\"allow\" - Allow client connection unless an exception is found for it.\n\"disallow\" - Disallow client connection unless an exception is found for it.\n\u003c/pre\u003e\n","description_kind":"markdown","optional":true},"receiver_enabled":{"type":"bool","description":"Enable or disable the ability for receiver clients to consume from the #telemetry queue. Changes to this attribute are synchronized to HA mates and replication sites via config-sync. The default value is `false`.","description_kind":"markdown","optional":true},"receiver_event_connection_count_per_client_username_threshold":{"nested_type":{"attributes":{"clear_percent":{"type":"number","description":"The clear threshold for the value of this counter as a percentage of its maximum value. Falling below this value will trigger a corresponding event. This attribute may not be returned in a GET.","description_kind":"markdown","optional":true},"clear_value":{"type":"number","description":"The clear threshold for the absolute value of this counter. Falling below this value will trigger a corresponding event. This attribute may not be returned in a GET.","description_kind":"markdown","optional":true},"set_percent":{"type":"number","description":"The set threshold for the value of this counter as a percentage of its maximum value. Exceeding this value will trigger a corresponding event. This attribute may not be returned in a GET.","description_kind":"markdown","optional":true},"set_value":{"type":"number","description":"The set threshold for the absolute value of this counter. Exceeding this value will trigger a corresponding event. This attribute may not be returned in a GET.","description_kind":"markdown","optional":true}},"nesting_mode":"single"},"description_kind":"plain","optional":true},"receiver_max_connection_count_per_client_username":{"type":"number","description":"The maximum number of receiver connections per Client Username. Changes to this attribute are synchronized to HA mates and replication sites via config-sync. The default is the maximum value supported by the platform.","description_kind":"markdown","optional":true},"receiver_tcp_congestion_window_size":{"type":"number","description":"The TCP initial congestion window size for clients using the Client Profile, in multiples of the TCP Maximum Segment Size (MSS). Changing the value from its default of 2 results in non-compliance with RFC 2581. Contact support before changing this value. Changes to this attribute are synchronized to HA mates and replication sites via config-sync. The default value is `2`.","description_kind":"markdown","optional":true},"receiver_tcp_keepalive_count":{"type":"number","description":"The number of TCP keepalive retransmissions to a client using the Client Profile before declaring that it is not available. Changes to this attribute are synchronized to HA mates and replication sites via config-sync. The default value is `5`.","description_kind":"markdown","optional":true},"receiver_tcp_keepalive_idle_time":{"type":"number","description":"The amount of time a client connection using the Client Profile must remain idle before TCP begins sending keepalive probes, in seconds. Changes to this attribute are synchronized to HA mates and replication sites via config-sync. The default value is `3`.","description_kind":"markdown","optional":true},"receiver_tcp_keepalive_interval":{"type":"number","description":"The amount of time between TCP keepalive retransmissions to a client using the Client Profile when no acknowledgment is received, in seconds. Changes to this attribute are synchronized to HA mates and replication sites via config-sync. The default value is `1`.","description_kind":"markdown","optional":true},"receiver_tcp_max_segment_size":{"type":"number","description":"The TCP maximum segment size for clients using the Client Profile, in bytes. Changes are applied to all existing connections. Changes to this attribute are synchronized to HA mates and replication sites via config-sync. The default value is `1460`.","description_kind":"markdown","optional":true},"receiver_tcp_max_window_size":{"type":"number","description":"The TCP maximum window size for clients using the Client Profile, in kilobytes. Changes are applied to all existing connections. This setting is ignored on the software broker. Changes to this attribute are synchronized to HA mates and replication sites via config-sync. The default value is `256`.","description_kind":"markdown","optional":true},"telemetry_profile_name":{"type":"string","description":"The name of the Telemetry Profile.","description_kind":"markdown","required":true},"trace_enabled":{"type":"bool","description":"Enable or disable generation of all trace span data messages. When enabled, the state of configured trace filters control which messages get traced. When disabled, trace span data messages are never generated, regardless of the state of trace filters. Changes to this attribute are synchronized to HA mates and replication sites via config-sync. The default value is `false`.","description_kind":"markdown","optional":true},"trace_send_span_generation_enabled":{"type":"bool","description":"Enable or disable generation of send spans. For the most complete view of broker message processing, this should be enabled. If the information provided by send spans are not needed, send spans can be disabled to reduce the performance impact of tracing. Changes to this attribute are synchronized to HA mates and replication sites via config-sync. The default value is `true`. Available since SEMP API version 2.36.","description_kind":"markdown","optional":true}},"description":"Using the Telemetry Profile allows trace spans to be generated as messages are processed by the broker. The generated spans are stored persistently on the broker and may be consumed by the Solace receiver component of an OpenTelemetry Collector.\n\n\nAttribute|Identifying|Write-Only|Deprecated|Opaque\n:---|:---:|:---:|:---:|:---:\nmsg_vpn_name|x|||\ntelemetry_profile_name|x|||\n\n\n\nA SEMP client authorized with a minimum access scope/level of \"vpn/read-only\" is required to perform this operation.\n\nThis has been available since SEMP API version 2.31.","description_kind":"markdown"}},"solacebroker_msg_vpn_telemetry_profile_receiver_acl_connect_exception":{"version":0,"block":{"attributes":{"id":{"type":"string","description":"Identifier attribute, for internal use only.","description_kind":"plain","computed":true},"msg_vpn_name":{"type":"string","description":"The name of the Message VPN.","description_kind":"markdown","required":true},"receiver_acl_connect_exception_address":{"type":"string","description":"The IP address/netmask of the receiver connect exception in CIDR form.","description_kind":"markdown","required":true},"telemetry_profile_name":{"type":"string","description":"The name of the Telemetry Profile.","description_kind":"markdown","required":true}},"description":"A Receiver ACL Connect Exception is an exception to the default action to take when a receiver connects to the broker. Exceptions must be expressed as an IP address/netmask in CIDR form.\n\n\nAttribute|Identifying|Write-Only|Deprecated|Opaque\n:---|:---:|:---:|:---:|:---:\nmsg_vpn_name|x|||\nreceiver_acl_connect_exception_address|x|||\ntelemetry_profile_name|x|||\n\n\n\nA SEMP client authorized with a minimum access scope/level of \"vpn/read-only\" is required to perform this operation.\n\nThis has been available since SEMP API version 2.31.","description_kind":"markdown"}},"solacebroker_msg_vpn_telemetry_profile_trace_filter":{"version":0,"block":{"attributes":{"enabled":{"type":"bool","description":"Enable or disable the trace filter. When the filter is disabled, the filter's subscriptions will not trigger a message to be traced. Changes to this attribute are synchronized to HA mates and replication sites via config-sync. The default value is `false`.","description_kind":"markdown","optional":true},"id":{"type":"string","description":"Identifier attribute, for internal use only.","description_kind":"plain","computed":true},"msg_vpn_name":{"type":"string","description":"The name of the Message VPN.","description_kind":"markdown","required":true},"telemetry_profile_name":{"type":"string","description":"The name of the Telemetry Profile.","description_kind":"markdown","required":true},"trace_filter_name":{"type":"string","description":"A name used to identify the trace filter. Consider a name that describes the subscriptions contained within the filter, such as the name of the application and/or the scenario in which the trace filter might be enabled, such as \"appNameDebug\".","description_kind":"markdown","required":true}},"description":"A Trace Filter controls which messages received by the broker will be traced. If an incoming message matches an enabled tracing filter's subscription, the message will be traced as it passes through the broker.\n\n\nAttribute|Identifying|Write-Only|Deprecated|Opaque\n:---|:---:|:---:|:---:|:---:\nmsg_vpn_name|x|||\ntelemetry_profile_name|x|||\ntrace_filter_name|x|||\n\n\n\nA SEMP client authorized with a minimum access scope/level of \"vpn/read-only\" is required to perform this operation.\n\nThis has been available since SEMP API version 2.31.","description_kind":"markdown"}},"solacebroker_msg_vpn_telemetry_profile_trace_filter_subscription":{"version":0,"block":{"attributes":{"id":{"type":"string","description":"Identifier attribute, for internal use only.","description_kind":"plain","computed":true},"msg_vpn_name":{"type":"string","description":"The name of the Message VPN.","description_kind":"markdown","required":true},"subscription":{"type":"string","description":"Messages matching this subscription will follow this filter's configuration.","description_kind":"markdown","required":true},"subscription_syntax":{"type":"string","description":"The syntax of the trace filter subscription. The allowed values and their meaning are:\n\n\u003cpre\u003e\n\"smf\" - Subscription uses SMF syntax.\n\"mqtt\" - Subscription uses MQTT syntax.\n\u003c/pre\u003e\n","description_kind":"markdown","required":true},"telemetry_profile_name":{"type":"string","description":"The name of the Telemetry Profile.","description_kind":"markdown","required":true},"trace_filter_name":{"type":"string","description":"A name used to identify the trace filter. Consider a name that describes the subscriptions contained within the filter, such as the name of the application and/or the scenario in which the trace filter might be enabled, such as \"appNameDebug\".","description_kind":"markdown","required":true}},"description":"Trace filter subscriptions control which messages will be attracted by the tracing filter.\n\n\nAttribute|Identifying|Write-Only|Deprecated|Opaque\n:---|:---:|:---:|:---:|:---:\nmsg_vpn_name|x|||\nsubscription|x|||\nsubscription_syntax|x|||\ntelemetry_profile_name|x|||\ntrace_filter_name|x|||\n\n\n\nA SEMP client authorized with a minimum access scope/level of \"vpn/read-only\" is required to perform this operation.\n\nThis has been available since SEMP API version 2.31.","description_kind":"markdown"}},"solacebroker_msg_vpn_topic_endpoint":{"version":0,"block":{"attributes":{"access_type":{"type":"string","description":"The access type for delivering messages to consumer flows bound to the Topic Endpoint. Modifying this attribute while the object (or the relevant part of the object) is administratively enabled may be service impacting as egress_enabled will be temporarily set to false to apply the change. Changes to this attribute are synchronized to HA mates and replication sites via config-sync. The default value is `\"exclusive\"`. The allowed values and their meaning are:\n\n\u003cpre\u003e\n\"exclusive\" - Exclusive delivery of messages to the first bound consumer flow.\n\"non-exclusive\" - Non-exclusive delivery of messages to bound consumer flows in a round-robin (if partition count is zero) or partitioned (if partition count is non-zero) fashion.\n\u003c/pre\u003e\n Available since SEMP API version 2.4.","description_kind":"markdown","optional":true},"consumer_ack_propagation_enabled":{"type":"bool","description":"Enable or disable the propagation of consumer acknowledgments (ACKs) received on the active replication Message VPN to the standby replication Message VPN. Changes to this attribute are synchronized to HA mates and replication sites via config-sync. The default value is `true`.","description_kind":"markdown","optional":true},"dead_msg_queue":{"type":"string","description":"The name of the Dead Message Queue (DMQ) used by the Topic Endpoint. Changes to this attribute are synchronized to HA mates and replication sites via config-sync. The default value is `\"#DEAD_MSG_QUEUE\"`. Available since SEMP API version 2.2.","description_kind":"markdown","optional":true},"delivery_count_enabled":{"type":"bool","description":"Enable or disable the ability for client applications to query the message delivery count of messages received from the Topic Endpoint. This is a controlled availability feature. Please contact support to find out if this feature is supported for your use case. Changes to this attribute are synchronized to HA mates and replication sites via config-sync. The default value is `false`. Available since SEMP API version 2.19.","description_kind":"markdown","optional":true},"delivery_delay":{"type":"number","description":"The delay, in seconds, to apply to messages arriving on the Topic Endpoint before the messages are eligible for delivery. Changes to this attribute are synchronized to HA mates and replication sites via config-sync. The default value is `0`. Available since SEMP API version 2.22.","description_kind":"markdown","optional":true},"egress_enabled":{"type":"bool","description":"Enable or disable the transmission of messages from the Topic Endpoint. Changes to this attribute are synchronized to HA mates and replication sites via config-sync. The default value is `false`.","description_kind":"markdown","optional":true},"event_bind_count_threshold":{"nested_type":{"attributes":{"clear_percent":{"type":"number","description":"The clear threshold for the value of this counter as a percentage of its maximum value. Falling below this value will trigger a corresponding event. This attribute may not be returned in a GET.","description_kind":"markdown","optional":true},"clear_value":{"type":"number","description":"The clear threshold for the absolute value of this counter. Falling below this value will trigger a corresponding event. This attribute may not be returned in a GET.","description_kind":"markdown","optional":true},"set_percent":{"type":"number","description":"The set threshold for the value of this counter as a percentage of its maximum value. Exceeding this value will trigger a corresponding event. This attribute may not be returned in a GET.","description_kind":"markdown","optional":true},"set_value":{"type":"number","description":"The set threshold for the absolute value of this counter. Exceeding this value will trigger a corresponding event. This attribute may not be returned in a GET.","description_kind":"markdown","optional":true}},"nesting_mode":"single"},"description_kind":"plain","optional":true},"event_reject_low_priority_msg_limit_threshold":{"nested_type":{"attributes":{"clear_percent":{"type":"number","description":"The clear threshold for the value of this counter as a percentage of its maximum value. Falling below this value will trigger a corresponding event. This attribute may not be returned in a GET.","description_kind":"markdown","optional":true},"clear_value":{"type":"number","description":"The clear threshold for the absolute value of this counter. Falling below this value will trigger a corresponding event. This attribute may not be returned in a GET.","description_kind":"markdown","optional":true},"set_percent":{"type":"number","description":"The set threshold for the value of this counter as a percentage of its maximum value. Exceeding this value will trigger a corresponding event. This attribute may not be returned in a GET.","description_kind":"markdown","optional":true},"set_value":{"type":"number","description":"The set threshold for the absolute value of this counter. Exceeding this value will trigger a corresponding event. This attribute may not be returned in a GET.","description_kind":"markdown","optional":true}},"nesting_mode":"single"},"description_kind":"plain","optional":true},"event_spool_usage_threshold":{"nested_type":{"attributes":{"clear_percent":{"type":"number","description":"The clear threshold for the value of this counter as a percentage of its maximum value. Falling below this value will trigger a corresponding event. This attribute may not be returned in a GET.","description_kind":"markdown","optional":true},"clear_value":{"type":"number","description":"The clear threshold for the absolute value of this counter. Falling below this value will trigger a corresponding event. This attribute may not be returned in a GET.","description_kind":"markdown","optional":true},"set_percent":{"type":"number","description":"The set threshold for the value of this counter as a percentage of its maximum value. Exceeding this value will trigger a corresponding event. This attribute may not be returned in a GET.","description_kind":"markdown","optional":true},"set_value":{"type":"number","description":"The set threshold for the absolute value of this counter. Exceeding this value will trigger a corresponding event. This attribute may not be returned in a GET.","description_kind":"markdown","optional":true}},"nesting_mode":"single"},"description_kind":"plain","optional":true},"id":{"type":"string","description":"Identifier attribute, for internal use only.","description_kind":"plain","computed":true},"ingress_enabled":{"type":"bool","description":"Enable or disable the reception of messages to the Topic Endpoint. Changes to this attribute are synchronized to HA mates and replication sites via config-sync. The default value is `false`.","description_kind":"markdown","optional":true},"max_bind_count":{"type":"number","description":"The maximum number of consumer flows that can bind to the Topic Endpoint. Changes to this attribute are synchronized to HA mates and replication sites via config-sync. The default value is `1`. Available since SEMP API version 2.4.","description_kind":"markdown","optional":true},"max_delivered_unacked_msgs_per_flow":{"type":"number","description":"The maximum number of messages delivered but not acknowledged per flow for the Topic Endpoint. Changes to this attribute are synchronized to HA mates and replication sites via config-sync. The default value is `10000`.","description_kind":"markdown","optional":true},"max_msg_size":{"type":"number","description":"The maximum message size allowed in the Topic Endpoint, in bytes (B). Changes to this attribute are synchronized to HA mates and replication sites via config-sync. The default value is `10000000`.","description_kind":"markdown","optional":true},"max_redelivery_count":{"type":"number","description":"The maximum number of times the Topic Endpoint will attempt redelivery of a message prior to it being discarded or moved to the DMQ. A value of 0 means to retry forever. Changes to this attribute are synchronized to HA mates and replication sites via config-sync. The default value is `0`.","description_kind":"markdown","optional":true},"max_spool_usage":{"type":"number","description":"The maximum message spool usage allowed by the Topic Endpoint, in megabytes (MB). A value of 0 only allows spooling of the last message received and disables quota checking. Changes to this attribute are synchronized to HA mates and replication sites via config-sync. The default value is `5000`.","description_kind":"markdown","optional":true},"max_ttl":{"type":"number","description":"The maximum time in seconds a message can stay in the Topic Endpoint when `respect_ttl_enabled` is `\"true\"`. A message expires when the lesser of the sender assigned time-to-live (TTL) in the message and the `max_ttl` configured for the Topic Endpoint, is exceeded. A value of 0 disables expiry. Changes to this attribute are synchronized to HA mates and replication sites via config-sync. The default value is `0`.","description_kind":"markdown","optional":true},"msg_vpn_name":{"type":"string","description":"The name of the Message VPN.","description_kind":"markdown","required":true},"owner":{"type":"string","description":"The Client Username that owns the Topic Endpoint and has permission equivalent to `\"delete\"`. Modifying this attribute while the object (or the relevant part of the object) is administratively enabled may be service impacting as egress_enabled will be temporarily set to false to apply the change. Changes to this attribute are synchronized to HA mates and replication sites via config-sync. The default value is `\"\"`.","description_kind":"markdown","optional":true},"permission":{"type":"string","description":"The permission level for all consumers of the Topic Endpoint, excluding the owner. Modifying this attribute while the object (or the relevant part of the object) is administratively enabled may be service impacting as egress_enabled will be temporarily set to false to apply the change. Changes to this attribute are synchronized to HA mates and replication sites via config-sync. The default value is `\"no-access\"`. The allowed values and their meaning are:\n\n\u003cpre\u003e\n\"no-access\" - Disallows all access.\n\"read-only\" - Read-only access to the messages.\n\"consume\" - Consume (read and remove) messages.\n\"modify-topic\" - Consume messages or modify the topic/selector.\n\"delete\" - Consume messages, modify the topic/selector or delete the Client created endpoint altogether.\n\u003c/pre\u003e\n","description_kind":"markdown","optional":true},"redelivery_delay_enabled":{"type":"bool","description":"Enable or disable a message redelivery delay. When false, messages are redelivered as-soon-as-possible.  When true, messages are redelivered according to the initial, max and multiplier.  This should only be enabled when redelivery is enabled. Modifying this attribute while the object (or the relevant part of the object) is administratively enabled may be service impacting as egress_enabled will be temporarily set to false to apply the change. Changes to this attribute are synchronized to HA mates and replication sites via config-sync. The default value is `false`. Available since SEMP API version 2.33.","description_kind":"markdown","optional":true},"redelivery_delay_initial_interval":{"type":"number","description":"The delay to be used between the first 2 redelivery attempts.  This value is in milliseconds. Modifying this attribute while the object (or the relevant part of the object) is administratively enabled may be service impacting as egress_enabled will be temporarily set to false to apply the change. Changes to this attribute are synchronized to HA mates and replication sites via config-sync. The default value is `1000`. Available since SEMP API version 2.33.","description_kind":"markdown","optional":true},"redelivery_delay_max_interval":{"type":"number","description":"The maximum delay to be used between any 2 redelivery attempts.  This value is in milliseconds.  Due to technical limitations, some redelivery attempt delays may slightly exceed this value. Modifying this attribute while the object (or the relevant part of the object) is administratively enabled may be service impacting as egress_enabled will be temporarily set to false to apply the change. Changes to this attribute are synchronized to HA mates and replication sites via config-sync. The default value is `64000`. Available since SEMP API version 2.33.","description_kind":"markdown","optional":true},"redelivery_delay_multiplier":{"type":"number","description":"The amount each delay interval is multiplied by after each failed delivery attempt.  This number is in a fixed-point decimal format in which you must divide by 100 to get the floating point value. For example, a value of 125 would cause the delay to be multiplied by 1.25. Modifying this attribute while the object (or the relevant part of the object) is administratively enabled may be service impacting as egress_enabled will be temporarily set to false to apply the change. Changes to this attribute are synchronized to HA mates and replication sites via config-sync. The default value is `200`. Available since SEMP API version 2.33.","description_kind":"markdown","optional":true},"redelivery_enabled":{"type":"bool","description":"Enable or disable message redelivery. When enabled, the number of redelivery attempts is controlled by max_redelivery_count. When disabled, the message will never be delivered from the topic-endpoint more than once. Changes to this attribute are synchronized to HA mates and replication sites via config-sync. The default value is `true`. Available since SEMP API version 2.18.","description_kind":"markdown","optional":true},"reject_low_priority_msg_enabled":{"type":"bool","description":"Enable or disable the checking of low priority messages against the `reject_low_priority_msg_limit`. This may only be enabled if `reject_msg_to_sender_on_discard_behavior` does not have a value of `\"never\"`. Changes to this attribute are synchronized to HA mates and replication sites via config-sync. The default value is `false`.","description_kind":"markdown","optional":true},"reject_low_priority_msg_limit":{"type":"number","description":"The number of messages of any priority in the Topic Endpoint above which low priority messages are not admitted but higher priority messages are allowed. Changes to this attribute are synchronized to HA mates and replication sites via config-sync. The default value is `0`.","description_kind":"markdown","optional":true},"reject_msg_to_sender_on_discard_behavior":{"type":"string","description":"Determines when to return negative acknowledgments (NACKs) to sending clients on message discards. Note that NACKs cause the message to not be delivered to any destination and Transacted Session commits to fail. Modifying this attribute while the object (or the relevant part of the object) is administratively enabled may be service impacting as reject_low_priority_msg_enabled will be temporarily set to false to apply the change. Changes to this attribute are synchronized to HA mates and replication sites via config-sync. The default value is `\"never\"`. The allowed values and their meaning are:\n\n\u003cpre\u003e\n\"never\" - Silently discard messages.\n\"when-topic-endpoint-enabled\" - NACK each message discard back to the client, except messages that are discarded because an endpoint is administratively disabled.\n\"always\" - NACK each message discard back to the client, including messages that are discarded because an endpoint is administratively disabled.\n\u003c/pre\u003e\n","description_kind":"markdown","optional":true},"respect_msg_priority_enabled":{"type":"bool","description":"Enable or disable the respecting of message priority. When enabled, messages contained in the Topic Endpoint are delivered in priority order, from 9 (highest) to 0 (lowest). Modifying this attribute while the object (or the relevant part of the object) is administratively enabled may be service impacting as egress_enabled and ingress_enabled will be temporarily set to false to apply the change. Changes to this attribute are synchronized to HA mates and replication sites via config-sync. The default value is `false`. Available since SEMP API version 2.8.","description_kind":"markdown","optional":true},"respect_ttl_enabled":{"type":"bool","description":"Enable or disable the respecting of the time-to-live (TTL) for messages in the Topic Endpoint. When enabled, expired messages are discarded or moved to the DMQ. Changes to this attribute are synchronized to HA mates and replication sites via config-sync. The default value is `false`.","description_kind":"markdown","optional":true},"topic_endpoint_name":{"type":"string","description":"The name of the Topic Endpoint.","description_kind":"markdown","required":true}},"description":"A Topic Endpoint attracts messages published to a topic for which the Topic Endpoint has a matching topic subscription. The topic subscription for the Topic Endpoint is specified in the client request to bind a Flow to that Topic Endpoint. Queues are significantly more flexible than Topic Endpoints and are the recommended approach for most applications. The use of Topic Endpoints should be restricted to JMS applications.\n\n\nAttribute|Identifying|Write-Only|Deprecated|Opaque\n:---|:---:|:---:|:---:|:---:\nmsg_vpn_name|x|||\ntopic_endpoint_name|x|||\n\n\n\nA SEMP client authorized with a minimum access scope/level of \"vpn/read-only\" is required to perform this operation.\n\nThis has been available since SEMP API version 2.1.","description_kind":"markdown"}},"solacebroker_msg_vpn_topic_endpoint_template":{"version":0,"block":{"attributes":{"access_type":{"type":"string","description":"The access type for delivering messages to consumer flows. Changes to this attribute are synchronized to HA mates and replication sites via config-sync. The default value is `\"exclusive\"`. The allowed values and their meaning are:\n\n\u003cpre\u003e\n\"exclusive\" - Exclusive delivery of messages to the first bound consumer flow.\n\"non-exclusive\" - Non-exclusive delivery of messages to bound consumer flows in a round-robin (if partition count is zero) or partitioned (if partition count is non-zero) fashion.\n\u003c/pre\u003e\n","description_kind":"markdown","optional":true},"consumer_ack_propagation_enabled":{"type":"bool","description":"Enable or disable the propagation of consumer acknowledgments (ACKs) received on the active replication Message VPN to the standby replication Message VPN. Changes to this attribute are synchronized to HA mates and replication sites via config-sync. The default value is `true`.","description_kind":"markdown","optional":true},"dead_msg_queue":{"type":"string","description":"The name of the Dead Message Queue (DMQ). Changes to this attribute are synchronized to HA mates and replication sites via config-sync. The default value is `\"#DEAD_MSG_QUEUE\"`.","description_kind":"markdown","optional":true},"delivery_delay":{"type":"number","description":"The delay, in seconds, to apply to messages arriving on the Topic Endpoint before the messages are eligible for delivery. Changes to this attribute are synchronized to HA mates and replication sites via config-sync. The default value is `0`. Available since SEMP API version 2.22.","description_kind":"markdown","optional":true},"event_bind_count_threshold":{"nested_type":{"attributes":{"clear_percent":{"type":"number","description":"The clear threshold for the value of this counter as a percentage of its maximum value. Falling below this value will trigger a corresponding event. This attribute may not be returned in a GET.","description_kind":"markdown","optional":true},"clear_value":{"type":"number","description":"The clear threshold for the absolute value of this counter. Falling below this value will trigger a corresponding event. This attribute may not be returned in a GET.","description_kind":"markdown","optional":true},"set_percent":{"type":"number","description":"The set threshold for the value of this counter as a percentage of its maximum value. Exceeding this value will trigger a corresponding event. This attribute may not be returned in a GET.","description_kind":"markdown","optional":true},"set_value":{"type":"number","description":"The set threshold for the absolute value of this counter. Exceeding this value will trigger a corresponding event. This attribute may not be returned in a GET.","description_kind":"markdown","optional":true}},"nesting_mode":"single"},"description_kind":"plain","optional":true},"event_msg_spool_usage_threshold":{"nested_type":{"attributes":{"clear_percent":{"type":"number","description":"The clear threshold for the value of this counter as a percentage of its maximum value. Falling below this value will trigger a corresponding event. This attribute may not be returned in a GET.","description_kind":"markdown","optional":true},"clear_value":{"type":"number","description":"The clear threshold for the absolute value of this counter. Falling below this value will trigger a corresponding event. This attribute may not be returned in a GET.","description_kind":"markdown","optional":true},"set_percent":{"type":"number","description":"The set threshold for the value of this counter as a percentage of its maximum value. Exceeding this value will trigger a corresponding event. This attribute may not be returned in a GET.","description_kind":"markdown","optional":true},"set_value":{"type":"number","description":"The set threshold for the absolute value of this counter. Exceeding this value will trigger a corresponding event. This attribute may not be returned in a GET.","description_kind":"markdown","optional":true}},"nesting_mode":"single"},"description_kind":"plain","optional":true},"event_reject_low_priority_msg_limit_threshold":{"nested_type":{"attributes":{"clear_percent":{"type":"number","description":"The clear threshold for the value of this counter as a percentage of its maximum value. Falling below this value will trigger a corresponding event. This attribute may not be returned in a GET.","description_kind":"markdown","optional":true},"clear_value":{"type":"number","description":"The clear threshold for the absolute value of this counter. Falling below this value will trigger a corresponding event. This attribute may not be returned in a GET.","description_kind":"markdown","optional":true},"set_percent":{"type":"number","description":"The set threshold for the value of this counter as a percentage of its maximum value. Exceeding this value will trigger a corresponding event. This attribute may not be returned in a GET.","description_kind":"markdown","optional":true},"set_value":{"type":"number","description":"The set threshold for the absolute value of this counter. Exceeding this value will trigger a corresponding event. This attribute may not be returned in a GET.","description_kind":"markdown","optional":true}},"nesting_mode":"single"},"description_kind":"plain","optional":true},"id":{"type":"string","description":"Identifier attribute, for internal use only.","description_kind":"plain","computed":true},"max_bind_count":{"type":"number","description":"The maximum number of consumer flows that can bind. Changes to this attribute are synchronized to HA mates and replication sites via config-sync. The default value is `1`.","description_kind":"markdown","optional":true},"max_delivered_unacked_msgs_per_flow":{"type":"number","description":"The maximum number of messages delivered but not acknowledged per flow. Changes to this attribute are synchronized to HA mates and replication sites via config-sync. The default value is `10000`.","description_kind":"markdown","optional":true},"max_msg_size":{"type":"number","description":"The maximum message size allowed, in bytes (B). Changes to this attribute are synchronized to HA mates and replication sites via config-sync. The default value is `10000000`.","description_kind":"markdown","optional":true},"max_msg_spool_usage":{"type":"number","description":"The maximum message spool usage allowed, in megabytes (MB). A value of 0 only allows spooling of the last message received and disables quota checking. Changes to this attribute are synchronized to HA mates and replication sites via config-sync. The default value is `5000`.","description_kind":"markdown","optional":true},"max_redelivery_count":{"type":"number","description":"The maximum number of message redelivery attempts that will occur prior to the message being discarded or moved to the DMQ. A value of 0 means to retry forever. Changes to this attribute are synchronized to HA mates and replication sites via config-sync. The default value is `0`.","description_kind":"markdown","optional":true},"max_ttl":{"type":"number","description":"The maximum time in seconds a message can stay in the Topic Endpoint when `respect_ttl_enabled` is `\"true\"`. A message expires when the lesser of the sender assigned time-to-live (TTL) in the message and the `max_ttl` configured for the Topic Endpoint, is exceeded. A value of 0 disables expiry. Changes to this attribute are synchronized to HA mates and replication sites via config-sync. The default value is `0`.","description_kind":"markdown","optional":true},"msg_vpn_name":{"type":"string","description":"The name of the Message VPN.","description_kind":"markdown","required":true},"permission":{"type":"string","description":"The permission level for all consumers, excluding the owner. Changes to this attribute are synchronized to HA mates and replication sites via config-sync. The default value is `\"no-access\"`. The allowed values and their meaning are:\n\n\u003cpre\u003e\n\"no-access\" - Disallows all access.\n\"read-only\" - Read-only access to the messages.\n\"consume\" - Consume (read and remove) messages.\n\"modify-topic\" - Consume messages or modify the topic/selector.\n\"delete\" - Consume messages, modify the topic/selector or delete the Client created endpoint altogether.\n\u003c/pre\u003e\n","description_kind":"markdown","optional":true},"redelivery_delay_enabled":{"type":"bool","description":"Enable or disable a message redelivery delay. When false, messages are redelivered as-soon-as-possible.  When true, messages are redelivered according to the initial, max and multiplier.  This should only be enabled when redelivery is enabled. Changes to this attribute are synchronized to HA mates and replication sites via config-sync. The default value is `false`. Available since SEMP API version 2.33.","description_kind":"markdown","optional":true},"redelivery_delay_initial_interval":{"type":"number","description":"The delay to be used between the first 2 redelivery attempts.  This value is in milliseconds. Changes to this attribute are synchronized to HA mates and replication sites via config-sync. The default value is `1000`. Available since SEMP API version 2.33.","description_kind":"markdown","optional":true},"redelivery_delay_max_interval":{"type":"number","description":"The maximum delay to be used between any 2 redelivery attempts.  This value is in milliseconds.  Due to technical limitations, some redelivery attempt delays may slightly exceed this value. Changes to this attribute are synchronized to HA mates and replication sites via config-sync. The default value is `64000`. Available since SEMP API version 2.33.","description_kind":"markdown","optional":true},"redelivery_delay_multiplier":{"type":"number","description":"The amount each delay interval is multiplied by after each failed delivery attempt.  This number is in a fixed-point decimal format in which you must divide by 100 to get the floating point value. For example, a value of 125 would cause the delay to be multiplied by 1.25. Changes to this attribute are synchronized to HA mates and replication sites via config-sync. The default value is `200`. Available since SEMP API version 2.33.","description_kind":"markdown","optional":true},"redelivery_enabled":{"type":"bool","description":"Enable or disable message redelivery. When enabled, the number of redelivery attempts is controlled by max_redelivery_count. When disabled, the message will never be delivered from the topic-endpoint more than once. Changes to this attribute are synchronized to HA mates and replication sites via config-sync. The default value is `true`. Available since SEMP API version 2.18.","description_kind":"markdown","optional":true},"reject_low_priority_msg_enabled":{"type":"bool","description":"Enable or disable the checking of low priority messages against the `reject_low_priority_msg_limit`. This may only be enabled if `reject_msg_to_sender_on_discard_behavior` does not have a value of `\"never\"`. Changes to this attribute are synchronized to HA mates and replication sites via config-sync. The default value is `false`.","description_kind":"markdown","optional":true},"reject_low_priority_msg_limit":{"type":"number","description":"The number of messages that are permitted before low priority messages are rejected. Changes to this attribute are synchronized to HA mates and replication sites via config-sync. The default value is `0`.","description_kind":"markdown","optional":true},"reject_msg_to_sender_on_discard_behavior":{"type":"string","description":"Determines when to return negative acknowledgments (NACKs) to sending clients on message discards. Note that NACKs cause the message to not be delivered to any destination and Transacted Session commits to fail. Changes to this attribute are synchronized to HA mates and replication sites via config-sync. The default value is `\"never\"`. The allowed values and their meaning are:\n\n\u003cpre\u003e\n\"never\" - Silently discard messages.\n\"when-topic-endpoint-enabled\" - NACK each message discard back to the client, except messages that are discarded because an endpoint is administratively disabled.\n\"always\" - NACK each message discard back to the client, including messages that are discarded because an endpoint is administratively disabled.\n\u003c/pre\u003e\n","description_kind":"markdown","optional":true},"respect_msg_priority_enabled":{"type":"bool","description":"Enable or disable the respecting of message priority. When enabled, messages are delivered in priority order, from 9 (highest) to 0 (lowest). Changes to this attribute are synchronized to HA mates and replication sites via config-sync. The default value is `false`.","description_kind":"markdown","optional":true},"respect_ttl_enabled":{"type":"bool","description":"Enable or disable the respecting of the time-to-live (TTL) for messages. When enabled, expired messages are discarded or moved to the DMQ. Changes to this attribute are synchronized to HA mates and replication sites via config-sync. The default value is `false`.","description_kind":"markdown","optional":true},"topic_endpoint_name_filter":{"type":"string","description":"A pattern used to determine which Topic Endpoints use settings from this Template. Two different wildcards can be used in the pattern: * and \u003e. Similar to topic filters or subscription patterns, a \u003e matches anything (but only when used at the end), and a * matches zero or more characters but never a slash (/). A \u003e is only a wildcard when  used at the end, after a /. A * is only allowed at the end, after a slash (/). Changes to this attribute are synchronized to HA mates and replication sites via config-sync. The default value is `\"\"`.","description_kind":"markdown","optional":true},"topic_endpoint_template_name":{"type":"string","description":"The name of the Topic Endpoint Template.","description_kind":"markdown","required":true}},"description":"A Topic Endpoint Template provides a mechanism for specifying the initial state for client created topic endpoints.\n\n\nAttribute|Identifying|Write-Only|Deprecated|Opaque\n:---|:---:|:---:|:---:|:---:\nmsg_vpn_name|x|||\ntopic_endpoint_template_name|x|||\n\n\n\nA SEMP client authorized with a minimum access scope/level of \"vpn/read-only\" is required to perform this operation.\n\nThis has been available since SEMP API version 2.14.","description_kind":"markdown"}},"solacebroker_oauth_profile":{"version":0,"block":{"attributes":{"access_level_groups_claim_name":{"type":"string","description":"The name of the groups claim. Changes to this attribute are synchronized to HA mates via config-sync. The default value is `\"groups\"`.","description_kind":"markdown","optional":true},"access_level_groups_claim_string_format":{"type":"string","description":"The format of the access level groups claim value when it is a string. Changes to this attribute are synchronized to HA mates via config-sync. The default value is `\"single\"`. The allowed values and their meaning are:\n\n\u003cpre\u003e\n\"single\" - When the claim is a string, it is interpreted as as single group.\n\"space-delimited\" - When the claim is a string, it is interpreted as a space-delimited list of groups, similar to the \"scope\" claim.\n\u003c/pre\u003e\n Available since SEMP API version 2.32.","description_kind":"markdown","optional":true},"client_id":{"type":"string","description":"The OAuth client id. Changes to this attribute are synchronized to HA mates via config-sync. The default value is `\"\"`.","description_kind":"markdown","optional":true},"client_redirect_uri":{"type":"string","description":"The OAuth redirect URI. Changes to this attribute are synchronized to HA mates via config-sync. The default value is `\"\"`.","description_kind":"markdown","optional":true},"client_required_type":{"type":"string","description":"The required value for the TYP field in the ID token header. Changes to this attribute are synchronized to HA mates via config-sync. The default value is `\"JWT\"`.","description_kind":"markdown","optional":true},"client_scope":{"type":"string","description":"The OAuth scope. Changes to this attribute are synchronized to HA mates via config-sync. The default value is `\"openid email\"`.","description_kind":"markdown","optional":true},"client_secret":{"type":"string","description":"The OAuth client secret. This attribute is absent from a GET and not updated when absent in a PUT, subject to the exceptions in note 4 (refer to the `Notes` section in the SEMP API `Config reference`). Changes to this attribute are synchronized to HA mates via config-sync. The default value is `\"\"`.","description_kind":"markdown","optional":true,"sensitive":true},"client_validate_type_enabled":{"type":"bool","description":"Enable or disable verification of the TYP field in the ID token header. Changes to this attribute are synchronized to HA mates via config-sync. The default value is `true`.","description_kind":"markdown","optional":true},"default_global_access_level":{"type":"string","description":"The default global access level for this OAuth profile. Changes to this attribute are synchronized to HA mates via config-sync. The default value is `\"none\"`. The allowed values and their meaning are:\n\n\u003cpre\u003e\n\"none\" - User has no access to global data.\n\"read-only\" - User has read-only access to global data.\n\"read-write\" - User has read-write access to most global data.\n\"admin\" - User has read-write access to all global data.\n\u003c/pre\u003e\n","description_kind":"markdown","optional":true},"default_msg_vpn_access_level":{"type":"string","description":"The default message VPN access level for the OAuth profile. Changes to this attribute are synchronized to HA mates via config-sync. The default value is `\"none\"`. The allowed values and their meaning are:\n\n\u003cpre\u003e\n\"none\" - User has no access to a Message VPN.\n\"read-only\" - User has read-only access to a Message VPN.\n\"read-write\" - User has read-write access to most Message VPN settings.\n\u003c/pre\u003e\n","description_kind":"markdown","optional":true},"display_name":{"type":"string","description":"The user friendly name for the OAuth profile. Changes to this attribute are synchronized to HA mates via config-sync. The default value is `\"\"`.","description_kind":"markdown","optional":true},"enabled":{"type":"bool","description":"Enable or disable the OAuth profile. Changes to this attribute are synchronized to HA mates via config-sync. The default value is `false`.","description_kind":"markdown","optional":true},"endpoint_authorization":{"type":"string","description":"The OAuth authorization endpoint. Changes to this attribute are synchronized to HA mates via config-sync. The default value is `\"\"`.","description_kind":"markdown","optional":true},"endpoint_discovery":{"type":"string","description":"The OpenID Connect discovery endpoint or OAuth Authorization Server Metadata endpoint. Changes to this attribute are synchronized to HA mates via config-sync. The default value is `\"\"`.","description_kind":"markdown","optional":true},"endpoint_discovery_refresh_interval":{"type":"number","description":"The number of seconds between discovery endpoint requests. Changes to this attribute are synchronized to HA mates via config-sync. The default value is `86400`.","description_kind":"markdown","optional":true},"endpoint_introspection":{"type":"string","description":"The OAuth introspection endpoint. Changes to this attribute are synchronized to HA mates via config-sync. The default value is `\"\"`.","description_kind":"markdown","optional":true},"endpoint_introspection_timeout":{"type":"number","description":"The maximum time in seconds a token introspection request is allowed to take. Changes to this attribute are synchronized to HA mates via config-sync. The default value is `1`.","description_kind":"markdown","optional":true},"endpoint_jwks":{"type":"string","description":"The OAuth JWKS endpoint. Changes to this attribute are synchronized to HA mates via config-sync. The default value is `\"\"`.","description_kind":"markdown","optional":true},"endpoint_jwks_refresh_interval":{"type":"number","description":"The number of seconds between JWKS endpoint requests. Changes to this attribute are synchronized to HA mates via config-sync. The default value is `86400`.","description_kind":"markdown","optional":true},"endpoint_token":{"type":"string","description":"The OAuth token endpoint. Changes to this attribute are synchronized to HA mates via config-sync. The default value is `\"\"`.","description_kind":"markdown","optional":true},"endpoint_token_timeout":{"type":"number","description":"The maximum time in seconds a token request is allowed to take. Changes to this attribute are synchronized to HA mates via config-sync. The default value is `1`.","description_kind":"markdown","optional":true},"endpoint_userinfo":{"type":"string","description":"The OpenID Connect Userinfo endpoint. Changes to this attribute are synchronized to HA mates via config-sync. The default value is `\"\"`.","description_kind":"markdown","optional":true},"endpoint_userinfo_timeout":{"type":"number","description":"The maximum time in seconds a userinfo request is allowed to take. Changes to this attribute are synchronized to HA mates via config-sync. The default value is `1`.","description_kind":"markdown","optional":true},"id":{"type":"string","description":"Identifier attribute, for internal use only.","description_kind":"plain","computed":true},"interactive_enabled":{"type":"bool","description":"Enable or disable interactive logins via this OAuth provider. Changes to this attribute are synchronized to HA mates via config-sync. The default value is `true`.","description_kind":"markdown","optional":true},"interactive_prompt_for_expired_session":{"type":"string","description":"The value of the prompt parameter provided to the OAuth authorization server for login requests where the session has expired. Changes to this attribute are synchronized to HA mates via config-sync. The default value is `\"\"`.","description_kind":"markdown","optional":true},"interactive_prompt_for_new_session":{"type":"string","description":"The value of the prompt parameter provided to the OAuth authorization server for login requests where the session is new or the user has explicitly logged out. Changes to this attribute are synchronized to HA mates via config-sync. The default value is `\"select_account\"`.","description_kind":"markdown","optional":true},"issuer":{"type":"string","description":"The Issuer Identifier for the OAuth provider. Changes to this attribute are synchronized to HA mates via config-sync. The default value is `\"\"`.","description_kind":"markdown","optional":true},"oauth_profile_name":{"type":"string","description":"The name of the OAuth profile.","description_kind":"markdown","required":true},"oauth_role":{"type":"string","description":"The OAuth role of the broker. Changes to this attribute are synchronized to HA mates via config-sync. The default value is `\"client\"`. The allowed values and their meaning are:\n\n\u003cpre\u003e\n\"client\" - The broker is in the OAuth client role.\n\"resource-server\" - The broker is in the OAuth resource server role.\n\u003c/pre\u003e\n","description_kind":"markdown","optional":true},"resource_server_parse_access_token_enabled":{"type":"bool","description":"Enable or disable parsing of the access token as a JWT. Changes to this attribute are synchronized to HA mates via config-sync. The default value is `true`.","description_kind":"markdown","optional":true},"resource_server_required_audience":{"type":"string","description":"The required audience value. Changes to this attribute are synchronized to HA mates via config-sync. The default value is `\"\"`.","description_kind":"markdown","optional":true},"resource_server_required_issuer":{"type":"string","description":"The required issuer value. Changes to this attribute are synchronized to HA mates via config-sync. The default value is `\"\"`.","description_kind":"markdown","optional":true},"resource_server_required_scope":{"type":"string","description":"A space-separated list of scopes that must be present in the scope claim. Changes to this attribute are synchronized to HA mates via config-sync. The default value is `\"\"`.","description_kind":"markdown","optional":true},"resource_server_required_type":{"type":"string","description":"The required TYP value. Changes to this attribute are synchronized to HA mates via config-sync. The default value is `\"at+jwt\"`.","description_kind":"markdown","optional":true},"resource_server_validate_audience_enabled":{"type":"bool","description":"Enable or disable verification of the audience claim in the access token or introspection response. Changes to this attribute are synchronized to HA mates via config-sync. The default value is `true`.","description_kind":"markdown","optional":true},"resource_server_validate_issuer_enabled":{"type":"bool","description":"Enable or disable verification of the issuer claim in the access token or introspection response. Changes to this attribute are synchronized to HA mates via config-sync. The default value is `true`.","description_kind":"markdown","optional":true},"resource_server_validate_scope_enabled":{"type":"bool","description":"Enable or disable verification of the scope claim in the access token or introspection response. Changes to this attribute are synchronized to HA mates via config-sync. The default value is `true`.","description_kind":"markdown","optional":true},"resource_server_validate_type_enabled":{"type":"bool","description":"Enable or disable verification of the TYP field in the access token header. Changes to this attribute are synchronized to HA mates via config-sync. The default value is `true`.","description_kind":"markdown","optional":true},"semp_enabled":{"type":"bool","description":"Enable or disable authentication of SEMP requests with OAuth tokens. Changes to this attribute are synchronized to HA mates via config-sync. The default value is `true`.","description_kind":"markdown","optional":true},"username_claim_name":{"type":"string","description":"The name of the username claim. Changes to this attribute are synchronized to HA mates via config-sync. The default value is `\"sub\"`.","description_kind":"markdown","optional":true}},"description":"OAuth profiles specify how to securely authenticate to an OAuth provider.\n\n\nAttribute|Identifying|Write-Only|Deprecated|Opaque\n:---|:---:|:---:|:---:|:---:\nclient_secret||x||x\noauth_profile_name|x|||\n\n\n\nA SEMP client authorized with a minimum access scope/level of \"global/read-only\" is required to perform this operation.\n\nThis has been available since SEMP API version 2.24.","description_kind":"markdown"}},"solacebroker_oauth_profile_access_level_group":{"version":0,"block":{"attributes":{"description":{"type":"string","description":"A description for the group. Changes to this attribute are synchronized to HA mates via config-sync. The default value is `\"\"`.","description_kind":"markdown","optional":true},"global_access_level":{"type":"string","description":"The global access level for this group. Changes to this attribute are synchronized to HA mates via config-sync. The default value is `\"none\"`. The allowed values and their meaning are:\n\n\u003cpre\u003e\n\"none\" - User has no access to global data.\n\"read-only\" - User has read-only access to global data.\n\"read-write\" - User has read-write access to most global data.\n\"admin\" - User has read-write access to all global data.\n\u003c/pre\u003e\n","description_kind":"markdown","optional":true},"group_name":{"type":"string","description":"The name of the group.","description_kind":"markdown","required":true},"id":{"type":"string","description":"Identifier attribute, for internal use only.","description_kind":"plain","computed":true},"msg_vpn_access_level":{"type":"string","description":"The default message VPN access level for this group. Changes to this attribute are synchronized to HA mates via config-sync. The default value is `\"none\"`. The allowed values and their meaning are:\n\n\u003cpre\u003e\n\"none\" - User has no access to a Message VPN.\n\"read-only\" - User has read-only access to a Message VPN.\n\"read-write\" - User has read-write access to most Message VPN settings.\n\u003c/pre\u003e\n","description_kind":"markdown","optional":true},"oauth_profile_name":{"type":"string","description":"The name of the OAuth profile.","description_kind":"markdown","required":true}},"description":"The name of a group as it exists on the OAuth server being used to authenticate SEMP users.\n\n\nAttribute|Identifying|Write-Only|Deprecated|Opaque\n:---|:---:|:---:|:---:|:---:\ngroup_name|x|||\noauth_profile_name|x|||\n\n\n\nA SEMP client authorized with a minimum access scope/level of \"global/read-only\" is required to perform this operation.\n\nThis has been available since SEMP API version 2.24.","description_kind":"markdown"}},"solacebroker_oauth_profile_access_level_group_msg_vpn_access_level_exception":{"version":0,"block":{"attributes":{"access_level":{"type":"string","description":"The message VPN access level. Changes to this attribute are synchronized to HA mates via config-sync. The default value is `\"none\"`. The allowed values and their meaning are:\n\n\u003cpre\u003e\n\"none\" - User has no access to a Message VPN.\n\"read-only\" - User has read-only access to a Message VPN.\n\"read-write\" - User has read-write access to most Message VPN settings.\n\u003c/pre\u003e\n","description_kind":"markdown","optional":true},"group_name":{"type":"string","description":"The name of the group.","description_kind":"markdown","required":true},"id":{"type":"string","description":"Identifier attribute, for internal use only.","description_kind":"plain","computed":true},"msg_vpn_name":{"type":"string","description":"The name of the message VPN.","description_kind":"markdown","required":true},"oauth_profile_name":{"type":"string","description":"The name of the OAuth profile.","description_kind":"markdown","required":true}},"description":"Message VPN access-level exceptions for members of this group.\n\n\nAttribute|Identifying|Write-Only|Deprecated|Opaque\n:---|:---:|:---:|:---:|:---:\ngroup_name|x|||\nmsg_vpn_name|x|||\noauth_profile_name|x|||\n\n\n\nA SEMP client authorized with a minimum access scope/level of \"global/read-only\" is required to perform this operation.\n\nThis has been available since SEMP API version 2.24.","description_kind":"markdown"}},"solacebroker_oauth_profile_client_allowed_host":{"version":0,"block":{"attributes":{"allowed_host":{"type":"string","description":"An allowed value for the Host header.","description_kind":"markdown","required":true},"id":{"type":"string","description":"Identifier attribute, for internal use only.","description_kind":"plain","computed":true},"oauth_profile_name":{"type":"string","description":"The name of the OAuth profile.","description_kind":"markdown","required":true}},"description":"A valid hostname for this broker in OAuth redirects.\n\n\nAttribute|Identifying|Write-Only|Deprecated|Opaque\n:---|:---:|:---:|:---:|:---:\nallowed_host|x|||\noauth_profile_name|x|||\n\n\n\nA SEMP client authorized with a minimum access scope/level of \"global/read-only\" is required to perform this operation.\n\nThis has been available since SEMP API version 2.24.","description_kind":"markdown"}},"solacebroker_oauth_profile_client_authorization_parameter":{"version":0,"block":{"attributes":{"authorization_parameter_name":{"type":"string","description":"The name of the authorization parameter.","description_kind":"markdown","required":true},"authorization_parameter_value":{"type":"string","description":"The authorization parameter value. Changes to this attribute are synchronized to HA mates via config-sync. The default value is `\"\"`.","description_kind":"markdown","optional":true},"id":{"type":"string","description":"Identifier attribute, for internal use only.","description_kind":"plain","computed":true},"oauth_profile_name":{"type":"string","description":"The name of the OAuth profile.","description_kind":"markdown","required":true}},"description":"Additional parameters to be passed to the OAuth authorization endpoint.\n\n\nAttribute|Identifying|Write-Only|Deprecated|Opaque\n:---|:---:|:---:|:---:|:---:\nauthorization_parameter_name|x|||\noauth_profile_name|x|||\n\n\n\nA SEMP client authorized with a minimum access scope/level of \"global/read-only\" is required to perform this operation.\n\nThis has been available since SEMP API version 2.24.","description_kind":"markdown"}},"solacebroker_oauth_profile_client_required_claim":{"version":0,"block":{"attributes":{"client_required_claim_name":{"type":"string","description":"The name of the ID token claim to verify.","description_kind":"markdown","required":true},"client_required_claim_value":{"type":"string","description":"The required claim value, which must be a string containing a valid JSON value.","description_kind":"markdown","required":true},"id":{"type":"string","description":"Identifier attribute, for internal use only.","description_kind":"plain","computed":true},"oauth_profile_name":{"type":"string","description":"The name of the OAuth profile.","description_kind":"markdown","required":true}},"description":"Additional claims to be verified in the ID token.\n\n\nAttribute|Identifying|Write-Only|Deprecated|Opaque\n:---|:---:|:---:|:---:|:---:\nclient_required_claim_name|x|||\noauth_profile_name|x|||\n\n\n\nA SEMP client authorized with a minimum access scope/level of \"global/read-only\" is required to perform this operation.\n\nThis has been available since SEMP API version 2.24.","description_kind":"markdown"}},"solacebroker_oauth_profile_default_msg_vpn_access_level_exception":{"version":0,"block":{"attributes":{"access_level":{"type":"string","description":"The message VPN access level. Changes to this attribute are synchronized to HA mates via config-sync. The default value is `\"none\"`. The allowed values and their meaning are:\n\n\u003cpre\u003e\n\"none\" - User has no access to a Message VPN.\n\"read-only\" - User has read-only access to a Message VPN.\n\"read-write\" - User has read-write access to most Message VPN settings.\n\u003c/pre\u003e\n","description_kind":"markdown","optional":true},"id":{"type":"string","description":"Identifier attribute, for internal use only.","description_kind":"plain","computed":true},"msg_vpn_name":{"type":"string","description":"The name of the message VPN.","description_kind":"markdown","required":true},"oauth_profile_name":{"type":"string","description":"The name of the OAuth profile.","description_kind":"markdown","required":true}},"description":"Default message VPN access-level exceptions.\n\n\nAttribute|Identifying|Write-Only|Deprecated|Opaque\n:---|:---:|:---:|:---:|:---:\nmsg_vpn_name|x|||\noauth_profile_name|x|||\n\n\n\nA SEMP client authorized with a minimum access scope/level of \"global/read-only\" is required to perform this operation.\n\nThis has been available since SEMP API version 2.24.","description_kind":"markdown"}},"solacebroker_oauth_profile_resource_server_required_claim":{"version":0,"block":{"attributes":{"id":{"type":"string","description":"Identifier attribute, for internal use only.","description_kind":"plain","computed":true},"oauth_profile_name":{"type":"string","description":"The name of the OAuth profile.","description_kind":"markdown","required":true},"resource_server_required_claim_name":{"type":"string","description":"The name of the access token claim to verify.","description_kind":"markdown","required":true},"resource_server_required_claim_value":{"type":"string","description":"The required claim value, which must be a string containing a valid JSON value.","description_kind":"markdown","required":true}},"description":"Additional claims to be verified in the access token.\n\n\nAttribute|Identifying|Write-Only|Deprecated|Opaque\n:---|:---:|:---:|:---:|:---:\noauth_profile_name|x|||\nresource_server_required_claim_name|x|||\n\n\n\nA SEMP client authorized with a minimum access scope/level of \"global/read-only\" is required to perform this operation.\n\nThis has been available since SEMP API version 2.24.","description_kind":"markdown"}},"solacebroker_virtual_hostname":{"version":0,"block":{"attributes":{"enabled":{"type":"bool","description":"Enable or disable Virtual Hostname to Message VPN mapping. Changes to this attribute are synchronized to HA mates via config-sync. The default value is `false`.","description_kind":"markdown","optional":true},"id":{"type":"string","description":"Identifier attribute, for internal use only.","description_kind":"plain","computed":true},"msg_vpn_name":{"type":"string","description":"The message VPN to which this virtual hostname is mapped. Changes to this attribute are synchronized to HA mates via config-sync. The default value is `\"\"`.","description_kind":"markdown","optional":true},"virtual_hostname":{"type":"string","description":"The virtual hostname.","description_kind":"markdown","required":true}},"description":"A Virtual Hostname is a provisioned object on a message broker that contains a Virtual Hostname to Message VPN mapping.\n\nClients which connect to a global (as opposed to per Message VPN) port and provides this hostname will be directed to its corresponding Message VPN. A case-insentive match is performed on the full client-provided hostname against the configured virtual-hostname.\n\nThis mechanism is only supported for hostnames provided through the Server Name Indication (SNI) extension of TLS.\n\n\nAttribute|Identifying|Write-Only|Deprecated|Opaque\n:---|:---:|:---:|:---:|:---:\nvirtual_hostname|x|||\n\n\n\nA SEMP client authorized with a minimum access scope/level of \"global/read-only\" is required to perform this operation.\n\nThis has been available since SEMP API version 2.17.","description_kind":"markdown"}}},"data_source_schemas":{"solacebroker_about_api":{"version":0,"block":{"attributes":{"id":{"type":"string","description":"Identifier attribute, for internal use only.","description_kind":"plain","computed":true},"platform":{"type":"string","description":"The platform running the SEMP API.","description_kind":"markdown","computed":true},"semp_version":{"type":"string","description":"The version of the SEMP API.","description_kind":"markdown","computed":true}},"description":"The API Description object provides metadata about the SEMP API.\n\n\n\nA SEMP client authorized with a minimum access scope/level of \"global/none\" is required to perform this operation.\n\nThis has been available since SEMP API version 2.2.","description_kind":"markdown"}},"solacebroker_about_user":{"version":0,"block":{"attributes":{"global_access_level":{"type":"string","description":"The global access level of the User. The allowed values and their meaning are:\n\n\u003cpre\u003e\n\"admin\" - Full administrative access.\n\"none\" - No access.\n\"read-only\" - Read only access.\n\"read-write\" - Read and write access.\n\u003c/pre\u003e\n","description_kind":"markdown","computed":true},"global_dmr_bridge_access_enabled":{"type":"bool","description":"Indicates whether global DMR Bridge access is enabled for the User. This is only for Solace internal use. This attribute may not be returned in a GET. Available since (hidden in public API).","description_kind":"markdown","computed":true},"id":{"type":"string","description":"Identifier attribute, for internal use only.","description_kind":"plain","computed":true},"session_active":{"type":"bool","description":"Indicates whether a session is active for this request. Available since SEMP API version 2.24.","description_kind":"markdown","computed":true},"session_create_time":{"type":"number","description":"The timestamp of when the session was created. This attribute may not be returned in a GET. This value represents the number of seconds since 1970-01-01 00:00:00 UTC (Unix time). Available since SEMP API version 2.21.","description_kind":"markdown","computed":true},"session_current_time":{"type":"number","description":"The current server timestamp. This is provided as a reference point for the other timestamps provided. This attribute may not be returned in a GET. This value represents the number of seconds since 1970-01-01 00:00:00 UTC (Unix time). Available since SEMP API version 2.21.","description_kind":"markdown","computed":true},"session_hard_expiry_time":{"type":"number","description":"The hard expiry time for the session. After this time the session will be invalid, regardless of activity. This attribute may not be returned in a GET. This value represents the number of seconds since 1970-01-01 00:00:00 UTC (Unix time). Available since SEMP API version 2.21.","description_kind":"markdown","computed":true},"session_id":{"type":"string","description":"An identifier for the session to differentiate this session from other sessions for the same user. This value is not guaranteed to be unique between active sessions for different users. This attribute may not be returned in a GET. Available since SEMP API version 2.21.","description_kind":"markdown","computed":true},"session_idle_expiry_time":{"type":"number","description":"The session idle expiry time. After this time the session will be invalid if there has been no activity. This attribute may not be returned in a GET. This value represents the number of seconds since 1970-01-01 00:00:00 UTC (Unix time). Available since SEMP API version 2.21.","description_kind":"markdown","computed":true},"username":{"type":"string","description":"The username of the User. Available since SEMP API version 2.21.","description_kind":"markdown","computed":true}},"description":"Session and access level information about the user accessing the SEMP API.\n\n\n\nA SEMP client authorized with a minimum access scope/level of \"global/none\" is required to perform this operation.\n\nThis has been available since SEMP API version 2.2.","description_kind":"markdown"}},"solacebroker_about_user_msg_vpn":{"version":0,"block":{"attributes":{"access_level":{"type":"string","description":"The Message VPN access level of the User. The allowed values and their meaning are:\n\n\u003cpre\u003e\n\"none\" - No access.\n\"read-only\" - Read only access.\n\"read-write\" - Read and write access.\n\u003c/pre\u003e\n","description_kind":"markdown","computed":true},"id":{"type":"string","description":"Identifier attribute, for internal use only.","description_kind":"plain","computed":true},"msg_vpn_name":{"type":"string","description":"The name of the Message VPN.","description_kind":"markdown","required":true}},"description":"This provides information about the Message VPN access level for the username used to access the SEMP API.\n\n\nAttribute|Identifying|Write-Only|Deprecated|Opaque\n:---|:---:|:---:|:---:|:---:\nmsg_vpn_name|x|||\n\n\n\nA SEMP client authorized with a minimum access scope/level of \"global/none\" is required to perform this operation.\n\nThis has been available since SEMP API version 2.2.","description_kind":"markdown"}},"solacebroker_broker":{"version":0,"block":{"attributes":{"auth_client_cert_revocation_check_mode":{"type":"string","description":"The client certificate revocation checking mode used when a client authenticates with a client certificate. Changes to this attribute are synchronized to HA mates via config-sync. The default value is `\"none\"`. The allowed values and their meaning are:\n\n\u003cpre\u003e\n\"none\" - Do not perform any certificate revocation checking.\n\"ocsp\" - Use the Open Certificate Status Protcol (OCSP) for certificate revocation checking.\n\"crl\" - Use Certificate Revocation Lists (CRL) for certificate revocation checking.\n\"ocsp-crl\" - Use OCSP first, but if OCSP fails to return an unambiguous result, then check via CRL.\n\u003c/pre\u003e\n","description_kind":"markdown","computed":true},"config_sync_authentication_client_cert_max_chain_depth":{"type":"number","description":"The maximum depth for a client certificate chain. The depth of a chain is defined as the number of signing CA certificates that are present in the chain back to a trusted self-signed root CA certificate. The default value is `3`. Available since SEMP API version 2.22.","description_kind":"markdown","computed":true},"config_sync_authentication_client_cert_validate_date_enabled":{"type":"bool","description":"Enable or disable validation of the \"Not Before\" and \"Not After\" validity dates in the authentication certificate(s). The default value is `true`. Available since SEMP API version 2.22.","description_kind":"markdown","computed":true},"config_sync_client_profile_tcp_initial_congestion_window":{"type":"number","description":"The TCP initial congestion window size for Config Sync clients, in multiples of the TCP Maximum Segment Size (MSS). Changing the value from its default of 2 results in non-compliance with RFC 2581. Contact support before changing this value. The default value is `2`. Available since SEMP API version 2.22.","description_kind":"markdown","computed":true},"config_sync_client_profile_tcp_keepalive_count":{"type":"number","description":"The number of TCP keepalive retransmissions to a client using the Client Profile before declaring that it is not available. The default value is `5`. Available since SEMP API version 2.22.","description_kind":"markdown","computed":true},"config_sync_client_profile_tcp_keepalive_idle":{"type":"number","description":"The amount of time a client connection using the Client Profile must remain idle before TCP begins sending keepalive probes, in seconds. The default value is `3`. Available since SEMP API version 2.22.","description_kind":"markdown","computed":true},"config_sync_client_profile_tcp_keepalive_interval":{"type":"number","description":"The amount of time between TCP keepalive retransmissions to a client using the Client Profile when no acknowledgment is received, in seconds. The default value is `1`. Available since SEMP API version 2.22.","description_kind":"markdown","computed":true},"config_sync_client_profile_tcp_max_window":{"type":"number","description":"The TCP maximum window size for clients using the Client Profile, in kilobytes. Changes are applied to all existing connections. This setting is ignored on the software broker. The default value is `256`. Available since SEMP API version 2.22.","description_kind":"markdown","computed":true},"config_sync_client_profile_tcp_mss":{"type":"number","description":"The TCP maximum segment size for clients using the Client Profile, in bytes. Changes are applied to all existing connections. The default value is `1460`. Available since SEMP API version 2.22.","description_kind":"markdown","computed":true},"config_sync_enabled":{"type":"bool","description":"Enable or disable configuration synchronization for High Availability or Disaster Recovery. The default value is `false`. Available since SEMP API version 2.22.","description_kind":"markdown","computed":true},"config_sync_synchronize_username_enabled":{"type":"bool","description":"Enable or disable the synchronizing of usernames within High Availability groups. The transition from not synchronizing to synchronizing will cause the High Availability mate to fall out of sync. Recommendation: leave this as enabled. Changes to this attribute are synchronized to HA mates via config-sync. The default value is `true`. Available since SEMP API version 2.22.","description_kind":"markdown","computed":true},"config_sync_tls_enabled":{"type":"bool","description":"Enable or disable the use of TLS encryption of the configuration synchronization communications between brokers in High Availability groups and/or Disaster Recovery sites. The default value is `false`. Available since SEMP API version 2.22.","description_kind":"markdown","computed":true},"guaranteed_msging_defragmentation_schedule_day_list":{"type":"string","description":"The days of the week to schedule defragmentation runs, specified as \"daily\" or as a comma-separated list of days. Days must be specified as \"Sun\", \"Mon\", \"Tue\", \"Wed\", \"Thu\", \"Fri, or \"Sat\", with no spaces, and in sorted order from Sunday to Saturday. Please note \"Sun,Mon,Tue,Wed,Thu,Fri,Sat\" is not allowed, use \"daily\" instead. Changes to this attribute are synchronized to HA mates via config-sync. The default value is `\"daily\"`. Available since SEMP API version 2.25.","description_kind":"markdown","computed":true},"guaranteed_msging_defragmentation_schedule_enabled":{"type":"bool","description":"Enable or disable schedule-based defragmentation of Guaranteed Messaging spool files. Changes to this attribute are synchronized to HA mates via config-sync. The default value is `false`. Available since SEMP API version 2.25.","description_kind":"markdown","computed":true},"guaranteed_msging_defragmentation_schedule_time_list":{"type":"string","description":"The times of the day to schedule defragmentation runs, specified as \"hourly\" or as a comma-separated list of 24-hour times in the form hh:mm, or h:mm. There must be no spaces, and times (up to 4) must be in sorted order from 0:00 to 23:59. Changes to this attribute are synchronized to HA mates via config-sync. The default value is `\"0:00\"`. Available since SEMP API version 2.25.","description_kind":"markdown","computed":true},"guaranteed_msging_defragmentation_threshold_enabled":{"type":"bool","description":"Enable or disable threshold-based defragmentation of Guaranteed Messaging spool files. Changes to this attribute are synchronized to HA mates via config-sync. The default value is `false`. Available since SEMP API version 2.25.","description_kind":"markdown","computed":true},"guaranteed_msging_defragmentation_threshold_fragmentation_percentage":{"type":"number","description":"Percentage of spool fragmentation needed to trigger defragmentation run. The minimum value allowed is 30%. Changes to this attribute are synchronized to HA mates via config-sync. The default value is `50`. Available since SEMP API version 2.25.","description_kind":"markdown","computed":true},"guaranteed_msging_defragmentation_threshold_min_interval":{"type":"number","description":"Minimum interval of time (in minutes) between defragmentation runs triggered by thresholds. Changes to this attribute are synchronized to HA mates via config-sync. The default value is `15`. Available since SEMP API version 2.25.","description_kind":"markdown","computed":true},"guaranteed_msging_defragmentation_threshold_usage_percentage":{"type":"number","description":"Percentage of spool usage needed to trigger defragmentation run. The minimum value allowed is 30%. Changes to this attribute are synchronized to HA mates via config-sync. The default value is `50`. Available since SEMP API version 2.25.","description_kind":"markdown","computed":true},"guaranteed_msging_enabled":{"type":"bool","description":"Enable or disable Guaranteed Messaging. The default value is `false`. Available since SEMP API version 2.18.","description_kind":"markdown","computed":true},"guaranteed_msging_event_cache_usage_threshold":{"nested_type":{"attributes":{"clear_percent":{"type":"number","description":"The clear threshold for the value of this counter as a percentage of its maximum value. Falling below this value will trigger a corresponding event. This attribute may not be returned in a GET.","description_kind":"markdown","computed":true},"clear_value":{"type":"number","description":"The clear threshold for the absolute value of this counter. Falling below this value will trigger a corresponding event. This attribute may not be returned in a GET.","description_kind":"markdown","computed":true},"set_percent":{"type":"number","description":"The set threshold for the value of this counter as a percentage of its maximum value. Exceeding this value will trigger a corresponding event. This attribute may not be returned in a GET.","description_kind":"markdown","computed":true},"set_value":{"type":"number","description":"The set threshold for the absolute value of this counter. Exceeding this value will trigger a corresponding event. This attribute may not be returned in a GET.","description_kind":"markdown","computed":true}},"nesting_mode":"single"},"description_kind":"plain","computed":true},"guaranteed_msging_event_delivered_unacked_threshold":{"nested_type":{"attributes":{"clear_percent":{"type":"number","description":"The clear threshold for the value of this counter as a percentage of its maximum value. Falling below this value will trigger a corresponding event.","description_kind":"markdown","computed":true},"set_percent":{"type":"number","description":"The set threshold for the value of this counter as a percentage of its maximum value. Exceeding this value will trigger a corresponding event.","description_kind":"markdown","computed":true}},"nesting_mode":"single"},"description_kind":"plain","computed":true},"guaranteed_msging_event_disk_usage_threshold":{"nested_type":{"attributes":{"clear_percent":{"type":"number","description":"The clear threshold for the value of this counter as a percentage of its maximum value. Falling below this value will trigger a corresponding event.","description_kind":"markdown","computed":true},"set_percent":{"type":"number","description":"The set threshold for the value of this counter as a percentage of its maximum value. Exceeding this value will trigger a corresponding event.","description_kind":"markdown","computed":true}},"nesting_mode":"single"},"description_kind":"plain","computed":true},"guaranteed_msging_event_egress_flow_count_threshold":{"nested_type":{"attributes":{"clear_percent":{"type":"number","description":"The clear threshold for the value of this counter as a percentage of its maximum value. Falling below this value will trigger a corresponding event. This attribute may not be returned in a GET.","description_kind":"markdown","computed":true},"clear_value":{"type":"number","description":"The clear threshold for the absolute value of this counter. Falling below this value will trigger a corresponding event. This attribute may not be returned in a GET.","description_kind":"markdown","computed":true},"set_percent":{"type":"number","description":"The set threshold for the value of this counter as a percentage of its maximum value. Exceeding this value will trigger a corresponding event. This attribute may not be returned in a GET.","description_kind":"markdown","computed":true},"set_value":{"type":"number","description":"The set threshold for the absolute value of this counter. Exceeding this value will trigger a corresponding event. This attribute may not be returned in a GET.","description_kind":"markdown","computed":true}},"nesting_mode":"single"},"description_kind":"plain","computed":true},"guaranteed_msging_event_endpoint_count_threshold":{"nested_type":{"attributes":{"clear_percent":{"type":"number","description":"The clear threshold for the value of this counter as a percentage of its maximum value. Falling below this value will trigger a corresponding event. This attribute may not be returned in a GET.","description_kind":"markdown","computed":true},"clear_value":{"type":"number","description":"The clear threshold for the absolute value of this counter. Falling below this value will trigger a corresponding event. This attribute may not be returned in a GET.","description_kind":"markdown","computed":true},"set_percent":{"type":"number","description":"The set threshold for the value of this counter as a percentage of its maximum value. Exceeding this value will trigger a corresponding event. This attribute may not be returned in a GET.","description_kind":"markdown","computed":true},"set_value":{"type":"number","description":"The set threshold for the absolute value of this counter. Exceeding this value will trigger a corresponding event. This attribute may not be returned in a GET.","description_kind":"markdown","computed":true}},"nesting_mode":"single"},"description_kind":"plain","computed":true},"guaranteed_msging_event_ingress_flow_count_threshold":{"nested_type":{"attributes":{"clear_percent":{"type":"number","description":"The clear threshold for the value of this counter as a percentage of its maximum value. Falling below this value will trigger a corresponding event. This attribute may not be returned in a GET.","description_kind":"markdown","computed":true},"clear_value":{"type":"number","description":"The clear threshold for the absolute value of this counter. Falling below this value will trigger a corresponding event. This attribute may not be returned in a GET.","description_kind":"markdown","computed":true},"set_percent":{"type":"number","description":"The set threshold for the value of this counter as a percentage of its maximum value. Exceeding this value will trigger a corresponding event. This attribute may not be returned in a GET.","description_kind":"markdown","computed":true},"set_value":{"type":"number","description":"The set threshold for the absolute value of this counter. Exceeding this value will trigger a corresponding event. This attribute may not be returned in a GET.","description_kind":"markdown","computed":true}},"nesting_mode":"single"},"description_kind":"plain","computed":true},"guaranteed_msging_event_msg_count_threshold":{"nested_type":{"attributes":{"clear_percent":{"type":"number","description":"The clear threshold for the value of this counter as a percentage of its maximum value. Falling below this value will trigger a corresponding event.","description_kind":"markdown","computed":true},"set_percent":{"type":"number","description":"The set threshold for the value of this counter as a percentage of its maximum value. Exceeding this value will trigger a corresponding event.","description_kind":"markdown","computed":true}},"nesting_mode":"single"},"description_kind":"plain","computed":true},"guaranteed_msging_event_msg_spool_file_count_threshold":{"nested_type":{"attributes":{"clear_percent":{"type":"number","description":"The clear threshold for the value of this counter as a percentage of its maximum value. Falling below this value will trigger a corresponding event.","description_kind":"markdown","computed":true},"set_percent":{"type":"number","description":"The set threshold for the value of this counter as a percentage of its maximum value. Exceeding this value will trigger a corresponding event.","description_kind":"markdown","computed":true}},"nesting_mode":"single"},"description_kind":"plain","computed":true},"guaranteed_msging_event_msg_spool_usage_threshold":{"nested_type":{"attributes":{"clear_percent":{"type":"number","description":"The clear threshold for the value of this counter as a percentage of its maximum value. Falling below this value will trigger a corresponding event. This attribute may not be returned in a GET.","description_kind":"markdown","computed":true},"clear_value":{"type":"number","description":"The clear threshold for the absolute value of this counter. Falling below this value will trigger a corresponding event. This attribute may not be returned in a GET.","description_kind":"markdown","computed":true},"set_percent":{"type":"number","description":"The set threshold for the value of this counter as a percentage of its maximum value. Exceeding this value will trigger a corresponding event. This attribute may not be returned in a GET.","description_kind":"markdown","computed":true},"set_value":{"type":"number","description":"The set threshold for the absolute value of this counter. Exceeding this value will trigger a corresponding event. This attribute may not be returned in a GET.","description_kind":"markdown","computed":true}},"nesting_mode":"single"},"description_kind":"plain","computed":true},"guaranteed_msging_event_transacted_session_count_threshold":{"nested_type":{"attributes":{"clear_percent":{"type":"number","description":"The clear threshold for the value of this counter as a percentage of its maximum value. Falling below this value will trigger a corresponding event. This attribute may not be returned in a GET.","description_kind":"markdown","computed":true},"clear_value":{"type":"number","description":"The clear threshold for the absolute value of this counter. Falling below this value will trigger a corresponding event. This attribute may not be returned in a GET.","description_kind":"markdown","computed":true},"set_percent":{"type":"number","description":"The set threshold for the value of this counter as a percentage of its maximum value. Exceeding this value will trigger a corresponding event. This attribute may not be returned in a GET.","description_kind":"markdown","computed":true},"set_value":{"type":"number","description":"The set threshold for the absolute value of this counter. Exceeding this value will trigger a corresponding event. This attribute may not be returned in a GET.","description_kind":"markdown","computed":true}},"nesting_mode":"single"},"description_kind":"plain","computed":true},"guaranteed_msging_event_transacted_session_resource_count_threshold":{"nested_type":{"attributes":{"clear_percent":{"type":"number","description":"The clear threshold for the value of this counter as a percentage of its maximum value. Falling below this value will trigger a corresponding event.","description_kind":"markdown","computed":true},"set_percent":{"type":"number","description":"The set threshold for the value of this counter as a percentage of its maximum value. Exceeding this value will trigger a corresponding event.","description_kind":"markdown","computed":true}},"nesting_mode":"single"},"description_kind":"plain","computed":true},"guaranteed_msging_event_transaction_count_threshold":{"nested_type":{"attributes":{"clear_percent":{"type":"number","description":"The clear threshold for the value of this counter as a percentage of its maximum value. Falling below this value will trigger a corresponding event. This attribute may not be returned in a GET.","description_kind":"markdown","computed":true},"clear_value":{"type":"number","description":"The clear threshold for the absolute value of this counter. Falling below this value will trigger a corresponding event. This attribute may not be returned in a GET.","description_kind":"markdown","computed":true},"set_percent":{"type":"number","description":"The set threshold for the value of this counter as a percentage of its maximum value. Exceeding this value will trigger a corresponding event. This attribute may not be returned in a GET.","description_kind":"markdown","computed":true},"set_value":{"type":"number","description":"The set threshold for the absolute value of this counter. Exceeding this value will trigger a corresponding event. This attribute may not be returned in a GET.","description_kind":"markdown","computed":true}},"nesting_mode":"single"},"description_kind":"plain","computed":true},"guaranteed_msging_max_cache_usage":{"type":"number","description":"Guaranteed messaging cache usage limit. Expressed as a maximum percentage of the NAB's egress queueing. resources that the guaranteed message cache is allowed to use. Changes to this attribute are synchronized to HA mates via config-sync. The default value is `10`. Available since SEMP API version 2.18.","description_kind":"markdown","computed":true},"guaranteed_msging_max_msg_spool_usage":{"type":"number","description":"The maximum total message spool usage allowed across all VPNs on this broker, in megabytes. Recommendation: the maximum value should be less than 90% of the disk space allocated for the guaranteed message spool. Changes to this attribute are synchronized to HA mates via config-sync. The default value is `1500`. Available since SEMP API version 2.18.","description_kind":"markdown","computed":true},"guaranteed_msging_msg_spool_sync_mirrored_msg_ack_timeout":{"type":"number","description":"The maximum time, in milliseconds, that can be tolerated for remote acknowledgment of synchronization messages before which the remote system will be considered out of sync. The default value is `10000`. Available since SEMP API version 2.18.","description_kind":"markdown","computed":true},"guaranteed_msging_msg_spool_sync_mirrored_spool_file_ack_timeout":{"type":"number","description":"The maximum time, in milliseconds, that can be tolerated for remote disk writes before which the remote system will be considered out of sync. The default value is `10000`. Available since SEMP API version 2.18.","description_kind":"markdown","computed":true},"guaranteed_msging_transaction_replication_compatibility_mode":{"type":"string","description":"The replication compatibility mode for the broker. The default value is `\"legacy\"`. The allowed values and their meaning are:\"legacy\" - All transactions originated by clients are replicated to the standby site without using transactions.\"transacted\" - All transactions originated by clients are replicated to the standby site using transactions. Changes to this attribute are synchronized to HA mates via config-sync. The default value is `\"legacy\"`. The allowed values and their meaning are:\n\n\u003cpre\u003e\n\"legacy\" - All transactions originated by clients are replicated to the standby site without using transactions.\n\"transacted\" - All transactions originated by clients are replicated to the standby site using transactions.\n\u003c/pre\u003e\n Available since SEMP API version 2.18.","description_kind":"markdown","computed":true},"id":{"type":"string","description":"Identifier attribute, for internal use only.","description_kind":"plain","computed":true},"oauth_profile_default":{"type":"string","description":"The default OAuth profile for OAuth authenticated SEMP requests. Changes to this attribute are synchronized to HA mates via config-sync. The default value is `\"\"`. Available since SEMP API version 2.24.","description_kind":"markdown","computed":true},"service_amqp_enabled":{"type":"bool","description":"Enable or disable the AMQP service. When disabled new AMQP Clients may not connect through the global or per-VPN AMQP listen-ports, and all currently connected AMQP Clients are immediately disconnected. Changes to this attribute are synchronized to HA mates via config-sync. The default value is `false`. Available since SEMP API version 2.17.","description_kind":"markdown","computed":true},"service_amqp_tls_listen_port":{"type":"number","description":"TCP port number that AMQP clients can use to connect to the broker using raw TCP over TLS. Modifying this attribute while the object (or the relevant part of the object) is administratively enabled may be service impacting as service_amqp_enabled will be temporarily set to false to apply the change. Changes to this attribute are synchronized to HA mates via config-sync. The default value is `0`. Available since SEMP API version 2.17.","description_kind":"markdown","computed":true},"service_event_connection_count_threshold":{"nested_type":{"attributes":{"clear_percent":{"type":"number","description":"The clear threshold for the value of this counter as a percentage of its maximum value. Falling below this value will trigger a corresponding event. This attribute may not be returned in a GET.","description_kind":"markdown","computed":true},"clear_value":{"type":"number","description":"The clear threshold for the absolute value of this counter. Falling below this value will trigger a corresponding event. This attribute may not be returned in a GET.","description_kind":"markdown","computed":true},"set_percent":{"type":"number","description":"The set threshold for the value of this counter as a percentage of its maximum value. Exceeding this value will trigger a corresponding event. This attribute may not be returned in a GET.","description_kind":"markdown","computed":true},"set_value":{"type":"number","description":"The set threshold for the absolute value of this counter. Exceeding this value will trigger a corresponding event. This attribute may not be returned in a GET.","description_kind":"markdown","computed":true}},"nesting_mode":"single"},"description_kind":"plain","computed":true},"service_health_check_enabled":{"type":"bool","description":"Enable or disable the plain-text health-check service. Changes to this attribute are synchronized to HA mates via config-sync. The default value is `false`. Available since SEMP API version 2.17.","description_kind":"markdown","computed":true},"service_health_check_listen_port":{"type":"number","description":"The port number for the plain-text health-check service. The port must be unique across the message backbone. The health-check service must be disabled to change the port. Modifying this attribute while the object (or the relevant part of the object) is administratively enabled may be service impacting as service_health_check_enabled will be temporarily set to false to apply the change. Changes to this attribute are synchronized to HA mates via config-sync. The default value is `5550`. Available since SEMP API version 2.17.","description_kind":"markdown","computed":true},"service_health_check_tls_enabled":{"type":"bool","description":"Enable or disable the TLS health-check service. Changes to this attribute are synchronized to HA mates via config-sync. The default value is `false`. Available since SEMP API version 2.34.","description_kind":"markdown","computed":true},"service_health_check_tls_listen_port":{"type":"number","description":"The port number for the TLS health-check service. The port must be unique across the message backbone. The health-check service must be disabled to change the port. Modifying this attribute while the object (or the relevant part of the object) is administratively enabled may be service impacting as service_health_check_tls_enabled will be temporarily set to false to apply the change. Changes to this attribute are synchronized to HA mates via config-sync. The default value is `0`. Available since SEMP API version 2.34.","description_kind":"markdown","computed":true},"service_mate_link_enabled":{"type":"bool","description":"Enable or disable the mate-link service. The default value is `true`. Available since SEMP API version 2.17.","description_kind":"markdown","computed":true},"service_mate_link_listen_port":{"type":"number","description":"The port number for the mate-link service. The port must be unique across the message backbone. The mate-link service must be disabled to change the port. Modifying this attribute while the object (or the relevant part of the object) is administratively enabled may be service impacting as service_mate_link_enabled will be temporarily set to false to apply the change. The default value is `8741`. Available since SEMP API version 2.17.","description_kind":"markdown","computed":true},"service_mqtt_enabled":{"type":"bool","description":"Enable or disable the MQTT service. When disabled new MQTT Clients may not connect through the per-VPN MQTT listen-ports, and all currently connected MQTT Clients are immediately disconnected. Changes to this attribute are synchronized to HA mates via config-sync. The default value is `false`. Available since SEMP API version 2.17.","description_kind":"markdown","computed":true},"service_msg_backbone_enabled":{"type":"bool","description":"Enable or disable the msg-backbone service. When disabled new Clients may not connect through global or per-VPN listen-ports, and all currently connected Clients are immediately disconnected. The default value is `true`. Available since SEMP API version 2.17.","description_kind":"markdown","computed":true},"service_redundancy_enabled":{"type":"bool","description":"Enable or disable the redundancy service. The default value is `true`. Available since SEMP API version 2.17.","description_kind":"markdown","computed":true},"service_redundancy_first_listen_port":{"type":"number","description":"The first listen-port used for the redundancy service. Redundancy uses this port and the subsequent 2 ports. These port must be unique across the message backbone. The redundancy service must be disabled to change this port. Modifying this attribute while the object (or the relevant part of the object) is administratively enabled may be service impacting as service_redundancy_enabled will be temporarily set to false to apply the change. The default value is `8300`. Available since SEMP API version 2.17.","description_kind":"markdown","computed":true},"service_rest_event_outgoing_connection_count_threshold":{"nested_type":{"attributes":{"clear_percent":{"type":"number","description":"The clear threshold for the value of this counter as a percentage of its maximum value. Falling below this value will trigger a corresponding event. This attribute may not be returned in a GET.","description_kind":"markdown","computed":true},"clear_value":{"type":"number","description":"The clear threshold for the absolute value of this counter. Falling below this value will trigger a corresponding event. This attribute may not be returned in a GET.","description_kind":"markdown","computed":true},"set_percent":{"type":"number","description":"The set threshold for the value of this counter as a percentage of its maximum value. Exceeding this value will trigger a corresponding event. This attribute may not be returned in a GET.","description_kind":"markdown","computed":true},"set_value":{"type":"number","description":"The set threshold for the absolute value of this counter. Exceeding this value will trigger a corresponding event. This attribute may not be returned in a GET.","description_kind":"markdown","computed":true}},"nesting_mode":"single"},"description_kind":"plain","computed":true},"service_rest_incoming_enabled":{"type":"bool","description":"Enable or disable the REST service incoming connections on the broker. Changes to this attribute are synchronized to HA mates via config-sync. The default value is `false`. Available since SEMP API version 2.17.","description_kind":"markdown","computed":true},"service_rest_outgoing_enabled":{"type":"bool","description":"Enable or disable the REST service outgoing connections on the broker. Changes to this attribute are synchronized to HA mates via config-sync. The default value is `false`. Available since SEMP API version 2.17.","description_kind":"markdown","computed":true},"service_semp_cors_allow_any_host_enabled":{"type":"bool","description":"Enable or disable cross origin resource requests for the SEMP service. Changes to this attribute are synchronized to HA mates via config-sync. The default value is `true`. Available since SEMP API version 2.24.","description_kind":"markdown","computed":true},"service_semp_legacy_timeout_enabled":{"type":"bool","description":"Enable or disable extended SEMP timeouts for paged responses. When a request times out, it returns the current page of content, even if the page is not full.  When enabled, the timeout is 60 seconds. When disabled, the timeout is 5 seconds.  The recommended setting is disabled (no legacy-timeout).  This parameter is intended as a temporary workaround to be used until SEMP clients can handle short pages.  This setting will be removed in a future release. Changes to this attribute are synchronized to HA mates via config-sync. The default value is `false`. Available since SEMP API version 2.18.","description_kind":"markdown","computed":true},"service_semp_plain_text_enabled":{"type":"bool","description":"Enable or disable plain-text SEMP service. Changes to this attribute are synchronized to HA mates via config-sync. The default value is `true`. Available since SEMP API version 2.17.","description_kind":"markdown","computed":true},"service_semp_session_idle_timeout":{"type":"number","description":"The session idle timeout, in minutes. Sessions will be invalidated if there is no activity in this period of time. Changes to this attribute are synchronized to HA mates via config-sync. The default value is `15`. Available since SEMP API version 2.21.","description_kind":"markdown","computed":true},"service_semp_session_max_lifetime":{"type":"number","description":"The maximum lifetime of a session, in minutes. Sessions will be invalidated after this period of time, regardless of activity. Changes to this attribute are synchronized to HA mates via config-sync. The default value is `43200`. Available since SEMP API version 2.21.","description_kind":"markdown","computed":true},"service_semp_tls_enabled":{"type":"bool","description":"Enable or disable TLS SEMP service. Changes to this attribute are synchronized to HA mates via config-sync. The default value is `true`. Available since SEMP API version 2.17.","description_kind":"markdown","computed":true},"service_smf_compression_listen_port":{"type":"number","description":"TCP port number that SMF clients can use to connect to the broker using raw compression TCP. Modifying this attribute while the object (or the relevant part of the object) is administratively enabled may be service impacting as service_smf_enabled will be temporarily set to false to apply the change. The default value is `55003`. Available since SEMP API version 2.17.","description_kind":"markdown","computed":true},"service_smf_enabled":{"type":"bool","description":"Enable or disable the SMF service. When disabled new SMF Clients may not connect through the global listen-ports, and all currently connected SMF Clients are immediately disconnected. The default value is `true`. Available since SEMP API version 2.17.","description_kind":"markdown","computed":true},"service_smf_event_connection_count_threshold":{"nested_type":{"attributes":{"clear_percent":{"type":"number","description":"The clear threshold for the value of this counter as a percentage of its maximum value. Falling below this value will trigger a corresponding event. This attribute may not be returned in a GET.","description_kind":"markdown","computed":true},"clear_value":{"type":"number","description":"The clear threshold for the absolute value of this counter. Falling below this value will trigger a corresponding event. This attribute may not be returned in a GET.","description_kind":"markdown","computed":true},"set_percent":{"type":"number","description":"The set threshold for the value of this counter as a percentage of its maximum value. Exceeding this value will trigger a corresponding event. This attribute may not be returned in a GET.","description_kind":"markdown","computed":true},"set_value":{"type":"number","description":"The set threshold for the absolute value of this counter. Exceeding this value will trigger a corresponding event. This attribute may not be returned in a GET.","description_kind":"markdown","computed":true}},"nesting_mode":"single"},"description_kind":"plain","computed":true},"service_smf_plain_text_listen_port":{"type":"number","description":"TCP port number that SMF clients can use to connect to the broker using raw TCP. Modifying this attribute while the object (or the relevant part of the object) is administratively enabled may be service impacting as service_smf_enabled will be temporarily set to false to apply the change. The default value is `55555`. Available since SEMP API version 2.17.","description_kind":"markdown","computed":true},"service_smf_routing_control_listen_port":{"type":"number","description":"TCP port number that SMF clients can use to connect to the broker using raw routing control TCP. Modifying this attribute while the object (or the relevant part of the object) is administratively enabled may be service impacting as service_smf_enabled will be temporarily set to false to apply the change. The default value is `55556`. Available since SEMP API version 2.17.","description_kind":"markdown","computed":true},"service_smf_tls_listen_port":{"type":"number","description":"TCP port number that SMF clients can use to connect to the broker using raw TCP over TLS. Modifying this attribute while the object (or the relevant part of the object) is administratively enabled may be service impacting as service_smf_enabled will be temporarily set to false to apply the change. The default value is `55443`. Available since SEMP API version 2.17.","description_kind":"markdown","computed":true},"service_tls_event_connection_count_threshold":{"nested_type":{"attributes":{"clear_percent":{"type":"number","description":"The clear threshold for the value of this counter as a percentage of its maximum value. Falling below this value will trigger a corresponding event. This attribute may not be returned in a GET.","description_kind":"markdown","computed":true},"clear_value":{"type":"number","description":"The clear threshold for the absolute value of this counter. Falling below this value will trigger a corresponding event. This attribute may not be returned in a GET.","description_kind":"markdown","computed":true},"set_percent":{"type":"number","description":"The set threshold for the value of this counter as a percentage of its maximum value. Exceeding this value will trigger a corresponding event. This attribute may not be returned in a GET.","description_kind":"markdown","computed":true},"set_value":{"type":"number","description":"The set threshold for the absolute value of this counter. Exceeding this value will trigger a corresponding event. This attribute may not be returned in a GET.","description_kind":"markdown","computed":true}},"nesting_mode":"single"},"description_kind":"plain","computed":true},"service_web_transport_enabled":{"type":"bool","description":"Enable or disable the web-transport service. When disabled new web-transport Clients may not connect through the global listen-ports, and all currently connected web-transport Clients are immediately disconnected. Changes to this attribute are synchronized to HA mates via config-sync. The default value is `false`. Available since SEMP API version 2.17.","description_kind":"markdown","computed":true},"service_web_transport_plain_text_listen_port":{"type":"number","description":"The TCP port for plain-text WEB client connections. Modifying this attribute while the object (or the relevant part of the object) is administratively enabled may be service impacting as service_web_transport_enabled will be temporarily set to false to apply the change. Changes to this attribute are synchronized to HA mates via config-sync. The default value is `8008`. Available since SEMP API version 2.17.","description_kind":"markdown","computed":true},"service_web_transport_tls_listen_port":{"type":"number","description":"The TCP port for TLS WEB client connections. Modifying this attribute while the object (or the relevant part of the object) is administratively enabled may be service impacting as service_web_transport_enabled will be temporarily set to false to apply the change. Changes to this attribute are synchronized to HA mates via config-sync. The default value is `1443`. Available since SEMP API version 2.17.","description_kind":"markdown","computed":true},"service_web_transport_web_url_suffix":{"type":"string","description":"Used to specify the Web URL suffix that will be used by Web clients when communicating with the broker. Modifying this attribute while the object (or the relevant part of the object) is administratively enabled may be service impacting as service_web_transport_enabled will be temporarily set to false to apply the change. The default value is `\"\"`. Available since SEMP API version 2.17.","description_kind":"markdown","computed":true},"tls_block_version11_enabled":{"type":"bool","description":"Enable or disable the blocking of TLS version 1.1 connections. When blocked, all existing incoming and outgoing TLS 1.1 connections with Clients, SEMP users, and LDAP servers remain connected while new connections are blocked. Note that support for TLS 1.1 will eventually be discontinued, at which time TLS 1.1 connections will be blocked regardless of this setting. Changes to this attribute are synchronized to HA mates via config-sync. The default value is `false`.","description_kind":"markdown","computed":true},"tls_cipher_suite_management_list":{"type":"string","description":"The colon-separated list of cipher suites used for TLS management connections (e.g. SEMP, LDAP). The value \"default\" implies all supported suites ordered from most secure to least secure. Changes to this attribute are synchronized to HA mates via config-sync. The default value is `\"default\"`.","description_kind":"markdown","computed":true},"tls_cipher_suite_msg_backbone_list":{"type":"string","description":"The colon-separated list of cipher suites used for TLS data connections (e.g. client pub/sub). The value \"default\" implies all supported suites ordered from most secure to least secure. Changes to this attribute are synchronized to HA mates via config-sync. The default value is `\"default\"`.","description_kind":"markdown","computed":true},"tls_cipher_suite_secure_shell_list":{"type":"string","description":"The colon-separated list of cipher suites used for TLS secure shell connections (e.g. SSH, SFTP, SCP). The value \"default\" implies all supported suites ordered from most secure to least secure. Changes to this attribute are synchronized to HA mates via config-sync. The default value is `\"default\"`.","description_kind":"markdown","computed":true},"tls_crime_exploit_protection_enabled":{"type":"bool","description":"Enable or disable protection against the CRIME exploit. When enabled, TLS+compressed messaging performance is degraded. This protection should only be disabled if sufficient ACL and authentication features are being employed such that a potential attacker does not have sufficient access to trigger the exploit. Changes to this attribute are synchronized to HA mates via config-sync. The default value is `true`.","description_kind":"markdown","computed":true},"tls_standard_domain_certificate_authorities_enabled":{"type":"bool","description":"Enable or disable the standard domain certificate authority list. The default value is `true`. Available since SEMP API version 2.19.","description_kind":"markdown","computed":true},"tls_ticket_lifetime":{"type":"number","description":"The TLS ticket lifetime in seconds. When a client connects with TLS, a session with a session ticket is created using the TLS ticket lifetime which determines how long the client has to resume the session. Changes to this attribute are synchronized to HA mates via config-sync. The default value is `86400`.","description_kind":"markdown","computed":true},"web_manager_allow_unencrypted_wizards_enabled":{"type":"bool","description":"Enable or disable the use of unencrypted wizards in the Web-based Manager UI. This setting should be left at its default on all production systems or other systems that need to be secure.  Enabling this option will permit the broker to forward plain-text data to other brokers, making important information or credentials available for snooping. Changes to this attribute are synchronized to HA mates via config-sync. The default value is `false`. Available since SEMP API version 2.28.","description_kind":"markdown","computed":true},"web_manager_customization":{"type":"string","description":"Reserved for internal use by Solace. Changes to this attribute are synchronized to HA mates via config-sync. The default value is `\"\"`. Available since SEMP API version 2.25.","description_kind":"markdown","computed":true},"web_manager_redirect_http_enabled":{"type":"bool","description":"Enable or disable redirection of HTTP requests for the broker manager to HTTPS. Changes to this attribute are synchronized to HA mates via config-sync. The default value is `true`. Available since SEMP API version 2.24.","description_kind":"markdown","computed":true},"web_manager_redirect_http_override_tls_port":{"type":"number","description":"The HTTPS port that HTTP requests will be redirected towards in a HTTP 301 redirect response. Zero is a special value that means use the value specified for the SEMP TLS port value. Changes to this attribute are synchronized to HA mates via config-sync. The default value is `0`. Available since SEMP API version 2.24.","description_kind":"markdown","computed":true}},"description":"This object contains global configuration for the message broker.\n\n\nAttribute|Identifying|Write-Only|Deprecated|Opaque\n:---|:---:|:---:|:---:|:---:\ntls_server_cert_content||x||x\ntls_server_cert_password||x||\n\n\n\nA SEMP client authorized with a minimum access scope/level of \"global/none\" is required to perform this operation. Requests which include the following attributes require greater access scope/level:\n\n\nAttribute|Access Scope/Level\n:---|:---:\nauth_client_cert_revocation_check_mode|global/read-only\nconfig_sync_authentication_client_cert_max_chain_depth|global/read-only\nconfig_sync_authentication_client_cert_validate_date_enabled|global/read-only\nconfig_sync_client_profile_tcp_initial_congestion_window|global/read-only\nconfig_sync_client_profile_tcp_keepalive_count|global/read-only\nconfig_sync_client_profile_tcp_keepalive_idle|global/read-only\nconfig_sync_client_profile_tcp_keepalive_interval|global/read-only\nconfig_sync_client_profile_tcp_max_window|global/read-only\nconfig_sync_client_profile_tcp_mss|global/read-only\nconfig_sync_enabled|global/read-only\nconfig_sync_synchronize_username_enabled|global/read-only\nconfig_sync_tls_enabled|global/read-only\nguaranteed_msging_defragmentation_schedule_day_list|global/read-only\nguaranteed_msging_defragmentation_schedule_enabled|global/read-only\nguaranteed_msging_defragmentation_schedule_time_list|global/read-only\nguaranteed_msging_defragmentation_threshold_enabled|global/read-only\nguaranteed_msging_defragmentation_threshold_fragmentation_percentage|global/read-only\nguaranteed_msging_defragmentation_threshold_min_interval|global/read-only\nguaranteed_msging_defragmentation_threshold_usage_percentage|global/read-only\nguaranteed_msging_enabled|global/read-only\nguaranteed_msging_event_cache_usage_threshold.clear_percent|global/read-only\nguaranteed_msging_event_cache_usage_threshold.clear_value|global/read-only\nguaranteed_msging_event_cache_usage_threshold.set_percent|global/read-only\nguaranteed_msging_event_cache_usage_threshold.set_value|global/read-only\nguaranteed_msging_event_delivered_unacked_threshold.clear_percent|global/read-only\nguaranteed_msging_event_delivered_unacked_threshold.set_percent|global/read-only\nguaranteed_msging_event_disk_usage_threshold.clear_percent|global/read-only\nguaranteed_msging_event_disk_usage_threshold.set_percent|global/read-only\nguaranteed_msging_event_egress_flow_count_threshold.clear_percent|global/read-only\nguaranteed_msging_event_egress_flow_count_threshold.clear_value|global/read-only\nguaranteed_msging_event_egress_flow_count_threshold.set_percent|global/read-only\nguaranteed_msging_event_egress_flow_count_threshold.set_value|global/read-only\nguaranteed_msging_event_endpoint_count_threshold.clear_percent|global/read-only\nguaranteed_msging_event_endpoint_count_threshold.clear_value|global/read-only\nguaranteed_msging_event_endpoint_count_threshold.set_percent|global/read-only\nguaranteed_msging_event_endpoint_count_threshold.set_value|global/read-only\nguaranteed_msging_event_ingress_flow_count_threshold.clear_percent|global/read-only\nguaranteed_msging_event_ingress_flow_count_threshold.clear_value|global/read-only\nguaranteed_msging_event_ingress_flow_count_threshold.set_percent|global/read-only\nguaranteed_msging_event_ingress_flow_count_threshold.set_value|global/read-only\nguaranteed_msging_event_msg_count_threshold.clear_percent|global/read-only\nguaranteed_msging_event_msg_count_threshold.set_percent|global/read-only\nguaranteed_msging_event_msg_spool_file_count_threshold.clear_percent|global/read-only\nguaranteed_msging_event_msg_spool_file_count_threshold.set_percent|global/read-only\nguaranteed_msging_event_msg_spool_usage_threshold.clear_percent|global/read-only\nguaranteed_msging_event_msg_spool_usage_threshold.clear_value|global/read-only\nguaranteed_msging_event_msg_spool_usage_threshold.set_percent|global/read-only\nguaranteed_msging_event_msg_spool_usage_threshold.set_value|global/read-only\nguaranteed_msging_event_transacted_session_count_threshold.clear_percent|global/read-only\nguaranteed_msging_event_transacted_session_count_threshold.clear_value|global/read-only\nguaranteed_msging_event_transacted_session_count_threshold.set_percent|global/read-only\nguaranteed_msging_event_transacted_session_count_threshold.set_value|global/read-only\nguaranteed_msging_event_transacted_session_resource_count_threshold.clear_percent|global/read-only\nguaranteed_msging_event_transacted_session_resource_count_threshold.set_percent|global/read-only\nguaranteed_msging_event_transaction_count_threshold.clear_percent|global/read-only\nguaranteed_msging_event_transaction_count_threshold.clear_value|global/read-only\nguaranteed_msging_event_transaction_count_threshold.set_percent|global/read-only\nguaranteed_msging_event_transaction_count_threshold.set_value|global/read-only\nguaranteed_msging_max_cache_usage|global/read-only\nguaranteed_msging_max_msg_spool_usage|global/read-only\nguaranteed_msging_msg_spool_sync_mirrored_msg_ack_timeout|global/read-only\nguaranteed_msging_msg_spool_sync_mirrored_spool_file_ack_timeout|global/read-only\nguaranteed_msging_transaction_replication_compatibility_mode|global/read-only\noauth_profile_default|global/read-only\nservice_amqp_enabled|global/read-only\nservice_amqp_tls_listen_port|global/read-only\nservice_event_connection_count_threshold.clear_percent|global/read-only\nservice_event_connection_count_threshold.clear_value|global/read-only\nservice_event_connection_count_threshold.set_percent|global/read-only\nservice_event_connection_count_threshold.set_value|global/read-only\nservice_health_check_enabled|global/read-only\nservice_health_check_listen_port|global/read-only\nservice_health_check_tls_enabled|global/read-only\nservice_health_check_tls_listen_port|global/read-only\nservice_mate_link_enabled|global/read-only\nservice_mate_link_listen_port|global/read-only\nservice_mqtt_enabled|global/read-only\nservice_msg_backbone_enabled|global/read-only\nservice_redundancy_enabled|global/read-only\nservice_redundancy_first_listen_port|global/read-only\nservice_rest_event_outgoing_connection_count_threshold.clear_percent|global/read-only\nservice_rest_event_outgoing_connection_count_threshold.clear_value|global/read-only\nservice_rest_event_outgoing_connection_count_threshold.set_percent|global/read-only\nservice_rest_event_outgoing_connection_count_threshold.set_value|global/read-only\nservice_rest_incoming_enabled|global/read-only\nservice_rest_outgoing_enabled|global/read-only\nservice_semp_cors_allow_any_host_enabled|global/read-only\nservice_semp_legacy_timeout_enabled|global/read-only\nservice_semp_plain_text_enabled|global/read-only\nservice_semp_plain_text_listen_port|global/read-only\nservice_semp_session_idle_timeout|global/read-only\nservice_semp_session_max_lifetime|global/read-only\nservice_semp_tls_enabled|global/read-only\nservice_semp_tls_listen_port|global/read-only\nservice_smf_compression_listen_port|global/read-only\nservice_smf_enabled|global/read-only\nservice_smf_event_connection_count_threshold.clear_percent|global/read-only\nservice_smf_event_connection_count_threshold.clear_value|global/read-only\nservice_smf_event_connection_count_threshold.set_percent|global/read-only\nservice_smf_event_connection_count_threshold.set_value|global/read-only\nservice_smf_plain_text_listen_port|global/read-only\nservice_smf_routing_control_listen_port|global/read-only\nservice_smf_tls_listen_port|global/read-only\nservice_tls_event_connection_count_threshold.clear_percent|global/read-only\nservice_tls_event_connection_count_threshold.clear_value|global/read-only\nservice_tls_event_connection_count_threshold.set_percent|global/read-only\nservice_tls_event_connection_count_threshold.set_value|global/read-only\nservice_web_transport_enabled|global/read-only\nservice_web_transport_plain_text_listen_port|global/read-only\nservice_web_transport_tls_listen_port|global/read-only\nservice_web_transport_web_url_suffix|global/read-only\ntls_block_version11_enabled|global/read-only\ntls_cipher_suite_management_list|global/read-only\ntls_cipher_suite_msg_backbone_list|global/read-only\ntls_cipher_suite_secure_shell_list|global/read-only\ntls_crime_exploit_protection_enabled|global/read-only\ntls_server_cert_content|global/read-only\ntls_standard_domain_certificate_authorities_enabled|vpn/read-only\ntls_ticket_lifetime|global/read-only\nweb_manager_allow_unencrypted_wizards_enabled|vpn/read-only\nweb_manager_customization|vpn/read-only\nweb_manager_redirect_http_enabled|vpn/read-only\nweb_manager_redirect_http_override_tls_port|vpn/read-only\n\n\n\nThis has been available since SEMP API version 2.13.","description_kind":"markdown"}},"solacebroker_client_cert_authority":{"version":0,"block":{"attributes":{"cert_authority_name":{"type":"string","description":"The name of the Certificate Authority.","description_kind":"markdown","required":true},"cert_content":{"type":"string","description":"The PEM formatted content for the trusted root certificate of a client Certificate Authority. Changes to this attribute are synchronized to HA mates via config-sync. The default value is `\"\"`.","description_kind":"markdown","computed":true},"crl_day_list":{"type":"string","description":"The scheduled CRL refresh day(s), specified as \"daily\" or a comma-separated list of days. Days must be specified as \"Sun\", \"Mon\", \"Tue\", \"Wed\", \"Thu\", \"Fri\", or \"Sat\", with no spaces, and in sorted order from Sunday to Saturday. The empty-string (\"\") can also be specified, indicating no schedule is configured (\"crl_time_list\" must also be configured to the empty-string). Changes to this attribute are synchronized to HA mates via config-sync. The default value is `\"daily\"`.","description_kind":"markdown","computed":true},"crl_time_list":{"type":"string","description":"The scheduled CRL refresh time(s), specified as \"hourly\" or a comma-separated list of 24-hour times in the form hh:mm, or h:mm. There must be no spaces, and times (up to 4) must be in sorted order from 0:00 to 23:59. The empty-string (\"\") can also be specified, indicating no schedule is configured (\"crl_day_list\" must also be configured to the empty-string). Changes to this attribute are synchronized to HA mates via config-sync. The default value is `\"3:00\"`.","description_kind":"markdown","computed":true},"crl_url":{"type":"string","description":"The URL for the CRL source. This is a required attribute for CRL to be operational and the URL must be complete with http:// included. IPv6 addresses must be enclosed in square-brackets. Modifying this attribute while the object (or the relevant part of the object) is administratively enabled may be service impacting as revocation_check_enabled will be temporarily set to false to apply the change. Changes to this attribute are synchronized to HA mates via config-sync. The default value is `\"\"`.","description_kind":"markdown","computed":true},"id":{"type":"string","description":"Identifier attribute, for internal use only.","description_kind":"plain","computed":true},"ocsp_non_responder_cert_enabled":{"type":"bool","description":"Enable or disable allowing a non-responder certificate to sign an OCSP response. Typically used with an OCSP override URL in cases where a single certificate is used to sign client certificates and OCSP responses. Changes to this attribute are synchronized to HA mates via config-sync. The default value is `false`.","description_kind":"markdown","computed":true},"ocsp_override_url":{"type":"string","description":"The OCSP responder URL to use for overriding the one supplied in the client certificate. The URL must be complete with http:// included. Changes to this attribute are synchronized to HA mates via config-sync. The default value is `\"\"`.","description_kind":"markdown","computed":true},"ocsp_timeout":{"type":"number","description":"The timeout in seconds to receive a response from the OCSP responder after sending a request or making the initial connection attempt. Changes to this attribute are synchronized to HA mates via config-sync. The default value is `5`.","description_kind":"markdown","computed":true},"revocation_check_enabled":{"type":"bool","description":"Enable or disable Certificate Authority revocation checking. Changes to this attribute are synchronized to HA mates via config-sync. The default value is `false`.","description_kind":"markdown","computed":true}},"description":"Clients can authenticate with the message broker over TLS by presenting a valid client certificate. The message broker authenticates the client certificate by constructing a full certificate chain (from the client certificate to intermediate CAs to a configured root CA). The intermediate CAs in this chain can be provided by the client, or configured in the message broker. The root CA must be configured on the message broker.\n\n\nAttribute|Identifying|Write-Only|Deprecated|Opaque\n:---|:---:|:---:|:---:|:---:\ncert_authority_name|x|||\n\n\n\nA SEMP client authorized with a minimum access scope/level of \"global/read-only\" is required to perform this operation.\n\nThis has been available since SEMP API version 2.19.","description_kind":"markdown"}},"solacebroker_client_cert_authority_ocsp_tls_trusted_common_name":{"version":0,"block":{"attributes":{"cert_authority_name":{"type":"string","description":"The name of the Certificate Authority.","description_kind":"markdown","required":true},"id":{"type":"string","description":"Identifier attribute, for internal use only.","description_kind":"plain","computed":true},"ocsp_tls_trusted_common_name":{"type":"string","description":"The expected Trusted Common Name of the OCSP responder remote certificate.","description_kind":"markdown","required":true}},"description":"When an OCSP override URL is configured, the OCSP responder will be required to sign the OCSP responses with certificates issued to these Trusted Common Names. A maximum of 8 common names can be configured as valid response signers.\n\n\nAttribute|Identifying|Write-Only|Deprecated|Opaque\n:---|:---:|:---:|:---:|:---:\ncert_authority_name|x|||\nocsp_tls_trusted_common_name|x|||\n\n\n\nA SEMP client authorized with a minimum access scope/level of \"global/read-only\" is required to perform this operation.\n\nThis has been available since SEMP API version 2.19.","description_kind":"markdown"}},"solacebroker_dmr_cluster":{"version":0,"block":{"attributes":{"authentication_basic_enabled":{"type":"bool","description":"Enable or disable basic authentication for Cluster Links. Changes to this attribute are synchronized to HA mates via config-sync. The default value is `true`.","description_kind":"markdown","computed":true},"authentication_basic_type":{"type":"string","description":"The type of basic authentication to use for Cluster Links. Changes to this attribute are synchronized to HA mates via config-sync. The default value is `\"internal\"`. The allowed values and their meaning are:\n\n\u003cpre\u003e\n\"internal\" - Use locally configured password.\n\"none\" - No authentication.\n\u003c/pre\u003e\n","description_kind":"markdown","computed":true},"authentication_client_cert_enabled":{"type":"bool","description":"Enable or disable client certificate authentication for Cluster Links. Changes to this attribute are synchronized to HA mates via config-sync. The default value is `true`.","description_kind":"markdown","computed":true},"direct_only_enabled":{"type":"bool","description":"Enable or disable direct messaging only. Guaranteed messages will not be transmitted through the cluster. The default value is `false`.","description_kind":"markdown","computed":true},"dmr_cluster_name":{"type":"string","description":"The name of the Cluster.","description_kind":"markdown","required":true},"enabled":{"type":"bool","description":"Enable or disable the Cluster. Changes to this attribute are synchronized to HA mates via config-sync. The default value is `false`.","description_kind":"markdown","computed":true},"id":{"type":"string","description":"Identifier attribute, for internal use only.","description_kind":"plain","computed":true},"node_name":{"type":"string","description":"The name of this node in the Cluster. This is the name that this broker (or redundant group of brokers) is know by to other nodes in the Cluster. The name is chosen automatically to be either this broker's Router Name or Mate Router Name, depending on which Active Standby Role (primary or backup) this broker plays in its redundancy group.","description_kind":"markdown","computed":true},"tls_server_cert_max_chain_depth":{"type":"number","description":"The maximum allowed depth of a certificate chain. The depth of a chain is defined as the number of signing CA certificates that are present in the chain back to a trusted self-signed root CA certificate. Changes to this attribute are synchronized to HA mates via config-sync. The default value is `3`.","description_kind":"markdown","computed":true},"tls_server_cert_validate_date_enabled":{"type":"bool","description":"Enable or disable the validation of the \"Not Before\" and \"Not After\" validity dates in the certificate. When disabled, the certificate is accepted even if the certificate is not valid based on these dates. Changes to this attribute are synchronized to HA mates via config-sync. The default value is `true`.","description_kind":"markdown","computed":true},"tls_server_cert_validate_name_enabled":{"type":"bool","description":"Enable or disable the standard TLS authentication mechanism of verifying the name used to connect to the bridge. If enabled, the name used to connect to the bridge is checked against the names specified in the certificate returned by the remote broker. Legacy Common Name validation is not performed if Server Certificate Name Validation is enabled, even if Common Name validation is also enabled. Changes to this attribute are synchronized to HA mates via config-sync. The default value is `true`. Available since SEMP API version 2.18.","description_kind":"markdown","computed":true}},"description":"A Cluster is a provisioned object on a message broker that contains global DMR configuration parameters.\n\n\nAttribute|Identifying|Write-Only|Deprecated|Opaque\n:---|:---:|:---:|:---:|:---:\nauthentication_basic_password||x||x\nauthentication_client_cert_content||x||x\nauthentication_client_cert_password||x||\ndmr_cluster_name|x|||\ntls_server_cert_enforce_trusted_common_name_enabled|||x|\n\n\n\nA SEMP client authorized with a minimum access scope/level of \"global/read-only\" is required to perform this operation.\n\nThis has been available since SEMP API version 2.11.","description_kind":"markdown"}},"solacebroker_dmr_cluster_cert_matching_rule":{"version":0,"block":{"attributes":{"dmr_cluster_name":{"type":"string","description":"The name of the Cluster.","description_kind":"markdown","required":true},"enabled":{"type":"bool","description":"Enable or disable a certificate matching rule. Changes to this attribute are synchronized to HA mates via config-sync. The default value is `false`.","description_kind":"markdown","computed":true},"id":{"type":"string","description":"Identifier attribute, for internal use only.","description_kind":"plain","computed":true},"rule_name":{"type":"string","description":"The name of the rule.","description_kind":"markdown","required":true}},"description":"A Cert Matching Rule is a collection of conditions and attribute filters that all have to be satisfied for certificate to be acceptable as authentication for a given link.\n\n\nAttribute|Identifying|Write-Only|Deprecated|Opaque\n:---|:---:|:---:|:---:|:---:\ndmr_cluster_name|x|||\nrule_name|x|||\n\n\n\nA SEMP client authorized with a minimum access scope/level of \"global/read-only\" is required to perform this operation.\n\nThis has been available since SEMP API version 2.28.","description_kind":"markdown"}},"solacebroker_dmr_cluster_cert_matching_rule_attribute_filter":{"version":0,"block":{"attributes":{"attribute_name":{"type":"string","description":"Link Attribute to be tested. Changes to this attribute are synchronized to HA mates via config-sync. The default value is `\"\"`.","description_kind":"markdown","computed":true},"attribute_value":{"type":"string","description":"Expected attribute value. Changes to this attribute are synchronized to HA mates via config-sync. The default value is `\"\"`.","description_kind":"markdown","computed":true},"dmr_cluster_name":{"type":"string","description":"The name of the Cluster.","description_kind":"markdown","required":true},"filter_name":{"type":"string","description":"The name of the filter.","description_kind":"markdown","required":true},"id":{"type":"string","description":"Identifier attribute, for internal use only.","description_kind":"plain","computed":true},"rule_name":{"type":"string","description":"The name of the rule.","description_kind":"markdown","required":true}},"description":"A Cert Matching Rule Attribute Filter compares a link attribute to a string.\n\n\nAttribute|Identifying|Write-Only|Deprecated|Opaque\n:---|:---:|:---:|:---:|:---:\ndmr_cluster_name|x|||\nfilter_name|x|||\nrule_name|x|||\n\n\n\nA SEMP client authorized with a minimum access scope/level of \"global/read-only\" is required to perform this operation.\n\nThis has been available since SEMP API version 2.28.","description_kind":"markdown"}},"solacebroker_dmr_cluster_cert_matching_rule_condition":{"version":0,"block":{"attributes":{"attribute":{"type":"string","description":"Link Attribute to be compared with certificate content. Either an attribute or an expression must be provided on creation, but not both. The default value is `\"\"`.","description_kind":"markdown","computed":true},"dmr_cluster_name":{"type":"string","description":"The name of the Cluster.","description_kind":"markdown","required":true},"expression":{"type":"string","description":"Glob expression to be matched with certificate content. Either an expression or an attribute must be provided on creation, but not both. The default value is `\"\"`.","description_kind":"markdown","computed":true},"id":{"type":"string","description":"Identifier attribute, for internal use only.","description_kind":"plain","computed":true},"rule_name":{"type":"string","description":"The name of the rule.","description_kind":"markdown","required":true},"source":{"type":"string","description":"Certificate field to be compared with the Attribute. The allowed values and their meaning are:\n\n\u003cpre\u003e\n\"certificate-thumbprint\" - The attribute is computed as the SHA-1 hash over the entire DER-encoded contents of the client certificate.\n\"common-name\" - The attribute is extracted from the certificate's first instance of the Common Name attribute in the Subject DN.\n\"common-name-last\" - The attribute is extracted from the certificate's last instance of the Common Name attribute in the Subject DN.\n\"subject-alternate-name-msupn\" - The attribute is extracted from the certificate's Other Name type of the Subject Alternative Name and must have the msUPN signature.\n\"uid\" - The attribute is extracted from the certificate's first instance of the User Identifier attribute in the Subject DN.\n\"uid-last\" - The attribute is extracted from the certificate's last instance of the User Identifier attribute in the Subject DN.\n\"org-unit\" - The attribute is extracted from the certificate's first instance of the Org Unit attribute in the Subject DN.\n\"org-unit-last\" - The attribute is extracted from the certificate's last instance of the Org Unit attribute in the Subject DN.\n\"issuer\" - The attribute is extracted from the certificate's Issuer DN.\n\"subject\" - The attribute is extracted from the certificate's Subject DN.\n\"serial-number\" - The attribute is extracted from the certificate's Serial Number.\n\"dns-name\" - The attribute is extracted from the certificate's Subject Alt Name DNS Name.\n\"ip-address\" - The attribute is extracted from the certificate's Subject Alt Name IP Address.\n\u003c/pre\u003e\n","description_kind":"markdown","required":true}},"description":"A Cert Matching Rule Condition compares data extracted from a certificate to a link attribute or an expression.\n\n\nAttribute|Identifying|Write-Only|Deprecated|Opaque\n:---|:---:|:---:|:---:|:---:\ndmr_cluster_name|x|||\nrule_name|x|||\nsource|x|||\n\n\n\nA SEMP client authorized with a minimum access scope/level of \"global/read-only\" is required to perform this operation.\n\nThis has been available since SEMP API version 2.28.","description_kind":"markdown"}},"solacebroker_dmr_cluster_link":{"version":0,"block":{"attributes":{"authentication_scheme":{"type":"string","description":"The authentication scheme to be used by the Link which initiates connections to the remote node. Modifying this attribute while the object (or the relevant part of the object) is administratively enabled may be service impacting as enabled will be temporarily set to false to apply the change. Changes to this attribute are synchronized to HA mates via config-sync. The default value is `\"basic\"`. The allowed values and their meaning are:\n\n\u003cpre\u003e\n\"basic\" - Basic Authentication Scheme (via username and password).\n\"client-certificate\" - Client Certificate Authentication Scheme (via certificate file or content).\n\u003c/pre\u003e\n","description_kind":"markdown","computed":true},"client_profile_queue_control1_max_depth":{"type":"number","description":"The maximum depth of the \"Control 1\" (C-1) priority queue, in work units. Each work unit is 2048 bytes of message data. Changes to this attribute are synchronized to HA mates via config-sync. The default value is `20000`.","description_kind":"markdown","computed":true},"client_profile_queue_control1_min_msg_burst":{"type":"number","description":"The number of messages that are always allowed entry into the \"Control 1\" (C-1) priority queue, regardless of the `client_profile_queue_control1_max_depth` value. Changes to this attribute are synchronized to HA mates via config-sync. The default value is `4`.","description_kind":"markdown","computed":true},"client_profile_queue_direct1_max_depth":{"type":"number","description":"The maximum depth of the \"Direct 1\" (D-1) priority queue, in work units. Each work unit is 2048 bytes of message data. Changes to this attribute are synchronized to HA mates via config-sync. The default value is `20000`.","description_kind":"markdown","computed":true},"client_profile_queue_direct1_min_msg_burst":{"type":"number","description":"The number of messages that are always allowed entry into the \"Direct 1\" (D-1) priority queue, regardless of the `client_profile_queue_direct1_max_depth` value. Changes to this attribute are synchronized to HA mates via config-sync. The default value is `4`.","description_kind":"markdown","computed":true},"client_profile_queue_direct2_max_depth":{"type":"number","description":"The maximum depth of the \"Direct 2\" (D-2) priority queue, in work units. Each work unit is 2048 bytes of message data. Changes to this attribute are synchronized to HA mates via config-sync. The default value is `20000`.","description_kind":"markdown","computed":true},"client_profile_queue_direct2_min_msg_burst":{"type":"number","description":"The number of messages that are always allowed entry into the \"Direct 2\" (D-2) priority queue, regardless of the `client_profile_queue_direct2_max_depth` value. Changes to this attribute are synchronized to HA mates via config-sync. The default value is `4`.","description_kind":"markdown","computed":true},"client_profile_queue_direct3_max_depth":{"type":"number","description":"The maximum depth of the \"Direct 3\" (D-3) priority queue, in work units. Each work unit is 2048 bytes of message data. Changes to this attribute are synchronized to HA mates via config-sync. The default value is `20000`.","description_kind":"markdown","computed":true},"client_profile_queue_direct3_min_msg_burst":{"type":"number","description":"The number of messages that are always allowed entry into the \"Direct 3\" (D-3) priority queue, regardless of the `client_profile_queue_direct3_max_depth` value. Changes to this attribute are synchronized to HA mates via config-sync. The default value is `4`.","description_kind":"markdown","computed":true},"client_profile_queue_guaranteed1_max_depth":{"type":"number","description":"The maximum depth of the \"Guaranteed 1\" (G-1) priority queue, in work units. Each work unit is 2048 bytes of message data. Changes to this attribute are synchronized to HA mates via config-sync. The default value is `20000`.","description_kind":"markdown","computed":true},"client_profile_queue_guaranteed1_min_msg_burst":{"type":"number","description":"The number of messages that are always allowed entry into the \"Guaranteed 1\" (G-3) priority queue, regardless of the `client_profile_queue_guaranteed1_max_depth` value. Changes to this attribute are synchronized to HA mates via config-sync. The default value is `255`.","description_kind":"markdown","computed":true},"client_profile_tcp_congestion_window_size":{"type":"number","description":"The TCP initial congestion window size, in multiples of the TCP Maximum Segment Size (MSS). Changing the value from its default of 2 results in non-compliance with RFC 2581. Contact support before changing this value. Changes to this attribute are synchronized to HA mates via config-sync. The default value is `2`.","description_kind":"markdown","computed":true},"client_profile_tcp_keepalive_count":{"type":"number","description":"The number of TCP keepalive retransmissions to be carried out before declaring that the remote end is not available. Changes to this attribute are synchronized to HA mates via config-sync. The default value is `5`.","description_kind":"markdown","computed":true},"client_profile_tcp_keepalive_idle_time":{"type":"number","description":"The amount of time a connection must remain idle before TCP begins sending keepalive probes, in seconds. Changes to this attribute are synchronized to HA mates via config-sync. The default value is `3`.","description_kind":"markdown","computed":true},"client_profile_tcp_keepalive_interval":{"type":"number","description":"The amount of time between TCP keepalive retransmissions when no acknowledgment is received, in seconds. Changes to this attribute are synchronized to HA mates via config-sync. The default value is `1`.","description_kind":"markdown","computed":true},"client_profile_tcp_max_segment_size":{"type":"number","description":"The TCP maximum segment size, in bytes. Changes are applied to all existing connections. Changes to this attribute are synchronized to HA mates via config-sync. The default value is `1460`.","description_kind":"markdown","computed":true},"client_profile_tcp_max_window_size":{"type":"number","description":"The TCP maximum window size, in kilobytes. Changes are applied to all existing connections. This setting is ignored on the software broker. Changes to this attribute are synchronized to HA mates via config-sync. The default value is `256`.","description_kind":"markdown","computed":true},"dmr_cluster_name":{"type":"string","description":"The name of the Cluster.","description_kind":"markdown","required":true},"egress_flow_window_size":{"type":"number","description":"The number of outstanding guaranteed messages that can be sent over the Link before acknowledgment is received by the sender. Modifying this attribute while the object (or the relevant part of the object) is administratively enabled may be service impacting as enabled will be temporarily set to false to apply the change. Changes to this attribute are synchronized to HA mates via config-sync. The default value is `255`.","description_kind":"markdown","computed":true},"enabled":{"type":"bool","description":"Enable or disable the Link. When disabled, subscription sets of this and the remote node are not kept up-to-date, and messages are not exchanged with the remote node. Published guaranteed messages will be queued up for future delivery based on current subscription sets. Changes to this attribute are synchronized to HA mates via config-sync. The default value is `false`.","description_kind":"markdown","computed":true},"id":{"type":"string","description":"Identifier attribute, for internal use only.","description_kind":"plain","computed":true},"initiator":{"type":"string","description":"The initiator of the Link's TCP connections. Modifying this attribute while the object (or the relevant part of the object) is administratively enabled may be service impacting as enabled will be temporarily set to false to apply the change. Changes to this attribute are synchronized to HA mates via config-sync. The default value is `\"lexical\"`. The allowed values and their meaning are:\n\n\u003cpre\u003e\n\"lexical\" - The \"higher\" node-name initiates.\n\"local\" - The local node initiates.\n\"remote\" - The remote node initiates.\n\u003c/pre\u003e\n","description_kind":"markdown","computed":true},"queue_dead_msg_queue":{"type":"string","description":"The name of the Dead Message Queue (DMQ) used by the Queue for discarded messages. Changes to this attribute are synchronized to HA mates via config-sync. The default value is `\"#DEAD_MSG_QUEUE\"`.","description_kind":"markdown","computed":true},"queue_event_spool_usage_threshold":{"nested_type":{"attributes":{"clear_percent":{"type":"number","description":"The clear threshold for the value of this counter as a percentage of its maximum value. Falling below this value will trigger a corresponding event. This attribute may not be returned in a GET.","description_kind":"markdown","computed":true},"clear_value":{"type":"number","description":"The clear threshold for the absolute value of this counter. Falling below this value will trigger a corresponding event. This attribute may not be returned in a GET.","description_kind":"markdown","computed":true},"set_percent":{"type":"number","description":"The set threshold for the value of this counter as a percentage of its maximum value. Exceeding this value will trigger a corresponding event. This attribute may not be returned in a GET.","description_kind":"markdown","computed":true},"set_value":{"type":"number","description":"The set threshold for the absolute value of this counter. Exceeding this value will trigger a corresponding event. This attribute may not be returned in a GET.","description_kind":"markdown","computed":true}},"nesting_mode":"single"},"description_kind":"plain","computed":true},"queue_max_delivered_unacked_msgs_per_flow":{"type":"number","description":"The maximum number of messages delivered but not acknowledged per flow for the Queue. Changes to this attribute are synchronized to HA mates via config-sync. The default value is `1000000`.","description_kind":"markdown","computed":true},"queue_max_msg_spool_usage":{"type":"number","description":"The maximum message spool usage by the Queue (quota), in megabytes (MB). Changes to this attribute are synchronized to HA mates via config-sync. The default value is `800000`.","description_kind":"markdown","computed":true},"queue_max_redelivery_count":{"type":"number","description":"The maximum number of times the Queue will attempt redelivery of a message prior to it being discarded or moved to the DMQ. A value of 0 means to retry forever. Changes to this attribute are synchronized to HA mates via config-sync. The default value is `0`.","description_kind":"markdown","computed":true},"queue_max_ttl":{"type":"number","description":"The maximum time in seconds a message can stay in the Queue when `queue_respect_ttl_enabled` is `true`. A message expires when the lesser of the sender assigned time-to-live (TTL) in the message and the `queue_max_ttl` configured for the Queue, is exceeded. A value of 0 disables expiry. Changes to this attribute are synchronized to HA mates via config-sync. The default value is `0`.","description_kind":"markdown","computed":true},"queue_reject_msg_to_sender_on_discard_behavior":{"type":"string","description":"Determines when to return negative acknowledgments (NACKs) to sending clients on message discards. Note that NACKs cause the message to not be delivered to any destination and Transacted Session commits to fail. Changes to this attribute are synchronized to HA mates via config-sync. The default value is `\"always\"`. The allowed values and their meaning are:\n\n\u003cpre\u003e\n\"never\" - Silently discard messages.\n\"when-queue-enabled\" - NACK each message discard back to the client, except messages that are discarded because an endpoint is administratively disabled.\n\"always\" - NACK each message discard back to the client, including messages that are discarded because an endpoint is administratively disabled.\n\u003c/pre\u003e\n","description_kind":"markdown","computed":true},"queue_respect_ttl_enabled":{"type":"bool","description":"Enable or disable the respecting of the time-to-live (TTL) for messages in the Queue. When enabled, expired messages are discarded or moved to the DMQ. Changes to this attribute are synchronized to HA mates via config-sync. The default value is `false`.","description_kind":"markdown","computed":true},"remote_node_name":{"type":"string","description":"The name of the node at the remote end of the Link.","description_kind":"markdown","required":true},"span":{"type":"string","description":"The span of the Link, either internal or external. Internal Links connect nodes within the same Cluster. External Links connect nodes within different Clusters. Modifying this attribute while the object (or the relevant part of the object) is administratively enabled may be service impacting as enabled will be temporarily set to false to apply the change. Changes to this attribute are synchronized to HA mates via config-sync. The default value is `\"external\"`. The allowed values and their meaning are:\n\n\u003cpre\u003e\n\"internal\" - Link to same cluster.\n\"external\" - Link to other cluster.\n\u003c/pre\u003e\n","description_kind":"markdown","computed":true},"transport_compressed_enabled":{"type":"bool","description":"Enable or disable compression on the Link. Modifying this attribute while the object (or the relevant part of the object) is administratively enabled may be service impacting as enabled will be temporarily set to false to apply the change. Changes to this attribute are synchronized to HA mates via config-sync. The default value is `false`.","description_kind":"markdown","computed":true},"transport_tls_enabled":{"type":"bool","description":"Enable or disable encryption (TLS) on the Link. Modifying this attribute while the object (or the relevant part of the object) is administratively enabled may be service impacting as enabled will be temporarily set to false to apply the change. Changes to this attribute are synchronized to HA mates via config-sync. The default value is `false`.","description_kind":"markdown","computed":true}},"description":"A Link connects nodes (either within a Cluster or between two different Clusters) and allows them to exchange topology information, subscriptions and data.\n\n\nAttribute|Identifying|Write-Only|Deprecated|Opaque\n:---|:---:|:---:|:---:|:---:\nauthentication_basic_password||x||x\ndmr_cluster_name|x|||\nremote_node_name|x|||\n\n\n\nA SEMP client authorized with a minimum access scope/level of \"global/read-only\" is required to perform this operation.\n\nThis has been available since SEMP API version 2.11.","description_kind":"markdown"}},"solacebroker_dmr_cluster_link_attribute":{"version":0,"block":{"attributes":{"attribute_name":{"type":"string","description":"The name of the Attribute.","description_kind":"markdown","required":true},"attribute_value":{"type":"string","description":"The value of the Attribute.","description_kind":"markdown","required":true},"dmr_cluster_name":{"type":"string","description":"The name of the Cluster.","description_kind":"markdown","required":true},"id":{"type":"string","description":"Identifier attribute, for internal use only.","description_kind":"plain","computed":true},"remote_node_name":{"type":"string","description":"The name of the node at the remote end of the Link.","description_kind":"markdown","required":true}},"description":"A Link Attribute is a key+value pair that can be used to locate a DMR Cluster Link, for example when using client certificate mapping.\n\n\nAttribute|Identifying|Write-Only|Deprecated|Opaque\n:---|:---:|:---:|:---:|:---:\nattribute_name|x|||\nattribute_value|x|||\ndmr_cluster_name|x|||\nremote_node_name|x|||\n\n\n\nA SEMP client authorized with a minimum access scope/level of \"global/read-only\" is required to perform this operation.\n\nThis has been available since SEMP API version 2.28.","description_kind":"markdown"}},"solacebroker_dmr_cluster_link_remote_address":{"version":0,"block":{"attributes":{"dmr_cluster_name":{"type":"string","description":"The name of the Cluster.","description_kind":"markdown","required":true},"id":{"type":"string","description":"Identifier attribute, for internal use only.","description_kind":"plain","computed":true},"remote_address":{"type":"string","description":"The FQDN or IP address (and optional port) of the remote node. If a port is not provided, it will vary based on the transport encoding: 55555 (plain-text), 55443 (encrypted), or 55003 (compressed).","description_kind":"markdown","required":true},"remote_node_name":{"type":"string","description":"The name of the node at the remote end of the Link.","description_kind":"markdown","required":true}},"description":"Each Remote Address, consisting of a FQDN or IP address and optional port, is used to connect to the remote node for this Link. Up to 4 addresses may be provided for each Link, and will be tried on a round-robin basis.\n\n\nAttribute|Identifying|Write-Only|Deprecated|Opaque\n:---|:---:|:---:|:---:|:---:\ndmr_cluster_name|x|||\nremote_address|x|||\nremote_node_name|x|||\n\n\n\nA SEMP client authorized with a minimum access scope/level of \"global/read-only\" is required to perform this operation.\n\nThis has been available since SEMP API version 2.11.","description_kind":"markdown"}},"solacebroker_domain_cert_authority":{"version":0,"block":{"attributes":{"cert_authority_name":{"type":"string","description":"The name of the Certificate Authority.","description_kind":"markdown","required":true},"cert_content":{"type":"string","description":"The PEM formatted content for the trusted root certificate of a domain Certificate Authority. Changes to this attribute are synchronized to HA mates via config-sync. The default value is `\"\"`.","description_kind":"markdown","computed":true},"id":{"type":"string","description":"Identifier attribute, for internal use only.","description_kind":"plain","computed":true}},"description":"Certificate Authorities trusted for domain verification.\n\n\nAttribute|Identifying|Write-Only|Deprecated|Opaque\n:---|:---:|:---:|:---:|:---:\ncert_authority_name|x|||\n\n\n\nA SEMP client authorized with a minimum access scope/level of \"global/read-only\" is required to perform this operation.\n\nThis has been available since SEMP API version 2.19.","description_kind":"markdown"}},"solacebroker_msg_vpn":{"version":0,"block":{"attributes":{"alias":{"type":"string","description":"The name of another Message VPN which this Message VPN is an alias for. When this Message VPN is enabled, the alias has no effect. When this Message VPN is disabled, Clients (but not Bridges and routing Links) logging into this Message VPN are automatically logged in to the other Message VPN, and authentication and authorization take place in the context of the other Message VPN.\n\nAliases may form a non-circular chain, cascading one to the next. Changes to this attribute are synchronized to HA mates and replication sites via config-sync. The default value is `\"\"`. Available since SEMP API version 2.14.","description_kind":"markdown","computed":true},"authentication_basic_enabled":{"type":"bool","description":"Enable or disable basic authentication for clients connecting to the Message VPN. Basic authentication is authentication that involves the use of a username and password to prove identity. If a user provides credentials for a different authentication scheme, this setting is not applicable. Changes to this attribute are synchronized to HA mates and replication sites via config-sync. The default value is `true`.","description_kind":"markdown","computed":true},"authentication_basic_profile_name":{"type":"string","description":"The name of the RADIUS or LDAP Profile to use for basic authentication. Changes to this attribute are synchronized to HA mates and replication sites via config-sync. The default value is `\"default\"`.","description_kind":"markdown","computed":true},"authentication_basic_radius_domain":{"type":"string","description":"The RADIUS domain to use for basic authentication. Changes to this attribute are synchronized to HA mates and replication sites via config-sync. The default value is `\"\"`.","description_kind":"markdown","computed":true},"authentication_basic_type":{"type":"string","description":"The type of basic authentication to use for clients connecting to the Message VPN. Changes to this attribute are synchronized to HA mates and replication sites via config-sync. The default value is `\"radius\"`. The allowed values and their meaning are:\n\n\u003cpre\u003e\n\"internal\" - Internal database. Authentication is against Client Usernames.\n\"ldap\" - LDAP authentication. An LDAP profile name must be provided.\n\"radius\" - RADIUS authentication. A RADIUS profile name must be provided.\n\"none\" - No authentication. Anonymous login allowed.\n\u003c/pre\u003e\n","description_kind":"markdown","computed":true},"authentication_client_cert_allow_api_provided_username_enabled":{"type":"bool","description":"Enable or disable allowing a client to specify a Client Username via the API connect method. When disabled, the certificate CN (Common Name) is always used. Changes to this attribute are synchronized to HA mates and replication sites via config-sync. The default value is `false`.","description_kind":"markdown","computed":true},"authentication_client_cert_certificate_matching_rules_enabled":{"type":"bool","description":"Enable or disable certificate matching rules. When disabled, any valid certificate is accepted. Changes to this attribute are synchronized to HA mates and replication sites via config-sync. The default value is `false`. Available since SEMP API version 2.27.","description_kind":"markdown","computed":true},"authentication_client_cert_enabled":{"type":"bool","description":"Enable or disable client certificate authentication in the Message VPN. Changes to this attribute are synchronized to HA mates and replication sites via config-sync. The default value is `false`.","description_kind":"markdown","computed":true},"authentication_client_cert_max_chain_depth":{"type":"number","description":"The maximum depth for a client certificate chain. The depth of a chain is defined as the number of signing CA certificates that are present in the chain back to a trusted self-signed root CA certificate. Changes to this attribute are synchronized to HA mates and replication sites via config-sync. The default value is `3`.","description_kind":"markdown","computed":true},"authentication_client_cert_revocation_check_mode":{"type":"string","description":"The desired behavior for client certificate revocation checking. Changes to this attribute are synchronized to HA mates and replication sites via config-sync. The default value is `\"allow-valid\"`. The allowed values and their meaning are:\n\n\u003cpre\u003e\n\"allow-all\" - Allow the client to authenticate, the result of client certificate revocation check is ignored.\n\"allow-unknown\" - Allow the client to authenticate even if the revocation status of his certificate cannot be determined.\n\"allow-valid\" - Allow the client to authenticate only when the revocation check returned an explicit positive response.\n\u003c/pre\u003e\n Available since SEMP API version 2.6.","description_kind":"markdown","computed":true},"authentication_client_cert_username_source":{"type":"string","description":"The field from the client certificate to use as the client username. Changes to this attribute are synchronized to HA mates and replication sites via config-sync. The default value is `\"common-name\"`. The allowed values and their meaning are:\n\n\u003cpre\u003e\n\"certificate-thumbprint\" - The username is computed as the SHA-1 hash over the entire DER-encoded contents of the client certificate.\n\"common-name\" - The username is extracted from the certificate's first instance of the Common Name attribute in the Subject DN.\n\"common-name-last\" - The username is extracted from the certificate's last instance of the Common Name attribute in the Subject DN.\n\"subject-alternate-name-msupn\" - The username is extracted from the certificate's Other Name type of the Subject Alternative Name and must have the msUPN signature.\n\"uid\" - The username is extracted from the certificate's first instance of the User Identifier attribute in the Subject DN.\n\"uid-last\" - The username is extracted from the certificate's last instance of the User Identifier attribute in the Subject DN.\n\u003c/pre\u003e\n Available since SEMP API version 2.6.","description_kind":"markdown","computed":true},"authentication_client_cert_validate_date_enabled":{"type":"bool","description":"Enable or disable validation of the \"Not Before\" and \"Not After\" validity dates in the client certificate. Changes to this attribute are synchronized to HA mates and replication sites via config-sync. The default value is `true`.","description_kind":"markdown","computed":true},"authentication_kerberos_allow_api_provided_username_enabled":{"type":"bool","description":"Enable or disable allowing a client to specify a Client Username via the API connect method. When disabled, the Kerberos Principal name is always used. Changes to this attribute are synchronized to HA mates and replication sites via config-sync. The default value is `false`.","description_kind":"markdown","computed":true},"authentication_kerberos_enabled":{"type":"bool","description":"Enable or disable Kerberos authentication in the Message VPN. Changes to this attribute are synchronized to HA mates and replication sites via config-sync. The default value is `false`.","description_kind":"markdown","computed":true},"authentication_oauth_default_profile_name":{"type":"string","description":"The name of the profile to use when the client does not supply a profile name. Changes to this attribute are synchronized to HA mates and replication sites via config-sync. The default value is `\"\"`. Available since SEMP API version 2.25.","description_kind":"markdown","computed":true},"authentication_oauth_enabled":{"type":"bool","description":"Enable or disable OAuth authentication. Changes to this attribute are synchronized to HA mates and replication sites via config-sync. The default value is `false`. Available since SEMP API version 2.13.","description_kind":"markdown","computed":true},"authorization_ldap_group_membership_attribute_name":{"type":"string","description":"The name of the attribute that is retrieved from the LDAP server as part of the LDAP search when authorizing a client connecting to the Message VPN. Changes to this attribute are synchronized to HA mates and replication sites via config-sync. The default value is `\"memberOf\"`.","description_kind":"markdown","computed":true},"authorization_ldap_trim_client_username_domain_enabled":{"type":"bool","description":"Enable or disable client-username domain trimming for LDAP lookups of client connections. When enabled, the value of $CLIENT_USERNAME (when used for searching) will be truncated at the first occurrence of the @ character. For example, if the client-username is in the form of an email address, then the domain portion will be removed. Changes to this attribute are synchronized to HA mates and replication sites via config-sync. The default value is `false`. Available since SEMP API version 2.13.","description_kind":"markdown","computed":true},"authorization_profile_name":{"type":"string","description":"The name of the LDAP Profile to use for client authorization. Changes to this attribute are synchronized to HA mates and replication sites via config-sync. The default value is `\"\"`.","description_kind":"markdown","computed":true},"authorization_type":{"type":"string","description":"The type of authorization to use for clients connecting to the Message VPN. Changes to this attribute are synchronized to HA mates and replication sites via config-sync. The default value is `\"internal\"`. The allowed values and their meaning are:\n\n\u003cpre\u003e\n\"ldap\" - LDAP authorization.\n\"internal\" - Internal authorization.\n\u003c/pre\u003e\n","description_kind":"markdown","computed":true},"bridging_tls_server_cert_max_chain_depth":{"type":"number","description":"The maximum depth for a server certificate chain. The depth of a chain is defined as the number of signing CA certificates that are present in the chain back to a trusted self-signed root CA certificate. Changes to this attribute are synchronized to HA mates and replication sites via config-sync. The default value is `3`.","description_kind":"markdown","computed":true},"bridging_tls_server_cert_validate_date_enabled":{"type":"bool","description":"Enable or disable validation of the \"Not Before\" and \"Not After\" validity dates in the server certificate. When disabled, a certificate will be accepted even if the certificate is not valid based on these dates. Changes to this attribute are synchronized to HA mates and replication sites via config-sync. The default value is `true`.","description_kind":"markdown","computed":true},"bridging_tls_server_cert_validate_name_enabled":{"type":"bool","description":"Enable or disable the standard TLS authentication mechanism of verifying the name used to connect to the bridge. If enabled, the name used to connect to the bridge is checked against the names specified in the certificate returned by the remote broker. Legacy Common Name validation is not performed if Server Certificate Name Validation is enabled, even if Common Name validation is also enabled. Changes to this attribute are synchronized to HA mates and replication sites via config-sync. The default value is `true`. Available since SEMP API version 2.18.","description_kind":"markdown","computed":true},"dmr_enabled":{"type":"bool","description":"Enable or disable Dynamic Message Routing (DMR) for the Message VPN. Changes to this attribute are synchronized to HA mates and replication sites via config-sync. The default value is `false`. Available since SEMP API version 2.11.","description_kind":"markdown","computed":true},"enabled":{"type":"bool","description":"Enable or disable the Message VPN. Changes to this attribute are synchronized to HA mates and replication sites via config-sync. The default value is `false`.","description_kind":"markdown","computed":true},"event_connection_count_threshold":{"nested_type":{"attributes":{"clear_percent":{"type":"number","description":"The clear threshold for the value of this counter as a percentage of its maximum value. Falling below this value will trigger a corresponding event. This attribute may not be returned in a GET.","description_kind":"markdown","computed":true},"clear_value":{"type":"number","description":"The clear threshold for the absolute value of this counter. Falling below this value will trigger a corresponding event. This attribute may not be returned in a GET.","description_kind":"markdown","computed":true},"set_percent":{"type":"number","description":"The set threshold for the value of this counter as a percentage of its maximum value. Exceeding this value will trigger a corresponding event. This attribute may not be returned in a GET.","description_kind":"markdown","computed":true},"set_value":{"type":"number","description":"The set threshold for the absolute value of this counter. Exceeding this value will trigger a corresponding event. This attribute may not be returned in a GET.","description_kind":"markdown","computed":true}},"nesting_mode":"single"},"description_kind":"plain","computed":true},"event_egress_flow_count_threshold":{"nested_type":{"attributes":{"clear_percent":{"type":"number","description":"The clear threshold for the value of this counter as a percentage of its maximum value. Falling below this value will trigger a corresponding event. This attribute may not be returned in a GET.","description_kind":"markdown","computed":true},"clear_value":{"type":"number","description":"The clear threshold for the absolute value of this counter. Falling below this value will trigger a corresponding event. This attribute may not be returned in a GET.","description_kind":"markdown","computed":true},"set_percent":{"type":"number","description":"The set threshold for the value of this counter as a percentage of its maximum value. Exceeding this value will trigger a corresponding event. This attribute may not be returned in a GET.","description_kind":"markdown","computed":true},"set_value":{"type":"number","description":"The set threshold for the absolute value of this counter. Exceeding this value will trigger a corresponding event. This attribute may not be returned in a GET.","description_kind":"markdown","computed":true}},"nesting_mode":"single"},"description_kind":"plain","computed":true},"event_egress_msg_rate_threshold":{"nested_type":{"attributes":{"clear_value":{"type":"number","description":"The clear threshold for the absolute value of this counter or rate. Falling below this value will trigger a corresponding event.","description_kind":"markdown","computed":true},"set_value":{"type":"number","description":"The set threshold for the absolute value of this counter or rate. Exceeding this value will trigger a corresponding event.","description_kind":"markdown","computed":true}},"nesting_mode":"single"},"description_kind":"plain","computed":true},"event_endpoint_count_threshold":{"nested_type":{"attributes":{"clear_percent":{"type":"number","description":"The clear threshold for the value of this counter as a percentage of its maximum value. Falling below this value will trigger a corresponding event. This attribute may not be returned in a GET.","description_kind":"markdown","computed":true},"clear_value":{"type":"number","description":"The clear threshold for the absolute value of this counter. Falling below this value will trigger a corresponding event. This attribute may not be returned in a GET.","description_kind":"markdown","computed":true},"set_percent":{"type":"number","description":"The set threshold for the value of this counter as a percentage of its maximum value. Exceeding this value will trigger a corresponding event. This attribute may not be returned in a GET.","description_kind":"markdown","computed":true},"set_value":{"type":"number","description":"The set threshold for the absolute value of this counter. Exceeding this value will trigger a corresponding event. This attribute may not be returned in a GET.","description_kind":"markdown","computed":true}},"nesting_mode":"single"},"description_kind":"plain","computed":true},"event_ingress_flow_count_threshold":{"nested_type":{"attributes":{"clear_percent":{"type":"number","description":"The clear threshold for the value of this counter as a percentage of its maximum value. Falling below this value will trigger a corresponding event. This attribute may not be returned in a GET.","description_kind":"markdown","computed":true},"clear_value":{"type":"number","description":"The clear threshold for the absolute value of this counter. Falling below this value will trigger a corresponding event. This attribute may not be returned in a GET.","description_kind":"markdown","computed":true},"set_percent":{"type":"number","description":"The set threshold for the value of this counter as a percentage of its maximum value. Exceeding this value will trigger a corresponding event. This attribute may not be returned in a GET.","description_kind":"markdown","computed":true},"set_value":{"type":"number","description":"The set threshold for the absolute value of this counter. Exceeding this value will trigger a corresponding event. This attribute may not be returned in a GET.","description_kind":"markdown","computed":true}},"nesting_mode":"single"},"description_kind":"plain","computed":true},"event_ingress_msg_rate_threshold":{"nested_type":{"attributes":{"clear_value":{"type":"number","description":"The clear threshold for the absolute value of this counter or rate. Falling below this value will trigger a corresponding event.","description_kind":"markdown","computed":true},"set_value":{"type":"number","description":"The set threshold for the absolute value of this counter or rate. Exceeding this value will trigger a corresponding event.","description_kind":"markdown","computed":true}},"nesting_mode":"single"},"description_kind":"plain","computed":true},"event_large_msg_threshold":{"type":"number","description":"The threshold, in kilobytes, after which a message is considered to be large for the Message VPN. Changes to this attribute are synchronized to HA mates and replication sites via config-sync. The default value is `1024`.","description_kind":"markdown","computed":true},"event_log_tag":{"type":"string","description":"A prefix applied to all published Events in the Message VPN. Changes to this attribute are synchronized to HA mates and replication sites via config-sync. The default value is `\"\"`.","description_kind":"markdown","computed":true},"event_msg_spool_usage_threshold":{"nested_type":{"attributes":{"clear_percent":{"type":"number","description":"The clear threshold for the value of this counter as a percentage of its maximum value. Falling below this value will trigger a corresponding event. This attribute may not be returned in a GET.","description_kind":"markdown","computed":true},"clear_value":{"type":"number","description":"The clear threshold for the absolute value of this counter. Falling below this value will trigger a corresponding event. This attribute may not be returned in a GET.","description_kind":"markdown","computed":true},"set_percent":{"type":"number","description":"The set threshold for the value of this counter as a percentage of its maximum value. Exceeding this value will trigger a corresponding event. This attribute may not be returned in a GET.","description_kind":"markdown","computed":true},"set_value":{"type":"number","description":"The set threshold for the absolute value of this counter. Exceeding this value will trigger a corresponding event. This attribute may not be returned in a GET.","description_kind":"markdown","computed":true}},"nesting_mode":"single"},"description_kind":"plain","computed":true},"event_publish_client_enabled":{"type":"bool","description":"Enable or disable Client level Event message publishing. Changes to this attribute are synchronized to HA mates and replication sites via config-sync. The default value is `false`.","description_kind":"markdown","computed":true},"event_publish_msg_vpn_enabled":{"type":"bool","description":"Enable or disable Message VPN level Event message publishing. Changes to this attribute are synchronized to HA mates and replication sites via config-sync. The default value is `false`.","description_kind":"markdown","computed":true},"event_publish_subscription_mode":{"type":"string","description":"Subscription level Event message publishing mode. Changes to this attribute are synchronized to HA mates and replication sites via config-sync. The default value is `\"off\"`. The allowed values and their meaning are:\n\n\u003cpre\u003e\n\"off\" - Disable client level event message publishing.\n\"on-with-format-v1\" - Enable client level event message publishing with format v1.\n\"on-with-no-unsubscribe-events-on-disconnect-format-v1\" - As \"on-with-format-v1\", but unsubscribe events are not generated when a client disconnects. Unsubscribe events are still raised when a client explicitly unsubscribes from its subscriptions.\n\"on-with-format-v2\" - Enable client level event message publishing with format v2.\n\"on-with-no-unsubscribe-events-on-disconnect-format-v2\" - As \"on-with-format-v2\", but unsubscribe events are not generated when a client disconnects. Unsubscribe events are still raised when a client explicitly unsubscribes from its subscriptions.\n\u003c/pre\u003e\n","description_kind":"markdown","computed":true},"event_publish_topic_format_mqtt_enabled":{"type":"bool","description":"Enable or disable Event publish topics in MQTT format. Changes to this attribute are synchronized to HA mates and replication sites via config-sync. The default value is `false`.","description_kind":"markdown","computed":true},"event_publish_topic_format_smf_enabled":{"type":"bool","description":"Enable or disable Event publish topics in SMF format. Changes to this attribute are synchronized to HA mates and replication sites via config-sync. The default value is `true`.","description_kind":"markdown","computed":true},"event_service_amqp_connection_count_threshold":{"nested_type":{"attributes":{"clear_percent":{"type":"number","description":"The clear threshold for the value of this counter as a percentage of its maximum value. Falling below this value will trigger a corresponding event. This attribute may not be returned in a GET.","description_kind":"markdown","computed":true},"clear_value":{"type":"number","description":"The clear threshold for the absolute value of this counter. Falling below this value will trigger a corresponding event. This attribute may not be returned in a GET.","description_kind":"markdown","computed":true},"set_percent":{"type":"number","description":"The set threshold for the value of this counter as a percentage of its maximum value. Exceeding this value will trigger a corresponding event. This attribute may not be returned in a GET.","description_kind":"markdown","computed":true},"set_value":{"type":"number","description":"The set threshold for the absolute value of this counter. Exceeding this value will trigger a corresponding event. This attribute may not be returned in a GET.","description_kind":"markdown","computed":true}},"nesting_mode":"single"},"description_kind":"plain","computed":true},"event_service_mqtt_connection_count_threshold":{"nested_type":{"attributes":{"clear_percent":{"type":"number","description":"The clear threshold for the value of this counter as a percentage of its maximum value. Falling below this value will trigger a corresponding event. This attribute may not be returned in a GET.","description_kind":"markdown","computed":true},"clear_value":{"type":"number","description":"The clear threshold for the absolute value of this counter. Falling below this value will trigger a corresponding event. This attribute may not be returned in a GET.","description_kind":"markdown","computed":true},"set_percent":{"type":"number","description":"The set threshold for the value of this counter as a percentage of its maximum value. Exceeding this value will trigger a corresponding event. This attribute may not be returned in a GET.","description_kind":"markdown","computed":true},"set_value":{"type":"number","description":"The set threshold for the absolute value of this counter. Exceeding this value will trigger a corresponding event. This attribute may not be returned in a GET.","description_kind":"markdown","computed":true}},"nesting_mode":"single"},"description_kind":"plain","computed":true},"event_service_rest_incoming_connection_count_threshold":{"nested_type":{"attributes":{"clear_percent":{"type":"number","description":"The clear threshold for the value of this counter as a percentage of its maximum value. Falling below this value will trigger a corresponding event. This attribute may not be returned in a GET.","description_kind":"markdown","computed":true},"clear_value":{"type":"number","description":"The clear threshold for the absolute value of this counter. Falling below this value will trigger a corresponding event. This attribute may not be returned in a GET.","description_kind":"markdown","computed":true},"set_percent":{"type":"number","description":"The set threshold for the value of this counter as a percentage of its maximum value. Exceeding this value will trigger a corresponding event. This attribute may not be returned in a GET.","description_kind":"markdown","computed":true},"set_value":{"type":"number","description":"The set threshold for the absolute value of this counter. Exceeding this value will trigger a corresponding event. This attribute may not be returned in a GET.","description_kind":"markdown","computed":true}},"nesting_mode":"single"},"description_kind":"plain","computed":true},"event_service_smf_connection_count_threshold":{"nested_type":{"attributes":{"clear_percent":{"type":"number","description":"The clear threshold for the value of this counter as a percentage of its maximum value. Falling below this value will trigger a corresponding event. This attribute may not be returned in a GET.","description_kind":"markdown","computed":true},"clear_value":{"type":"number","description":"The clear threshold for the absolute value of this counter. Falling below this value will trigger a corresponding event. This attribute may not be returned in a GET.","description_kind":"markdown","computed":true},"set_percent":{"type":"number","description":"The set threshold for the value of this counter as a percentage of its maximum value. Exceeding this value will trigger a corresponding event. This attribute may not be returned in a GET.","description_kind":"markdown","computed":true},"set_value":{"type":"number","description":"The set threshold for the absolute value of this counter. Exceeding this value will trigger a corresponding event. This attribute may not be returned in a GET.","description_kind":"markdown","computed":true}},"nesting_mode":"single"},"description_kind":"plain","computed":true},"event_service_web_connection_count_threshold":{"nested_type":{"attributes":{"clear_percent":{"type":"number","description":"The clear threshold for the value of this counter as a percentage of its maximum value. Falling below this value will trigger a corresponding event. This attribute may not be returned in a GET.","description_kind":"markdown","computed":true},"clear_value":{"type":"number","description":"The clear threshold for the absolute value of this counter. Falling below this value will trigger a corresponding event. This attribute may not be returned in a GET.","description_kind":"markdown","computed":true},"set_percent":{"type":"number","description":"The set threshold for the value of this counter as a percentage of its maximum value. Exceeding this value will trigger a corresponding event. This attribute may not be returned in a GET.","description_kind":"markdown","computed":true},"set_value":{"type":"number","description":"The set threshold for the absolute value of this counter. Exceeding this value will trigger a corresponding event. This attribute may not be returned in a GET.","description_kind":"markdown","computed":true}},"nesting_mode":"single"},"description_kind":"plain","computed":true},"event_subscription_count_threshold":{"nested_type":{"attributes":{"clear_percent":{"type":"number","description":"The clear threshold for the value of this counter as a percentage of its maximum value. Falling below this value will trigger a corresponding event. This attribute may not be returned in a GET.","description_kind":"markdown","computed":true},"clear_value":{"type":"number","description":"The clear threshold for the absolute value of this counter. Falling below this value will trigger a corresponding event. This attribute may not be returned in a GET.","description_kind":"markdown","computed":true},"set_percent":{"type":"number","description":"The set threshold for the value of this counter as a percentage of its maximum value. Exceeding this value will trigger a corresponding event. This attribute may not be returned in a GET.","description_kind":"markdown","computed":true},"set_value":{"type":"number","description":"The set threshold for the absolute value of this counter. Exceeding this value will trigger a corresponding event. This attribute may not be returned in a GET.","description_kind":"markdown","computed":true}},"nesting_mode":"single"},"description_kind":"plain","computed":true},"event_transacted_session_count_threshold":{"nested_type":{"attributes":{"clear_percent":{"type":"number","description":"The clear threshold for the value of this counter as a percentage of its maximum value. Falling below this value will trigger a corresponding event. This attribute may not be returned in a GET.","description_kind":"markdown","computed":true},"clear_value":{"type":"number","description":"The clear threshold for the absolute value of this counter. Falling below this value will trigger a corresponding event. This attribute may not be returned in a GET.","description_kind":"markdown","computed":true},"set_percent":{"type":"number","description":"The set threshold for the value of this counter as a percentage of its maximum value. Exceeding this value will trigger a corresponding event. This attribute may not be returned in a GET.","description_kind":"markdown","computed":true},"set_value":{"type":"number","description":"The set threshold for the absolute value of this counter. Exceeding this value will trigger a corresponding event. This attribute may not be returned in a GET.","description_kind":"markdown","computed":true}},"nesting_mode":"single"},"description_kind":"plain","computed":true},"event_transaction_count_threshold":{"nested_type":{"attributes":{"clear_percent":{"type":"number","description":"The clear threshold for the value of this counter as a percentage of its maximum value. Falling below this value will trigger a corresponding event. This attribute may not be returned in a GET.","description_kind":"markdown","computed":true},"clear_value":{"type":"number","description":"The clear threshold for the absolute value of this counter. Falling below this value will trigger a corresponding event. This attribute may not be returned in a GET.","description_kind":"markdown","computed":true},"set_percent":{"type":"number","description":"The set threshold for the value of this counter as a percentage of its maximum value. Exceeding this value will trigger a corresponding event. This attribute may not be returned in a GET.","description_kind":"markdown","computed":true},"set_value":{"type":"number","description":"The set threshold for the absolute value of this counter. Exceeding this value will trigger a corresponding event. This attribute may not be returned in a GET.","description_kind":"markdown","computed":true}},"nesting_mode":"single"},"description_kind":"plain","computed":true},"export_subscriptions_enabled":{"type":"bool","description":"Enable or disable the export of subscriptions in the Message VPN to other routers in the network over Neighbor links. Changes to this attribute are synchronized to HA mates and replication sites via config-sync. The default value is `false`.","description_kind":"markdown","computed":true},"id":{"type":"string","description":"Identifier attribute, for internal use only.","description_kind":"plain","computed":true},"jndi_enabled":{"type":"bool","description":"Enable or disable JNDI access for clients in the Message VPN. Changes to this attribute are synchronized to HA mates and replication sites via config-sync. The default value is `false`. Available since SEMP API version 2.2.","description_kind":"markdown","computed":true},"max_connection_count":{"type":"number","description":"The maximum number of client connections to the Message VPN. Changes to this attribute are synchronized to HA mates and replication sites via config-sync. The default is the maximum value supported by the platform.","description_kind":"markdown","computed":true},"max_egress_flow_count":{"type":"number","description":"The maximum number of transmit flows that can be created in the Message VPN. Changes to this attribute are synchronized to HA mates and replication sites via config-sync. The default value is `1000`.","description_kind":"markdown","computed":true},"max_endpoint_count":{"type":"number","description":"The maximum number of Queues and Topic Endpoints that can be created in the Message VPN. Changes to this attribute are synchronized to HA mates and replication sites via config-sync. The default value is `1000`.","description_kind":"markdown","computed":true},"max_ingress_flow_count":{"type":"number","description":"The maximum number of receive flows that can be created in the Message VPN. Changes to this attribute are synchronized to HA mates and replication sites via config-sync. The default value is `1000`.","description_kind":"markdown","computed":true},"max_msg_spool_usage":{"type":"number","description":"The maximum message spool usage by the Message VPN, in megabytes. Changes to this attribute are synchronized to HA mates and replication sites via config-sync. The default value is `0`.","description_kind":"markdown","computed":true},"max_subscription_count":{"type":"number","description":"The maximum number of local client subscriptions that can be added to the Message VPN. This limit is not enforced when a subscription is added using a management interface, such as CLI or SEMP. Changes to this attribute are synchronized to HA mates and replication sites via config-sync. The default varies by platform.","description_kind":"markdown","computed":true},"max_transacted_session_count":{"type":"number","description":"The maximum number of transacted sessions that can be created in the Message VPN. Changes to this attribute are synchronized to HA mates and replication sites via config-sync. The default varies by platform.","description_kind":"markdown","computed":true},"max_transaction_count":{"type":"number","description":"The maximum number of transactions that can be created in the Message VPN. Changes to this attribute are synchronized to HA mates and replication sites via config-sync. The default varies by platform.","description_kind":"markdown","computed":true},"mqtt_retain_max_memory":{"type":"number","description":"The maximum total memory usage of the MQTT Retain feature for this Message VPN, in MB. If the maximum memory is reached, any arriving retain messages that require more memory are discarded. A value of -1 indicates that the memory is bounded only by the global max memory limit. A value of 0 prevents MQTT Retain from becoming operational. Changes to this attribute are synchronized to HA mates and replication sites via config-sync. The default value is `-1`. Available since SEMP API version 2.11.","description_kind":"markdown","computed":true},"msg_vpn_name":{"type":"string","description":"The name of the Message VPN.","description_kind":"markdown","required":true},"replication_ack_propagation_interval_msg_count":{"type":"number","description":"The acknowledgment (ACK) propagation interval for the replication Bridge, in number of replicated messages. Changes to this attribute are synchronized to HA mates and replication sites via config-sync. The default value is `20`.","description_kind":"markdown","computed":true},"replication_bridge_authentication_basic_client_username":{"type":"string","description":"The Client Username the replication Bridge uses to login to the remote Message VPN. Changes to this attribute are synchronized to HA mates via config-sync. The default value is `\"\"`.","description_kind":"markdown","computed":true},"replication_bridge_authentication_scheme":{"type":"string","description":"The authentication scheme for the replication Bridge in the Message VPN. Changes to this attribute are synchronized to HA mates via config-sync. The default value is `\"basic\"`. The allowed values and their meaning are:\n\n\u003cpre\u003e\n\"basic\" - Basic Authentication Scheme (via username and password).\n\"client-certificate\" - Client Certificate Authentication Scheme (via certificate file or content).\n\u003c/pre\u003e\n","description_kind":"markdown","computed":true},"replication_bridge_compressed_data_enabled":{"type":"bool","description":"Enable or disable use of compression for the replication Bridge. Changes to this attribute are synchronized to HA mates via config-sync. The default value is `false`.","description_kind":"markdown","computed":true},"replication_bridge_egress_flow_window_size":{"type":"number","description":"The size of the window used for guaranteed messages published to the replication Bridge, in messages. Changes to this attribute are synchronized to HA mates via config-sync. The default value is `255`.","description_kind":"markdown","computed":true},"replication_bridge_retry_delay":{"type":"number","description":"The number of seconds that must pass before retrying the replication Bridge connection. Changes to this attribute are synchronized to HA mates via config-sync. The default value is `3`.","description_kind":"markdown","computed":true},"replication_bridge_tls_enabled":{"type":"bool","description":"Enable or disable use of encryption (TLS) for the replication Bridge connection. Changes to this attribute are synchronized to HA mates via config-sync. The default value is `false`.","description_kind":"markdown","computed":true},"replication_bridge_unidirectional_client_profile_name":{"type":"string","description":"The Client Profile for the unidirectional replication Bridge in the Message VPN. It is used only for the TCP parameters. Changes to this attribute are synchronized to HA mates and replication sites via config-sync. The default value is `\"#client-profile\"`.","description_kind":"markdown","computed":true},"replication_enabled":{"type":"bool","description":"Enable or disable replication for the Message VPN. Changes to this attribute are synchronized to HA mates via config-sync. The default value is `false`.","description_kind":"markdown","computed":true},"replication_queue_max_msg_spool_usage":{"type":"number","description":"The maximum message spool usage by the replication Bridge local Queue (quota), in megabytes. Changes to this attribute are synchronized to HA mates and replication sites via config-sync. The default value is `60000`.","description_kind":"markdown","computed":true},"replication_queue_reject_msg_to_sender_on_discard_enabled":{"type":"bool","description":"Enable or disable whether messages discarded on the replication Bridge local Queue are rejected back to the sender. Changes to this attribute are synchronized to HA mates and replication sites via config-sync. The default value is `true`.","description_kind":"markdown","computed":true},"replication_reject_msg_when_sync_ineligible_enabled":{"type":"bool","description":"Enable or disable whether guaranteed messages published to synchronously replicated Topics are rejected back to the sender when synchronous replication becomes ineligible. Changes to this attribute are synchronized to HA mates and replication sites via config-sync. The default value is `false`.","description_kind":"markdown","computed":true},"replication_role":{"type":"string","description":"The replication role for the Message VPN. Changes to this attribute are synchronized to HA mates via config-sync. The default value is `\"standby\"`. The allowed values and their meaning are:\n\n\u003cpre\u003e\n\"active\" - Assume the Active role in replication for the Message VPN.\n\"standby\" - Assume the Standby role in replication for the Message VPN.\n\u003c/pre\u003e\n","description_kind":"markdown","computed":true},"replication_transaction_mode":{"type":"string","description":"The transaction replication mode for all transactions within the Message VPN. Changing this value during operation will not affect existing transactions; it is only used upon starting a transaction. Changes to this attribute are synchronized to HA mates and replication sites via config-sync. The default value is `\"async\"`. The allowed values and their meaning are:\n\n\u003cpre\u003e\n\"sync\" - Messages are acknowledged when replicated (spooled remotely).\n\"async\" - Messages are acknowledged when pending replication (spooled locally).\n\u003c/pre\u003e\n","description_kind":"markdown","computed":true},"rest_tls_server_cert_max_chain_depth":{"type":"number","description":"The maximum depth for a REST Consumer server certificate chain. The depth of a chain is defined as the number of signing CA certificates that are present in the chain back to a trusted self-signed root CA certificate. Changes to this attribute are synchronized to HA mates and replication sites via config-sync. The default value is `3`.","description_kind":"markdown","computed":true},"rest_tls_server_cert_validate_date_enabled":{"type":"bool","description":"Enable or disable validation of the \"Not Before\" and \"Not After\" validity dates in the REST Consumer server certificate. Changes to this attribute are synchronized to HA mates and replication sites via config-sync. The default value is `true`.","description_kind":"markdown","computed":true},"rest_tls_server_cert_validate_name_enabled":{"type":"bool","description":"Enable or disable the standard TLS authentication mechanism of verifying the name used to connect to the remote REST Consumer. If enabled, the name used to connect to the remote REST Consumer is checked against the names specified in the certificate returned by the remote broker. Legacy Common Name validation is not performed if Server Certificate Name Validation is enabled, even if Common Name validation is also enabled. Changes to this attribute are synchronized to HA mates and replication sites via config-sync. The default value is `true`. Available since SEMP API version 2.17.","description_kind":"markdown","computed":true},"semp_over_msg_bus_admin_client_enabled":{"type":"bool","description":"Enable or disable \"admin client\" SEMP over the message bus commands for the current Message VPN. Changes to this attribute are synchronized to HA mates and replication sites via config-sync. The default value is `false`.","description_kind":"markdown","computed":true},"semp_over_msg_bus_admin_distributed_cache_enabled":{"type":"bool","description":"Enable or disable \"admin distributed-cache\" SEMP over the message bus commands for the current Message VPN. Changes to this attribute are synchronized to HA mates and replication sites via config-sync. The default value is `false`.","description_kind":"markdown","computed":true},"semp_over_msg_bus_admin_enabled":{"type":"bool","description":"Enable or disable \"admin\" SEMP over the message bus commands for the current Message VPN. Changes to this attribute are synchronized to HA mates and replication sites via config-sync. The default value is `false`.","description_kind":"markdown","computed":true},"semp_over_msg_bus_enabled":{"type":"bool","description":"Enable or disable SEMP over the message bus for the current Message VPN. Changes to this attribute are synchronized to HA mates and replication sites via config-sync. The default value is `true`.","description_kind":"markdown","computed":true},"semp_over_msg_bus_show_enabled":{"type":"bool","description":"Enable or disable \"show\" SEMP over the message bus commands for the current Message VPN. Changes to this attribute are synchronized to HA mates and replication sites via config-sync. The default value is `false`.","description_kind":"markdown","computed":true},"service_amqp_max_connection_count":{"type":"number","description":"The maximum number of AMQP client connections that can be simultaneously connected to the Message VPN. This value may be higher than supported by the platform. Changes to this attribute are synchronized to HA mates and replication sites via config-sync. The default is the maximum value supported by the platform. Available since SEMP API version 2.7.","description_kind":"markdown","computed":true},"service_amqp_plain_text_enabled":{"type":"bool","description":"Enable or disable the plain-text AMQP service in the Message VPN. Disabling causes clients connected to the corresponding listen-port to be disconnected. Changes to this attribute are synchronized to HA mates and replication sites via config-sync. The default value is `false`. Available since SEMP API version 2.7.","description_kind":"markdown","computed":true},"service_amqp_plain_text_listen_port":{"type":"number","description":"The port number for plain-text AMQP clients that connect to the Message VPN. The port must be unique across the message backbone. A value of 0 means that the listen-port is unassigned and cannot be enabled. Modifying this attribute while the object (or the relevant part of the object) is administratively enabled may be service impacting as service_amqp_plain_text_enabled will be temporarily set to false to apply the change. Changes to this attribute are synchronized to HA mates and replication sites via config-sync. The default value is `0`. Available since SEMP API version 2.7.","description_kind":"markdown","computed":true},"service_amqp_tls_enabled":{"type":"bool","description":"Enable or disable the use of encryption (TLS) for the AMQP service in the Message VPN. Disabling causes clients currently connected over TLS to be disconnected. Changes to this attribute are synchronized to HA mates and replication sites via config-sync. The default value is `false`. Available since SEMP API version 2.7.","description_kind":"markdown","computed":true},"service_amqp_tls_listen_port":{"type":"number","description":"The port number for AMQP clients that connect to the Message VPN over TLS. The port must be unique across the message backbone. A value of 0 means that the listen-port is unassigned and cannot be enabled. Modifying this attribute while the object (or the relevant part of the object) is administratively enabled may be service impacting as service_amqp_tls_enabled will be temporarily set to false to apply the change. Changes to this attribute are synchronized to HA mates and replication sites via config-sync. The default value is `0`. Available since SEMP API version 2.7.","description_kind":"markdown","computed":true},"service_mqtt_authentication_client_cert_request":{"type":"string","description":"Determines when to request a client certificate from an incoming MQTT client connecting via a TLS port. Changes to this attribute are synchronized to HA mates and replication sites via config-sync. The default value is `\"when-enabled-in-message-vpn\"`. The allowed values and their meaning are:\n\n\u003cpre\u003e\n\"always\" - Always ask for a client certificate regardless of the \"message-vpn \u003e authentication \u003e client-certificate \u003e shutdown\" configuration.\n\"never\" - Never ask for a client certificate regardless of the \"message-vpn \u003e authentication \u003e client-certificate \u003e shutdown\" configuration.\n\"when-enabled-in-message-vpn\" - Only ask for a client-certificate if client certificate authentication is enabled under \"message-vpn \u003e  authentication \u003e client-certificate \u003e shutdown\".\n\u003c/pre\u003e\n Available since SEMP API version 2.21.","description_kind":"markdown","computed":true},"service_mqtt_max_connection_count":{"type":"number","description":"The maximum number of MQTT client connections that can be simultaneously connected to the Message VPN. Changes to this attribute are synchronized to HA mates and replication sites via config-sync. The default is the maximum value supported by the platform. Available since SEMP API version 2.1.","description_kind":"markdown","computed":true},"service_mqtt_plain_text_enabled":{"type":"bool","description":"Enable or disable the plain-text MQTT service in the Message VPN. Disabling causes clients currently connected to be disconnected. Changes to this attribute are synchronized to HA mates and replication sites via config-sync. The default value is `false`. Available since SEMP API version 2.1.","description_kind":"markdown","computed":true},"service_mqtt_plain_text_listen_port":{"type":"number","description":"The port number for plain-text MQTT clients that connect to the Message VPN. The port must be unique across the message backbone. A value of 0 means that the listen-port is unassigned and cannot be enabled. Modifying this attribute while the object (or the relevant part of the object) is administratively enabled may be service impacting as service_mqtt_plain_text_enabled will be temporarily set to false to apply the change. Changes to this attribute are synchronized to HA mates and replication sites via config-sync. The default value is `0`. Available since SEMP API version 2.1.","description_kind":"markdown","computed":true},"service_mqtt_tls_enabled":{"type":"bool","description":"Enable or disable the use of encryption (TLS) for the MQTT service in the Message VPN. Disabling causes clients currently connected over TLS to be disconnected. Changes to this attribute are synchronized to HA mates and replication sites via config-sync. The default value is `false`. Available since SEMP API version 2.1.","description_kind":"markdown","computed":true},"service_mqtt_tls_listen_port":{"type":"number","description":"The port number for MQTT clients that connect to the Message VPN over TLS. The port must be unique across the message backbone. A value of 0 means that the listen-port is unassigned and cannot be enabled. Modifying this attribute while the object (or the relevant part of the object) is administratively enabled may be service impacting as service_mqtt_tls_enabled will be temporarily set to false to apply the change. Changes to this attribute are synchronized to HA mates and replication sites via config-sync. The default value is `0`. Available since SEMP API version 2.1.","description_kind":"markdown","computed":true},"service_mqtt_tls_web_socket_enabled":{"type":"bool","description":"Enable or disable the use of encrypted WebSocket (WebSocket over TLS) for the MQTT service in the Message VPN. Disabling causes clients currently connected by encrypted WebSocket to be disconnected. Changes to this attribute are synchronized to HA mates and replication sites via config-sync. The default value is `false`. Available since SEMP API version 2.1.","description_kind":"markdown","computed":true},"service_mqtt_tls_web_socket_listen_port":{"type":"number","description":"The port number for MQTT clients that connect to the Message VPN using WebSocket over TLS. The port must be unique across the message backbone. A value of 0 means that the listen-port is unassigned and cannot be enabled. Modifying this attribute while the object (or the relevant part of the object) is administratively enabled may be service impacting as service_mqtt_tls_web_socket_enabled will be temporarily set to false to apply the change. Changes to this attribute are synchronized to HA mates and replication sites via config-sync. The default value is `0`. Available since SEMP API version 2.1.","description_kind":"markdown","computed":true},"service_mqtt_web_socket_enabled":{"type":"bool","description":"Enable or disable the use of WebSocket for the MQTT service in the Message VPN. Disabling causes clients currently connected by WebSocket to be disconnected. Changes to this attribute are synchronized to HA mates and replication sites via config-sync. The default value is `false`. Available since SEMP API version 2.1.","description_kind":"markdown","computed":true},"service_mqtt_web_socket_listen_port":{"type":"number","description":"The port number for plain-text MQTT clients that connect to the Message VPN using WebSocket. The port must be unique across the message backbone. A value of 0 means that the listen-port is unassigned and cannot be enabled. Modifying this attribute while the object (or the relevant part of the object) is administratively enabled may be service impacting as service_mqtt_web_socket_enabled will be temporarily set to false to apply the change. Changes to this attribute are synchronized to HA mates and replication sites via config-sync. The default value is `0`. Available since SEMP API version 2.1.","description_kind":"markdown","computed":true},"service_rest_incoming_authentication_client_cert_request":{"type":"string","description":"Determines when to request a client certificate from an incoming REST Producer connecting via a TLS port. Changes to this attribute are synchronized to HA mates and replication sites via config-sync. The default value is `\"when-enabled-in-message-vpn\"`. The allowed values and their meaning are:\n\n\u003cpre\u003e\n\"always\" - Always ask for a client certificate regardless of the \"message-vpn \u003e authentication \u003e client-certificate \u003e shutdown\" configuration.\n\"never\" - Never ask for a client certificate regardless of the \"message-vpn \u003e authentication \u003e client-certificate \u003e shutdown\" configuration.\n\"when-enabled-in-message-vpn\" - Only ask for a client-certificate if client certificate authentication is enabled under \"message-vpn \u003e  authentication \u003e client-certificate \u003e shutdown\".\n\u003c/pre\u003e\n Available since SEMP API version 2.21.","description_kind":"markdown","computed":true},"service_rest_incoming_authorization_header_handling":{"type":"string","description":"The handling of Authorization headers for incoming REST connections. Changes to this attribute are synchronized to HA mates and replication sites via config-sync. The default value is `\"drop\"`. The allowed values and their meaning are:\n\n\u003cpre\u003e\n\"drop\" - Do not attach the Authorization header to the message as a user property. This configuration is most secure.\n\"forward\" - Forward the Authorization header, attaching it to the message as a user property in the same way as other headers. For best security, use the drop setting.\n\"legacy\" - If the Authorization header was used for authentication to the broker, do not attach it to the message. If the Authorization header was not used for authentication to the broker, attach it to the message as a user property in the same way as other headers. For best security, use the drop setting.\n\u003c/pre\u003e\n Available since SEMP API version 2.19.","description_kind":"markdown","computed":true},"service_rest_incoming_max_connection_count":{"type":"number","description":"The maximum number of REST incoming client connections that can be simultaneously connected to the Message VPN. This value may be higher than supported by the platform. Changes to this attribute are synchronized to HA mates and replication sites via config-sync. The default is the maximum value supported by the platform.","description_kind":"markdown","computed":true},"service_rest_incoming_plain_text_enabled":{"type":"bool","description":"Enable or disable the plain-text REST service for incoming clients in the Message VPN. Disabling causes clients currently connected to be disconnected. Changes to this attribute are synchronized to HA mates and replication sites via config-sync. The default value is `false`.","description_kind":"markdown","computed":true},"service_rest_incoming_plain_text_listen_port":{"type":"number","description":"The port number for incoming plain-text REST clients that connect to the Message VPN. The port must be unique across the message backbone. A value of 0 means that the listen-port is unassigned and cannot be enabled. Modifying this attribute while the object (or the relevant part of the object) is administratively enabled may be service impacting as service_rest_incoming_plain_text_enabled will be temporarily set to false to apply the change. Changes to this attribute are synchronized to HA mates and replication sites via config-sync. The default value is `0`.","description_kind":"markdown","computed":true},"service_rest_incoming_tls_enabled":{"type":"bool","description":"Enable or disable the use of encryption (TLS) for the REST service for incoming clients in the Message VPN. Disabling causes clients currently connected over TLS to be disconnected. Changes to this attribute are synchronized to HA mates and replication sites via config-sync. The default value is `false`.","description_kind":"markdown","computed":true},"service_rest_incoming_tls_listen_port":{"type":"number","description":"The port number for incoming REST clients that connect to the Message VPN over TLS. The port must be unique across the message backbone. A value of 0 means that the listen-port is unassigned and cannot be enabled. Modifying this attribute while the object (or the relevant part of the object) is administratively enabled may be service impacting as service_rest_incoming_tls_enabled will be temporarily set to false to apply the change. Changes to this attribute are synchronized to HA mates and replication sites via config-sync. The default value is `0`.","description_kind":"markdown","computed":true},"service_rest_mode":{"type":"string","description":"The REST service mode for incoming REST clients that connect to the Message VPN. Changes to this attribute are synchronized to HA mates and replication sites via config-sync. The default value is `\"messaging\"`. The allowed values and their meaning are:\n\n\u003cpre\u003e\n\"gateway\" - Act as a message gateway through which REST messages are propagated.\n\"messaging\" - Act as a message broker on which REST messages are queued.\n\u003c/pre\u003e\n Available since SEMP API version 2.6.","description_kind":"markdown","computed":true},"service_rest_outgoing_max_connection_count":{"type":"number","description":"The maximum number of REST Consumer (outgoing) client connections that can be simultaneously connected to the Message VPN. Changes to this attribute are synchronized to HA mates and replication sites via config-sync. The default varies by platform.","description_kind":"markdown","computed":true},"service_smf_max_connection_count":{"type":"number","description":"The maximum number of SMF client connections that can be simultaneously connected to the Message VPN. This value may be higher than supported by the platform. Changes to this attribute are synchronized to HA mates and replication sites via config-sync. The default varies by platform.","description_kind":"markdown","computed":true},"service_smf_plain_text_enabled":{"type":"bool","description":"Enable or disable the plain-text SMF service in the Message VPN. Disabling causes clients currently connected to be disconnected. Changes to this attribute are synchronized to HA mates and replication sites via config-sync. The default value is `true`.","description_kind":"markdown","computed":true},"service_smf_tls_enabled":{"type":"bool","description":"Enable or disable the use of encryption (TLS) for the SMF service in the Message VPN. Disabling causes clients currently connected over TLS to be disconnected. Changes to this attribute are synchronized to HA mates and replication sites via config-sync. The default value is `true`.","description_kind":"markdown","computed":true},"service_web_authentication_client_cert_request":{"type":"string","description":"Determines when to request a client certificate from a Web Transport client connecting via a TLS port. Changes to this attribute are synchronized to HA mates and replication sites via config-sync. The default value is `\"when-enabled-in-message-vpn\"`. The allowed values and their meaning are:\n\n\u003cpre\u003e\n\"always\" - Always ask for a client certificate regardless of the \"message-vpn \u003e authentication \u003e client-certificate \u003e shutdown\" configuration.\n\"never\" - Never ask for a client certificate regardless of the \"message-vpn \u003e authentication \u003e client-certificate \u003e shutdown\" configuration.\n\"when-enabled-in-message-vpn\" - Only ask for a client-certificate if client certificate authentication is enabled under \"message-vpn \u003e  authentication \u003e client-certificate \u003e shutdown\".\n\u003c/pre\u003e\n Available since SEMP API version 2.21.","description_kind":"markdown","computed":true},"service_web_max_connection_count":{"type":"number","description":"The maximum number of Web Transport client connections that can be simultaneously connected to the Message VPN. This value may be higher than supported by the platform. Changes to this attribute are synchronized to HA mates and replication sites via config-sync. The default is the maximum value supported by the platform.","description_kind":"markdown","computed":true},"service_web_plain_text_enabled":{"type":"bool","description":"Enable or disable the plain-text Web Transport service in the Message VPN. Disabling causes clients currently connected to be disconnected. Changes to this attribute are synchronized to HA mates and replication sites via config-sync. The default value is `true`.","description_kind":"markdown","computed":true},"service_web_tls_enabled":{"type":"bool","description":"Enable or disable the use of TLS for the Web Transport service in the Message VPN. Disabling causes clients currently connected over TLS to be disconnected. Changes to this attribute are synchronized to HA mates and replication sites via config-sync. The default value is `true`.","description_kind":"markdown","computed":true},"tls_allow_downgrade_to_plain_text_enabled":{"type":"bool","description":"Enable or disable the allowing of TLS SMF clients to downgrade their connections to plain-text connections. Changing this will not affect existing connections. Changes to this attribute are synchronized to HA mates and replication sites via config-sync. The default value is `false`.","description_kind":"markdown","computed":true}},"description":"Message VPNs (Virtual Private Networks) allow for the segregation of topic space and clients. They also group clients connecting to a network of message brokers, such that messages published within a particular group are only visible to that group's clients.\n\n\nAttribute|Identifying|Write-Only|Deprecated|Opaque\n:---|:---:|:---:|:---:|:---:\nauthentication_oauth_default_provider_name|||x|\nbridging_tls_server_cert_enforce_trusted_common_name_enabled|||x|\ndistributed_cache_management_enabled|||x|\nmsg_vpn_name|x|||\nreplication_bridge_authentication_basic_password||x||x\nreplication_bridge_authentication_client_cert_content||x||x\nreplication_bridge_authentication_client_cert_password||x||\nreplication_enabled_queue_behavior||x||\nrest_tls_server_cert_enforce_trusted_common_name_enabled|||x|\n\n\n\nA SEMP client authorized with a minimum access scope/level of \"vpn/read-only\" is required to perform this operation.\n\nThis has been available since SEMP API version 2.0.","description_kind":"markdown"}},"solacebroker_msg_vpn_acl_profile":{"version":0,"block":{"attributes":{"acl_profile_name":{"type":"string","description":"The name of the ACL Profile.","description_kind":"markdown","required":true},"client_connect_default_action":{"type":"string","description":"The default action to take when a client using the ACL Profile connects to the Message VPN. Changes to this attribute are synchronized to HA mates and replication sites via config-sync. The default value is `\"disallow\"`. The allowed values and their meaning are:\n\n\u003cpre\u003e\n\"allow\" - Allow client connection unless an exception is found for it.\n\"disallow\" - Disallow client connection unless an exception is found for it.\n\u003c/pre\u003e\n","description_kind":"markdown","computed":true},"id":{"type":"string","description":"Identifier attribute, for internal use only.","description_kind":"plain","computed":true},"msg_vpn_name":{"type":"string","description":"The name of the Message VPN.","description_kind":"markdown","required":true},"publish_topic_default_action":{"type":"string","description":"The default action to take when a client using the ACL Profile publishes to a topic in the Message VPN. Changes to this attribute are synchronized to HA mates and replication sites via config-sync. The default value is `\"disallow\"`. The allowed values and their meaning are:\n\n\u003cpre\u003e\n\"allow\" - Allow topic unless an exception is found for it.\n\"disallow\" - Disallow topic unless an exception is found for it.\n\u003c/pre\u003e\n","description_kind":"markdown","computed":true},"subscribe_share_name_default_action":{"type":"string","description":"The default action to take when a client using the ACL Profile subscribes to a share-name subscription in the Message VPN. Changes to this attribute are synchronized to HA mates and replication sites via config-sync. The default value is `\"allow\"`. The allowed values and their meaning are:\n\n\u003cpre\u003e\n\"allow\" - Allow topic unless an exception is found for it.\n\"disallow\" - Disallow topic unless an exception is found for it.\n\u003c/pre\u003e\n Available since SEMP API version 2.14.","description_kind":"markdown","computed":true},"subscribe_topic_default_action":{"type":"string","description":"The default action to take when a client using the ACL Profile subscribes to a topic in the Message VPN. Changes to this attribute are synchronized to HA mates and replication sites via config-sync. The default value is `\"disallow\"`. The allowed values and their meaning are:\n\n\u003cpre\u003e\n\"allow\" - Allow topic unless an exception is found for it.\n\"disallow\" - Disallow topic unless an exception is found for it.\n\u003c/pre\u003e\n","description_kind":"markdown","computed":true}},"description":"An ACL Profile controls whether an authenticated client is permitted to establish a connection with the message broker or permitted to publish and subscribe to specific topics.\n\n\nAttribute|Identifying|Write-Only|Deprecated|Opaque\n:---|:---:|:---:|:---:|:---:\nacl_profile_name|x|||\nmsg_vpn_name|x|||\n\n\n\nA SEMP client authorized with a minimum access scope/level of \"vpn/read-only\" is required to perform this operation.\n\nThis has been available since SEMP API version 2.0.","description_kind":"markdown"}},"solacebroker_msg_vpn_acl_profile_client_connect_exception":{"version":0,"block":{"attributes":{"acl_profile_name":{"type":"string","description":"The name of the ACL Profile.","description_kind":"markdown","required":true},"client_connect_exception_address":{"type":"string","description":"The IP address/netmask of the client connect exception in canonical CIDR form.","description_kind":"markdown","required":true},"id":{"type":"string","description":"Identifier attribute, for internal use only.","description_kind":"plain","computed":true},"msg_vpn_name":{"type":"string","description":"The name of the Message VPN.","description_kind":"markdown","required":true}},"description":"A Client Connect Exception is an exception to the default action to take when a client using the ACL Profile connects to the Message VPN. Exceptions must be expressed as an IP address/netmask in CIDR form.\n\n\nAttribute|Identifying|Write-Only|Deprecated|Opaque\n:---|:---:|:---:|:---:|:---:\nacl_profile_name|x|||\nclient_connect_exception_address|x|||\nmsg_vpn_name|x|||\n\n\n\nA SEMP client authorized with a minimum access scope/level of \"vpn/read-only\" is required to perform this operation.\n\nThis has been available since SEMP API version 2.0.","description_kind":"markdown"}},"solacebroker_msg_vpn_acl_profile_publish_topic_exception":{"version":0,"block":{"attributes":{"acl_profile_name":{"type":"string","description":"The name of the ACL Profile.","description_kind":"markdown","required":true},"id":{"type":"string","description":"Identifier attribute, for internal use only.","description_kind":"plain","computed":true},"msg_vpn_name":{"type":"string","description":"The name of the Message VPN.","description_kind":"markdown","required":true},"publish_topic_exception":{"type":"string","description":"The topic for the exception to the default action taken. May include wildcard characters.","description_kind":"markdown","required":true},"publish_topic_exception_syntax":{"type":"string","description":"The syntax of the topic for the exception to the default action taken. The allowed values and their meaning are:\n\n\u003cpre\u003e\n\"smf\" - Topic uses SMF syntax.\n\"mqtt\" - Topic uses MQTT syntax.\n\u003c/pre\u003e\n","description_kind":"markdown","required":true}},"description":"A Publish Topic Exception is an exception to the default action to take when a client using the ACL Profile publishes to a topic in the Message VPN. Exceptions must be expressed as a topic.\n\n\nAttribute|Identifying|Write-Only|Deprecated|Opaque\n:---|:---:|:---:|:---:|:---:\nacl_profile_name|x|||\nmsg_vpn_name|x|||\npublish_topic_exception|x|||\npublish_topic_exception_syntax|x|||\n\n\n\nA SEMP client authorized with a minimum access scope/level of \"vpn/read-only\" is required to perform this operation.\n\nThis has been available since SEMP API version 2.14.","description_kind":"markdown"}},"solacebroker_msg_vpn_acl_profile_subscribe_share_name_exception":{"version":0,"block":{"attributes":{"acl_profile_name":{"type":"string","description":"The name of the ACL Profile.","description_kind":"markdown","required":true},"id":{"type":"string","description":"Identifier attribute, for internal use only.","description_kind":"plain","computed":true},"msg_vpn_name":{"type":"string","description":"The name of the Message VPN.","description_kind":"markdown","required":true},"subscribe_share_name_exception":{"type":"string","description":"The subscribe share name exception to the default action taken. May include wildcard characters.","description_kind":"markdown","required":true},"subscribe_share_name_exception_syntax":{"type":"string","description":"The syntax of the subscribe share name for the exception to the default action taken. The allowed values and their meaning are:\n\n\u003cpre\u003e\n\"smf\" - Topic uses SMF syntax.\n\"mqtt\" - Topic uses MQTT syntax.\n\u003c/pre\u003e\n","description_kind":"markdown","required":true}},"description":"A Subscribe Share Name Exception is an exception to the default action to take when a client using the ACL Profile subscribes to a share-name subscription in the Message VPN. Exceptions must be expressed as a topic.\n\n\nAttribute|Identifying|Write-Only|Deprecated|Opaque\n:---|:---:|:---:|:---:|:---:\nacl_profile_name|x|||\nmsg_vpn_name|x|||\nsubscribe_share_name_exception|x|||\nsubscribe_share_name_exception_syntax|x|||\n\n\n\nA SEMP client authorized with a minimum access scope/level of \"vpn/read-only\" is required to perform this operation.\n\nThis has been available since SEMP API version 2.14.","description_kind":"markdown"}},"solacebroker_msg_vpn_acl_profile_subscribe_topic_exception":{"version":0,"block":{"attributes":{"acl_profile_name":{"type":"string","description":"The name of the ACL Profile.","description_kind":"markdown","required":true},"id":{"type":"string","description":"Identifier attribute, for internal use only.","description_kind":"plain","computed":true},"msg_vpn_name":{"type":"string","description":"The name of the Message VPN.","description_kind":"markdown","required":true},"subscribe_topic_exception":{"type":"string","description":"The topic for the exception to the default action taken. May include wildcard characters.","description_kind":"markdown","required":true},"subscribe_topic_exception_syntax":{"type":"string","description":"The syntax of the topic for the exception to the default action taken. The allowed values and their meaning are:\n\n\u003cpre\u003e\n\"smf\" - Topic uses SMF syntax.\n\"mqtt\" - Topic uses MQTT syntax.\n\u003c/pre\u003e\n","description_kind":"markdown","required":true}},"description":"A Subscribe Topic Exception is an exception to the default action to take when a client using the ACL Profile subscribes to a topic in the Message VPN. Exceptions must be expressed as a topic.\n\n\nAttribute|Identifying|Write-Only|Deprecated|Opaque\n:---|:---:|:---:|:---:|:---:\nacl_profile_name|x|||\nmsg_vpn_name|x|||\nsubscribe_topic_exception|x|||\nsubscribe_topic_exception_syntax|x|||\n\n\n\nA SEMP client authorized with a minimum access scope/level of \"vpn/read-only\" is required to perform this operation.\n\nThis has been available since SEMP API version 2.14.","description_kind":"markdown"}},"solacebroker_msg_vpn_authentication_oauth_profile":{"version":0,"block":{"attributes":{"authorization_groups_claim_name":{"type":"string","description":"The name of the groups claim. If non-empty, the specified claim will be used to determine groups for authorization. If empty, the authorization_type attribute of the Message VPN will be used to determine authorization. Changes to this attribute are synchronized to HA mates and replication sites via config-sync. The default value is `\"groups\"`.","description_kind":"markdown","computed":true},"authorization_groups_claim_string_format":{"type":"string","description":"The format of the authorization groups claim value when it is a string. Changes to this attribute are synchronized to HA mates and replication sites via config-sync. The default value is `\"single\"`. The allowed values and their meaning are:\n\n\u003cpre\u003e\n\"single\" - When the claim is a string, it is interpreted as as single group.\n\"space-delimited\" - When the claim is a string, it is interpreted as a space-delimited list of groups, similar to the \"scope\" claim.\n\u003c/pre\u003e\n Available since SEMP API version 2.32.","description_kind":"markdown","computed":true},"client_id":{"type":"string","description":"The OAuth client id. Changes to this attribute are synchronized to HA mates and replication sites via config-sync. The default value is `\"\"`.","description_kind":"markdown","computed":true},"client_required_type":{"type":"string","description":"The required value for the TYP field in the ID token header. Changes to this attribute are synchronized to HA mates and replication sites via config-sync. The default value is `\"JWT\"`.","description_kind":"markdown","computed":true},"client_validate_type_enabled":{"type":"bool","description":"Enable or disable verification of the TYP field in the ID token header. Changes to this attribute are synchronized to HA mates and replication sites via config-sync. The default value is `true`.","description_kind":"markdown","computed":true},"disconnect_on_token_expiration_enabled":{"type":"bool","description":"Enable or disable the disconnection of clients when their tokens expire. Changing this value does not affect existing clients, only new client connections. Changes to this attribute are synchronized to HA mates and replication sites via config-sync. The default value is `true`.","description_kind":"markdown","computed":true},"enabled":{"type":"bool","description":"Enable or disable the OAuth profile. Changes to this attribute are synchronized to HA mates and replication sites via config-sync. The default value is `false`.","description_kind":"markdown","computed":true},"endpoint_discovery":{"type":"string","description":"The OpenID Connect discovery endpoint or OAuth Authorization Server Metadata endpoint. Changes to this attribute are synchronized to HA mates and replication sites via config-sync. The default value is `\"\"`.","description_kind":"markdown","computed":true},"endpoint_discovery_refresh_interval":{"type":"number","description":"The number of seconds between discovery endpoint requests. Changes to this attribute are synchronized to HA mates and replication sites via config-sync. The default value is `86400`.","description_kind":"markdown","computed":true},"endpoint_introspection":{"type":"string","description":"The OAuth introspection endpoint. Changes to this attribute are synchronized to HA mates and replication sites via config-sync. The default value is `\"\"`.","description_kind":"markdown","computed":true},"endpoint_introspection_timeout":{"type":"number","description":"The maximum time in seconds a token introspection request is allowed to take. Changes to this attribute are synchronized to HA mates and replication sites via config-sync. The default value is `1`.","description_kind":"markdown","computed":true},"endpoint_jwks":{"type":"string","description":"The OAuth JWKS endpoint. Changes to this attribute are synchronized to HA mates and replication sites via config-sync. The default value is `\"\"`.","description_kind":"markdown","computed":true},"endpoint_jwks_refresh_interval":{"type":"number","description":"The number of seconds between JWKS endpoint requests. Changes to this attribute are synchronized to HA mates and replication sites via config-sync. The default value is `86400`.","description_kind":"markdown","computed":true},"endpoint_userinfo":{"type":"string","description":"The OpenID Connect Userinfo endpoint. Changes to this attribute are synchronized to HA mates and replication sites via config-sync. The default value is `\"\"`.","description_kind":"markdown","computed":true},"endpoint_userinfo_timeout":{"type":"number","description":"The maximum time in seconds a userinfo request is allowed to take. Changes to this attribute are synchronized to HA mates and replication sites via config-sync. The default value is `1`.","description_kind":"markdown","computed":true},"id":{"type":"string","description":"Identifier attribute, for internal use only.","description_kind":"plain","computed":true},"issuer":{"type":"string","description":"The Issuer Identifier for the OAuth provider. Changes to this attribute are synchronized to HA mates and replication sites via config-sync. The default value is `\"\"`.","description_kind":"markdown","computed":true},"mqtt_username_validate_enabled":{"type":"bool","description":"Enable or disable whether the API provided MQTT client username will be validated against the username calculated from the token(s). When enabled, connection attempts by MQTT clients are rejected if they differ. Note that this value only applies to MQTT clients; SMF client usernames will not be validated. Changes to this attribute are synchronized to HA mates and replication sites via config-sync. The default value is `false`.","description_kind":"markdown","computed":true},"msg_vpn_name":{"type":"string","description":"The name of the Message VPN.","description_kind":"markdown","required":true},"oauth_profile_name":{"type":"string","description":"The name of the OAuth profile.","description_kind":"markdown","required":true},"oauth_role":{"type":"string","description":"The OAuth role of the broker. Changes to this attribute are synchronized to HA mates and replication sites via config-sync. The default value is `\"client\"`. The allowed values and their meaning are:\n\n\u003cpre\u003e\n\"client\" - The broker is in the OAuth client role.\n\"resource-server\" - The broker is in the OAuth resource server role.\n\u003c/pre\u003e\n","description_kind":"markdown","computed":true},"resource_server_parse_access_token_enabled":{"type":"bool","description":"Enable or disable parsing of the access token as a JWT. Changes to this attribute are synchronized to HA mates and replication sites via config-sync. The default value is `true`.","description_kind":"markdown","computed":true},"resource_server_required_audience":{"type":"string","description":"The required audience value. Changes to this attribute are synchronized to HA mates and replication sites via config-sync. The default value is `\"\"`.","description_kind":"markdown","computed":true},"resource_server_required_issuer":{"type":"string","description":"The required issuer value. Changes to this attribute are synchronized to HA mates and replication sites via config-sync. The default value is `\"\"`.","description_kind":"markdown","computed":true},"resource_server_required_scope":{"type":"string","description":"A space-separated list of scopes that must be present in the scope claim. Changes to this attribute are synchronized to HA mates and replication sites via config-sync. The default value is `\"\"`.","description_kind":"markdown","computed":true},"resource_server_required_type":{"type":"string","description":"The required TYP value. Changes to this attribute are synchronized to HA mates and replication sites via config-sync. The default value is `\"at+jwt\"`.","description_kind":"markdown","computed":true},"resource_server_validate_audience_enabled":{"type":"bool","description":"Enable or disable verification of the audience claim in the access token or introspection response. Changes to this attribute are synchronized to HA mates and replication sites via config-sync. The default value is `true`.","description_kind":"markdown","computed":true},"resource_server_validate_issuer_enabled":{"type":"bool","description":"Enable or disable verification of the issuer claim in the access token or introspection response. Changes to this attribute are synchronized to HA mates and replication sites via config-sync. The default value is `true`.","description_kind":"markdown","computed":true},"resource_server_validate_scope_enabled":{"type":"bool","description":"Enable or disable verification of the scope claim in the access token or introspection response. Changes to this attribute are synchronized to HA mates and replication sites via config-sync. The default value is `true`.","description_kind":"markdown","computed":true},"resource_server_validate_type_enabled":{"type":"bool","description":"Enable or disable verification of the TYP field in the access token header. Changes to this attribute are synchronized to HA mates and replication sites via config-sync. The default value is `true`.","description_kind":"markdown","computed":true},"username_claim_name":{"type":"string","description":"The name of the username claim. Changes to this attribute are synchronized to HA mates and replication sites via config-sync. The default value is `\"sub\"`.","description_kind":"markdown","computed":true}},"description":"OAuth profiles specify how to securely authenticate to an OAuth provider.\n\n\nAttribute|Identifying|Write-Only|Deprecated|Opaque\n:---|:---:|:---:|:---:|:---:\nclient_secret||x||x\nmsg_vpn_name|x|||\noauth_profile_name|x|||\n\n\n\nA SEMP client authorized with a minimum access scope/level of \"vpn/read-only\" is required to perform this operation.\n\nThis has been available since SEMP API version 2.25.","description_kind":"markdown"}},"solacebroker_msg_vpn_authentication_oauth_profile_client_required_claim":{"version":0,"block":{"attributes":{"client_required_claim_name":{"type":"string","description":"The name of the ID token claim to verify.","description_kind":"markdown","required":true},"client_required_claim_value":{"type":"string","description":"The required claim value.","description_kind":"markdown","computed":true},"id":{"type":"string","description":"Identifier attribute, for internal use only.","description_kind":"plain","computed":true},"msg_vpn_name":{"type":"string","description":"The name of the Message VPN.","description_kind":"markdown","required":true},"oauth_profile_name":{"type":"string","description":"The name of the OAuth profile.","description_kind":"markdown","required":true}},"description":"Additional claims to be verified in the ID token.\n\n\nAttribute|Identifying|Write-Only|Deprecated|Opaque\n:---|:---:|:---:|:---:|:---:\nclient_required_claim_name|x|||\nmsg_vpn_name|x|||\noauth_profile_name|x|||\n\n\n\nA SEMP client authorized with a minimum access scope/level of \"vpn/read-only\" is required to perform this operation.\n\nThis has been available since SEMP API version 2.25.","description_kind":"markdown"}},"solacebroker_msg_vpn_authentication_oauth_profile_resource_server_required_claim":{"version":0,"block":{"attributes":{"id":{"type":"string","description":"Identifier attribute, for internal use only.","description_kind":"plain","computed":true},"msg_vpn_name":{"type":"string","description":"The name of the Message VPN.","description_kind":"markdown","required":true},"oauth_profile_name":{"type":"string","description":"The name of the OAuth profile.","description_kind":"markdown","required":true},"resource_server_required_claim_name":{"type":"string","description":"The name of the access token claim to verify.","description_kind":"markdown","required":true},"resource_server_required_claim_value":{"type":"string","description":"The required claim value.","description_kind":"markdown","computed":true}},"description":"Additional claims to be verified in the access token.\n\n\nAttribute|Identifying|Write-Only|Deprecated|Opaque\n:---|:---:|:---:|:---:|:---:\nmsg_vpn_name|x|||\noauth_profile_name|x|||\nresource_server_required_claim_name|x|||\n\n\n\nA SEMP client authorized with a minimum access scope/level of \"vpn/read-only\" is required to perform this operation.\n\nThis has been available since SEMP API version 2.25.","description_kind":"markdown"}},"solacebroker_msg_vpn_authorization_group":{"version":0,"block":{"attributes":{"acl_profile_name":{"type":"string","description":"The ACL Profile of the Authorization Group. Modifying this attribute while the object (or the relevant part of the object) is administratively enabled may be service impacting as enabled will be temporarily set to false to apply the change. Changes to this attribute are synchronized to HA mates and replication sites via config-sync. The default value is `\"default\"`.","description_kind":"markdown","computed":true},"authorization_group_name":{"type":"string","description":"The name of the Authorization Group. For LDAP groups, special care is needed if the group name contains special characters such as '#', '+', ';', '=' as the value of the group name returned from the LDAP server might prepend those characters with '\\'. For example a group name called 'test#,lab,com' will be returned from the LDAP server as 'test\\#,lab,com'.","description_kind":"markdown","required":true},"client_profile_name":{"type":"string","description":"The Client Profile of the Authorization Group. Modifying this attribute while the object (or the relevant part of the object) is administratively enabled may be service impacting as enabled will be temporarily set to false to apply the change. Changes to this attribute are synchronized to HA mates and replication sites via config-sync. The default value is `\"default\"`.","description_kind":"markdown","computed":true},"enabled":{"type":"bool","description":"Enable or disable the Authorization Group in the Message VPN. Changes to this attribute are synchronized to HA mates and replication sites via config-sync. The default value is `false`.","description_kind":"markdown","computed":true},"id":{"type":"string","description":"Identifier attribute, for internal use only.","description_kind":"plain","computed":true},"msg_vpn_name":{"type":"string","description":"The name of the Message VPN.","description_kind":"markdown","required":true}},"description":"To use client authorization groups configured on an external server to provide client authorizations, Authorization Group objects must be created on the Message VPN that match the authorization groups provisioned on the external server. These objects must be configured with the client profiles and ACL profiles that will be assigned to the clients that belong to those authorization groups. A newly created group is placed at the end of the group list which is the lowest priority.\n\n\nAttribute|Identifying|Write-Only|Deprecated|Opaque\n:---|:---:|:---:|:---:|:---:\nauthorization_group_name|x|||\nmsg_vpn_name|x|||\norder_after_authorization_group_name||x||\norder_before_authorization_group_name||x||\n\n\n\nA SEMP client authorized with a minimum access scope/level of \"vpn/read-only\" is required to perform this operation.\n\nThis has been available since SEMP API version 2.0.","description_kind":"markdown"}},"solacebroker_msg_vpn_bridge":{"version":0,"block":{"attributes":{"bridge_name":{"type":"string","description":"The name of the Bridge.","description_kind":"markdown","required":true},"bridge_virtual_router":{"type":"string","description":"The virtual router of the Bridge. The allowed values and their meaning are:\n\n\u003cpre\u003e\n\"primary\" - The Bridge is used for the primary virtual router.\n\"backup\" - The Bridge is used for the backup virtual router.\n\"auto\" - The Bridge is automatically assigned a virtual router at creation, depending on the broker's active-standby role.\n\u003c/pre\u003e\n","description_kind":"markdown","required":true},"enabled":{"type":"bool","description":"Enable or disable the Bridge. Changes to this attribute are synchronized to HA mates and replication sites via config-sync. The default value is `false`.","description_kind":"markdown","computed":true},"id":{"type":"string","description":"Identifier attribute, for internal use only.","description_kind":"plain","computed":true},"max_ttl":{"type":"number","description":"The maximum time-to-live (TTL) in hops. Messages are discarded if their TTL exceeds this value. Modifying this attribute while the object (or the relevant part of the object) is administratively enabled may be service impacting as enabled will be temporarily set to false to apply the change. Changes to this attribute are synchronized to HA mates and replication sites via config-sync. The default value is `8`.","description_kind":"markdown","computed":true},"msg_vpn_name":{"type":"string","description":"The name of the Message VPN.","description_kind":"markdown","required":true},"remote_authentication_basic_client_username":{"type":"string","description":"The Client Username the Bridge uses to login to the remote Message VPN. Modifying this attribute while the object (or the relevant part of the object) is administratively enabled may be service impacting as enabled will be temporarily set to false to apply the change. Changes to this attribute are synchronized to HA mates and replication sites via config-sync. The default value is `\"\"`.","description_kind":"markdown","computed":true},"remote_authentication_scheme":{"type":"string","description":"The authentication scheme for the remote Message VPN. Modifying this attribute while the object (or the relevant part of the object) is administratively enabled may be service impacting as enabled will be temporarily set to false to apply the change. Changes to this attribute are synchronized to HA mates and replication sites via config-sync. The default value is `\"basic\"`. The allowed values and their meaning are:\n\n\u003cpre\u003e\n\"basic\" - Basic Authentication Scheme (via username and password).\n\"client-certificate\" - Client Certificate Authentication Scheme (via certificate file or content).\n\u003c/pre\u003e\n","description_kind":"markdown","computed":true},"remote_connection_retry_count":{"type":"number","description":"The maximum number of retry attempts to establish a connection to the remote Message VPN. A value of 0 means to retry forever. Changes to this attribute are synchronized to HA mates and replication sites via config-sync. The default value is `0`.","description_kind":"markdown","computed":true},"remote_connection_retry_delay":{"type":"number","description":"The number of seconds the broker waits for the bridge connection to be established before attempting a new connection. Changes to this attribute are synchronized to HA mates and replication sites via config-sync. The default value is `3`.","description_kind":"markdown","computed":true},"remote_deliver_to_one_priority":{"type":"string","description":"The priority for deliver-to-one (DTO) messages transmitted from the remote Message VPN. Modifying this attribute while the object (or the relevant part of the object) is administratively enabled may be service impacting as enabled will be temporarily set to false to apply the change. Changes to this attribute are synchronized to HA mates and replication sites via config-sync. The default value is `\"p1\"`. The allowed values and their meaning are:\n\n\u003cpre\u003e\n\"p1\" - The 1st or highest priority.\n\"p2\" - The 2nd highest priority.\n\"p3\" - The 3rd highest priority.\n\"p4\" - The 4th highest priority.\n\"da\" - Ignore priority and deliver always.\n\u003c/pre\u003e\n","description_kind":"markdown","computed":true},"tls_cipher_suite_list":{"type":"string","description":"The colon-separated list of cipher suites supported for TLS connections to the remote Message VPN. The value \"default\" implies all supported suites ordered from most secure to least secure. Changes to this attribute are synchronized to HA mates and replication sites via config-sync. The default value is `\"default\"`.","description_kind":"markdown","computed":true}},"description":"Bridges can be used to link two Message VPNs so that messages published to one Message VPN that match the topic subscriptions set for the bridge are also delivered to the linked Message VPN.\n\n\nAttribute|Identifying|Write-Only|Deprecated|Opaque\n:---|:---:|:---:|:---:|:---:\nbridge_name|x|||\nbridge_virtual_router|x|||\nmsg_vpn_name|x|||\nremote_authentication_basic_password||x||x\nremote_authentication_client_cert_content||x||x\nremote_authentication_client_cert_password||x||\n\n\n\nA SEMP client authorized with a minimum access scope/level of \"vpn/read-only\" is required to perform this operation.\n\nThis has been available since SEMP API version 2.0.","description_kind":"markdown"}},"solacebroker_msg_vpn_bridge_remote_msg_vpn":{"version":0,"block":{"attributes":{"bridge_name":{"type":"string","description":"The name of the Bridge.","description_kind":"markdown","required":true},"bridge_virtual_router":{"type":"string","description":"The virtual router of the Bridge. The allowed values and their meaning are:\n\n\u003cpre\u003e\n\"primary\" - The Bridge is used for the primary virtual router.\n\"backup\" - The Bridge is used for the backup virtual router.\n\"auto\" - The Bridge is automatically assigned a virtual router at creation, depending on the broker's active-standby role.\n\u003c/pre\u003e\n","description_kind":"markdown","required":true},"client_username":{"type":"string","description":"The Client Username the Bridge uses to login to the remote Message VPN. This per remote Message VPN value overrides the value provided for the Bridge overall. Modifying this attribute while the object (or the relevant part of the object) is administratively enabled may be service impacting as enabled will be temporarily set to false to apply the change. Changes to this attribute are synchronized to HA mates and replication sites via config-sync. The default value is `\"\"`.","description_kind":"markdown","computed":true},"compressed_data_enabled":{"type":"bool","description":"Enable or disable data compression for the remote Message VPN connection. Modifying this attribute while the object (or the relevant part of the object) is administratively enabled may be service impacting as enabled will be temporarily set to false to apply the change. Changes to this attribute are synchronized to HA mates and replication sites via config-sync. The default value is `false`.","description_kind":"markdown","computed":true},"connect_order":{"type":"number","description":"The preference given to incoming connections from remote Message VPN hosts, from 1 (highest priority) to 4 (lowest priority). Changes to this attribute are synchronized to HA mates and replication sites via config-sync. The default value is `4`.","description_kind":"markdown","computed":true},"egress_flow_window_size":{"type":"number","description":"The number of outstanding guaranteed messages that can be transmitted over the remote Message VPN connection before an acknowledgment is received. Modifying this attribute while the object (or the relevant part of the object) is administratively enabled may be service impacting as enabled will be temporarily set to false to apply the change. Changes to this attribute are synchronized to HA mates and replication sites via config-sync. The default value is `255`.","description_kind":"markdown","computed":true},"enabled":{"type":"bool","description":"Enable or disable the remote Message VPN. Changes to this attribute are synchronized to HA mates and replication sites via config-sync. The default value is `false`.","description_kind":"markdown","computed":true},"id":{"type":"string","description":"Identifier attribute, for internal use only.","description_kind":"plain","computed":true},"msg_vpn_name":{"type":"string","description":"The name of the Message VPN.","description_kind":"markdown","required":true},"queue_binding":{"type":"string","description":"The queue binding of the Bridge in the remote Message VPN. Changes to this attribute are synchronized to HA mates and replication sites via config-sync. The default value is `\"\"`.","description_kind":"markdown","computed":true},"remote_msg_vpn_interface":{"type":"string","description":"The physical interface on the local Message VPN host for connecting to the remote Message VPN. By default, an interface is chosen automatically (recommended), but if specified, `remote_msg_vpn_location` must not be a virtual router name.","description_kind":"markdown","required":true},"remote_msg_vpn_location":{"type":"string","description":"The location of the remote Message VPN as either an FQDN with port, IP address with port, or virtual router name (starting with \"v:\").","description_kind":"markdown","required":true},"remote_msg_vpn_name":{"type":"string","description":"The name of the remote Message VPN.","description_kind":"markdown","required":true},"tls_enabled":{"type":"bool","description":"Enable or disable encryption (TLS) for the remote Message VPN connection. Modifying this attribute while the object (or the relevant part of the object) is administratively enabled may be service impacting as enabled will be temporarily set to false to apply the change. Changes to this attribute are synchronized to HA mates and replication sites via config-sync. The default value is `false`.","description_kind":"markdown","computed":true},"unidirectional_client_profile":{"type":"string","description":"The Client Profile for the unidirectional Bridge of the remote Message VPN. The Client Profile must exist in the local Message VPN, and it is used only for the TCP parameters. Note that the default client profile has a TCP maximum window size of 2 MB. Changes to this attribute are synchronized to HA mates and replication sites via config-sync. The default value is `\"#client-profile\"`.","description_kind":"markdown","computed":true}},"description":"The Remote Message VPN is the Message VPN that the Bridge connects to.\n\n\nAttribute|Identifying|Write-Only|Deprecated|Opaque\n:---|:---:|:---:|:---:|:---:\nbridge_name|x|||\nbridge_virtual_router|x|||\nmsg_vpn_name|x|||\npassword||x||x\nremote_msg_vpn_interface|x|||\nremote_msg_vpn_location|x|||\nremote_msg_vpn_name|x|||\n\n\n\nA SEMP client authorized with a minimum access scope/level of \"vpn/read-only\" is required to perform this operation.\n\nThis has been available since SEMP API version 2.0.","description_kind":"markdown"}},"solacebroker_msg_vpn_bridge_remote_subscription":{"version":0,"block":{"attributes":{"bridge_name":{"type":"string","description":"The name of the Bridge.","description_kind":"markdown","required":true},"bridge_virtual_router":{"type":"string","description":"The virtual router of the Bridge. The allowed values and their meaning are:\n\n\u003cpre\u003e\n\"primary\" - The Bridge is used for the primary virtual router.\n\"backup\" - The Bridge is used for the backup virtual router.\n\"auto\" - The Bridge is automatically assigned a virtual router at creation, depending on the broker's active-standby role.\n\u003c/pre\u003e\n","description_kind":"markdown","required":true},"deliver_always_enabled":{"type":"bool","description":"Enable or disable deliver-always for the Bridge remote subscription topic instead of a deliver-to-one remote priority. A given topic for the Bridge may be deliver-to-one or deliver-always but not both.","description_kind":"markdown","computed":true},"id":{"type":"string","description":"Identifier attribute, for internal use only.","description_kind":"plain","computed":true},"msg_vpn_name":{"type":"string","description":"The name of the Message VPN.","description_kind":"markdown","required":true},"remote_subscription_topic":{"type":"string","description":"The topic of the Bridge remote subscription.","description_kind":"markdown","required":true}},"description":"A Remote Subscription is a topic subscription used by the Message VPN Bridge to attract messages from the remote message broker.\n\n\nAttribute|Identifying|Write-Only|Deprecated|Opaque\n:---|:---:|:---:|:---:|:---:\nbridge_name|x|||\nbridge_virtual_router|x|||\nmsg_vpn_name|x|||\nremote_subscription_topic|x|||\n\n\n\nA SEMP client authorized with a minimum access scope/level of \"vpn/read-only\" is required to perform this operation.\n\nThis has been available since SEMP API version 2.0.","description_kind":"markdown"}},"solacebroker_msg_vpn_cert_matching_rule":{"version":0,"block":{"attributes":{"enabled":{"type":"bool","description":"Enable or disable a certificate matching rule. Changes to this attribute are synchronized to HA mates and replication sites via config-sync. The default value is `false`.","description_kind":"markdown","computed":true},"id":{"type":"string","description":"Identifier attribute, for internal use only.","description_kind":"plain","computed":true},"msg_vpn_name":{"type":"string","description":"The name of the Message VPN.","description_kind":"markdown","required":true},"rule_name":{"type":"string","description":"The name of the rule.","description_kind":"markdown","required":true}},"description":"A Cert Matching Rule is a collection of conditions and attribute filters that all have to be satisfied for certificate to be acceptable as authentication for a given username.\n\n\nAttribute|Identifying|Write-Only|Deprecated|Opaque\n:---|:---:|:---:|:---:|:---:\nmsg_vpn_name|x|||\nrule_name|x|||\n\n\n\nA SEMP client authorized with a minimum access scope/level of \"vpn/read-only\" is required to perform this operation.\n\nThis has been available since SEMP API version 2.27.","description_kind":"markdown"}},"solacebroker_msg_vpn_cert_matching_rule_attribute_filter":{"version":0,"block":{"attributes":{"attribute_name":{"type":"string","description":"Client Username Attribute to be tested. Changes to this attribute are synchronized to HA mates and replication sites via config-sync. The default value is `\"\"`.","description_kind":"markdown","computed":true},"attribute_value":{"type":"string","description":"Expected attribute value. Changes to this attribute are synchronized to HA mates and replication sites via config-sync. The default value is `\"\"`.","description_kind":"markdown","computed":true},"filter_name":{"type":"string","description":"The name of the filter.","description_kind":"markdown","required":true},"id":{"type":"string","description":"Identifier attribute, for internal use only.","description_kind":"plain","computed":true},"msg_vpn_name":{"type":"string","description":"The name of the Message VPN.","description_kind":"markdown","required":true},"rule_name":{"type":"string","description":"The name of the rule.","description_kind":"markdown","required":true}},"description":"A Cert Matching Rule Attribute Filter compares a username attribute to a string.\n\n\nAttribute|Identifying|Write-Only|Deprecated|Opaque\n:---|:---:|:---:|:---:|:---:\nfilter_name|x|||\nmsg_vpn_name|x|||\nrule_name|x|||\n\n\n\nA SEMP client authorized with a minimum access scope/level of \"vpn/read-only\" is required to perform this operation.\n\nThis has been available since SEMP API version 2.28.","description_kind":"markdown"}},"solacebroker_msg_vpn_cert_matching_rule_condition":{"version":0,"block":{"attributes":{"attribute":{"type":"string","description":"Client Username Attribute to be compared with certificate content. Either an attribute or an expression must be provided on creation, but not both. The default value is `\"\"`.","description_kind":"markdown","computed":true},"expression":{"type":"string","description":"Glob expression to be matched with certificate content. Either an expression or an attribute must be provided on creation, but not both. The default value is `\"\"`.","description_kind":"markdown","computed":true},"id":{"type":"string","description":"Identifier attribute, for internal use only.","description_kind":"plain","computed":true},"msg_vpn_name":{"type":"string","description":"The name of the Message VPN.","description_kind":"markdown","required":true},"rule_name":{"type":"string","description":"The name of the rule.","description_kind":"markdown","required":true},"source":{"type":"string","description":"Certificate field to be compared with the Attribute. The allowed values and their meaning are:\n\n\u003cpre\u003e\n\"certificate-thumbprint\" - The attribute is computed as the SHA-1 hash over the entire DER-encoded contents of the client certificate.\n\"common-name\" - The attribute is extracted from the certificate's first instance of the Common Name attribute in the Subject DN.\n\"common-name-last\" - The attribute is extracted from the certificate's last instance of the Common Name attribute in the Subject DN.\n\"subject-alternate-name-msupn\" - The attribute is extracted from the certificate's Other Name type of the Subject Alternative Name and must have the msUPN signature.\n\"uid\" - The attribute is extracted from the certificate's first instance of the User Identifier attribute in the Subject DN.\n\"uid-last\" - The attribute is extracted from the certificate's last instance of the User Identifier attribute in the Subject DN.\n\"org-unit\" - The attribute is extracted from the certificate's first instance of the Org Unit attribute in the Subject DN.\n\"org-unit-last\" - The attribute is extracted from the certificate's last instance of the Org Unit attribute in the Subject DN.\n\"issuer\" - The attribute is extracted from the certificate's Issuer DN.\n\"subject\" - The attribute is extracted from the certificate's Subject DN.\n\"serial-number\" - The attribute is extracted from the certificate's Serial Number.\n\"dns-name\" - The attribute is extracted from the certificate's Subject Alt Name DNS Name.\n\"ip-address\" - The attribute is extracted from the certificate's Subject Alt Name IP Address.\n\u003c/pre\u003e\n","description_kind":"markdown","required":true}},"description":"A Cert Matching Rule Condition compares data extracted from a certificate to a username attribute or an expression.\n\n\nAttribute|Identifying|Write-Only|Deprecated|Opaque\n:---|:---:|:---:|:---:|:---:\nmsg_vpn_name|x|||\nrule_name|x|||\nsource|x|||\n\n\n\nA SEMP client authorized with a minimum access scope/level of \"vpn/read-only\" is required to perform this operation.\n\nThis has been available since SEMP API version 2.27.","description_kind":"markdown"}},"solacebroker_msg_vpn_client_profile":{"version":0,"block":{"attributes":{"allow_bridge_connections_enabled":{"type":"bool","description":"Enable or disable allowing Bridge clients using the Client Profile to connect. Changing this setting does not affect existing Bridge client connections. Changes to this attribute are synchronized to HA mates and replication sites via config-sync. The default value is `false`.","description_kind":"markdown","computed":true},"allow_guaranteed_endpoint_create_durability":{"type":"string","description":"The types of Queues and Topic Endpoints that clients using the client-profile can create. Changing this value does not affect existing client connections. Changes to this attribute are synchronized to HA mates and replication sites via config-sync. The default value is `\"all\"`. The allowed values and their meaning are:\n\n\u003cpre\u003e\n\"all\" - Client can create any type of endpoint.\n\"durable\" - Client can create only durable endpoints.\n\"non-durable\" - Client can create only non-durable endpoints.\n\u003c/pre\u003e\n Available since SEMP API version 2.14.","description_kind":"markdown","computed":true},"allow_guaranteed_endpoint_create_enabled":{"type":"bool","description":"Enable or disable allowing clients using the Client Profile to create topic endpoints or queues. Changing this value does not affect existing client connections. Changes to this attribute are synchronized to HA mates and replication sites via config-sync. The default value is `false`.","description_kind":"markdown","computed":true},"allow_guaranteed_msg_receive_enabled":{"type":"bool","description":"Enable or disable allowing clients using the Client Profile to receive guaranteed messages. Changing this setting does not affect existing client connections. Changes to this attribute are synchronized to HA mates and replication sites via config-sync. The default value is `false`.","description_kind":"markdown","computed":true},"allow_guaranteed_msg_send_enabled":{"type":"bool","description":"Enable or disable allowing clients using the Client Profile to send guaranteed messages. Changing this setting does not affect existing client connections. Changes to this attribute are synchronized to HA mates and replication sites via config-sync. The default value is `false`.","description_kind":"markdown","computed":true},"allow_shared_subscriptions_enabled":{"type":"bool","description":"Enable or disable allowing shared subscriptions. Changing this setting does not affect existing subscriptions. Changes to this attribute are synchronized to HA mates and replication sites via config-sync. The default value is `false`. Available since SEMP API version 2.11.","description_kind":"markdown","computed":true},"allow_transacted_sessions_enabled":{"type":"bool","description":"Enable or disable allowing clients using the Client Profile to establish transacted sessions. Changing this setting does not affect existing client connections. Changes to this attribute are synchronized to HA mates and replication sites via config-sync. The default value is `false`.","description_kind":"markdown","computed":true},"api_queue_management_copy_from_on_create_template_name":{"type":"string","description":"The name of a queue template to copy settings from when a new queue is created by a client using the Client Profile. If the referenced queue template does not exist, queue creation will fail when it tries to resolve this template. Changes to this attribute are synchronized to HA mates and replication sites via config-sync. The default value is `\"\"`. Available since SEMP API version 2.14.","description_kind":"markdown","computed":true},"api_topic_endpoint_management_copy_from_on_create_template_name":{"type":"string","description":"The name of a topic endpoint template to copy settings from when a new topic endpoint is created by a client using the Client Profile. If the referenced topic endpoint template does not exist, topic endpoint creation will fail when it tries to resolve this template. Changes to this attribute are synchronized to HA mates and replication sites via config-sync. The default value is `\"\"`. Available since SEMP API version 2.14.","description_kind":"markdown","computed":true},"client_profile_name":{"type":"string","description":"The name of the Client Profile.","description_kind":"markdown","required":true},"compression_enabled":{"type":"bool","description":"Enable or disable allowing clients using the Client Profile to use compression. Changes to this attribute are synchronized to HA mates and replication sites via config-sync. The default value is `true`. Available since SEMP API version 2.10.","description_kind":"markdown","computed":true},"eliding_delay":{"type":"number","description":"The amount of time to delay the delivery of messages to clients using the Client Profile after the initial message has been delivered (the eliding delay interval), in milliseconds. A value of 0 means there is no delay in delivering messages to clients. Changes to this attribute are synchronized to HA mates and replication sites via config-sync. The default value is `0`.","description_kind":"markdown","computed":true},"eliding_enabled":{"type":"bool","description":"Enable or disable message eliding for clients using the Client Profile. Changes to this attribute are synchronized to HA mates and replication sites via config-sync. The default value is `false`.","description_kind":"markdown","computed":true},"eliding_max_topic_count":{"type":"number","description":"The maximum number of topics tracked for message eliding per client connection using the Client Profile. Changes to this attribute are synchronized to HA mates and replication sites via config-sync. The default value is `256`.","description_kind":"markdown","computed":true},"event_client_provisioned_endpoint_spool_usage_threshold":{"nested_type":{"attributes":{"clear_percent":{"type":"number","description":"The clear threshold for the value of this counter as a percentage of its maximum value. Falling below this value will trigger a corresponding event.","description_kind":"markdown","computed":true},"set_percent":{"type":"number","description":"The set threshold for the value of this counter as a percentage of its maximum value. Exceeding this value will trigger a corresponding event.","description_kind":"markdown","computed":true}},"nesting_mode":"single"},"description_kind":"plain","computed":true},"event_connection_count_per_client_username_threshold":{"nested_type":{"attributes":{"clear_percent":{"type":"number","description":"The clear threshold for the value of this counter as a percentage of its maximum value. Falling below this value will trigger a corresponding event. This attribute may not be returned in a GET.","description_kind":"markdown","computed":true},"clear_value":{"type":"number","description":"The clear threshold for the absolute value of this counter. Falling below this value will trigger a corresponding event. This attribute may not be returned in a GET.","description_kind":"markdown","computed":true},"set_percent":{"type":"number","description":"The set threshold for the value of this counter as a percentage of its maximum value. Exceeding this value will trigger a corresponding event. This attribute may not be returned in a GET.","description_kind":"markdown","computed":true},"set_value":{"type":"number","description":"The set threshold for the absolute value of this counter. Exceeding this value will trigger a corresponding event. This attribute may not be returned in a GET.","description_kind":"markdown","computed":true}},"nesting_mode":"single"},"description_kind":"plain","computed":true},"event_egress_flow_count_threshold":{"nested_type":{"attributes":{"clear_percent":{"type":"number","description":"The clear threshold for the value of this counter as a percentage of its maximum value. Falling below this value will trigger a corresponding event. This attribute may not be returned in a GET.","description_kind":"markdown","computed":true},"clear_value":{"type":"number","description":"The clear threshold for the absolute value of this counter. Falling below this value will trigger a corresponding event. This attribute may not be returned in a GET.","description_kind":"markdown","computed":true},"set_percent":{"type":"number","description":"The set threshold for the value of this counter as a percentage of its maximum value. Exceeding this value will trigger a corresponding event. This attribute may not be returned in a GET.","description_kind":"markdown","computed":true},"set_value":{"type":"number","description":"The set threshold for the absolute value of this counter. Exceeding this value will trigger a corresponding event. This attribute may not be returned in a GET.","description_kind":"markdown","computed":true}},"nesting_mode":"single"},"description_kind":"plain","computed":true},"event_endpoint_count_per_client_username_threshold":{"nested_type":{"attributes":{"clear_percent":{"type":"number","description":"The clear threshold for the value of this counter as a percentage of its maximum value. Falling below this value will trigger a corresponding event. This attribute may not be returned in a GET.","description_kind":"markdown","computed":true},"clear_value":{"type":"number","description":"The clear threshold for the absolute value of this counter. Falling below this value will trigger a corresponding event. This attribute may not be returned in a GET.","description_kind":"markdown","computed":true},"set_percent":{"type":"number","description":"The set threshold for the value of this counter as a percentage of its maximum value. Exceeding this value will trigger a corresponding event. This attribute may not be returned in a GET.","description_kind":"markdown","computed":true},"set_value":{"type":"number","description":"The set threshold for the absolute value of this counter. Exceeding this value will trigger a corresponding event. This attribute may not be returned in a GET.","description_kind":"markdown","computed":true}},"nesting_mode":"single"},"description_kind":"plain","computed":true},"event_ingress_flow_count_threshold":{"nested_type":{"attributes":{"clear_percent":{"type":"number","description":"The clear threshold for the value of this counter as a percentage of its maximum value. Falling below this value will trigger a corresponding event. This attribute may not be returned in a GET.","description_kind":"markdown","computed":true},"clear_value":{"type":"number","description":"The clear threshold for the absolute value of this counter. Falling below this value will trigger a corresponding event. This attribute may not be returned in a GET.","description_kind":"markdown","computed":true},"set_percent":{"type":"number","description":"The set threshold for the value of this counter as a percentage of its maximum value. Exceeding this value will trigger a corresponding event. This attribute may not be returned in a GET.","description_kind":"markdown","computed":true},"set_value":{"type":"number","description":"The set threshold for the absolute value of this counter. Exceeding this value will trigger a corresponding event. This attribute may not be returned in a GET.","description_kind":"markdown","computed":true}},"nesting_mode":"single"},"description_kind":"plain","computed":true},"event_service_smf_connection_count_per_client_username_threshold":{"nested_type":{"attributes":{"clear_percent":{"type":"number","description":"The clear threshold for the value of this counter as a percentage of its maximum value. Falling below this value will trigger a corresponding event. This attribute may not be returned in a GET.","description_kind":"markdown","computed":true},"clear_value":{"type":"number","description":"The clear threshold for the absolute value of this counter. Falling below this value will trigger a corresponding event. This attribute may not be returned in a GET.","description_kind":"markdown","computed":true},"set_percent":{"type":"number","description":"The set threshold for the value of this counter as a percentage of its maximum value. Exceeding this value will trigger a corresponding event. This attribute may not be returned in a GET.","description_kind":"markdown","computed":true},"set_value":{"type":"number","description":"The set threshold for the absolute value of this counter. Exceeding this value will trigger a corresponding event. This attribute may not be returned in a GET.","description_kind":"markdown","computed":true}},"nesting_mode":"single"},"description_kind":"plain","computed":true},"event_service_web_connection_count_per_client_username_threshold":{"nested_type":{"attributes":{"clear_percent":{"type":"number","description":"The clear threshold for the value of this counter as a percentage of its maximum value. Falling below this value will trigger a corresponding event. This attribute may not be returned in a GET.","description_kind":"markdown","computed":true},"clear_value":{"type":"number","description":"The clear threshold for the absolute value of this counter. Falling below this value will trigger a corresponding event. This attribute may not be returned in a GET.","description_kind":"markdown","computed":true},"set_percent":{"type":"number","description":"The set threshold for the value of this counter as a percentage of its maximum value. Exceeding this value will trigger a corresponding event. This attribute may not be returned in a GET.","description_kind":"markdown","computed":true},"set_value":{"type":"number","description":"The set threshold for the absolute value of this counter. Exceeding this value will trigger a corresponding event. This attribute may not be returned in a GET.","description_kind":"markdown","computed":true}},"nesting_mode":"single"},"description_kind":"plain","computed":true},"event_subscription_count_threshold":{"nested_type":{"attributes":{"clear_percent":{"type":"number","description":"The clear threshold for the value of this counter as a percentage of its maximum value. Falling below this value will trigger a corresponding event. This attribute may not be returned in a GET.","description_kind":"markdown","computed":true},"clear_value":{"type":"number","description":"The clear threshold for the absolute value of this counter. Falling below this value will trigger a corresponding event. This attribute may not be returned in a GET.","description_kind":"markdown","computed":true},"set_percent":{"type":"number","description":"The set threshold for the value of this counter as a percentage of its maximum value. Exceeding this value will trigger a corresponding event. This attribute may not be returned in a GET.","description_kind":"markdown","computed":true},"set_value":{"type":"number","description":"The set threshold for the absolute value of this counter. Exceeding this value will trigger a corresponding event. This attribute may not be returned in a GET.","description_kind":"markdown","computed":true}},"nesting_mode":"single"},"description_kind":"plain","computed":true},"event_transacted_session_count_threshold":{"nested_type":{"attributes":{"clear_percent":{"type":"number","description":"The clear threshold for the value of this counter as a percentage of its maximum value. Falling below this value will trigger a corresponding event. This attribute may not be returned in a GET.","description_kind":"markdown","computed":true},"clear_value":{"type":"number","description":"The clear threshold for the absolute value of this counter. Falling below this value will trigger a corresponding event. This attribute may not be returned in a GET.","description_kind":"markdown","computed":true},"set_percent":{"type":"number","description":"The set threshold for the value of this counter as a percentage of its maximum value. Exceeding this value will trigger a corresponding event. This attribute may not be returned in a GET.","description_kind":"markdown","computed":true},"set_value":{"type":"number","description":"The set threshold for the absolute value of this counter. Exceeding this value will trigger a corresponding event. This attribute may not be returned in a GET.","description_kind":"markdown","computed":true}},"nesting_mode":"single"},"description_kind":"plain","computed":true},"event_transaction_count_threshold":{"nested_type":{"attributes":{"clear_percent":{"type":"number","description":"The clear threshold for the value of this counter as a percentage of its maximum value. Falling below this value will trigger a corresponding event. This attribute may not be returned in a GET.","description_kind":"markdown","computed":true},"clear_value":{"type":"number","description":"The clear threshold for the absolute value of this counter. Falling below this value will trigger a corresponding event. This attribute may not be returned in a GET.","description_kind":"markdown","computed":true},"set_percent":{"type":"number","description":"The set threshold for the value of this counter as a percentage of its maximum value. Exceeding this value will trigger a corresponding event. This attribute may not be returned in a GET.","description_kind":"markdown","computed":true},"set_value":{"type":"number","description":"The set threshold for the absolute value of this counter. Exceeding this value will trigger a corresponding event. This attribute may not be returned in a GET.","description_kind":"markdown","computed":true}},"nesting_mode":"single"},"description_kind":"plain","computed":true},"id":{"type":"string","description":"Identifier attribute, for internal use only.","description_kind":"plain","computed":true},"max_connection_count_per_client_username":{"type":"number","description":"The maximum number of client connections per Client Username using the Client Profile. Changes to this attribute are synchronized to HA mates and replication sites via config-sync. The default is the maximum value supported by the platform.","description_kind":"markdown","computed":true},"max_egress_flow_count":{"type":"number","description":"The maximum number of transmit flows that can be created by one client using the Client Profile. Changes to this attribute are synchronized to HA mates and replication sites via config-sync. The default value is `1000`.","description_kind":"markdown","computed":true},"max_endpoint_count_per_client_username":{"type":"number","description":"The maximum number of queues and topic endpoints that can be created by clients with the same Client Username using the Client Profile. Changes to this attribute are synchronized to HA mates and replication sites via config-sync. The default value is `1000`.","description_kind":"markdown","computed":true},"max_ingress_flow_count":{"type":"number","description":"The maximum number of receive flows that can be created by one client using the Client Profile. Changes to this attribute are synchronized to HA mates and replication sites via config-sync. The default value is `1000`.","description_kind":"markdown","computed":true},"max_msgs_per_transaction":{"type":"number","description":"The maximum number of publisher and consumer messages combined that is allowed within a transaction for each client associated with this client-profile. Exceeding this limit will result in a transaction prepare or commit failure. Changing this value during operation will not affect existing sessions. It is only validated at transaction creation time. Large transactions consume more resources and are more likely to require retrieving messages from the ADB or from disk to process the transaction prepare or commit requests. The transaction processing rate may diminish if a large number of messages must be retrieved from the ADB or from disk. Care should be taken to not use excessively large transactions needlessly to avoid exceeding resource limits and to avoid reducing the overall broker performance. Changes to this attribute are synchronized to HA mates and replication sites via config-sync. The default value is `256`. Available since SEMP API version 2.20.","description_kind":"markdown","computed":true},"max_subscription_count":{"type":"number","description":"The maximum number of subscriptions per client using the Client Profile. This limit is not enforced when a client adds a subscription to an endpoint, except for MQTT QoS 1 subscriptions. In addition, this limit is not enforced when a subscription is added using a management interface, such as CLI or SEMP. Changes to this attribute are synchronized to HA mates and replication sites via config-sync. The default varies by platform.","description_kind":"markdown","computed":true},"max_transacted_session_count":{"type":"number","description":"The maximum number of transacted sessions that can be created by one client using the Client Profile. Changes to this attribute are synchronized to HA mates and replication sites via config-sync. The default value is `10`.","description_kind":"markdown","computed":true},"max_transaction_count":{"type":"number","description":"The maximum number of transactions that can be created by one client using the Client Profile. Changes to this attribute are synchronized to HA mates and replication sites via config-sync. The default varies by platform.","description_kind":"markdown","computed":true},"msg_vpn_name":{"type":"string","description":"The name of the Message VPN.","description_kind":"markdown","required":true},"queue_control1_max_depth":{"type":"number","description":"The maximum depth of the \"Control 1\" (C-1) priority queue, in work units. Each work unit is 2048 bytes of message data. Changes to this attribute are synchronized to HA mates and replication sites via config-sync. The default value is `20000`.","description_kind":"markdown","computed":true},"queue_control1_min_msg_burst":{"type":"number","description":"The number of messages that are always allowed entry into the \"Control 1\" (C-1) priority queue, regardless of the `queue_control1_max_depth` value. Changes to this attribute are synchronized to HA mates and replication sites via config-sync. The default value is `4`.","description_kind":"markdown","computed":true},"queue_direct1_max_depth":{"type":"number","description":"The maximum depth of the \"Direct 1\" (D-1) priority queue, in work units. Each work unit is 2048 bytes of message data. Changes to this attribute are synchronized to HA mates and replication sites via config-sync. The default value is `20000`.","description_kind":"markdown","computed":true},"queue_direct1_min_msg_burst":{"type":"number","description":"The number of messages that are always allowed entry into the \"Direct 1\" (D-1) priority queue, regardless of the `queue_direct1_max_depth` value. Changes to this attribute are synchronized to HA mates and replication sites via config-sync. The default value is `4`.","description_kind":"markdown","computed":true},"queue_direct2_max_depth":{"type":"number","description":"The maximum depth of the \"Direct 2\" (D-2) priority queue, in work units. Each work unit is 2048 bytes of message data. Changes to this attribute are synchronized to HA mates and replication sites via config-sync. The default value is `20000`.","description_kind":"markdown","computed":true},"queue_direct2_min_msg_burst":{"type":"number","description":"The number of messages that are always allowed entry into the \"Direct 2\" (D-2) priority queue, regardless of the `queue_direct2_max_depth` value. Changes to this attribute are synchronized to HA mates and replication sites via config-sync. The default value is `4`.","description_kind":"markdown","computed":true},"queue_direct3_max_depth":{"type":"number","description":"The maximum depth of the \"Direct 3\" (D-3) priority queue, in work units. Each work unit is 2048 bytes of message data. Changes to this attribute are synchronized to HA mates and replication sites via config-sync. The default value is `20000`.","description_kind":"markdown","computed":true},"queue_direct3_min_msg_burst":{"type":"number","description":"The number of messages that are always allowed entry into the \"Direct 3\" (D-3) priority queue, regardless of the `queue_direct3_max_depth` value. Changes to this attribute are synchronized to HA mates and replication sites via config-sync. The default value is `4`.","description_kind":"markdown","computed":true},"queue_guaranteed1_max_depth":{"type":"number","description":"The maximum depth of the \"Guaranteed 1\" (G-1) priority queue, in work units. Each work unit is 2048 bytes of message data. Changes to this attribute are synchronized to HA mates and replication sites via config-sync. The default value is `20000`.","description_kind":"markdown","computed":true},"queue_guaranteed1_min_msg_burst":{"type":"number","description":"The number of messages that are always allowed entry into the \"Guaranteed 1\" (G-3) priority queue, regardless of the `queue_guaranteed1_max_depth` value. Changes to this attribute are synchronized to HA mates and replication sites via config-sync. The default value is `255`.","description_kind":"markdown","computed":true},"reject_msg_to_sender_on_no_subscription_match_enabled":{"type":"bool","description":"Enable or disable the sending of a negative acknowledgment (NACK) to a client using the Client Profile when discarding a guaranteed message due to no matching subscription found. Changes to this attribute are synchronized to HA mates and replication sites via config-sync. The default value is `false`. Available since SEMP API version 2.2.","description_kind":"markdown","computed":true},"replication_allow_client_connect_when_standby_enabled":{"type":"bool","description":"Enable or disable allowing clients using the Client Profile to connect to the Message VPN when its replication state is standby. Changes to this attribute are synchronized to HA mates and replication sites via config-sync. The default value is `false`.","description_kind":"markdown","computed":true},"service_min_keepalive_timeout":{"type":"number","description":"The minimum client keepalive timeout which will be enforced for client connections. Changes to this attribute are synchronized to HA mates and replication sites via config-sync. The default value is `30`. Available since SEMP API version 2.19.","description_kind":"markdown","computed":true},"service_smf_max_connection_count_per_client_username":{"type":"number","description":"The maximum number of SMF client connections per Client Username using the Client Profile. Changes to this attribute are synchronized to HA mates and replication sites via config-sync. The default is the maximum value supported by the platform.","description_kind":"markdown","computed":true},"service_smf_min_keepalive_enabled":{"type":"bool","description":"Enable or disable the enforcement of a minimum keepalive timeout for SMF clients. Changes to this attribute are synchronized to HA mates and replication sites via config-sync. The default value is `false`. Available since SEMP API version 2.19.","description_kind":"markdown","computed":true},"service_web_inactive_timeout":{"type":"number","description":"The timeout for inactive Web Transport client sessions using the Client Profile, in seconds. Changes to this attribute are synchronized to HA mates and replication sites via config-sync. The default value is `30`.","description_kind":"markdown","computed":true},"service_web_max_connection_count_per_client_username":{"type":"number","description":"The maximum number of Web Transport client connections per Client Username using the Client Profile. Changes to this attribute are synchronized to HA mates and replication sites via config-sync. The default is the maximum value supported by the platform.","description_kind":"markdown","computed":true},"service_web_max_payload":{"type":"number","description":"The maximum Web Transport payload size before fragmentation occurs for clients using the Client Profile, in bytes. The size of the header is not included. Changes to this attribute are synchronized to HA mates and replication sites via config-sync. The default value is `1000000`.","description_kind":"markdown","computed":true},"tcp_congestion_window_size":{"type":"number","description":"The TCP initial congestion window size for clients using the Client Profile, in multiples of the TCP Maximum Segment Size (MSS). Changing the value from its default of 2 results in non-compliance with RFC 2581. Contact support before changing this value. Changes to this attribute are synchronized to HA mates and replication sites via config-sync. The default value is `2`.","description_kind":"markdown","computed":true},"tcp_keepalive_count":{"type":"number","description":"The number of TCP keepalive retransmissions to a client using the Client Profile before declaring that it is not available. Changes to this attribute are synchronized to HA mates and replication sites via config-sync. The default value is `5`.","description_kind":"markdown","computed":true},"tcp_keepalive_idle_time":{"type":"number","description":"The amount of time a client connection using the Client Profile must remain idle before TCP begins sending keepalive probes, in seconds. Changes to this attribute are synchronized to HA mates and replication sites via config-sync. The default value is `3`.","description_kind":"markdown","computed":true},"tcp_keepalive_interval":{"type":"number","description":"The amount of time between TCP keepalive retransmissions to a client using the Client Profile when no acknowledgment is received, in seconds. Changes to this attribute are synchronized to HA mates and replication sites via config-sync. The default value is `1`.","description_kind":"markdown","computed":true},"tcp_max_segment_size":{"type":"number","description":"The TCP maximum segment size for clients using the Client Profile, in bytes. Changes are applied to all existing connections. Changes to this attribute are synchronized to HA mates and replication sites via config-sync. The default value is `1460`.","description_kind":"markdown","computed":true},"tcp_max_window_size":{"type":"number","description":"The TCP maximum window size for clients using the Client Profile, in kilobytes. Changes are applied to all existing connections. This setting is ignored on the software broker. Changes to this attribute are synchronized to HA mates and replication sites via config-sync. The default value is `256`.","description_kind":"markdown","computed":true},"tls_allow_downgrade_to_plain_text_enabled":{"type":"bool","description":"Enable or disable allowing a client using the Client Profile to downgrade an encrypted connection to plain text. Changes to this attribute are synchronized to HA mates and replication sites via config-sync. The default value is `true`. Available since SEMP API version 2.8.","description_kind":"markdown","computed":true}},"description":"Client Profiles are used to assign common configuration properties to clients that have been successfully authorized.\n\n\nAttribute|Identifying|Write-Only|Deprecated|Opaque\n:---|:---:|:---:|:---:|:---:\nallow_cut_through_forwarding_enabled|||x|\napi_queue_management_copy_from_on_create_name|||x|\napi_topic_endpoint_management_copy_from_on_create_name|||x|\nclient_profile_name|x|||\nmsg_vpn_name|x|||\n\n\n\nA SEMP client authorized with a minimum access scope/level of \"vpn/read-only\" is required to perform this operation.\n\nThis has been available since SEMP API version 2.0.","description_kind":"markdown"}},"solacebroker_msg_vpn_client_username":{"version":0,"block":{"attributes":{"acl_profile_name":{"type":"string","description":"The ACL Profile of the Client Username. Modifying this attribute while the object (or the relevant part of the object) is administratively enabled may be service impacting as enabled will be temporarily set to false to apply the change. Changes to this attribute are synchronized to HA mates and replication sites via config-sync. The default value is `\"default\"`.","description_kind":"markdown","computed":true},"client_profile_name":{"type":"string","description":"The Client Profile of the Client Username. Modifying this attribute while the object (or the relevant part of the object) is administratively enabled may be service impacting as enabled will be temporarily set to false to apply the change. Changes to this attribute are synchronized to HA mates and replication sites via config-sync. The default value is `\"default\"`.","description_kind":"markdown","computed":true},"client_username":{"type":"string","description":"The name of the Client Username.","description_kind":"markdown","required":true},"enabled":{"type":"bool","description":"Enable or disable the Client Username. When disabled, all clients currently connected as the Client Username are disconnected. Changes to this attribute are synchronized to HA mates and replication sites via config-sync. The default value is `false`.","description_kind":"markdown","computed":true},"guaranteed_endpoint_permission_override_enabled":{"type":"bool","description":"Enable or disable guaranteed endpoint permission override for the Client Username. When enabled all guaranteed endpoints may be accessed, modified or deleted with the same permission as the owner. Changes to this attribute are synchronized to HA mates and replication sites via config-sync. The default value is `false`.","description_kind":"markdown","computed":true},"id":{"type":"string","description":"Identifier attribute, for internal use only.","description_kind":"plain","computed":true},"msg_vpn_name":{"type":"string","description":"The name of the Message VPN.","description_kind":"markdown","required":true},"subscription_manager_enabled":{"type":"bool","description":"Enable or disable the subscription management capability of the Client Username. This is the ability to manage subscriptions on behalf of other Client Usernames. Changes to this attribute are synchronized to HA mates and replication sites via config-sync. The default value is `false`.","description_kind":"markdown","computed":true}},"description":"A client is only authorized to connect to a Message VPN that is associated with a Client Username that the client has been assigned.\n\n\nAttribute|Identifying|Write-Only|Deprecated|Opaque\n:---|:---:|:---:|:---:|:---:\nclient_username|x|||\nmsg_vpn_name|x|||\npassword||x||x\n\n\n\nA SEMP client authorized with a minimum access scope/level of \"vpn/read-only\" is required to perform this operation.\n\nThis has been available since SEMP API version 2.0.","description_kind":"markdown"}},"solacebroker_msg_vpn_client_username_attribute":{"version":0,"block":{"attributes":{"attribute_name":{"type":"string","description":"The name of the Attribute.","description_kind":"markdown","required":true},"attribute_value":{"type":"string","description":"The value of the Attribute.","description_kind":"markdown","required":true},"client_username":{"type":"string","description":"The name of the Client Username.","description_kind":"markdown","required":true},"id":{"type":"string","description":"Identifier attribute, for internal use only.","description_kind":"plain","computed":true},"msg_vpn_name":{"type":"string","description":"The name of the Message VPN.","description_kind":"markdown","required":true}},"description":"A ClientUsername Attribute is a key+value pair that can be used to locate a client username, for example when using client certificate mapping.\n\n\nAttribute|Identifying|Write-Only|Deprecated|Opaque\n:---|:---:|:---:|:---:|:---:\nattribute_name|x|||\nattribute_value|x|||\nclient_username|x|||\nmsg_vpn_name|x|||\n\n\n\nA SEMP client authorized with a minimum access scope/level of \"vpn/read-only\" is required to perform this operation.\n\nThis has been available since SEMP API version 2.27.","description_kind":"markdown"}},"solacebroker_msg_vpn_distributed_cache":{"version":0,"block":{"attributes":{"cache_name":{"type":"string","description":"The name of the Distributed Cache.","description_kind":"markdown","required":true},"cache_virtual_router":{"type":"string","description":"The virtual router of the Distributed Cache. The default value is `\"auto\"`. The allowed values and their meaning are:\n\n\u003cpre\u003e\n\"auto\" - The Distributed Cache is automatically assigned a virtual router at creation, depending on the broker's active-standby role.\n\u003c/pre\u003e\n Available since SEMP API version 2.28.","description_kind":"markdown","computed":true},"enabled":{"type":"bool","description":"Enable or disable the Distributed Cache. Changes to this attribute are synchronized to HA mates and replication sites via config-sync. The default value is `false`.","description_kind":"markdown","computed":true},"heartbeat":{"type":"number","description":"The heartbeat interval, in seconds, used by the Cache Instances to monitor connectivity with the message broker. Changes to this attribute are synchronized to HA mates and replication sites via config-sync. The default value is `10`.","description_kind":"markdown","computed":true},"id":{"type":"string","description":"Identifier attribute, for internal use only.","description_kind":"plain","computed":true},"msg_vpn_name":{"type":"string","description":"The name of the Message VPN.","description_kind":"markdown","required":true},"scheduled_delete_msg_day_list":{"type":"string","description":"The scheduled delete message day(s), specified as \"daily\" or a comma-separated list of days. Days must be specified as \"Sun\", \"Mon\", \"Tue\", \"Wed\", \"Thu\", \"Fri\", or \"Sat\", with no spaces, and in sorted order from Sunday to Saturday. The empty-string (\"\") can also be specified, indicating no schedule is configured (\"scheduled_delete_msg_time_list\" must also be configured to the empty-string). Changes to this attribute are synchronized to HA mates and replication sites via config-sync. The default value is `\"\"`.","description_kind":"markdown","computed":true},"scheduled_delete_msg_time_list":{"type":"string","description":"The scheduled delete message time(s), specified as \"hourly\" or a comma-separated list of 24-hour times in the form hh:mm, or h:mm. There must be no spaces, and times (up to 4) must be in sorted order from 0:00 to 23:59. The empty-string (\"\") can also be specified, indicating no schedule is configured (\"scheduled_delete_msg_day_list\" must also be configured to the empty-string). Changes to this attribute are synchronized to HA mates and replication sites via config-sync. The default value is `\"\"`.","description_kind":"markdown","computed":true}},"description":"A Distributed Cache is a collection of one or more Cache Clusters that belong to the same Message VPN. Each Cache Cluster in a Distributed Cache is configured to subscribe to a different set of topics. This effectively divides up the configured topic space, to provide scaling to very large topic spaces or very high cached message throughput.\n\n\nAttribute|Identifying|Write-Only|Deprecated|Opaque\n:---|:---:|:---:|:---:|:---:\ncache_name|x|||\nmsg_vpn_name|x|||\n\n\n\nA SEMP client authorized with a minimum access scope/level of \"vpn/read-only\" is required to perform this operation.\n\nThis has been available since SEMP API version 2.11.","description_kind":"markdown"}},"solacebroker_msg_vpn_distributed_cache_cluster":{"version":0,"block":{"attributes":{"cache_name":{"type":"string","description":"The name of the Distributed Cache.","description_kind":"markdown","required":true},"cluster_name":{"type":"string","description":"The name of the Cache Cluster.","description_kind":"markdown","required":true},"deliver_to_one_override_enabled":{"type":"bool","description":"Enable or disable deliver-to-one override for the Cache Cluster. Modifying this attribute while the object (or the relevant part of the object) is administratively enabled may be service impacting as enabled will be temporarily set to false to apply the change. Changes to this attribute are synchronized to HA mates and replication sites via config-sync. The default value is `true`.","description_kind":"markdown","computed":true},"enabled":{"type":"bool","description":"Enable or disable the Cache Cluster. Changes to this attribute are synchronized to HA mates and replication sites via config-sync. The default value is `false`.","description_kind":"markdown","computed":true},"event_data_byte_rate_threshold":{"nested_type":{"attributes":{"clear_value":{"type":"number","description":"The clear threshold for the absolute value of this counter or rate. Falling below this value will trigger a corresponding event.","description_kind":"markdown","computed":true},"set_value":{"type":"number","description":"The set threshold for the absolute value of this counter or rate. Exceeding this value will trigger a corresponding event.","description_kind":"markdown","computed":true}},"nesting_mode":"single"},"description_kind":"plain","computed":true},"event_data_msg_rate_threshold":{"nested_type":{"attributes":{"clear_value":{"type":"number","description":"The clear threshold for the absolute value of this counter or rate. Falling below this value will trigger a corresponding event.","description_kind":"markdown","computed":true},"set_value":{"type":"number","description":"The set threshold for the absolute value of this counter or rate. Exceeding this value will trigger a corresponding event.","description_kind":"markdown","computed":true}},"nesting_mode":"single"},"description_kind":"plain","computed":true},"event_max_memory_threshold":{"nested_type":{"attributes":{"clear_percent":{"type":"number","description":"The clear threshold for the value of this counter as a percentage of its maximum value. Falling below this value will trigger a corresponding event.","description_kind":"markdown","computed":true},"set_percent":{"type":"number","description":"The set threshold for the value of this counter as a percentage of its maximum value. Exceeding this value will trigger a corresponding event.","description_kind":"markdown","computed":true}},"nesting_mode":"single"},"description_kind":"plain","computed":true},"event_max_topics_threshold":{"nested_type":{"attributes":{"clear_percent":{"type":"number","description":"The clear threshold for the value of this counter as a percentage of its maximum value. Falling below this value will trigger a corresponding event.","description_kind":"markdown","computed":true},"set_percent":{"type":"number","description":"The set threshold for the value of this counter as a percentage of its maximum value. Exceeding this value will trigger a corresponding event.","description_kind":"markdown","computed":true}},"nesting_mode":"single"},"description_kind":"plain","computed":true},"event_request_queue_depth_threshold":{"nested_type":{"attributes":{"clear_percent":{"type":"number","description":"The clear threshold for the value of this counter as a percentage of its maximum value. Falling below this value will trigger a corresponding event.","description_kind":"markdown","computed":true},"set_percent":{"type":"number","description":"The set threshold for the value of this counter as a percentage of its maximum value. Exceeding this value will trigger a corresponding event.","description_kind":"markdown","computed":true}},"nesting_mode":"single"},"description_kind":"plain","computed":true},"event_request_rate_threshold":{"nested_type":{"attributes":{"clear_value":{"type":"number","description":"The clear threshold for the absolute value of this counter or rate. Falling below this value will trigger a corresponding event.","description_kind":"markdown","computed":true},"set_value":{"type":"number","description":"The set threshold for the absolute value of this counter or rate. Exceeding this value will trigger a corresponding event.","description_kind":"markdown","computed":true}},"nesting_mode":"single"},"description_kind":"plain","computed":true},"event_response_rate_threshold":{"nested_type":{"attributes":{"clear_value":{"type":"number","description":"The clear threshold for the absolute value of this counter or rate. Falling below this value will trigger a corresponding event.","description_kind":"markdown","computed":true},"set_value":{"type":"number","description":"The set threshold for the absolute value of this counter or rate. Exceeding this value will trigger a corresponding event.","description_kind":"markdown","computed":true}},"nesting_mode":"single"},"description_kind":"plain","computed":true},"global_caching_enabled":{"type":"bool","description":"Enable or disable global caching for the Cache Cluster. When enabled, the Cache Instances will fetch topics from remote Home Cache Clusters when requested, and subscribe to those topics to cache them locally. When disabled, the Cache Instances will remove all subscriptions and cached messages for topics from remote Home Cache Clusters. Changes to this attribute are synchronized to HA mates and replication sites via config-sync. The default value is `false`.","description_kind":"markdown","computed":true},"global_caching_heartbeat":{"type":"number","description":"The heartbeat interval, in seconds, used by the Cache Instances to monitor connectivity with the remote Home Cache Clusters. Changes to this attribute are synchronized to HA mates and replication sites via config-sync. The default value is `3`.","description_kind":"markdown","computed":true},"global_caching_topic_lifetime":{"type":"number","description":"The topic lifetime, in seconds. If no client requests are received for a given global topic over the duration of the topic lifetime, then the Cache Instance will remove the subscription and cached messages for that topic. A value of 0 disables aging. Changes to this attribute are synchronized to HA mates and replication sites via config-sync. The default value is `3600`.","description_kind":"markdown","computed":true},"id":{"type":"string","description":"Identifier attribute, for internal use only.","description_kind":"plain","computed":true},"max_memory":{"type":"number","description":"The maximum memory usage, in megabytes (MB), for each Cache Instance in the Cache Cluster. Changes to this attribute are synchronized to HA mates and replication sites via config-sync. The default value is `2048`.","description_kind":"markdown","computed":true},"max_msgs_per_topic":{"type":"number","description":"The maximum number of messages per topic for each Cache Instance in the Cache Cluster. When at the maximum, old messages are removed as new messages arrive. Changes to this attribute are synchronized to HA mates and replication sites via config-sync. The default value is `1`.","description_kind":"markdown","computed":true},"max_request_queue_depth":{"type":"number","description":"The maximum queue depth for cache requests received by the Cache Cluster. Changes to this attribute are synchronized to HA mates and replication sites via config-sync. The default value is `100000`.","description_kind":"markdown","computed":true},"max_topic_count":{"type":"number","description":"The maximum number of topics for each Cache Instance in the Cache Cluster. Changes to this attribute are synchronized to HA mates and replication sites via config-sync. The default value is `2000000`.","description_kind":"markdown","computed":true},"msg_lifetime":{"type":"number","description":"The message lifetime, in seconds. If a message remains cached for the duration of its lifetime, the Cache Instance will remove the message. A lifetime of 0 results in the message being retained indefinitely. Changes to this attribute are synchronized to HA mates and replication sites via config-sync. The default value is `0`.","description_kind":"markdown","computed":true},"msg_vpn_name":{"type":"string","description":"The name of the Message VPN.","description_kind":"markdown","required":true},"new_topic_advertisement_enabled":{"type":"bool","description":"Enable or disable the advertising, onto the message bus, of new topics learned by each Cache Instance in the Cache Cluster. Changes to this attribute are synchronized to HA mates and replication sites via config-sync. The default value is `false`.","description_kind":"markdown","computed":true}},"description":"A Cache Cluster is a collection of one or more Cache Instances that subscribe to exactly the same topics. Cache Instances are grouped together in a Cache Cluster for the purpose of fault tolerance and load balancing. As published messages are received, the message broker message bus sends these live data messages to the Cache Instances in the Cache Cluster. This enables client cache requests to be served by any of Cache Instances in the Cache Cluster.\n\n\nAttribute|Identifying|Write-Only|Deprecated|Opaque\n:---|:---:|:---:|:---:|:---:\ncache_name|x|||\ncluster_name|x|||\nmsg_vpn_name|x|||\n\n\n\nA SEMP client authorized with a minimum access scope/level of \"vpn/read-only\" is required to perform this operation.\n\nThis has been available since SEMP API version 2.11.","description_kind":"markdown"}},"solacebroker_msg_vpn_distributed_cache_cluster_global_caching_home_cluster":{"version":0,"block":{"attributes":{"cache_name":{"type":"string","description":"The name of the Distributed Cache.","description_kind":"markdown","required":true},"cluster_name":{"type":"string","description":"The name of the Cache Cluster.","description_kind":"markdown","required":true},"home_cluster_name":{"type":"string","description":"The name of the remote Home Cache Cluster.","description_kind":"markdown","required":true},"id":{"type":"string","description":"Identifier attribute, for internal use only.","description_kind":"plain","computed":true},"msg_vpn_name":{"type":"string","description":"The name of the Message VPN.","description_kind":"markdown","required":true}},"description":"A Home Cache Cluster is a Cache Cluster that is the \"definitive\" Cache Cluster for a given topic in the context of the Global Caching feature.\n\n\nAttribute|Identifying|Write-Only|Deprecated|Opaque\n:---|:---:|:---:|:---:|:---:\ncache_name|x|||\ncluster_name|x|||\nhome_cluster_name|x|||\nmsg_vpn_name|x|||\n\n\n\nA SEMP client authorized with a minimum access scope/level of \"vpn/read-only\" is required to perform this operation.\n\nThis has been available since SEMP API version 2.11.","description_kind":"markdown"}},"solacebroker_msg_vpn_distributed_cache_cluster_global_caching_home_cluster_topic_prefix":{"version":0,"block":{"attributes":{"cache_name":{"type":"string","description":"The name of the Distributed Cache.","description_kind":"markdown","required":true},"cluster_name":{"type":"string","description":"The name of the Cache Cluster.","description_kind":"markdown","required":true},"home_cluster_name":{"type":"string","description":"The name of the remote Home Cache Cluster.","description_kind":"markdown","required":true},"id":{"type":"string","description":"Identifier attribute, for internal use only.","description_kind":"plain","computed":true},"msg_vpn_name":{"type":"string","description":"The name of the Message VPN.","description_kind":"markdown","required":true},"topic_prefix":{"type":"string","description":"A topic prefix for global topics available from the remote Home Cache Cluster. A wildcard (/\u003e) is implied at the end of the prefix.","description_kind":"markdown","required":true}},"description":"A Topic Prefix is a prefix for a global topic that is available from the containing Home Cache Cluster.\n\n\nAttribute|Identifying|Write-Only|Deprecated|Opaque\n:---|:---:|:---:|:---:|:---:\ncache_name|x|||\ncluster_name|x|||\nhome_cluster_name|x|||\nmsg_vpn_name|x|||\ntopic_prefix|x|||\n\n\n\nA SEMP client authorized with a minimum access scope/level of \"vpn/read-only\" is required to perform this operation.\n\nThis has been available since SEMP API version 2.11.","description_kind":"markdown"}},"solacebroker_msg_vpn_distributed_cache_cluster_instance":{"version":0,"block":{"attributes":{"auto_start_enabled":{"type":"bool","description":"Enable or disable auto-start for the Cache Instance. When enabled, the Cache Instance will automatically attempt to transition from the Stopped operational state to Up whenever it restarts or reconnects to the message broker. Changes to this attribute are synchronized to HA mates and replication sites via config-sync. The default value is `false`.","description_kind":"markdown","computed":true},"cache_name":{"type":"string","description":"The name of the Distributed Cache.","description_kind":"markdown","required":true},"cluster_name":{"type":"string","description":"The name of the Cache Cluster.","description_kind":"markdown","required":true},"enabled":{"type":"bool","description":"Enable or disable the Cache Instance. Changes to this attribute are synchronized to HA mates and replication sites via config-sync. The default value is `false`.","description_kind":"markdown","computed":true},"id":{"type":"string","description":"Identifier attribute, for internal use only.","description_kind":"plain","computed":true},"instance_name":{"type":"string","description":"The name of the Cache Instance.","description_kind":"markdown","required":true},"msg_vpn_name":{"type":"string","description":"The name of the Message VPN.","description_kind":"markdown","required":true},"stop_on_lost_msg_enabled":{"type":"bool","description":"Enable or disable stop-on-lost-message for the Cache Instance. When enabled, the Cache Instance will transition to the stopped operational state upon losing a message. When stopped, it cannot accept or respond to cache requests, but continues to cache messages. Changes to this attribute are synchronized to HA mates and replication sites via config-sync. The default value is `true`.","description_kind":"markdown","computed":true}},"description":"A Cache Instance is a single Cache process that belongs to a single Cache Cluster. A Cache Instance object provisioned on the broker is used to disseminate configuration information to the Cache process. Cache Instances listen for and cache live data messages that match the topic subscriptions configured for their parent Cache Cluster.\n\n\nAttribute|Identifying|Write-Only|Deprecated|Opaque\n:---|:---:|:---:|:---:|:---:\ncache_name|x|||\ncluster_name|x|||\ninstance_name|x|||\nmsg_vpn_name|x|||\n\n\n\nA SEMP client authorized with a minimum access scope/level of \"vpn/read-only\" is required to perform this operation.\n\nThis has been available since SEMP API version 2.11.","description_kind":"markdown"}},"solacebroker_msg_vpn_distributed_cache_cluster_topic":{"version":0,"block":{"attributes":{"cache_name":{"type":"string","description":"The name of the Distributed Cache.","description_kind":"markdown","required":true},"cluster_name":{"type":"string","description":"The name of the Cache Cluster.","description_kind":"markdown","required":true},"id":{"type":"string","description":"Identifier attribute, for internal use only.","description_kind":"plain","computed":true},"msg_vpn_name":{"type":"string","description":"The name of the Message VPN.","description_kind":"markdown","required":true},"topic":{"type":"string","description":"The value of the Topic in the form a/b/c.","description_kind":"markdown","required":true}},"description":"The Cache Instances that belong to the containing Cache Cluster will cache any messages published to topics that match a Topic Subscription.\n\n\nAttribute|Identifying|Write-Only|Deprecated|Opaque\n:---|:---:|:---:|:---:|:---:\ncache_name|x|||\ncluster_name|x|||\nmsg_vpn_name|x|||\ntopic|x|||\n\n\n\nA SEMP client authorized with a minimum access scope/level of \"vpn/read-only\" is required to perform this operation.\n\nThis has been available since SEMP API version 2.11.","description_kind":"markdown"}},"solacebroker_msg_vpn_dmr_bridge":{"version":0,"block":{"attributes":{"id":{"type":"string","description":"Identifier attribute, for internal use only.","description_kind":"plain","computed":true},"msg_vpn_name":{"type":"string","description":"The name of the Message VPN.","description_kind":"markdown","required":true},"remote_msg_vpn_name":{"type":"string","description":"The remote Message VPN of the DMR Bridge. Changes to this attribute are synchronized to HA mates and replication sites via config-sync. The default value is `\"\"`.","description_kind":"markdown","computed":true},"remote_node_name":{"type":"string","description":"The name of the node at the remote end of the DMR Bridge.","description_kind":"markdown","required":true}},"description":"A DMR Bridge is required to establish a data channel over a corresponding external link to the remote node for a given Message VPN. Each DMR Bridge identifies which external link the Message VPN should use, and what the name of the equivalent Message VPN at the remote node is.\n\n\nAttribute|Identifying|Write-Only|Deprecated|Opaque\n:---|:---:|:---:|:---:|:---:\nmsg_vpn_name|x|||\nremote_node_name|x|||\n\n\n\nA SEMP client authorized with a minimum access scope/level of \"vpn/read-only\" is required to perform this operation.\n\nThis has been available since SEMP API version 2.11.","description_kind":"markdown"}},"solacebroker_msg_vpn_jndi_connection_factory":{"version":0,"block":{"attributes":{"allow_duplicate_client_id_enabled":{"type":"bool","description":"Enable or disable whether new JMS connections can use the same Client identifier (ID) as an existing connection. Changes to this attribute are synchronized to HA mates and replication sites via config-sync. The default value is `false`. Available since SEMP API version 2.3.","description_kind":"markdown","computed":true},"client_description":{"type":"string","description":"The description of the Client. Changes to this attribute are synchronized to HA mates and replication sites via config-sync. The default value is `\"\"`.","description_kind":"markdown","computed":true},"client_id":{"type":"string","description":"The Client identifier (ID). If not specified, a unique value for it will be generated. Changes to this attribute are synchronized to HA mates and replication sites via config-sync. The default value is `\"\"`.","description_kind":"markdown","computed":true},"connection_factory_name":{"type":"string","description":"The name of the JMS Connection Factory.","description_kind":"markdown","required":true},"dto_receive_override_enabled":{"type":"bool","description":"Enable or disable overriding by the Subscriber (Consumer) of the deliver-to-one (DTO) property on messages. When enabled, the Subscriber can receive all DTO tagged messages. Changes to this attribute are synchronized to HA mates and replication sites via config-sync. The default value is `true`.","description_kind":"markdown","computed":true},"dto_receive_subscriber_local_priority":{"type":"number","description":"The priority for receiving deliver-to-one (DTO) messages by the Subscriber (Consumer) if the messages are published on the local broker that the Subscriber is directly connected to. Changes to this attribute are synchronized to HA mates and replication sites via config-sync. The default value is `1`.","description_kind":"markdown","computed":true},"dto_receive_subscriber_network_priority":{"type":"number","description":"The priority for receiving deliver-to-one (DTO) messages by the Subscriber (Consumer) if the messages are published on a remote broker. Changes to this attribute are synchronized to HA mates and replication sites via config-sync. The default value is `1`.","description_kind":"markdown","computed":true},"dto_send_enabled":{"type":"bool","description":"Enable or disable the deliver-to-one (DTO) property on messages sent by the Publisher (Producer). Changes to this attribute are synchronized to HA mates and replication sites via config-sync. The default value is `false`.","description_kind":"markdown","computed":true},"dynamic_endpoint_create_durable_enabled":{"type":"bool","description":"Enable or disable whether a durable endpoint will be dynamically created on the broker when the client calls \"Session.createDurableSubscriber()\" or \"Session.createQueue()\". The created endpoint respects the message time-to-live (TTL) according to the \"dynamic_endpoint_respect_ttl_enabled\" property. Changes to this attribute are synchronized to HA mates and replication sites via config-sync. The default value is `false`.","description_kind":"markdown","computed":true},"dynamic_endpoint_respect_ttl_enabled":{"type":"bool","description":"Enable or disable whether dynamically created durable and non-durable endpoints respect the message time-to-live (TTL) property. Changes to this attribute are synchronized to HA mates and replication sites via config-sync. The default value is `true`.","description_kind":"markdown","computed":true},"guaranteed_receive_ack_timeout":{"type":"number","description":"The timeout for sending the acknowledgment (ACK) for guaranteed messages received by the Subscriber (Consumer), in milliseconds. Changes to this attribute are synchronized to HA mates and replication sites via config-sync. The default value is `1000`.","description_kind":"markdown","computed":true},"guaranteed_receive_reconnect_retry_count":{"type":"number","description":"The maximum number of attempts to reconnect to the host or list of hosts after the guaranteed  messaging connection has been lost. The value \"-1\" means to retry forever. Changes to this attribute are synchronized to HA mates and replication sites via config-sync. The default value is `-1`. Available since SEMP API version 2.14.","description_kind":"markdown","computed":true},"guaranteed_receive_reconnect_retry_wait":{"type":"number","description":"The amount of time to wait before making another attempt to connect or reconnect to the host after the guaranteed messaging connection has been lost, in milliseconds. Changes to this attribute are synchronized to HA mates and replication sites via config-sync. The default value is `3000`. Available since SEMP API version 2.14.","description_kind":"markdown","computed":true},"guaranteed_receive_window_size":{"type":"number","description":"The size of the window for guaranteed messages received by the Subscriber (Consumer), in messages. Changes to this attribute are synchronized to HA mates and replication sites via config-sync. The default value is `18`.","description_kind":"markdown","computed":true},"guaranteed_receive_window_size_ack_threshold":{"type":"number","description":"The threshold for sending the acknowledgment (ACK) for guaranteed messages received by the Subscriber (Consumer) as a percentage of `guaranteed_receive_window_size`. Changes to this attribute are synchronized to HA mates and replication sites via config-sync. The default value is `60`.","description_kind":"markdown","computed":true},"guaranteed_send_ack_timeout":{"type":"number","description":"The timeout for receiving the acknowledgment (ACK) for guaranteed messages sent by the Publisher (Producer), in milliseconds. Changes to this attribute are synchronized to HA mates and replication sites via config-sync. The default value is `2000`.","description_kind":"markdown","computed":true},"guaranteed_send_window_size":{"type":"number","description":"The size of the window for non-persistent guaranteed messages sent by the Publisher (Producer), in messages. For persistent messages the window size is fixed at 1. Changes to this attribute are synchronized to HA mates and replication sites via config-sync. The default value is `255`.","description_kind":"markdown","computed":true},"id":{"type":"string","description":"Identifier attribute, for internal use only.","description_kind":"plain","computed":true},"messaging_default_delivery_mode":{"type":"string","description":"The default delivery mode for messages sent by the Publisher (Producer). Changes to this attribute are synchronized to HA mates and replication sites via config-sync. The default value is `\"persistent\"`. The allowed values and their meaning are:\n\n\u003cpre\u003e\n\"persistent\" - The broker spools messages (persists in the Message Spool) as part of the send operation.\n\"non-persistent\" - The broker does not spool messages (does not persist in the Message Spool) as part of the send operation.\n\u003c/pre\u003e\n","description_kind":"markdown","computed":true},"messaging_default_dmq_eligible_enabled":{"type":"bool","description":"Enable or disable whether messages sent by the Publisher (Producer) are Dead Message Queue (DMQ) eligible by default. Changes to this attribute are synchronized to HA mates and replication sites via config-sync. The default value is `false`.","description_kind":"markdown","computed":true},"messaging_default_eliding_eligible_enabled":{"type":"bool","description":"Enable or disable whether messages sent by the Publisher (Producer) are Eliding eligible by default. Changes to this attribute are synchronized to HA mates and replication sites via config-sync. The default value is `false`.","description_kind":"markdown","computed":true},"messaging_jmsx_user_id_enabled":{"type":"bool","description":"Enable or disable inclusion (adding or replacing) of the JMSXUserID property in messages sent by the Publisher (Producer). Changes to this attribute are synchronized to HA mates and replication sites via config-sync. The default value is `false`.","description_kind":"markdown","computed":true},"messaging_text_in_xml_payload_enabled":{"type":"bool","description":"Enable or disable encoding of JMS text messages in Publisher (Producer) messages as XML payload. When disabled, JMS text messages are encoded as a binary attachment. Changes to this attribute are synchronized to HA mates and replication sites via config-sync. The default value is `true`.","description_kind":"markdown","computed":true},"msg_vpn_name":{"type":"string","description":"The name of the Message VPN.","description_kind":"markdown","required":true},"transport_compression_level":{"type":"number","description":"The ZLIB compression level for the connection to the broker. The value \"0\" means no compression, and the value \"-1\" means the compression level is specified in the JNDI Properties file. Changes to this attribute are synchronized to HA mates and replication sites via config-sync. The default value is `-1`.","description_kind":"markdown","computed":true},"transport_connect_retry_count":{"type":"number","description":"The maximum number of retry attempts to establish an initial connection to the host or list of hosts. The value \"0\" means a single attempt (no retries), and the value \"-1\" means to retry forever. Changes to this attribute are synchronized to HA mates and replication sites via config-sync. The default value is `0`.","description_kind":"markdown","computed":true},"transport_connect_retry_per_host_count":{"type":"number","description":"The maximum number of retry attempts to establish an initial connection to each host on the list of hosts. The value \"0\" means a single attempt (no retries), and the value \"-1\" means to retry forever. Changes to this attribute are synchronized to HA mates and replication sites via config-sync. The default value is `0`.","description_kind":"markdown","computed":true},"transport_connect_timeout":{"type":"number","description":"The timeout for establishing an initial connection to the broker, in milliseconds. Changes to this attribute are synchronized to HA mates and replication sites via config-sync. The default value is `30000`.","description_kind":"markdown","computed":true},"transport_direct_transport_enabled":{"type":"bool","description":"Enable or disable usage of Direct Transport mode. When enabled, NON-PERSISTENT messages are sent as direct messages and non-durable topic consumers and temporary queue consumers consume using direct subscriptions rather than from guaranteed endpoints. If disabled all messaging uses guaranteed transport. Changes to this attribute are synchronized to HA mates and replication sites via config-sync. The default value is `true`.","description_kind":"markdown","computed":true},"transport_keepalive_count":{"type":"number","description":"The maximum number of consecutive application-level keepalive messages sent without the broker response before the connection to the broker is closed. Changes to this attribute are synchronized to HA mates and replication sites via config-sync. The default value is `3`.","description_kind":"markdown","computed":true},"transport_keepalive_enabled":{"type":"bool","description":"Enable or disable usage of application-level keepalive messages to maintain a connection with the broker. Changes to this attribute are synchronized to HA mates and replication sites via config-sync. The default value is `true`.","description_kind":"markdown","computed":true},"transport_keepalive_interval":{"type":"number","description":"The interval between application-level keepalive messages, in milliseconds. Changes to this attribute are synchronized to HA mates and replication sites via config-sync. The default value is `3000`.","description_kind":"markdown","computed":true},"transport_msg_callback_on_io_thread_enabled":{"type":"bool","description":"Enable or disable delivery of asynchronous messages directly from the I/O thread. Contact support before enabling this property. Changes to this attribute are synchronized to HA mates and replication sites via config-sync. The default value is `false`.","description_kind":"markdown","computed":true},"transport_optimize_direct_enabled":{"type":"bool","description":"Enable or disable optimization for the Direct Transport delivery mode. If enabled, the client application is limited to one Publisher (Producer) and one non-durable Subscriber (Consumer). Changes to this attribute are synchronized to HA mates and replication sites via config-sync. The default value is `false`.","description_kind":"markdown","computed":true},"transport_port":{"type":"number","description":"The connection port number on the broker for SMF clients. The value \"-1\" means the port is specified in the JNDI Properties file. Changes to this attribute are synchronized to HA mates and replication sites via config-sync. The default value is `-1`.","description_kind":"markdown","computed":true},"transport_read_timeout":{"type":"number","description":"The timeout for reading a reply from the broker, in milliseconds. Changes to this attribute are synchronized to HA mates and replication sites via config-sync. The default value is `10000`.","description_kind":"markdown","computed":true},"transport_receive_buffer_size":{"type":"number","description":"The size of the receive socket buffer, in bytes. It corresponds to the SO_RCVBUF socket option. Changes to this attribute are synchronized to HA mates and replication sites via config-sync. The default value is `65536`.","description_kind":"markdown","computed":true},"transport_reconnect_retry_count":{"type":"number","description":"The maximum number of attempts to reconnect to the host or list of hosts after the connection has been lost. The value \"-1\" means to retry forever. Changes to this attribute are synchronized to HA mates and replication sites via config-sync. The default value is `3`.","description_kind":"markdown","computed":true},"transport_reconnect_retry_wait":{"type":"number","description":"The amount of time before making another attempt to connect or reconnect to the host after the connection has been lost, in milliseconds. Changes to this attribute are synchronized to HA mates and replication sites via config-sync. The default value is `3000`.","description_kind":"markdown","computed":true},"transport_send_buffer_size":{"type":"number","description":"The size of the send socket buffer, in bytes. It corresponds to the SO_SNDBUF socket option. Changes to this attribute are synchronized to HA mates and replication sites via config-sync. The default value is `65536`.","description_kind":"markdown","computed":true},"transport_tcp_no_delay_enabled":{"type":"bool","description":"Enable or disable the TCP_NODELAY option. When enabled, Nagle's algorithm for TCP/IP congestion control (RFC 896) is disabled. Changes to this attribute are synchronized to HA mates and replication sites via config-sync. The default value is `true`.","description_kind":"markdown","computed":true},"xa_enabled":{"type":"bool","description":"Enable or disable this as an XA Connection Factory. When enabled, the Connection Factory can be cast to \"XAConnectionFactory\", \"XAQueueConnectionFactory\" or \"XATopicConnectionFactory\". Changes to this attribute are synchronized to HA mates and replication sites via config-sync. The default value is `false`.","description_kind":"markdown","computed":true}},"description":"The message broker provides an internal JNDI store for provisioned Connection Factory objects that clients can access through JNDI lookups.\n\n\nAttribute|Identifying|Write-Only|Deprecated|Opaque\n:---|:---:|:---:|:---:|:---:\nconnection_factory_name|x|||\nmsg_vpn_name|x|||\n\n\n\nA SEMP client authorized with a minimum access scope/level of \"vpn/read-only\" is required to perform this operation.\n\nThis has been available since SEMP API version 2.2.","description_kind":"markdown"}},"solacebroker_msg_vpn_jndi_queue":{"version":0,"block":{"attributes":{"id":{"type":"string","description":"Identifier attribute, for internal use only.","description_kind":"plain","computed":true},"msg_vpn_name":{"type":"string","description":"The name of the Message VPN.","description_kind":"markdown","required":true},"physical_name":{"type":"string","description":"The physical name of the JMS Queue. Changes to this attribute are synchronized to HA mates and replication sites via config-sync. The default value is `\"\"`.","description_kind":"markdown","computed":true},"queue_name":{"type":"string","description":"The JNDI name of the JMS Queue.","description_kind":"markdown","required":true}},"description":"The message broker provides an internal JNDI store for provisioned Queue objects that clients can access through JNDI lookups.\n\n\nAttribute|Identifying|Write-Only|Deprecated|Opaque\n:---|:---:|:---:|:---:|:---:\nmsg_vpn_name|x|||\nqueue_name|x|||\n\n\n\nA SEMP client authorized with a minimum access scope/level of \"vpn/read-only\" is required to perform this operation.\n\nThis has been available since SEMP API version 2.2.","description_kind":"markdown"}},"solacebroker_msg_vpn_jndi_topic":{"version":0,"block":{"attributes":{"id":{"type":"string","description":"Identifier attribute, for internal use only.","description_kind":"plain","computed":true},"msg_vpn_name":{"type":"string","description":"The name of the Message VPN.","description_kind":"markdown","required":true},"physical_name":{"type":"string","description":"The physical name of the JMS Topic. Changes to this attribute are synchronized to HA mates and replication sites via config-sync. The default value is `\"\"`.","description_kind":"markdown","computed":true},"topic_name":{"type":"string","description":"The JNDI name of the JMS Topic.","description_kind":"markdown","required":true}},"description":"The message broker provides an internal JNDI store for provisioned Topic objects that clients can access through JNDI lookups.\n\n\nAttribute|Identifying|Write-Only|Deprecated|Opaque\n:---|:---:|:---:|:---:|:---:\nmsg_vpn_name|x|||\ntopic_name|x|||\n\n\n\nA SEMP client authorized with a minimum access scope/level of \"vpn/read-only\" is required to perform this operation.\n\nThis has been available since SEMP API version 2.2.","description_kind":"markdown"}},"solacebroker_msg_vpn_kafka_receiver":{"version":0,"block":{"attributes":{"authentication_basic_username":{"type":"string","description":"The username the Kafka Receiver uses to login to the remote Kafka broker. Modifying this attribute while the object (or the relevant part of the object) is administratively enabled may be service impacting as enabled will be temporarily set to false to apply the change. Changes to this attribute are synchronized to HA mates and replication sites via config-sync. The default value is `\"\"`.","description_kind":"markdown","computed":true},"authentication_oauth_client_id":{"type":"string","description":"The OAuth client ID. Modifying this attribute while the object (or the relevant part of the object) is administratively enabled may be service impacting as enabled will be temporarily set to false to apply the change. Changes to this attribute are synchronized to HA mates and replication sites via config-sync. The default value is `\"\"`.","description_kind":"markdown","computed":true},"authentication_oauth_client_scope":{"type":"string","description":"The OAuth scope. Modifying this attribute while the object (or the relevant part of the object) is administratively enabled may be service impacting as enabled will be temporarily set to false to apply the change. Changes to this attribute are synchronized to HA mates and replication sites via config-sync. The default value is `\"\"`.","description_kind":"markdown","computed":true},"authentication_oauth_client_token_endpoint":{"type":"string","description":"The OAuth token endpoint URL that the Kafka Receiver will use to request a token for login to the Kafka broker. Must begin with \"https\". Modifying this attribute while the object (or the relevant part of the object) is administratively enabled may be service impacting as enabled will be temporarily set to false to apply the change. Changes to this attribute are synchronized to HA mates and replication sites via config-sync. The default value is `\"\"`.","description_kind":"markdown","computed":true},"authentication_scheme":{"type":"string","description":"The authentication scheme for the Kafka Receiver. Modifying this attribute while the object (or the relevant part of the object) is administratively enabled may be service impacting as enabled will be temporarily set to false to apply the change. Changes to this attribute are synchronized to HA mates and replication sites via config-sync. The default value is `\"none\"`. The allowed values and their meaning are:\n\n\u003cpre\u003e\n\"none\" - Anonymous Authentication.\n\"basic\" - Basic Authentication.\n\"scram\" - Salted Challenge Response Authentication.\n\"client-certificate\" - Client Certificate Authentication.\n\"oauth-client\" - Oauth Authentication.\n\u003c/pre\u003e\n","description_kind":"markdown","computed":true},"authentication_scram_hash":{"type":"string","description":"The hash used for SCRAM authentication. Modifying this attribute while the object (or the relevant part of the object) is administratively enabled may be service impacting as enabled will be temporarily set to false to apply the change. Changes to this attribute are synchronized to HA mates and replication sites via config-sync. The default value is `\"sha-512\"`. The allowed values and their meaning are:\n\n\u003cpre\u003e\n\"sha-256\" - SHA-2 256 bits.\n\"sha-512\" - SHA-2 512 bits.\n\u003c/pre\u003e\n","description_kind":"markdown","computed":true},"authentication_scram_username":{"type":"string","description":"The username the Kafka Receiver uses to login to the remote Kafka broker. Modifying this attribute while the object (or the relevant part of the object) is administratively enabled may be service impacting as enabled will be temporarily set to false to apply the change. Changes to this attribute are synchronized to HA mates and replication sites via config-sync. The default value is `\"\"`.","description_kind":"markdown","computed":true},"batch_delay":{"type":"number","description":"Delay (in ms) to wait to accumulate a batch of messages to receive. Batching is done on a per-partition basis. Modifying this attribute while the object (or the relevant part of the object) is administratively enabled may be service impacting as enabled will be temporarily set to false to apply the change. Changes to this attribute are synchronized to HA mates and replication sites via config-sync. The default value is `500`.","description_kind":"markdown","computed":true},"batch_max_size":{"type":"number","description":"Maximum size of a message batch, in bytes (B). Batching is done on a per-partition basis. Modifying this attribute while the object (or the relevant part of the object) is administratively enabled may be service impacting as enabled will be temporarily set to false to apply the change. Changes to this attribute are synchronized to HA mates and replication sites via config-sync. The default value is `1`.","description_kind":"markdown","computed":true},"bootstrap_address_list":{"type":"string","description":"Comma separated list of addresses (and optional ports) of brokers in the Kafka Cluster from which the state of the entire Kafka Cluster can be learned. If a port is not provided with an address it will default to 9092. Modifying this attribute while the object (or the relevant part of the object) is administratively enabled may be service impacting as enabled will be temporarily set to false to apply the change. Changes to this attribute are synchronized to HA mates and replication sites via config-sync. The default value is `\"\"`.","description_kind":"markdown","computed":true},"enabled":{"type":"bool","description":"Enable or disable the Kafka Receiver. Changes to this attribute are synchronized to HA mates and replication sites via config-sync. The default value is `false`.","description_kind":"markdown","computed":true},"group_id":{"type":"string","description":"The id of the Kafka consumer group for the Receiver. Modifying this attribute while the object (or the relevant part of the object) is administratively enabled may be service impacting as enabled will be temporarily set to false to apply the change. Changes to this attribute are synchronized to HA mates and replication sites via config-sync. The default value is `\"\"`.","description_kind":"markdown","computed":true},"group_keepalive_interval":{"type":"number","description":"The time between sending keepalives to the group. Modifying this attribute while the object (or the relevant part of the object) is administratively enabled may be service impacting as enabled will be temporarily set to false to apply the change. Changes to this attribute are synchronized to HA mates and replication sites via config-sync. The default value is `3000`.","description_kind":"markdown","computed":true},"group_keepalive_timeout":{"type":"number","description":"The time until unresponsive group members are removed, triggering a partition rebalance across other members of the group. Modifying this attribute while the object (or the relevant part of the object) is administratively enabled may be service impacting as enabled will be temporarily set to false to apply the change. Changes to this attribute are synchronized to HA mates and replication sites via config-sync. The default value is `45000`.","description_kind":"markdown","computed":true},"group_membership_type":{"type":"string","description":"The membership type of the Kafka consumer group for the Receiver. Static members can leave and rejoin the group (within group_keepalive_timeout) without prompting a group rebalance. Modifying this attribute while the object (or the relevant part of the object) is administratively enabled may be service impacting as enabled will be temporarily set to false to apply the change. Changes to this attribute are synchronized to HA mates and replication sites via config-sync. The default value is `\"dynamic\"`. The allowed values and their meaning are:\n\n\u003cpre\u003e\n\"dynamic\" - Dynamic Membership.\n\"static\" - Static Membership.\n\u003c/pre\u003e\n","description_kind":"markdown","computed":true},"group_partition_scheme_list":{"type":"string","description":"The ordered, comma-separated list of schemes used for partition assignment of the consumer group for this Receiver. Both Eager (\"range\", \"roundrobin\") and Cooperative (\"cooperative-sticky\") schemes are supported. The elected group leader will choose the first common strategy provided by all members of the group. Eager and Cooperative schemes must not be mixed. For more information on these schemes, see Kafka documentation. Modifying this attribute while the object (or the relevant part of the object) is administratively enabled may be service impacting as enabled will be temporarily set to false to apply the change. Changes to this attribute are synchronized to HA mates and replication sites via config-sync. The default value is `\"range,roundrobin\"`.","description_kind":"markdown","computed":true},"id":{"type":"string","description":"Identifier attribute, for internal use only.","description_kind":"plain","computed":true},"kafka_receiver_name":{"type":"string","description":"The name of the Kafka Receiver.","description_kind":"markdown","required":true},"metadata_topic_exclude_list":{"type":"string","description":"A comma-separated list of regular expressions. Any matching topic names will be ignored in broker metadata. Modifying this attribute while the object (or the relevant part of the object) is administratively enabled may be service impacting as enabled will be temporarily set to false to apply the change. Changes to this attribute are synchronized to HA mates and replication sites via config-sync. The default value is `\"\"`.","description_kind":"markdown","computed":true},"metadata_topic_refresh_interval":{"type":"number","description":"The time between refreshes of topic metadata from the Kafka Cluster. Modifying this attribute while the object (or the relevant part of the object) is administratively enabled may be service impacting as enabled will be temporarily set to false to apply the change. Changes to this attribute are synchronized to HA mates and replication sites via config-sync. The default value is `30000`.","description_kind":"markdown","computed":true},"msg_vpn_name":{"type":"string","description":"The name of the Message VPN.","description_kind":"markdown","required":true},"transport_tls_enabled":{"type":"bool","description":"Enable or disable encryption (TLS) for the Kafka Receiver. Modifying this attribute while the object (or the relevant part of the object) is administratively enabled may be service impacting as enabled will be temporarily set to false to apply the change. Changes to this attribute are synchronized to HA mates and replication sites via config-sync. The default value is `false`.","description_kind":"markdown","computed":true}},"description":"A Kafka Receiver receives messages from a Kafka Cluster.\n\nWARNING: This feature is in BETA with limited scalability and no production support. Configuration may change or be eliminated by future upgrades.\n\n\nAttribute|Identifying|Write-Only|Deprecated|Opaque\n:---|:---:|:---:|:---:|:---:\nauthentication_basic_password||x||x\nauthentication_client_cert_content||x||x\nauthentication_client_cert_password||x||\nauthentication_oauth_client_secret||x||x\nauthentication_scram_password||x||x\nkafka_receiver_name|x|||\nmsg_vpn_name|x|||\n\n\n\nA SEMP client authorized with a minimum access scope/level of \"vpn/read-only\" is required to perform this operation.\n\nThis has been available since SEMP API version 2.36.","description_kind":"markdown"}},"solacebroker_msg_vpn_kafka_receiver_topic_binding":{"version":0,"block":{"attributes":{"enabled":{"type":"bool","description":"Enable or disable this topic binding of the Kafka Receiver. Changes to this attribute are synchronized to HA mates and replication sites via config-sync. The default value is `false`.","description_kind":"markdown","computed":true},"id":{"type":"string","description":"Identifier attribute, for internal use only.","description_kind":"plain","computed":true},"initial_offset":{"type":"string","description":"The initial offset to consume from the Kafka Topic if no member of the group has consumed and committed any offset already, or if the last committed offset has been deleted. Offsets are unique per partition. Modifying this attribute while the object (or the relevant part of the object) is administratively enabled may be service impacting as enabled will be temporarily set to false to apply the change. Changes to this attribute are synchronized to HA mates and replication sites via config-sync. The default value is `\"end\"`. The allowed values and their meaning are:\n\n\u003cpre\u003e\n\"beginning\" - Start with the earliest offset available.\n\"end\" - Start with new offsets only.\n\u003c/pre\u003e\n","description_kind":"markdown","computed":true},"kafka_receiver_name":{"type":"string","description":"The name of the Kafka Receiver.","description_kind":"markdown","required":true},"local_key":{"type":"string","description":"The Substitution Expression used to generate the key for each message received from Kafka. This expression can include fields extracted from the metadata of each individual Kafka message as it is received from the Kafka Topic.\n\nIf empty, no key is included for each message as it is published into Solace. Modifying this attribute while the object (or the relevant part of the object) is administratively enabled may be service impacting as enabled will be temporarily set to false to apply the change. Changes to this attribute are synchronized to HA mates and replication sites via config-sync. The default value is `\"\"`.","description_kind":"markdown","computed":true},"local_topic":{"type":"string","description":"The Substitution Expression used to generate the Solace Topic for each message received from Kafka. This expression can include data extracted from the metadata of each individual Kafka message as it is received from the Kafka Topic.\n\nIf empty, the Topic Binding will not be operational. Modifying this attribute while the object (or the relevant part of the object) is administratively enabled may be service impacting as enabled will be temporarily set to false to apply the change. Changes to this attribute are synchronized to HA mates and replication sites via config-sync. The default value is `\"\"`.","description_kind":"markdown","computed":true},"msg_vpn_name":{"type":"string","description":"The name of the Message VPN.","description_kind":"markdown","required":true},"topic_name":{"type":"string","description":"The name of the Topic.","description_kind":"markdown","required":true}},"description":"A Topic Binding receives messages from a remote Kafka Topic.\n\n\nAttribute|Identifying|Write-Only|Deprecated|Opaque\n:---|:---:|:---:|:---:|:---:\nkafka_receiver_name|x|||\nmsg_vpn_name|x|||\ntopic_name|x|||\n\n\n\nA SEMP client authorized with a minimum access scope/level of \"vpn/read-only\" is required to perform this operation.\n\nThis has been available since SEMP API version 2.36.","description_kind":"markdown"}},"solacebroker_msg_vpn_kafka_sender":{"version":0,"block":{"attributes":{"authentication_basic_username":{"type":"string","description":"The username the Kafka Sender uses to login to the remote Kafka broker. Modifying this attribute while the object (or the relevant part of the object) is administratively enabled may be service impacting as enabled will be temporarily set to false to apply the change. Changes to this attribute are synchronized to HA mates and replication sites via config-sync. The default value is `\"\"`.","description_kind":"markdown","computed":true},"authentication_oauth_client_id":{"type":"string","description":"The OAuth client ID. Modifying this attribute while the object (or the relevant part of the object) is administratively enabled may be service impacting as enabled will be temporarily set to false to apply the change. Changes to this attribute are synchronized to HA mates and replication sites via config-sync. The default value is `\"\"`.","description_kind":"markdown","computed":true},"authentication_oauth_client_scope":{"type":"string","description":"The OAuth scope. Modifying this attribute while the object (or the relevant part of the object) is administratively enabled may be service impacting as enabled will be temporarily set to false to apply the change. Changes to this attribute are synchronized to HA mates and replication sites via config-sync. The default value is `\"\"`.","description_kind":"markdown","computed":true},"authentication_oauth_client_token_endpoint":{"type":"string","description":"The OAuth token endpoint URL that the Kafka Sender will use to request a token for login to the Kafka broker. Must begin with \"https\". Modifying this attribute while the object (or the relevant part of the object) is administratively enabled may be service impacting as enabled will be temporarily set to false to apply the change. Changes to this attribute are synchronized to HA mates and replication sites via config-sync. The default value is `\"\"`.","description_kind":"markdown","computed":true},"authentication_scheme":{"type":"string","description":"The authentication scheme for the Kafka Sender. Modifying this attribute while the object (or the relevant part of the object) is administratively enabled may be service impacting as enabled will be temporarily set to false to apply the change. Changes to this attribute are synchronized to HA mates and replication sites via config-sync. The default value is `\"none\"`. The allowed values and their meaning are:\n\n\u003cpre\u003e\n\"none\" - Anonymous Authentication.\n\"basic\" - Basic Authentication.\n\"scram\" - Salted Challenge Response Authentication.\n\"client-certificate\" - Client Certificate Authentication.\n\"oauth-client\" - Oauth Authentication.\n\u003c/pre\u003e\n","description_kind":"markdown","computed":true},"authentication_scram_hash":{"type":"string","description":"The hash used for SCRAM authentication. Modifying this attribute while the object (or the relevant part of the object) is administratively enabled may be service impacting as enabled will be temporarily set to false to apply the change. Changes to this attribute are synchronized to HA mates and replication sites via config-sync. The default value is `\"sha-512\"`. The allowed values and their meaning are:\n\n\u003cpre\u003e\n\"sha-256\" - SHA-2 256 bits.\n\"sha-512\" - SHA-2 512 bits.\n\u003c/pre\u003e\n","description_kind":"markdown","computed":true},"authentication_scram_username":{"type":"string","description":"The username the Kafka Sender uses to login to the remote Kafka broker. Modifying this attribute while the object (or the relevant part of the object) is administratively enabled may be service impacting as enabled will be temporarily set to false to apply the change. Changes to this attribute are synchronized to HA mates and replication sites via config-sync. The default value is `\"\"`.","description_kind":"markdown","computed":true},"batch_delay":{"type":"number","description":"Delay (in ms) to wait to accumulate a batch of messages to send. Batching is done for all Senders on a per-partition basis. Modifying this attribute while the object (or the relevant part of the object) is administratively enabled may be service impacting as enabled will be temporarily set to false to apply the change. Changes to this attribute are synchronized to HA mates and replication sites via config-sync. The default value is `5`.","description_kind":"markdown","computed":true},"batch_max_msg_count":{"type":"number","description":"Maximum number of messages sent in a single batch. Batching is done for all Senders on a per-partition basis. Modifying this attribute while the object (or the relevant part of the object) is administratively enabled may be service impacting as enabled will be temporarily set to false to apply the change. Changes to this attribute are synchronized to HA mates and replication sites via config-sync. The default value is `10000`.","description_kind":"markdown","computed":true},"batch_max_size":{"type":"number","description":"Maximum size of a message batch, in bytes (B). Batching is done for all Senders on a per-partition basis. Modifying this attribute while the object (or the relevant part of the object) is administratively enabled may be service impacting as enabled will be temporarily set to false to apply the change. Changes to this attribute are synchronized to HA mates and replication sites via config-sync. The default value is `1000000`.","description_kind":"markdown","computed":true},"bootstrap_address_list":{"type":"string","description":"Comma separated list of addresses (and optional ports) of brokers in the Kafka Cluster from which the state of the entire Kafka Cluster can be learned. If a port is not provided with an address it will default to 9092. Modifying this attribute while the object (or the relevant part of the object) is administratively enabled may be service impacting as enabled will be temporarily set to false to apply the change. Changes to this attribute are synchronized to HA mates and replication sites via config-sync. The default value is `\"\"`.","description_kind":"markdown","computed":true},"enabled":{"type":"bool","description":"Enable or disable the Kafka Sender. Changes to this attribute are synchronized to HA mates and replication sites via config-sync. The default value is `false`.","description_kind":"markdown","computed":true},"id":{"type":"string","description":"Identifier attribute, for internal use only.","description_kind":"plain","computed":true},"idempotence_enabled":{"type":"bool","description":"Enable or disable idempotence for the Kafka Sender. Idempotence guarantees in order at-least-once message delivery to the remote Kafka Topic, at the expense of performance. Modifying this attribute while the object (or the relevant part of the object) is administratively enabled may be service impacting as enabled will be temporarily set to false to apply the change. Changes to this attribute are synchronized to HA mates and replication sites via config-sync. The default value is `false`.","description_kind":"markdown","computed":true},"kafka_sender_name":{"type":"string","description":"The name of the Kafka Sender.","description_kind":"markdown","required":true},"msg_vpn_name":{"type":"string","description":"The name of the Message VPN.","description_kind":"markdown","required":true},"transport_compression_enabled":{"type":"bool","description":"Enable or disable compression for the Kafka Sender. Modifying this attribute while the object (or the relevant part of the object) is administratively enabled may be service impacting as enabled will be temporarily set to false to apply the change. Changes to this attribute are synchronized to HA mates and replication sites via config-sync. The default value is `false`.","description_kind":"markdown","computed":true},"transport_compression_level":{"type":"number","description":"Compression level. The valid range is dependent on the compression type. Modifying this attribute while the object (or the relevant part of the object) is administratively enabled may be service impacting as enabled will be temporarily set to false to apply the change. Changes to this attribute are synchronized to HA mates and replication sites via config-sync. The default value is `-1`.","description_kind":"markdown","computed":true},"transport_compression_type":{"type":"string","description":"Compression type. Only relevant if compression is enabled. Modifying this attribute while the object (or the relevant part of the object) is administratively enabled may be service impacting as enabled will be temporarily set to false to apply the change. Changes to this attribute are synchronized to HA mates and replication sites via config-sync. The default value is `\"gzip\"`. The allowed values and their meaning are:\n\n\u003cpre\u003e\n\"gzip\" - GZIP Compression.\n\"snappy\" - Snappy Compression.\n\"lz4\" - LZ4 Compression.\n\"zstd\" - Zstandard Compression.\n\u003c/pre\u003e\n","description_kind":"markdown","computed":true},"transport_tls_enabled":{"type":"bool","description":"Enable or disable encryption (TLS) for the Kafka Sender. Modifying this attribute while the object (or the relevant part of the object) is administratively enabled may be service impacting as enabled will be temporarily set to false to apply the change. Changes to this attribute are synchronized to HA mates and replication sites via config-sync. The default value is `false`.","description_kind":"markdown","computed":true}},"description":"A Kafka Sender sends messages to a Kafka Cluster.\n\nWARNING: This feature is in BETA with limited scalability and no production support. Configuration may change or be eliminated by future upgrades.\n\n\nAttribute|Identifying|Write-Only|Deprecated|Opaque\n:---|:---:|:---:|:---:|:---:\nauthentication_basic_password||x||x\nauthentication_client_cert_content||x||x\nauthentication_client_cert_password||x||\nauthentication_oauth_client_secret||x||x\nauthentication_scram_password||x||x\nkafka_sender_name|x|||\nmsg_vpn_name|x|||\n\n\n\nA SEMP client authorized with a minimum access scope/level of \"vpn/read-only\" is required to perform this operation.\n\nThis has been available since SEMP API version 2.36.","description_kind":"markdown"}},"solacebroker_msg_vpn_kafka_sender_queue_binding":{"version":0,"block":{"attributes":{"ack_mode":{"type":"string","description":"The number of acks required from the remote Kafka broker. When \"none\" messages are delivered at-most-once. When \"one\" or \"all\" messages are delivered at-least-once but may be reordered. This is overridden to \"all\" for an idempotent Kafka Sender. Modifying this attribute while the object (or the relevant part of the object) is administratively enabled may be service impacting as enabled will be temporarily set to false to apply the change. Changes to this attribute are synchronized to HA mates and replication sites via config-sync. The default value is `\"all\"`. The allowed values and their meaning are:\n\n\u003cpre\u003e\n\"none\" - No Acks.\n\"one\" - Leader Ack Only.\n\"all\" - All Replica Acks.\n\u003c/pre\u003e\n","description_kind":"markdown","computed":true},"enabled":{"type":"bool","description":"Enable or disable this queue binding of the Kafka Sender. Changes to this attribute are synchronized to HA mates and replication sites via config-sync. The default value is `false`.","description_kind":"markdown","computed":true},"id":{"type":"string","description":"Identifier attribute, for internal use only.","description_kind":"plain","computed":true},"kafka_sender_name":{"type":"string","description":"The name of the Kafka Sender.","description_kind":"markdown","required":true},"msg_vpn_name":{"type":"string","description":"The name of the Message VPN.","description_kind":"markdown","required":true},"partition_consistent_hash":{"type":"string","description":"The hash algorithm to use for consistent partition selection. Modifying this attribute while the object (or the relevant part of the object) is administratively enabled may be service impacting as enabled will be temporarily set to false to apply the change. Changes to this attribute are synchronized to HA mates and replication sites via config-sync. The default value is `\"crc\"`. The allowed values and their meaning are:\n\n\u003cpre\u003e\n\"crc\" - CRC Hash.\n\"murmur2\" - Murmer2 Hash.\n\"fnv1a\" - Fowler-Noll-Vo 1a Hash.\n\u003c/pre\u003e\n","description_kind":"markdown","computed":true},"partition_explicit_number":{"type":"number","description":"The partition number to use for explicit partition selection. Modifying this attribute while the object (or the relevant part of the object) is administratively enabled may be service impacting as enabled will be temporarily set to false to apply the change. Changes to this attribute are synchronized to HA mates and replication sites via config-sync. The default value is `0`.","description_kind":"markdown","computed":true},"partition_random_fallback_enabled":{"type":"bool","description":"Enable or disable fallback to the random partition selection scheme when the consistent partition scheme is being used but no partition key is available for the message. When enabled a random partition will be selected for each unkeyed messages, otherwise some partition will be selected for groups of unkeyed messages. Modifying this attribute while the object (or the relevant part of the object) is administratively enabled may be service impacting as enabled will be temporarily set to false to apply the change. Changes to this attribute are synchronized to HA mates and replication sites via config-sync. The default value is `true`.","description_kind":"markdown","computed":true},"partition_scheme":{"type":"string","description":"The partitioning scheme used to select a partition of the topic on the Kafka cluster to send messages to. Modifying this attribute while the object (or the relevant part of the object) is administratively enabled may be service impacting as enabled will be temporarily set to false to apply the change. Changes to this attribute are synchronized to HA mates and replication sites via config-sync. The default value is `\"consistent\"`. The allowed values and their meaning are:\n\n\u003cpre\u003e\n\"consistent\" - Select a consistent partition for each key value. A hash of the key will be used to select the partition number.\n\"explicit\" - Select an explicit partition independent of key value.\n\"random\" - Select a random partition independent of key value.\n\u003c/pre\u003e\n","description_kind":"markdown","computed":true},"queue_name":{"type":"string","description":"The name of the Queue.","description_kind":"markdown","required":true},"remote_key":{"type":"string","description":"The Substitution Expression used to generate the key for each message sent to Kafka. This expression can include fields extracted from the metadata of each individual Solace message as it is taken from the Solace Queue.\n\nIf empty, no key is included for each message as it is published into Kafka. Modifying this attribute while the object (or the relevant part of the object) is administratively enabled may be service impacting as enabled will be temporarily set to false to apply the change. Changes to this attribute are synchronized to HA mates and replication sites via config-sync. The default value is `\"\"`.","description_kind":"markdown","computed":true},"remote_topic":{"type":"string","description":"The Kafka Topic on the Kafka Cluster to send each message taken from the Solace Queue to.\n\nIf empty, the Queue Binding will not be operational. Modifying this attribute while the object (or the relevant part of the object) is administratively enabled may be service impacting as enabled will be temporarily set to false to apply the change. Changes to this attribute are synchronized to HA mates and replication sites via config-sync. The default value is `\"\"`.","description_kind":"markdown","computed":true}},"description":"A Queue Binding sends messages from a local Solace Queue to a remote Kafka topic.\n\n\nAttribute|Identifying|Write-Only|Deprecated|Opaque\n:---|:---:|:---:|:---:|:---:\nkafka_sender_name|x|||\nmsg_vpn_name|x|||\nqueue_name|x|||\n\n\n\nA SEMP client authorized with a minimum access scope/level of \"vpn/read-only\" is required to perform this operation.\n\nThis has been available since SEMP API version 2.36.","description_kind":"markdown"}},"solacebroker_msg_vpn_mqtt_retain_cache":{"version":0,"block":{"attributes":{"cache_name":{"type":"string","description":"The name of the MQTT Retain Cache.","description_kind":"markdown","required":true},"enabled":{"type":"bool","description":"Enable or disable this MQTT Retain Cache. When the cache is disabled, neither retain messages nor retain requests will be delivered by the cache. However, live retain messages will continue to be delivered to currently connected MQTT clients. Changes to this attribute are synchronized to HA mates and replication sites via config-sync. The default value is `false`.","description_kind":"markdown","computed":true},"id":{"type":"string","description":"Identifier attribute, for internal use only.","description_kind":"plain","computed":true},"msg_lifetime":{"type":"number","description":"The message lifetime, in seconds. If a message remains cached for the duration of its lifetime, the cache will remove the message. A lifetime of 0 results in the message being retained indefinitely, otherwise it must be 3 seconds or more. Changes to this attribute are synchronized to HA mates and replication sites via config-sync. The default value is `0`.","description_kind":"markdown","computed":true},"msg_vpn_name":{"type":"string","description":"The name of the Message VPN.","description_kind":"markdown","required":true}},"description":"Using MQTT retained messages allows publishing MQTT clients to indicate that a message must be stored for later delivery to subscribing clients when those subscribing clients add subscriptions matching the retained message's topic. An MQTT Retain Cache processes all retained messages for a Message VPN.\n\n\nAttribute|Identifying|Write-Only|Deprecated|Opaque\n:---|:---:|:---:|:---:|:---:\ncache_name|x|||\nmsg_vpn_name|x|||\n\n\n\nA SEMP client authorized with a minimum access scope/level of \"vpn/read-only\" is required to perform this operation.\n\nThis has been available since SEMP API version 2.11.","description_kind":"markdown"}},"solacebroker_msg_vpn_mqtt_session":{"version":0,"block":{"attributes":{"enabled":{"type":"bool","description":"Enable or disable the MQTT Session. When disabled, the client is disconnected, new messages matching QoS 0 subscriptions are discarded, and new messages matching QoS 1 subscriptions are stored for future delivery. Changes to this attribute are synchronized to HA mates and replication sites via config-sync. The default value is `false`.","description_kind":"markdown","computed":true},"id":{"type":"string","description":"Identifier attribute, for internal use only.","description_kind":"plain","computed":true},"mqtt_session_client_id":{"type":"string","description":"The Client ID of the MQTT Session, which corresponds to the ClientId provided in the MQTT CONNECT packet.","description_kind":"markdown","required":true},"mqtt_session_virtual_router":{"type":"string","description":"The virtual router of the MQTT Session. The allowed values and their meaning are:\n\n\u003cpre\u003e\n\"primary\" - The MQTT Session belongs to the primary virtual router.\n\"backup\" - The MQTT Session belongs to the backup virtual router.\n\"auto\" - The MQTT Session is automatically assigned a virtual router at creation, depending on the broker's active-standby role.\n\u003c/pre\u003e\n","description_kind":"markdown","required":true},"msg_vpn_name":{"type":"string","description":"The name of the Message VPN.","description_kind":"markdown","required":true},"owner":{"type":"string","description":"The owner of the MQTT Session. For externally-created sessions this defaults to the Client Username of the connecting client. For management-created sessions this defaults to empty. Modifying this attribute while the object (or the relevant part of the object) is administratively enabled may be service impacting as enabled will be temporarily set to false to apply the change. Changes to this attribute are synchronized to HA mates and replication sites via config-sync. The default value is `\"\"`.","description_kind":"markdown","computed":true},"queue_consumer_ack_propagation_enabled":{"type":"bool","description":"Enable or disable the propagation of consumer acknowledgments (ACKs) received on the active replication Message VPN to the standby replication Message VPN. Changes to this attribute are synchronized to HA mates and replication sites via config-sync. The default value is `true`. Available since SEMP API version 2.14.","description_kind":"markdown","computed":true},"queue_dead_msg_queue":{"type":"string","description":"The name of the Dead Message Queue (DMQ) used by the MQTT Session Queue. Changes to this attribute are synchronized to HA mates and replication sites via config-sync. The default value is `\"#DEAD_MSG_QUEUE\"`. Available since SEMP API version 2.14.","description_kind":"markdown","computed":true},"queue_event_bind_count_threshold":{"nested_type":{"attributes":{"clear_percent":{"type":"number","description":"The clear threshold for the value of this counter as a percentage of its maximum value. Falling below this value will trigger a corresponding event. This attribute may not be returned in a GET.","description_kind":"markdown","computed":true},"clear_value":{"type":"number","description":"The clear threshold for the absolute value of this counter. Falling below this value will trigger a corresponding event. This attribute may not be returned in a GET.","description_kind":"markdown","computed":true},"set_percent":{"type":"number","description":"The set threshold for the value of this counter as a percentage of its maximum value. Exceeding this value will trigger a corresponding event. This attribute may not be returned in a GET.","description_kind":"markdown","computed":true},"set_value":{"type":"number","description":"The set threshold for the absolute value of this counter. Exceeding this value will trigger a corresponding event. This attribute may not be returned in a GET.","description_kind":"markdown","computed":true}},"nesting_mode":"single"},"description_kind":"plain","computed":true},"queue_event_msg_spool_usage_threshold":{"nested_type":{"attributes":{"clear_percent":{"type":"number","description":"The clear threshold for the value of this counter as a percentage of its maximum value. Falling below this value will trigger a corresponding event. This attribute may not be returned in a GET.","description_kind":"markdown","computed":true},"clear_value":{"type":"number","description":"The clear threshold for the absolute value of this counter. Falling below this value will trigger a corresponding event. This attribute may not be returned in a GET.","description_kind":"markdown","computed":true},"set_percent":{"type":"number","description":"The set threshold for the value of this counter as a percentage of its maximum value. Exceeding this value will trigger a corresponding event. This attribute may not be returned in a GET.","description_kind":"markdown","computed":true},"set_value":{"type":"number","description":"The set threshold for the absolute value of this counter. Exceeding this value will trigger a corresponding event. This attribute may not be returned in a GET.","description_kind":"markdown","computed":true}},"nesting_mode":"single"},"description_kind":"plain","computed":true},"queue_event_reject_low_priority_msg_limit_threshold":{"nested_type":{"attributes":{"clear_percent":{"type":"number","description":"The clear threshold for the value of this counter as a percentage of its maximum value. Falling below this value will trigger a corresponding event. This attribute may not be returned in a GET.","description_kind":"markdown","computed":true},"clear_value":{"type":"number","description":"The clear threshold for the absolute value of this counter. Falling below this value will trigger a corresponding event. This attribute may not be returned in a GET.","description_kind":"markdown","computed":true},"set_percent":{"type":"number","description":"The set threshold for the value of this counter as a percentage of its maximum value. Exceeding this value will trigger a corresponding event. This attribute may not be returned in a GET.","description_kind":"markdown","computed":true},"set_value":{"type":"number","description":"The set threshold for the absolute value of this counter. Exceeding this value will trigger a corresponding event. This attribute may not be returned in a GET.","description_kind":"markdown","computed":true}},"nesting_mode":"single"},"description_kind":"plain","computed":true},"queue_max_bind_count":{"type":"number","description":"The maximum number of consumer flows that can bind to the MQTT Session Queue. Changes to this attribute are synchronized to HA mates and replication sites via config-sync. The default value is `1000`. Available since SEMP API version 2.14.","description_kind":"markdown","computed":true},"queue_max_delivered_unacked_msgs_per_flow":{"type":"number","description":"The maximum number of messages delivered but not acknowledged per flow for the MQTT Session Queue. Changes to this attribute are synchronized to HA mates and replication sites via config-sync. The default value is `10000`. Available since SEMP API version 2.14.","description_kind":"markdown","computed":true},"queue_max_msg_size":{"type":"number","description":"The maximum message size allowed in the MQTT Session Queue, in bytes (B). Changes to this attribute are synchronized to HA mates and replication sites via config-sync. The default value is `10000000`. Available since SEMP API version 2.14.","description_kind":"markdown","computed":true},"queue_max_msg_spool_usage":{"type":"number","description":"The maximum message spool usage allowed by the MQTT Session Queue, in megabytes (MB). A value of 0 only allows spooling of the last message received and disables quota checking. Changes to this attribute are synchronized to HA mates and replication sites via config-sync. The default value is `5000`. Available since SEMP API version 2.14.","description_kind":"markdown","computed":true},"queue_max_redelivery_count":{"type":"number","description":"The maximum number of times the MQTT Session Queue will attempt redelivery of a message prior to it being discarded or moved to the DMQ. A value of 0 means to retry forever. Changes to this attribute are synchronized to HA mates and replication sites via config-sync. The default value is `0`. Available since SEMP API version 2.14.","description_kind":"markdown","computed":true},"queue_max_ttl":{"type":"number","description":"The maximum time in seconds a message can stay in the MQTT Session Queue when `queue_respect_ttl_enabled` is `\"true\"`. A message expires when the lesser of the sender assigned time-to-live (TTL) in the message and the `queue_max_ttl` configured for the MQTT Session Queue, is exceeded. A value of 0 disables expiry. Changes to this attribute are synchronized to HA mates and replication sites via config-sync. The default value is `0`. Available since SEMP API version 2.14.","description_kind":"markdown","computed":true},"queue_reject_low_priority_msg_enabled":{"type":"bool","description":"Enable or disable the checking of low priority messages against the `queue_reject_low_priority_msg_limit`. This may only be enabled if `queue_reject_msg_to_sender_on_discard_behavior` does not have a value of `\"never\"`. Changes to this attribute are synchronized to HA mates and replication sites via config-sync. The default value is `false`. Available since SEMP API version 2.14.","description_kind":"markdown","computed":true},"queue_reject_low_priority_msg_limit":{"type":"number","description":"The number of messages of any priority in the MQTT Session Queue above which low priority messages are not admitted but higher priority messages are allowed. Changes to this attribute are synchronized to HA mates and replication sites via config-sync. The default value is `0`. Available since SEMP API version 2.14.","description_kind":"markdown","computed":true},"queue_reject_msg_to_sender_on_discard_behavior":{"type":"string","description":"Determines when to return negative acknowledgments (NACKs) to sending clients on message discards. Note that NACKs cause the message to not be delivered to any destination and Transacted Session commits to fail. Modifying this attribute while the object (or the relevant part of the object) is administratively enabled may be service impacting as queue_reject_low_priority_msg_enabled will be temporarily set to false to apply the change. Changes to this attribute are synchronized to HA mates and replication sites via config-sync. The default value is `\"when-queue-enabled\"`. The allowed values and their meaning are:\n\n\u003cpre\u003e\n\"never\" - Silently discard messages.\n\"when-queue-enabled\" - NACK each message discard back to the client, except messages that are discarded because an endpoint is administratively disabled.\n\"always\" - NACK each message discard back to the client, including messages that are discarded because an endpoint is administratively disabled.\n\u003c/pre\u003e\n Available since SEMP API version 2.14.","description_kind":"markdown","computed":true},"queue_respect_ttl_enabled":{"type":"bool","description":"Enable or disable the respecting of the time-to-live (TTL) for messages in the MQTT Session Queue. When enabled, expired messages are discarded or moved to the DMQ. Changes to this attribute are synchronized to HA mates and replication sites via config-sync. The default value is `false`. Available since SEMP API version 2.14.","description_kind":"markdown","computed":true}},"description":"An MQTT Session object is a virtual representation of an MQTT client connection. An MQTT session holds the state of an MQTT client (that is, it is used to contain a client's QoS 0 and QoS 1 subscription sets and any undelivered QoS 1 messages).\n\n\nAttribute|Identifying|Write-Only|Deprecated|Opaque\n:---|:---:|:---:|:---:|:---:\nmqtt_session_client_id|x|||\nmqtt_session_virtual_router|x|||\nmsg_vpn_name|x|||\n\n\n\nA SEMP client authorized with a minimum access scope/level of \"vpn/read-only\" is required to perform this operation.\n\nThis has been available since SEMP API version 2.1.","description_kind":"markdown"}},"solacebroker_msg_vpn_mqtt_session_subscription":{"version":0,"block":{"attributes":{"id":{"type":"string","description":"Identifier attribute, for internal use only.","description_kind":"plain","computed":true},"mqtt_session_client_id":{"type":"string","description":"The Client ID of the MQTT Session, which corresponds to the ClientId provided in the MQTT CONNECT packet.","description_kind":"markdown","required":true},"mqtt_session_virtual_router":{"type":"string","description":"The virtual router of the MQTT Session. The allowed values and their meaning are:\n\n\u003cpre\u003e\n\"primary\" - The MQTT Session belongs to the primary virtual router.\n\"backup\" - The MQTT Session belongs to the backup virtual router.\n\"auto\" - The MQTT Session is automatically assigned a virtual router at creation, depending on the broker's active-standby role.\n\u003c/pre\u003e\n","description_kind":"markdown","required":true},"msg_vpn_name":{"type":"string","description":"The name of the Message VPN.","description_kind":"markdown","required":true},"subscription_qos":{"type":"number","description":"The quality of service (QoS) for the subscription as either 0 (deliver at most once) or 1 (deliver at least once). QoS 2 is not supported, but QoS 2 messages attracted by QoS 0 or QoS 1 subscriptions are accepted and delivered accordingly. Changes to this attribute are synchronized to HA mates and replication sites via config-sync. The default value is `0`.","description_kind":"markdown","computed":true},"subscription_topic":{"type":"string","description":"The MQTT subscription topic.","description_kind":"markdown","required":true}},"description":"An MQTT session contains a client's QoS 0 and QoS 1 subscription sets. On creation, a subscription defaults to QoS 0.\n\n\nAttribute|Identifying|Write-Only|Deprecated|Opaque\n:---|:---:|:---:|:---:|:---:\nmqtt_session_client_id|x|||\nmqtt_session_virtual_router|x|||\nmsg_vpn_name|x|||\nsubscription_topic|x|||\n\n\n\nA SEMP client authorized with a minimum access scope/level of \"vpn/read-only\" is required to perform this operation.\n\nThis has been available since SEMP API version 2.1.","description_kind":"markdown"}},"solacebroker_msg_vpn_proxy":{"version":0,"block":{"attributes":{"authentication_basic_username":{"type":"string","description":"The username to use with basic authentication. Changes to this attribute are synchronized to HA mates via config-sync. The default value is `\"\"`.","description_kind":"markdown","computed":true},"authentication_scheme":{"type":"string","description":"The authentication scheme used to connect to the proxy. Changes to this attribute are synchronized to HA mates via config-sync. The default value is `\"none\"`. The allowed values and their meaning are:\n\n\u003cpre\u003e\n\"none\" - No authentication.\n\"basic\" - Username/password authentication.\n\u003c/pre\u003e\n","description_kind":"markdown","computed":true},"enabled":{"type":"bool","description":"Enable or disable the proxy. When disabled, no connections are initiated to this particular Proxy. Changes to this attribute are synchronized to HA mates via config-sync. The default value is `false`.","description_kind":"markdown","computed":true},"host":{"type":"string","description":"The IP address or host name of the proxy. Changes to this attribute are synchronized to HA mates via config-sync. The default value is `\"\"`.","description_kind":"markdown","computed":true},"id":{"type":"string","description":"Identifier attribute, for internal use only.","description_kind":"plain","computed":true},"msg_vpn_name":{"type":"string","description":"The name of the Message VPN.","description_kind":"markdown","required":true},"port":{"type":"number","description":"The port to connect to on the proxy host. Changes to this attribute are synchronized to HA mates via config-sync. The default value is `0`.","description_kind":"markdown","computed":true},"proxy_name":{"type":"string","description":"The name of the proxy.","description_kind":"markdown","required":true},"proxy_type":{"type":"string","description":"The type of proxy. Changes to this attribute are synchronized to HA mates via config-sync. The default value is `\"direct\"`. The allowed values and their meaning are:\n\n\u003cpre\u003e\n\"direct\" - Direct connection (no proxy).\n\"http\" - HTTP proxy.\n\u003c/pre\u003e\n","description_kind":"markdown","computed":true}},"description":"Proxy objects define the connection parameters for a proxy server. To use a proxy for a particular connection such as a REST Consumer, select the proxy by name in the configuration for that object.\n\n\nAttribute|Identifying|Write-Only|Deprecated|Opaque\n:---|:---:|:---:|:---:|:---:\nauthentication_basic_password||x||x\nmsg_vpn_name|x|||\nproxy_name|x|||\n\n\n\nA SEMP client authorized with a minimum access scope/level of \"vpn/read-only\" is required to perform this operation.\n\nThis has been available since SEMP API version 2.36.","description_kind":"markdown"}},"solacebroker_msg_vpn_queue":{"version":0,"block":{"attributes":{"access_type":{"type":"string","description":"The access type for delivering messages to consumer flows bound to the Queue. Modifying this attribute while the object (or the relevant part of the object) is administratively enabled may be service impacting as egress_enabled will be temporarily set to false to apply the change. Changes to this attribute are synchronized to HA mates and replication sites via config-sync. The default value is `\"exclusive\"`. The allowed values and their meaning are:\n\n\u003cpre\u003e\n\"exclusive\" - Exclusive delivery of messages to the first bound consumer flow.\n\"non-exclusive\" - Non-exclusive delivery of messages to bound consumer flows in a round-robin (if partition count is zero) or partitioned (if partition count is non-zero) fashion.\n\u003c/pre\u003e\n","description_kind":"markdown","computed":true},"consumer_ack_propagation_enabled":{"type":"bool","description":"Enable or disable the propagation of consumer acknowledgments (ACKs) received on the active replication Message VPN to the standby replication Message VPN. Changes to this attribute are synchronized to HA mates and replication sites via config-sync. The default value is `true`.","description_kind":"markdown","computed":true},"dead_msg_queue":{"type":"string","description":"The name of the Dead Message Queue (DMQ) used by the Queue. Changes to this attribute are synchronized to HA mates and replication sites via config-sync. The default value is `\"#DEAD_MSG_QUEUE\"`. Available since SEMP API version 2.2.","description_kind":"markdown","computed":true},"delivery_count_enabled":{"type":"bool","description":"Enable or disable the ability for client applications to query the message delivery count of messages received from the Queue. This is a controlled availability feature. Please contact support to find out if this feature is supported for your use case. Changes to this attribute are synchronized to HA mates and replication sites via config-sync. The default value is `false`. Available since SEMP API version 2.19.","description_kind":"markdown","computed":true},"delivery_delay":{"type":"number","description":"The delay, in seconds, to apply to messages arriving on the Queue before the messages are eligible for delivery. Changes to this attribute are synchronized to HA mates and replication sites via config-sync. The default value is `0`. Available since SEMP API version 2.22.","description_kind":"markdown","computed":true},"egress_enabled":{"type":"bool","description":"Enable or disable the transmission of messages from the Queue. Changes to this attribute are synchronized to HA mates and replication sites via config-sync. The default value is `false`.","description_kind":"markdown","computed":true},"event_bind_count_threshold":{"nested_type":{"attributes":{"clear_percent":{"type":"number","description":"The clear threshold for the value of this counter as a percentage of its maximum value. Falling below this value will trigger a corresponding event. This attribute may not be returned in a GET.","description_kind":"markdown","computed":true},"clear_value":{"type":"number","description":"The clear threshold for the absolute value of this counter. Falling below this value will trigger a corresponding event. This attribute may not be returned in a GET.","description_kind":"markdown","computed":true},"set_percent":{"type":"number","description":"The set threshold for the value of this counter as a percentage of its maximum value. Exceeding this value will trigger a corresponding event. This attribute may not be returned in a GET.","description_kind":"markdown","computed":true},"set_value":{"type":"number","description":"The set threshold for the absolute value of this counter. Exceeding this value will trigger a corresponding event. This attribute may not be returned in a GET.","description_kind":"markdown","computed":true}},"nesting_mode":"single"},"description_kind":"plain","computed":true},"event_msg_spool_usage_threshold":{"nested_type":{"attributes":{"clear_percent":{"type":"number","description":"The clear threshold for the value of this counter as a percentage of its maximum value. Falling below this value will trigger a corresponding event. This attribute may not be returned in a GET.","description_kind":"markdown","computed":true},"clear_value":{"type":"number","description":"The clear threshold for the absolute value of this counter. Falling below this value will trigger a corresponding event. This attribute may not be returned in a GET.","description_kind":"markdown","computed":true},"set_percent":{"type":"number","description":"The set threshold for the value of this counter as a percentage of its maximum value. Exceeding this value will trigger a corresponding event. This attribute may not be returned in a GET.","description_kind":"markdown","computed":true},"set_value":{"type":"number","description":"The set threshold for the absolute value of this counter. Exceeding this value will trigger a corresponding event. This attribute may not be returned in a GET.","description_kind":"markdown","computed":true}},"nesting_mode":"single"},"description_kind":"plain","computed":true},"event_reject_low_priority_msg_limit_threshold":{"nested_type":{"attributes":{"clear_percent":{"type":"number","description":"The clear threshold for the value of this counter as a percentage of its maximum value. Falling below this value will trigger a corresponding event. This attribute may not be returned in a GET.","description_kind":"markdown","computed":true},"clear_value":{"type":"number","description":"The clear threshold for the absolute value of this counter. Falling below this value will trigger a corresponding event. This attribute may not be returned in a GET.","description_kind":"markdown","computed":true},"set_percent":{"type":"number","description":"The set threshold for the value of this counter as a percentage of its maximum value. Exceeding this value will trigger a corresponding event. This attribute may not be returned in a GET.","description_kind":"markdown","computed":true},"set_value":{"type":"number","description":"The set threshold for the absolute value of this counter. Exceeding this value will trigger a corresponding event. This attribute may not be returned in a GET.","description_kind":"markdown","computed":true}},"nesting_mode":"single"},"description_kind":"plain","computed":true},"id":{"type":"string","description":"Identifier attribute, for internal use only.","description_kind":"plain","computed":true},"ingress_enabled":{"type":"bool","description":"Enable or disable the reception of messages to the Queue. Changes to this attribute are synchronized to HA mates and replication sites via config-sync. The default value is `false`.","description_kind":"markdown","computed":true},"max_bind_count":{"type":"number","description":"The maximum number of consumer flows that can bind to the Queue. Changes to this attribute are synchronized to HA mates and replication sites via config-sync. The default value is `1000`.","description_kind":"markdown","computed":true},"max_delivered_unacked_msgs_per_flow":{"type":"number","description":"The maximum number of messages delivered but not acknowledged per flow for the Queue. Changes to this attribute are synchronized to HA mates and replication sites via config-sync. The default value is `10000`.","description_kind":"markdown","computed":true},"max_msg_size":{"type":"number","description":"The maximum message size allowed in the Queue, in bytes (B). Changes to this attribute are synchronized to HA mates and replication sites via config-sync. The default value is `10000000`.","description_kind":"markdown","computed":true},"max_msg_spool_usage":{"type":"number","description":"The maximum message spool usage allowed by the Queue, in megabytes (MB). A value of 0 only allows spooling of the last message received and disables quota checking. Changes to this attribute are synchronized to HA mates and replication sites via config-sync. The default value is `5000`.","description_kind":"markdown","computed":true},"max_redelivery_count":{"type":"number","description":"The maximum number of times the Queue will attempt redelivery of a message prior to it being discarded or moved to the DMQ. A value of 0 means to retry forever. Changes to this attribute are synchronized to HA mates and replication sites via config-sync. The default value is `0`.","description_kind":"markdown","computed":true},"max_ttl":{"type":"number","description":"The maximum time in seconds a message can stay in the Queue when `respect_ttl_enabled` is `\"true\"`. A message expires when the lesser of the sender assigned time-to-live (TTL) in the message and the `max_ttl` configured for the Queue, is exceeded. A value of 0 disables expiry. Changes to this attribute are synchronized to HA mates and replication sites via config-sync. The default value is `0`.","description_kind":"markdown","computed":true},"msg_vpn_name":{"type":"string","description":"The name of the Message VPN.","description_kind":"markdown","required":true},"owner":{"type":"string","description":"The Client Username that owns the Queue and has permission equivalent to `\"delete\"`. Modifying this attribute while the object (or the relevant part of the object) is administratively enabled may be service impacting as egress_enabled will be temporarily set to false to apply the change. Changes to this attribute are synchronized to HA mates and replication sites via config-sync. The default value is `\"\"`.","description_kind":"markdown","computed":true},"partition_count":{"type":"number","description":"The count of partitions of the queue. Only relevant for queues with an access type of non-exclusive. When zero, bound clients receive messages round-robin. Otherwise, bound clients receive messages from individually assigned partitions. Changes to this attribute are synchronized to HA mates and replication sites via config-sync. The default value is `0`. Available since SEMP API version 2.35.","description_kind":"markdown","computed":true},"partition_rebalance_delay":{"type":"number","description":"The delay (in seconds) before a partition rebalance is started once needed. Changes to this attribute are synchronized to HA mates and replication sites via config-sync. The default value is `5`. Available since SEMP API version 2.35.","description_kind":"markdown","computed":true},"partition_rebalance_max_handoff_time":{"type":"number","description":"The maximum time (in seconds) to wait before handing off a partition while rebalancing. Changes to this attribute are synchronized to HA mates and replication sites via config-sync. The default value is `3`. Available since SEMP API version 2.35.","description_kind":"markdown","computed":true},"permission":{"type":"string","description":"The permission level for all consumers of the Queue, excluding the owner. Modifying this attribute while the object (or the relevant part of the object) is administratively enabled may be service impacting as egress_enabled will be temporarily set to false to apply the change. Changes to this attribute are synchronized to HA mates and replication sites via config-sync. The default value is `\"no-access\"`. The allowed values and their meaning are:\n\n\u003cpre\u003e\n\"no-access\" - Disallows all access.\n\"read-only\" - Read-only access to the messages.\n\"consume\" - Consume (read and remove) messages.\n\"modify-topic\" - Consume messages or modify the topic/selector.\n\"delete\" - Consume messages, modify the topic/selector or delete the Client created endpoint altogether.\n\u003c/pre\u003e\n","description_kind":"markdown","computed":true},"queue_name":{"type":"string","description":"The name of the Queue.","description_kind":"markdown","required":true},"redelivery_delay_enabled":{"type":"bool","description":"Enable or disable a message redelivery delay. When false, messages are redelivered as soon as possible.  When true, messages are redelivered according to the initial, max and multiplier.  This should only be enabled when redelivery is enabled. Modifying this attribute while the object (or the relevant part of the object) is administratively enabled may be service impacting as egress_enabled will be temporarily set to false to apply the change. Changes to this attribute are synchronized to HA mates and replication sites via config-sync. The default value is `false`. Available since SEMP API version 2.33.","description_kind":"markdown","computed":true},"redelivery_delay_initial_interval":{"type":"number","description":"The delay to be used between the first 2 redelivery attempts.  This value is in milliseconds. Modifying this attribute while the object (or the relevant part of the object) is administratively enabled may be service impacting as egress_enabled will be temporarily set to false to apply the change. Changes to this attribute are synchronized to HA mates and replication sites via config-sync. The default value is `1000`. Available since SEMP API version 2.33.","description_kind":"markdown","computed":true},"redelivery_delay_max_interval":{"type":"number","description":"The maximum delay to be used between any 2 redelivery attempts.  This value is in milliseconds.  Due to technical limitations, some redelivery attempt delays may slightly exceed this value. Modifying this attribute while the object (or the relevant part of the object) is administratively enabled may be service impacting as egress_enabled will be temporarily set to false to apply the change. Changes to this attribute are synchronized to HA mates and replication sites via config-sync. The default value is `64000`. Available since SEMP API version 2.33.","description_kind":"markdown","computed":true},"redelivery_delay_multiplier":{"type":"number","description":"The amount each delay interval is multiplied by after each failed delivery attempt.  This number is in a fixed-point decimal format in which you must divide by 100 to get the floating point value. For example, a value of 125 would cause the delay to be multiplied by 1.25. Modifying this attribute while the object (or the relevant part of the object) is administratively enabled may be service impacting as egress_enabled will be temporarily set to false to apply the change. Changes to this attribute are synchronized to HA mates and replication sites via config-sync. The default value is `200`. Available since SEMP API version 2.33.","description_kind":"markdown","computed":true},"redelivery_enabled":{"type":"bool","description":"Enable or disable message redelivery. When enabled, the number of redelivery attempts is controlled by max_redelivery_count. When disabled, the message will never be delivered from the queue more than once. Changes to this attribute are synchronized to HA mates and replication sites via config-sync. The default value is `true`. Available since SEMP API version 2.18.","description_kind":"markdown","computed":true},"reject_low_priority_msg_enabled":{"type":"bool","description":"Enable or disable the checking of low priority messages against the `reject_low_priority_msg_limit`. This may only be enabled if `reject_msg_to_sender_on_discard_behavior` does not have a value of `\"never\"`. Changes to this attribute are synchronized to HA mates and replication sites via config-sync. The default value is `false`.","description_kind":"markdown","computed":true},"reject_low_priority_msg_limit":{"type":"number","description":"The number of messages of any priority in the Queue above which low priority messages are not admitted but higher priority messages are allowed. Changes to this attribute are synchronized to HA mates and replication sites via config-sync. The default value is `0`.","description_kind":"markdown","computed":true},"reject_msg_to_sender_on_discard_behavior":{"type":"string","description":"Determines when to return negative acknowledgments (NACKs) to sending clients on message discards. Note that NACKs cause the message to not be delivered to any destination and Transacted Session commits to fail. Modifying this attribute while the object (or the relevant part of the object) is administratively enabled may be service impacting as reject_low_priority_msg_enabled will be temporarily set to false to apply the change. Changes to this attribute are synchronized to HA mates and replication sites via config-sync. The default value is `\"when-queue-enabled\"`. The allowed values and their meaning are:\n\n\u003cpre\u003e\n\"never\" - Silently discard messages.\n\"when-queue-enabled\" - NACK each message discard back to the client, except messages that are discarded because an endpoint is administratively disabled.\n\"always\" - NACK each message discard back to the client, including messages that are discarded because an endpoint is administratively disabled.\n\u003c/pre\u003e\n Available since SEMP API version 2.1.","description_kind":"markdown","computed":true},"respect_msg_priority_enabled":{"type":"bool","description":"Enable or disable the respecting of message priority. When enabled, messages contained in the Queue are delivered in priority order, from 9 (highest) to 0 (lowest). Regardless of this setting, message priority is not respected when browsing the queue, when the queue is used by a bridge, or if the queue is partitioned. Modifying this attribute while the object (or the relevant part of the object) is administratively enabled may be service impacting as egress_enabled and ingress_enabled will be temporarily set to false to apply the change. Changes to this attribute are synchronized to HA mates and replication sites via config-sync. The default value is `false`. Available since SEMP API version 2.8.","description_kind":"markdown","computed":true},"respect_ttl_enabled":{"type":"bool","description":"Enable or disable the respecting of the time-to-live (TTL) for messages in the Queue. When enabled, expired messages are discarded or moved to the DMQ. Changes to this attribute are synchronized to HA mates and replication sites via config-sync. The default value is `false`.","description_kind":"markdown","computed":true}},"description":"A Queue acts as both a destination that clients can publish messages to, and as an endpoint that clients can bind consumers to and consume messages from.\n\n\nAttribute|Identifying|Write-Only|Deprecated|Opaque\n:---|:---:|:---:|:---:|:---:\nmsg_vpn_name|x|||\nqueue_name|x|||\n\n\n\nA SEMP client authorized with a minimum access scope/level of \"vpn/read-only\" is required to perform this operation.\n\nThis has been available since SEMP API version 2.0.","description_kind":"markdown"}},"solacebroker_msg_vpn_queue_subscription":{"version":0,"block":{"attributes":{"id":{"type":"string","description":"Identifier attribute, for internal use only.","description_kind":"plain","computed":true},"msg_vpn_name":{"type":"string","description":"The name of the Message VPN.","description_kind":"markdown","required":true},"queue_name":{"type":"string","description":"The name of the Queue.","description_kind":"markdown","required":true},"subscription_topic":{"type":"string","description":"The topic of the Subscription.","description_kind":"markdown","required":true}},"description":"One or more Queue Subscriptions can be added to a durable queue so that Guaranteed messages published to matching topics are also delivered to and spooled by the queue.\n\n\nAttribute|Identifying|Write-Only|Deprecated|Opaque\n:---|:---:|:---:|:---:|:---:\nmsg_vpn_name|x|||\nqueue_name|x|||\nsubscription_topic|x|||\n\n\n\nA SEMP client authorized with a minimum access scope/level of \"vpn/read-only\" is required to perform this operation.\n\nThis has been available since SEMP API version 2.0.","description_kind":"markdown"}},"solacebroker_msg_vpn_queue_template":{"version":0,"block":{"attributes":{"access_type":{"type":"string","description":"The access type for delivering messages to consumer flows. Changes to this attribute are synchronized to HA mates and replication sites via config-sync. The default value is `\"exclusive\"`. The allowed values and their meaning are:\n\n\u003cpre\u003e\n\"exclusive\" - Exclusive delivery of messages to the first bound consumer flow.\n\"non-exclusive\" - Non-exclusive delivery of messages to bound consumer flows in a round-robin (if partition count is zero) or partitioned (if partition count is non-zero) fashion.\n\u003c/pre\u003e\n","description_kind":"markdown","computed":true},"consumer_ack_propagation_enabled":{"type":"bool","description":"Enable or disable the propagation of consumer acknowledgments (ACKs) received on the active replication Message VPN to the standby replication Message VPN. Changes to this attribute are synchronized to HA mates and replication sites via config-sync. The default value is `true`.","description_kind":"markdown","computed":true},"dead_msg_queue":{"type":"string","description":"The name of the Dead Message Queue (DMQ). Changes to this attribute are synchronized to HA mates and replication sites via config-sync. The default value is `\"#DEAD_MSG_QUEUE\"`.","description_kind":"markdown","computed":true},"delivery_delay":{"type":"number","description":"The delay, in seconds, to apply to messages arriving on the Queue before the messages are eligible for delivery. This attribute does not apply to MQTT queues created from this template, but it may apply in future releases. Therefore, to maintain forward compatibility, do not set this value on templates that might be used for MQTT queues. Changes to this attribute are synchronized to HA mates and replication sites via config-sync. The default value is `0`. Available since SEMP API version 2.22.","description_kind":"markdown","computed":true},"durability_override":{"type":"string","description":"Controls the durability of queues created from this template. If non-durable, the created queue will be non-durable, regardless of the specified durability. If none, the created queue will have the requested durability. Changes to this attribute are synchronized to HA mates and replication sites via config-sync. The default value is `\"none\"`. The allowed values and their meaning are:\n\n\u003cpre\u003e\n\"none\" - The durability of the endpoint will be as requested on create.\n\"non-durable\" - The durability of the created queue will be non-durable, regardless of what was requested.\n\u003c/pre\u003e\n","description_kind":"markdown","computed":true},"event_bind_count_threshold":{"nested_type":{"attributes":{"clear_percent":{"type":"number","description":"The clear threshold for the value of this counter as a percentage of its maximum value. Falling below this value will trigger a corresponding event. This attribute may not be returned in a GET.","description_kind":"markdown","computed":true},"clear_value":{"type":"number","description":"The clear threshold for the absolute value of this counter. Falling below this value will trigger a corresponding event. This attribute may not be returned in a GET.","description_kind":"markdown","computed":true},"set_percent":{"type":"number","description":"The set threshold for the value of this counter as a percentage of its maximum value. Exceeding this value will trigger a corresponding event. This attribute may not be returned in a GET.","description_kind":"markdown","computed":true},"set_value":{"type":"number","description":"The set threshold for the absolute value of this counter. Exceeding this value will trigger a corresponding event. This attribute may not be returned in a GET.","description_kind":"markdown","computed":true}},"nesting_mode":"single"},"description_kind":"plain","computed":true},"event_msg_spool_usage_threshold":{"nested_type":{"attributes":{"clear_percent":{"type":"number","description":"The clear threshold for the value of this counter as a percentage of its maximum value. Falling below this value will trigger a corresponding event. This attribute may not be returned in a GET.","description_kind":"markdown","computed":true},"clear_value":{"type":"number","description":"The clear threshold for the absolute value of this counter. Falling below this value will trigger a corresponding event. This attribute may not be returned in a GET.","description_kind":"markdown","computed":true},"set_percent":{"type":"number","description":"The set threshold for the value of this counter as a percentage of its maximum value. Exceeding this value will trigger a corresponding event. This attribute may not be returned in a GET.","description_kind":"markdown","computed":true},"set_value":{"type":"number","description":"The set threshold for the absolute value of this counter. Exceeding this value will trigger a corresponding event. This attribute may not be returned in a GET.","description_kind":"markdown","computed":true}},"nesting_mode":"single"},"description_kind":"plain","computed":true},"event_reject_low_priority_msg_limit_threshold":{"nested_type":{"attributes":{"clear_percent":{"type":"number","description":"The clear threshold for the value of this counter as a percentage of its maximum value. Falling below this value will trigger a corresponding event. This attribute may not be returned in a GET.","description_kind":"markdown","computed":true},"clear_value":{"type":"number","description":"The clear threshold for the absolute value of this counter. Falling below this value will trigger a corresponding event. This attribute may not be returned in a GET.","description_kind":"markdown","computed":true},"set_percent":{"type":"number","description":"The set threshold for the value of this counter as a percentage of its maximum value. Exceeding this value will trigger a corresponding event. This attribute may not be returned in a GET.","description_kind":"markdown","computed":true},"set_value":{"type":"number","description":"The set threshold for the absolute value of this counter. Exceeding this value will trigger a corresponding event. This attribute may not be returned in a GET.","description_kind":"markdown","computed":true}},"nesting_mode":"single"},"description_kind":"plain","computed":true},"id":{"type":"string","description":"Identifier attribute, for internal use only.","description_kind":"plain","computed":true},"max_bind_count":{"type":"number","description":"The maximum number of consumer flows that can bind. Changes to this attribute are synchronized to HA mates and replication sites via config-sync. The default value is `1000`.","description_kind":"markdown","computed":true},"max_delivered_unacked_msgs_per_flow":{"type":"number","description":"The maximum number of messages delivered but not acknowledged per flow. Changes to this attribute are synchronized to HA mates and replication sites via config-sync. The default value is `10000`.","description_kind":"markdown","computed":true},"max_msg_size":{"type":"number","description":"The maximum message size allowed, in bytes (B). Changes to this attribute are synchronized to HA mates and replication sites via config-sync. The default value is `10000000`.","description_kind":"markdown","computed":true},"max_msg_spool_usage":{"type":"number","description":"The maximum message spool usage allowed, in megabytes (MB). A value of 0 only allows spooling of the last message received and disables quota checking. Changes to this attribute are synchronized to HA mates and replication sites via config-sync. The default value is `5000`.","description_kind":"markdown","computed":true},"max_redelivery_count":{"type":"number","description":"The maximum number of message redelivery attempts that will occur prior to the message being discarded or moved to the DMQ. A value of 0 means to retry forever. Changes to this attribute are synchronized to HA mates and replication sites via config-sync. The default value is `0`.","description_kind":"markdown","computed":true},"max_ttl":{"type":"number","description":"The maximum time in seconds a message can stay in a Queue when `respect_ttl_enabled` is `\"true\"`. A message expires when the lesser of the sender assigned time-to-live (TTL) in the message and the `max_ttl` configured for the Queue, is exceeded. A value of 0 disables expiry. Changes to this attribute are synchronized to HA mates and replication sites via config-sync. The default value is `0`.","description_kind":"markdown","computed":true},"msg_vpn_name":{"type":"string","description":"The name of the Message VPN.","description_kind":"markdown","required":true},"permission":{"type":"string","description":"The permission level for all consumers, excluding the owner. Changes to this attribute are synchronized to HA mates and replication sites via config-sync. The default value is `\"no-access\"`. The allowed values and their meaning are:\n\n\u003cpre\u003e\n\"no-access\" - Disallows all access.\n\"read-only\" - Read-only access to the messages.\n\"consume\" - Consume (read and remove) messages.\n\"modify-topic\" - Consume messages or modify the topic/selector.\n\"delete\" - Consume messages, modify the topic/selector or delete the Client created endpoint altogether.\n\u003c/pre\u003e\n","description_kind":"markdown","computed":true},"queue_name_filter":{"type":"string","description":"A pattern used to determine which Queues use settings from this Template. Two different wildcards can be used in the pattern: * and \u003e. Similar to topic filters or subscription patterns, a \u003e matches anything (but only when used at the end), and a * matches zero or more characters but never a slash (/). A \u003e is only a wildcard when used at the end, after a /. A * is only allowed at the end, after a slash (/). Changes to this attribute are synchronized to HA mates and replication sites via config-sync. The default value is `\"\"`.","description_kind":"markdown","computed":true},"queue_template_name":{"type":"string","description":"The name of the Queue Template.","description_kind":"markdown","required":true},"redelivery_delay_enabled":{"type":"bool","description":"Enable or disable a message redelivery delay. When false, messages are redelivered as soon as possible.  When true, messages are redelivered according to the initial, max and multiplier.  This should only be enabled when redelivery is enabled. Changes to this attribute are synchronized to HA mates and replication sites via config-sync. The default value is `false`. Available since SEMP API version 2.33.","description_kind":"markdown","computed":true},"redelivery_delay_initial_interval":{"type":"number","description":"The delay to be used between the first 2 redelivery attempts.  This value is in milliseconds. Changes to this attribute are synchronized to HA mates and replication sites via config-sync. The default value is `1000`. Available since SEMP API version 2.33.","description_kind":"markdown","computed":true},"redelivery_delay_max_interval":{"type":"number","description":"The maximum delay to be used between any 2 redelivery attempts.  This value is in milliseconds.  Due to technical limitations, some redelivery attempt delays may slightly exceed this value. Changes to this attribute are synchronized to HA mates and replication sites via config-sync. The default value is `64000`. Available since SEMP API version 2.33.","description_kind":"markdown","computed":true},"redelivery_delay_multiplier":{"type":"number","description":"The amount each delay interval is multiplied by after each failed delivery attempt.  This number is in a fixed-point decimal format in which you must divide by 100 to get the floating point value. For example, a value of 125 would cause the delay to be multiplied by 1.25. Changes to this attribute are synchronized to HA mates and replication sites via config-sync. The default value is `200`. Available since SEMP API version 2.33.","description_kind":"markdown","computed":true},"redelivery_enabled":{"type":"bool","description":"Enable or disable message redelivery. When enabled, the number of redelivery attempts is controlled by max_redelivery_count. When disabled, the message will never be delivered from the queue more than once. Changes to this attribute are synchronized to HA mates and replication sites via config-sync. The default value is `true`. Available since SEMP API version 2.18.","description_kind":"markdown","computed":true},"reject_low_priority_msg_enabled":{"type":"bool","description":"Enable or disable the checking of low priority messages against the `reject_low_priority_msg_limit`. This may only be enabled if `reject_msg_to_sender_on_discard_behavior` does not have a value of `\"never\"`. Changes to this attribute are synchronized to HA mates and replication sites via config-sync. The default value is `false`.","description_kind":"markdown","computed":true},"reject_low_priority_msg_limit":{"type":"number","description":"The number of messages of any priority above which low priority messages are not admitted but higher priority messages are allowed. Changes to this attribute are synchronized to HA mates and replication sites via config-sync. The default value is `0`.","description_kind":"markdown","computed":true},"reject_msg_to_sender_on_discard_behavior":{"type":"string","description":"Determines when to return negative acknowledgments (NACKs) to sending clients on message discards. Note that NACKs prevent the message from being delivered to any destination and Transacted Session commits to fail. Changes to this attribute are synchronized to HA mates and replication sites via config-sync. The default value is `\"when-queue-enabled\"`. The allowed values and their meaning are:\n\n\u003cpre\u003e\n\"never\" - Silently discard messages.\n\"when-queue-enabled\" - NACK each message discard back to the client, except messages that are discarded because an endpoint is administratively disabled.\n\"always\" - NACK each message discard back to the client, including messages that are discarded because an endpoint is administratively disabled.\n\u003c/pre\u003e\n","description_kind":"markdown","computed":true},"respect_msg_priority_enabled":{"type":"bool","description":"Enable or disable the respecting of message priority. When enabled, messages are delivered in priority order, from 9 (highest) to 0 (lowest). Changes to this attribute are synchronized to HA mates and replication sites via config-sync. The default value is `false`.","description_kind":"markdown","computed":true},"respect_ttl_enabled":{"type":"bool","description":"Enable or disable the respecting of the time-to-live (TTL) for messages. When enabled, expired messages are discarded or moved to the DMQ. Changes to this attribute are synchronized to HA mates and replication sites via config-sync. The default value is `false`.","description_kind":"markdown","computed":true}},"description":"A Queue Template provides a mechanism for specifying the initial state for client created queues.\n\n\nAttribute|Identifying|Write-Only|Deprecated|Opaque\n:---|:---:|:---:|:---:|:---:\nmsg_vpn_name|x|||\nqueue_template_name|x|||\n\n\n\nA SEMP client authorized with a minimum access scope/level of \"vpn/read-only\" is required to perform this operation.\n\nThis has been available since SEMP API version 2.14.","description_kind":"markdown"}},"solacebroker_msg_vpn_replay_log":{"version":0,"block":{"attributes":{"egress_enabled":{"type":"bool","description":"Enable or disable the transmission of messages from the Replay Log. Changes to this attribute are synchronized to HA mates and replication sites via config-sync. The default value is `false`.","description_kind":"markdown","computed":true},"id":{"type":"string","description":"Identifier attribute, for internal use only.","description_kind":"plain","computed":true},"ingress_enabled":{"type":"bool","description":"Enable or disable the reception of messages to the Replay Log. Changes to this attribute are synchronized to HA mates and replication sites via config-sync. The default value is `false`.","description_kind":"markdown","computed":true},"max_spool_usage":{"type":"number","description":"The maximum spool usage allowed by the Replay Log, in megabytes (MB). If this limit is exceeded, old messages will be trimmed. Changes to this attribute are synchronized to HA mates and replication sites via config-sync. The default value is `0`.","description_kind":"markdown","computed":true},"msg_vpn_name":{"type":"string","description":"The name of the Message VPN.","description_kind":"markdown","required":true},"replay_log_name":{"type":"string","description":"The name of the Replay Log.","description_kind":"markdown","required":true},"topic_filter_enabled":{"type":"bool","description":"Enable or disable topic filtering for the Replay Log. Changes to this attribute are synchronized to HA mates and replication sites via config-sync. The default value is `false`. Available since SEMP API version 2.27.","description_kind":"markdown","computed":true}},"description":"When the Message Replay feature is enabled, message brokers store persistent messages in a Replay Log. These messages are kept until the log is full, after which the oldest messages are removed to free up space for new messages.\n\n\nAttribute|Identifying|Write-Only|Deprecated|Opaque\n:---|:---:|:---:|:---:|:---:\nmsg_vpn_name|x|||\nreplay_log_name|x|||\n\n\n\nA SEMP client authorized with a minimum access scope/level of \"vpn/read-only\" is required to perform this operation.\n\nThis has been available since SEMP API version 2.10.","description_kind":"markdown"}},"solacebroker_msg_vpn_replay_log_topic_filter_subscription":{"version":0,"block":{"attributes":{"id":{"type":"string","description":"Identifier attribute, for internal use only.","description_kind":"plain","computed":true},"msg_vpn_name":{"type":"string","description":"The name of the Message VPN.","description_kind":"markdown","required":true},"replay_log_name":{"type":"string","description":"The name of the Replay Log.","description_kind":"markdown","required":true},"topic_filter_subscription":{"type":"string","description":"The topic of the Subscription.","description_kind":"markdown","required":true}},"description":"One or more Subscriptions can be added to a replay-log so that only guaranteed messages published to matching topics are stored in the Replay Log.\n\n\nAttribute|Identifying|Write-Only|Deprecated|Opaque\n:---|:---:|:---:|:---:|:---:\nmsg_vpn_name|x|||\nreplay_log_name|x|||\ntopic_filter_subscription|x|||\n\n\n\nA SEMP client authorized with a minimum access scope/level of \"vpn/read-only\" is required to perform this operation.\n\nThis has been available since SEMP API version 2.27.","description_kind":"markdown"}},"solacebroker_msg_vpn_replicated_topic":{"version":0,"block":{"attributes":{"id":{"type":"string","description":"Identifier attribute, for internal use only.","description_kind":"plain","computed":true},"msg_vpn_name":{"type":"string","description":"The name of the Message VPN.","description_kind":"markdown","required":true},"replicated_topic":{"type":"string","description":"The topic for applying replication. Published messages matching this topic will be replicated to the standby site.","description_kind":"markdown","required":true},"replication_mode":{"type":"string","description":"The replication mode for the Replicated Topic. Changes to this attribute are synchronized to HA mates and replication sites via config-sync. The default value is `\"async\"`. The allowed values and their meaning are:\n\n\u003cpre\u003e\n\"sync\" - Messages are acknowledged when replicated (spooled remotely).\n\"async\" - Messages are acknowledged when pending replication (spooled locally).\n\u003c/pre\u003e\n","description_kind":"markdown","computed":true}},"description":"To indicate which messages should be replicated between the active and standby site, a Replicated Topic subscription must be configured on a Message VPN. If a published message matches both a replicated topic and an endpoint on the active site, then the message is replicated to the standby site.\n\n\nAttribute|Identifying|Write-Only|Deprecated|Opaque\n:---|:---:|:---:|:---:|:---:\nmsg_vpn_name|x|||\nreplicated_topic|x|||\n\n\n\nA SEMP client authorized with a minimum access scope/level of \"vpn/read-only\" is required to perform this operation.\n\nThis has been available since SEMP API version 2.1.","description_kind":"markdown"}},"solacebroker_msg_vpn_rest_delivery_point":{"version":0,"block":{"attributes":{"client_profile_name":{"type":"string","description":"The Client Profile of the REST Delivery Point. It must exist in the local Message VPN. Its TCP parameters are used for all REST Consumers in this RDP. Its queue properties are used by the RDP client. The Client Profile is used inside the auto-generated Client Username for this RDP. Modifying this attribute while the object (or the relevant part of the object) is administratively enabled may be service impacting as enabled will be temporarily set to false to apply the change. Changes to this attribute are synchronized to HA mates and replication sites via config-sync. The default value is `\"default\"`.","description_kind":"markdown","computed":true},"enabled":{"type":"bool","description":"Enable or disable the REST Delivery Point. When disabled, no connections are initiated or messages delivered to any of the contained REST Consumers. Changes to this attribute are synchronized to HA mates and replication sites via config-sync. The default value is `false`.","description_kind":"markdown","computed":true},"id":{"type":"string","description":"Identifier attribute, for internal use only.","description_kind":"plain","computed":true},"msg_vpn_name":{"type":"string","description":"The name of the Message VPN.","description_kind":"markdown","required":true},"rest_delivery_point_name":{"type":"string","description":"The name of the REST Delivery Point.","description_kind":"markdown","required":true},"service":{"type":"string","description":"The name of the service that this REST Delivery Point connects to. Internally the broker does not use this value; it is informational only. Changes to this attribute are synchronized to HA mates and replication sites via config-sync. The default value is `\"\"`. Available since SEMP API version 2.19.","description_kind":"markdown","computed":true},"vendor":{"type":"string","description":"The name of the vendor that this REST Delivery Point connects to. Internally the broker does not use this value; it is informational only. Changes to this attribute are synchronized to HA mates and replication sites via config-sync. The default value is `\"\"`. Available since SEMP API version 2.19.","description_kind":"markdown","computed":true}},"description":"A REST Delivery Point manages delivery of messages from queues to a named list of REST Consumers.\n\n\nAttribute|Identifying|Write-Only|Deprecated|Opaque\n:---|:---:|:---:|:---:|:---:\nmsg_vpn_name|x|||\nrest_delivery_point_name|x|||\n\n\n\nA SEMP client authorized with a minimum access scope/level of \"vpn/read-only\" is required to perform this operation.\n\nThis has been available since SEMP API version 2.0.","description_kind":"markdown"}},"solacebroker_msg_vpn_rest_delivery_point_queue_binding":{"version":0,"block":{"attributes":{"gateway_replace_target_authority_enabled":{"type":"bool","description":"Enable or disable whether the authority for the request-target is replaced with that configured for the REST Consumer remote. When enabled, the broker sends HTTP requests in absolute-form, with the request-target's authority taken from the REST Consumer's remote host and port configuration. When disabled, the broker sends HTTP requests whose request-target matches that of the original request message, including whether to use absolute-form or origin-form. This configuration is applicable only when the Message VPN is in REST gateway mode. Changes to this attribute are synchronized to HA mates and replication sites via config-sync. The default value is `false`. Available since SEMP API version 2.6.","description_kind":"markdown","computed":true},"id":{"type":"string","description":"Identifier attribute, for internal use only.","description_kind":"plain","computed":true},"msg_vpn_name":{"type":"string","description":"The name of the Message VPN.","description_kind":"markdown","required":true},"post_request_target":{"type":"string","description":"The request-target string to use when sending requests. It identifies the target resource on the far-end REST Consumer upon which to apply the request. There are generally two common forms for the request-target. The origin-form is most often used in practice and contains the path and query components of the target URI. If the path component is empty then the client must generally send a \"/\" as the path. When making a request to a proxy, most often the absolute-form is required. This configuration is only applicable when the Message VPN is in REST messaging mode. Changes to this attribute are synchronized to HA mates and replication sites via config-sync. The default value is `\"\"`.","description_kind":"markdown","computed":true},"queue_binding_name":{"type":"string","description":"The name of a queue in the Message VPN.","description_kind":"markdown","required":true},"request_target_evaluation":{"type":"string","description":"The type of evaluation to perform on the request target. Changes to this attribute are synchronized to HA mates and replication sites via config-sync. The default value is `\"none\"`. The allowed values and their meaning are:\n\n\u003cpre\u003e\n\"none\" - Do not evaluate substitution expressions on the request target.\n\"substitution-expressions\" - Evaluate substitution expressions on the request target.\n\u003c/pre\u003e\n Available since SEMP API version 2.23.","description_kind":"markdown","computed":true},"rest_delivery_point_name":{"type":"string","description":"The name of the REST Delivery Point.","description_kind":"markdown","required":true}},"description":"A Queue Binding for a REST Delivery Point attracts messages to be delivered to REST consumers. If the queue does not exist it can be created subsequently, and once the queue is operational the broker performs the queue binding. Removing the queue binding does not delete the queue itself. Similarly, removing the queue does not remove the queue binding, which fails until the queue is recreated or the queue binding is deleted.\n\n\nAttribute|Identifying|Write-Only|Deprecated|Opaque\n:---|:---:|:---:|:---:|:---:\nmsg_vpn_name|x|||\nqueue_binding_name|x|||\nrest_delivery_point_name|x|||\n\n\n\nA SEMP client authorized with a minimum access scope/level of \"vpn/read-only\" is required to perform this operation.\n\nThis has been available since SEMP API version 2.0.","description_kind":"markdown"}},"solacebroker_msg_vpn_rest_delivery_point_queue_binding_protected_request_header":{"version":0,"block":{"attributes":{"header_name":{"type":"string","description":"The name of the protected HTTP request header.","description_kind":"markdown","required":true},"id":{"type":"string","description":"Identifier attribute, for internal use only.","description_kind":"plain","computed":true},"msg_vpn_name":{"type":"string","description":"The name of the Message VPN.","description_kind":"markdown","required":true},"queue_binding_name":{"type":"string","description":"The name of a queue in the Message VPN.","description_kind":"markdown","required":true},"rest_delivery_point_name":{"type":"string","description":"The name of the REST Delivery Point.","description_kind":"markdown","required":true}},"description":"A protected request header to be added to the HTTP request. Unlike a non-protected request header, the header value cannot be displayed after it is set.\n\n\nAttribute|Identifying|Write-Only|Deprecated|Opaque\n:---|:---:|:---:|:---:|:---:\nheader_name|x|||\nheader_value||x||x\nmsg_vpn_name|x|||\nqueue_binding_name|x|||\nrest_delivery_point_name|x|||\n\n\n\nA SEMP client authorized with a minimum access scope/level of \"vpn/read-only\" is required to perform this operation.\n\nThis has been available since SEMP API version 2.30.","description_kind":"markdown"}},"solacebroker_msg_vpn_rest_delivery_point_queue_binding_request_header":{"version":0,"block":{"attributes":{"header_name":{"type":"string","description":"The name of the HTTP request header.","description_kind":"markdown","required":true},"header_value":{"type":"string","description":"A substitution expression for the value of the HTTP request header. Changes to this attribute are synchronized to HA mates and replication sites via config-sync. The default value is `\"\"`.","description_kind":"markdown","computed":true},"id":{"type":"string","description":"Identifier attribute, for internal use only.","description_kind":"plain","computed":true},"msg_vpn_name":{"type":"string","description":"The name of the Message VPN.","description_kind":"markdown","required":true},"queue_binding_name":{"type":"string","description":"The name of a queue in the Message VPN.","description_kind":"markdown","required":true},"rest_delivery_point_name":{"type":"string","description":"The name of the REST Delivery Point.","description_kind":"markdown","required":true}},"description":"A request header to be added to the HTTP request.\n\n\nAttribute|Identifying|Write-Only|Deprecated|Opaque\n:---|:---:|:---:|:---:|:---:\nheader_name|x|||\nmsg_vpn_name|x|||\nqueue_binding_name|x|||\nrest_delivery_point_name|x|||\n\n\n\nA SEMP client authorized with a minimum access scope/level of \"vpn/read-only\" is required to perform this operation.\n\nThis has been available since SEMP API version 2.23.","description_kind":"markdown"}},"solacebroker_msg_vpn_rest_delivery_point_rest_consumer":{"version":0,"block":{"attributes":{"authentication_aws_access_key_id":{"type":"string","description":"The AWS access key id. Changes to this attribute are synchronized to HA mates and replication sites via config-sync. The default value is `\"\"`. Available since SEMP API version 2.26.","description_kind":"markdown","computed":true},"authentication_aws_region":{"type":"string","description":"The AWS region id. Changes to this attribute are synchronized to HA mates and replication sites via config-sync. The default value is `\"\"`. Available since SEMP API version 2.26.","description_kind":"markdown","computed":true},"authentication_aws_service":{"type":"string","description":"The AWS service id. Changes to this attribute are synchronized to HA mates and replication sites via config-sync. The default value is `\"\"`. Available since SEMP API version 2.26.","description_kind":"markdown","computed":true},"authentication_http_basic_username":{"type":"string","description":"The username that the REST Consumer will use to login to the REST host. Normally a username is only configured when basic authentication is selected for the REST Consumer. Modifying this attribute while the object (or the relevant part of the object) is administratively enabled may be service impacting as enabled will be temporarily set to false to apply the change. Changes to this attribute are synchronized to HA mates and replication sites via config-sync. The default value is `\"\"`.","description_kind":"markdown","computed":true},"authentication_http_header_name":{"type":"string","description":"The authentication header name. Changes to this attribute are synchronized to HA mates and replication sites via config-sync. The default value is `\"\"`. Available since SEMP API version 2.15.","description_kind":"markdown","computed":true},"authentication_oauth_client_id":{"type":"string","description":"The OAuth client ID. Modifying this attribute while the object (or the relevant part of the object) is administratively enabled may be service impacting as enabled will be temporarily set to false to apply the change. Changes to this attribute are synchronized to HA mates and replication sites via config-sync. The default value is `\"\"`. Available since SEMP API version 2.19.","description_kind":"markdown","computed":true},"authentication_oauth_client_scope":{"type":"string","description":"The OAuth scope. Modifying this attribute while the object (or the relevant part of the object) is administratively enabled may be service impacting as enabled will be temporarily set to false to apply the change. Changes to this attribute are synchronized to HA mates and replication sites via config-sync. The default value is `\"\"`. Available since SEMP API version 2.19.","description_kind":"markdown","computed":true},"authentication_oauth_client_token_endpoint":{"type":"string","description":"The OAuth token endpoint URL that the REST Consumer will use to request a token for login to the REST host. Must begin with \"https\". Modifying this attribute while the object (or the relevant part of the object) is administratively enabled may be service impacting as enabled will be temporarily set to false to apply the change. Changes to this attribute are synchronized to HA mates and replication sites via config-sync. The default value is `\"\"`. Available since SEMP API version 2.19.","description_kind":"markdown","computed":true},"authentication_oauth_client_token_expiry_default":{"type":"number","description":"The default expiry time for a token, in seconds. Only used when the token endpoint does not return an expiry time. Changes to this attribute are synchronized to HA mates and replication sites via config-sync. Modifying this attribute while the object (or the relevant part of the object) is administratively enabled may be service impacting as enabled will be temporarily set to false to apply the change. Changes to this attribute are synchronized to HA mates and replication sites via config-sync. The default value is `900`. Available since SEMP API version 2.30.","description_kind":"markdown","computed":true},"authentication_oauth_jwt_token_endpoint":{"type":"string","description":"The OAuth token endpoint URL that the REST Consumer will use to request a token for login to the REST host. Modifying this attribute while the object (or the relevant part of the object) is administratively enabled may be service impacting as enabled will be temporarily set to false to apply the change. Changes to this attribute are synchronized to HA mates and replication sites via config-sync. The default value is `\"\"`. Available since SEMP API version 2.21.","description_kind":"markdown","computed":true},"authentication_oauth_jwt_token_expiry_default":{"type":"number","description":"The default expiry time for a token, in seconds. Only used when the token endpoint does not return an expiry time. Changes to this attribute are synchronized to HA mates and replication sites via config-sync. Modifying this attribute while the object (or the relevant part of the object) is administratively enabled may be service impacting as enabled will be temporarily set to false to apply the change. Changes to this attribute are synchronized to HA mates and replication sites via config-sync. The default value is `900`. Available since SEMP API version 2.30.","description_kind":"markdown","computed":true},"authentication_scheme":{"type":"string","description":"The authentication scheme used by the REST Consumer to login to the REST host. Modifying this attribute while the object (or the relevant part of the object) is administratively enabled may be service impacting as enabled will be temporarily set to false to apply the change. Changes to this attribute are synchronized to HA mates and replication sites via config-sync. The default value is `\"none\"`. The allowed values and their meaning are:\n\n\u003cpre\u003e\n\"none\" - Login with no authentication. This may be useful for anonymous connections or when a REST Consumer does not require authentication.\n\"http-basic\" - Login with a username and optional password according to HTTP Basic authentication as per RFC 2616.\n\"client-certificate\" - Login with a client TLS certificate as per RFC 5246. Client certificate authentication is only available on TLS connections.\n\"http-header\" - Login with a specified HTTP header.\n\"oauth-client\" - Login with OAuth 2.0 client credentials.\n\"oauth-jwt\" - Login with OAuth (RFC 7523 JWT Profile).\n\"transparent\" - Login using the Authorization header from the message properties, if present. Transparent authentication passes along existing Authorization header metadata instead of discarding it. Note that if the message is coming from a REST producer, the REST service must be configured to forward the Authorization header.\n\"aws\" - Login using AWS Signature Version 4 authentication (AWS4-HMAC-SHA256).\n\u003c/pre\u003e\n","description_kind":"markdown","computed":true},"enabled":{"type":"bool","description":"Enable or disable the REST Consumer. When disabled, no connections are initiated or messages delivered to this particular REST Consumer. Changes to this attribute are synchronized to HA mates and replication sites via config-sync. The default value is `false`.","description_kind":"markdown","computed":true},"http_method":{"type":"string","description":"The HTTP method to use (POST or PUT). This is used only when operating in the REST service \"messaging\" mode and is ignored in \"gateway\" mode. Changes to this attribute are synchronized to HA mates and replication sites via config-sync. The default value is `\"post\"`. The allowed values and their meaning are:\n\n\u003cpre\u003e\n\"post\" - Use the POST HTTP method.\n\"put\" - Use the PUT HTTP method.\n\u003c/pre\u003e\n Available since SEMP API version 2.17.","description_kind":"markdown","computed":true},"id":{"type":"string","description":"Identifier attribute, for internal use only.","description_kind":"plain","computed":true},"local_interface":{"type":"string","description":"The interface that will be used for all outgoing connections associated with the REST Consumer. When unspecified, an interface is automatically chosen. Changes to this attribute are synchronized to HA mates and replication sites via config-sync. The default value is `\"\"`.","description_kind":"markdown","computed":true},"max_post_wait_time":{"type":"number","description":"The maximum amount of time (in seconds) to wait for an HTTP POST response from the REST Consumer. Once this time is exceeded, the TCP connection is reset. Changes to this attribute are synchronized to HA mates and replication sites via config-sync. The default value is `30`.","description_kind":"markdown","computed":true},"msg_vpn_name":{"type":"string","description":"The name of the Message VPN.","description_kind":"markdown","required":true},"outgoing_connection_count":{"type":"number","description":"The number of concurrent TCP connections open to the REST Consumer. Modifying this attribute while the object (or the relevant part of the object) is administratively enabled may be service impacting as enabled will be temporarily set to false to apply the change. Changes to this attribute are synchronized to HA mates and replication sites via config-sync. The default value is `3`.","description_kind":"markdown","computed":true},"proxy_name":{"type":"string","description":"The name of the proxy to use. Leave empty for no proxy. Changes to this attribute are synchronized to HA mates and replication sites via config-sync. The default value is `\"\"`. Available since SEMP API version 2.36.","description_kind":"markdown","computed":true},"remote_host":{"type":"string","description":"The IP address or DNS name to which the broker is to connect to deliver messages for the REST Consumer. A host value must be configured for the REST Consumer to be operationally up. Modifying this attribute while the object (or the relevant part of the object) is administratively enabled may be service impacting as enabled will be temporarily set to false to apply the change. Changes to this attribute are synchronized to HA mates and replication sites via config-sync. The default value is `\"\"`.","description_kind":"markdown","computed":true},"remote_port":{"type":"number","description":"The port associated with the host of the REST Consumer. Modifying this attribute while the object (or the relevant part of the object) is administratively enabled may be service impacting as enabled will be temporarily set to false to apply the change. Changes to this attribute are synchronized to HA mates and replication sites via config-sync. The default value is `8080`.","description_kind":"markdown","computed":true},"rest_consumer_name":{"type":"string","description":"The name of the REST Consumer.","description_kind":"markdown","required":true},"rest_delivery_point_name":{"type":"string","description":"The name of the REST Delivery Point.","description_kind":"markdown","required":true},"retry_delay":{"type":"number","description":"The number of seconds that must pass before retrying the remote REST Consumer connection. Changes to this attribute are synchronized to HA mates and replication sites via config-sync. The default value is `3`.","description_kind":"markdown","computed":true},"tls_cipher_suite_list":{"type":"string","description":"The colon-separated list of cipher suites the REST Consumer uses in its encrypted connection. The value `\"default\"` implies all supported suites ordered from most secure to least secure. The list of default cipher suites is available in the `tlsCipherSuiteMsgBackboneDefaultList` attribute of the broker object in the Monitoring API. The REST Consumer should choose the first suite from this list that it supports. Modifying this attribute while the object (or the relevant part of the object) is administratively enabled may be service impacting as enabled will be temporarily set to false to apply the change. Changes to this attribute are synchronized to HA mates and replication sites via config-sync. The default value is `\"default\"`.","description_kind":"markdown","computed":true},"tls_enabled":{"type":"bool","description":"Enable or disable encryption (TLS) for the REST Consumer. Modifying this attribute while the object (or the relevant part of the object) is administratively enabled may be service impacting as enabled will be temporarily set to false to apply the change. Changes to this attribute are synchronized to HA mates and replication sites via config-sync. The default value is `false`.","description_kind":"markdown","computed":true}},"description":"REST Consumer objects establish HTTP connectivity to REST consumer applications who wish to receive messages from a broker.\n\n\nAttribute|Identifying|Write-Only|Deprecated|Opaque\n:---|:---:|:---:|:---:|:---:\nauthentication_aws_secret_access_key||x||x\nauthentication_client_cert_content||x||x\nauthentication_client_cert_password||x||\nauthentication_http_basic_password||x||x\nauthentication_http_header_value||x||x\nauthentication_oauth_client_secret||x||x\nauthentication_oauth_jwt_secret_key||x||x\nmsg_vpn_name|x|||\nrest_consumer_name|x|||\nrest_delivery_point_name|x|||\n\n\n\nA SEMP client authorized with a minimum access scope/level of \"vpn/read-only\" is required to perform this operation.\n\nThis has been available since SEMP API version 2.0.","description_kind":"markdown"}},"solacebroker_msg_vpn_rest_delivery_point_rest_consumer_oauth_jwt_claim":{"version":0,"block":{"attributes":{"id":{"type":"string","description":"Identifier attribute, for internal use only.","description_kind":"plain","computed":true},"msg_vpn_name":{"type":"string","description":"The name of the Message VPN.","description_kind":"markdown","required":true},"oauth_jwt_claim_name":{"type":"string","description":"The name of the additional claim. Cannot be \"exp\", \"iat\", or \"jti\".","description_kind":"markdown","required":true},"oauth_jwt_claim_value":{"type":"string","description":"The value of the additional claim, which must be a string containing a valid JSON value.","description_kind":"markdown","computed":true},"rest_consumer_name":{"type":"string","description":"The name of the REST Consumer.","description_kind":"markdown","required":true},"rest_delivery_point_name":{"type":"string","description":"The name of the REST Delivery Point.","description_kind":"markdown","required":true}},"description":"A Claim is added to the JWT sent to the OAuth token request endpoint.\n\n\nAttribute|Identifying|Write-Only|Deprecated|Opaque\n:---|:---:|:---:|:---:|:---:\nmsg_vpn_name|x|||\noauth_jwt_claim_name|x|||\nrest_consumer_name|x|||\nrest_delivery_point_name|x|||\n\n\n\nA SEMP client authorized with a minimum access scope/level of \"vpn/read-only\" is required to perform this operation.\n\nThis has been available since SEMP API version 2.21.","description_kind":"markdown"}},"solacebroker_msg_vpn_sequenced_topic":{"version":0,"block":{"attributes":{"id":{"type":"string","description":"Identifier attribute, for internal use only.","description_kind":"plain","computed":true},"msg_vpn_name":{"type":"string","description":"The name of the Message VPN.","description_kind":"markdown","required":true},"sequenced_topic":{"type":"string","description":"Topic for applying sequence numbers.","description_kind":"markdown","required":true}},"description":"A Sequenced Topic is a topic subscription for which any matching messages received on the Message VPN are assigned a sequence number that is monotonically increased by a value of one per message.\n\n\nAttribute|Identifying|Write-Only|Deprecated|Opaque\n:---|:---:|:---:|:---:|:---:\nmsg_vpn_name|x|||\nsequenced_topic|x|||\n\n\n\nA SEMP client authorized with a minimum access scope/level of \"vpn/read-only\" is required to perform this operation.\n\nThis has been available since SEMP API version 2.0.","description_kind":"markdown"}},"solacebroker_msg_vpn_telemetry_profile":{"version":0,"block":{"attributes":{"id":{"type":"string","description":"Identifier attribute, for internal use only.","description_kind":"plain","computed":true},"msg_vpn_name":{"type":"string","description":"The name of the Message VPN.","description_kind":"markdown","required":true},"queue_event_bind_count_threshold":{"nested_type":{"attributes":{"clear_percent":{"type":"number","description":"The clear threshold for the value of this counter as a percentage of its maximum value. Falling below this value will trigger a corresponding event. This attribute may not be returned in a GET.","description_kind":"markdown","computed":true},"clear_value":{"type":"number","description":"The clear threshold for the absolute value of this counter. Falling below this value will trigger a corresponding event. This attribute may not be returned in a GET.","description_kind":"markdown","computed":true},"set_percent":{"type":"number","description":"The set threshold for the value of this counter as a percentage of its maximum value. Exceeding this value will trigger a corresponding event. This attribute may not be returned in a GET.","description_kind":"markdown","computed":true},"set_value":{"type":"number","description":"The set threshold for the absolute value of this counter. Exceeding this value will trigger a corresponding event. This attribute may not be returned in a GET.","description_kind":"markdown","computed":true}},"nesting_mode":"single"},"description_kind":"plain","computed":true},"queue_event_msg_spool_usage_threshold":{"nested_type":{"attributes":{"clear_percent":{"type":"number","description":"The clear threshold for the value of this counter as a percentage of its maximum value. Falling below this value will trigger a corresponding event. This attribute may not be returned in a GET.","description_kind":"markdown","computed":true},"clear_value":{"type":"number","description":"The clear threshold for the absolute value of this counter. Falling below this value will trigger a corresponding event. This attribute may not be returned in a GET.","description_kind":"markdown","computed":true},"set_percent":{"type":"number","description":"The set threshold for the value of this counter as a percentage of its maximum value. Exceeding this value will trigger a corresponding event. This attribute may not be returned in a GET.","description_kind":"markdown","computed":true},"set_value":{"type":"number","description":"The set threshold for the absolute value of this counter. Exceeding this value will trigger a corresponding event. This attribute may not be returned in a GET.","description_kind":"markdown","computed":true}},"nesting_mode":"single"},"description_kind":"plain","computed":true},"queue_max_bind_count":{"type":"number","description":"The maximum number of consumer flows that can bind to the Queue. Changes to this attribute are synchronized to HA mates and replication sites via config-sync. The default value is `1000`.","description_kind":"markdown","computed":true},"queue_max_msg_spool_usage":{"type":"number","description":"The maximum message spool usage allowed by the Queue, in megabytes (MB). Changes to this attribute are synchronized to HA mates and replication sites via config-sync. The default value is `800000`.","description_kind":"markdown","computed":true},"receiver_acl_connect_default_action":{"type":"string","description":"The default action to take when a receiver client connects to the broker. Changes to this attribute are synchronized to HA mates and replication sites via config-sync. The default value is `\"disallow\"`. The allowed values and their meaning are:\n\n\u003cpre\u003e\n\"allow\" - Allow client connection unless an exception is found for it.\n\"disallow\" - Disallow client connection unless an exception is found for it.\n\u003c/pre\u003e\n","description_kind":"markdown","computed":true},"receiver_enabled":{"type":"bool","description":"Enable or disable the ability for receiver clients to consume from the #telemetry queue. Changes to this attribute are synchronized to HA mates and replication sites via config-sync. The default value is `false`.","description_kind":"markdown","computed":true},"receiver_event_connection_count_per_client_username_threshold":{"nested_type":{"attributes":{"clear_percent":{"type":"number","description":"The clear threshold for the value of this counter as a percentage of its maximum value. Falling below this value will trigger a corresponding event. This attribute may not be returned in a GET.","description_kind":"markdown","computed":true},"clear_value":{"type":"number","description":"The clear threshold for the absolute value of this counter. Falling below this value will trigger a corresponding event. This attribute may not be returned in a GET.","description_kind":"markdown","computed":true},"set_percent":{"type":"number","description":"The set threshold for the value of this counter as a percentage of its maximum value. Exceeding this value will trigger a corresponding event. This attribute may not be returned in a GET.","description_kind":"markdown","computed":true},"set_value":{"type":"number","description":"The set threshold for the absolute value of this counter. Exceeding this value will trigger a corresponding event. This attribute may not be returned in a GET.","description_kind":"markdown","computed":true}},"nesting_mode":"single"},"description_kind":"plain","computed":true},"receiver_max_connection_count_per_client_username":{"type":"number","description":"The maximum number of receiver connections per Client Username. Changes to this attribute are synchronized to HA mates and replication sites via config-sync. The default is the maximum value supported by the platform.","description_kind":"markdown","computed":true},"receiver_tcp_congestion_window_size":{"type":"number","description":"The TCP initial congestion window size for clients using the Client Profile, in multiples of the TCP Maximum Segment Size (MSS). Changing the value from its default of 2 results in non-compliance with RFC 2581. Contact support before changing this value. Changes to this attribute are synchronized to HA mates and replication sites via config-sync. The default value is `2`.","description_kind":"markdown","computed":true},"receiver_tcp_keepalive_count":{"type":"number","description":"The number of TCP keepalive retransmissions to a client using the Client Profile before declaring that it is not available. Changes to this attribute are synchronized to HA mates and replication sites via config-sync. The default value is `5`.","description_kind":"markdown","computed":true},"receiver_tcp_keepalive_idle_time":{"type":"number","description":"The amount of time a client connection using the Client Profile must remain idle before TCP begins sending keepalive probes, in seconds. Changes to this attribute are synchronized to HA mates and replication sites via config-sync. The default value is `3`.","description_kind":"markdown","computed":true},"receiver_tcp_keepalive_interval":{"type":"number","description":"The amount of time between TCP keepalive retransmissions to a client using the Client Profile when no acknowledgment is received, in seconds. Changes to this attribute are synchronized to HA mates and replication sites via config-sync. The default value is `1`.","description_kind":"markdown","computed":true},"receiver_tcp_max_segment_size":{"type":"number","description":"The TCP maximum segment size for clients using the Client Profile, in bytes. Changes are applied to all existing connections. Changes to this attribute are synchronized to HA mates and replication sites via config-sync. The default value is `1460`.","description_kind":"markdown","computed":true},"receiver_tcp_max_window_size":{"type":"number","description":"The TCP maximum window size for clients using the Client Profile, in kilobytes. Changes are applied to all existing connections. This setting is ignored on the software broker. Changes to this attribute are synchronized to HA mates and replication sites via config-sync. The default value is `256`.","description_kind":"markdown","computed":true},"telemetry_profile_name":{"type":"string","description":"The name of the Telemetry Profile.","description_kind":"markdown","required":true},"trace_enabled":{"type":"bool","description":"Enable or disable generation of all trace span data messages. When enabled, the state of configured trace filters control which messages get traced. When disabled, trace span data messages are never generated, regardless of the state of trace filters. Changes to this attribute are synchronized to HA mates and replication sites via config-sync. The default value is `false`.","description_kind":"markdown","computed":true},"trace_send_span_generation_enabled":{"type":"bool","description":"Enable or disable generation of send spans. For the most complete view of broker message processing, this should be enabled. If the information provided by send spans are not needed, send spans can be disabled to reduce the performance impact of tracing. Changes to this attribute are synchronized to HA mates and replication sites via config-sync. The default value is `true`. Available since SEMP API version 2.36.","description_kind":"markdown","computed":true}},"description":"Using the Telemetry Profile allows trace spans to be generated as messages are processed by the broker. The generated spans are stored persistently on the broker and may be consumed by the Solace receiver component of an OpenTelemetry Collector.\n\n\nAttribute|Identifying|Write-Only|Deprecated|Opaque\n:---|:---:|:---:|:---:|:---:\nmsg_vpn_name|x|||\ntelemetry_profile_name|x|||\n\n\n\nA SEMP client authorized with a minimum access scope/level of \"vpn/read-only\" is required to perform this operation.\n\nThis has been available since SEMP API version 2.31.","description_kind":"markdown"}},"solacebroker_msg_vpn_telemetry_profile_receiver_acl_connect_exception":{"version":0,"block":{"attributes":{"id":{"type":"string","description":"Identifier attribute, for internal use only.","description_kind":"plain","computed":true},"msg_vpn_name":{"type":"string","description":"The name of the Message VPN.","description_kind":"markdown","required":true},"receiver_acl_connect_exception_address":{"type":"string","description":"The IP address/netmask of the receiver connect exception in CIDR form.","description_kind":"markdown","required":true},"telemetry_profile_name":{"type":"string","description":"The name of the Telemetry Profile.","description_kind":"markdown","required":true}},"description":"A Receiver ACL Connect Exception is an exception to the default action to take when a receiver connects to the broker. Exceptions must be expressed as an IP address/netmask in CIDR form.\n\n\nAttribute|Identifying|Write-Only|Deprecated|Opaque\n:---|:---:|:---:|:---:|:---:\nmsg_vpn_name|x|||\nreceiver_acl_connect_exception_address|x|||\ntelemetry_profile_name|x|||\n\n\n\nA SEMP client authorized with a minimum access scope/level of \"vpn/read-only\" is required to perform this operation.\n\nThis has been available since SEMP API version 2.31.","description_kind":"markdown"}},"solacebroker_msg_vpn_telemetry_profile_trace_filter":{"version":0,"block":{"attributes":{"enabled":{"type":"bool","description":"Enable or disable the trace filter. When the filter is disabled, the filter's subscriptions will not trigger a message to be traced. Changes to this attribute are synchronized to HA mates and replication sites via config-sync. The default value is `false`.","description_kind":"markdown","computed":true},"id":{"type":"string","description":"Identifier attribute, for internal use only.","description_kind":"plain","computed":true},"msg_vpn_name":{"type":"string","description":"The name of the Message VPN.","description_kind":"markdown","required":true},"telemetry_profile_name":{"type":"string","description":"The name of the Telemetry Profile.","description_kind":"markdown","required":true},"trace_filter_name":{"type":"string","description":"A name used to identify the trace filter. Consider a name that describes the subscriptions contained within the filter, such as the name of the application and/or the scenario in which the trace filter might be enabled, such as \"appNameDebug\".","description_kind":"markdown","required":true}},"description":"A Trace Filter controls which messages received by the broker will be traced. If an incoming message matches an enabled tracing filter's subscription, the message will be traced as it passes through the broker.\n\n\nAttribute|Identifying|Write-Only|Deprecated|Opaque\n:---|:---:|:---:|:---:|:---:\nmsg_vpn_name|x|||\ntelemetry_profile_name|x|||\ntrace_filter_name|x|||\n\n\n\nA SEMP client authorized with a minimum access scope/level of \"vpn/read-only\" is required to perform this operation.\n\nThis has been available since SEMP API version 2.31.","description_kind":"markdown"}},"solacebroker_msg_vpn_telemetry_profile_trace_filter_subscription":{"version":0,"block":{"attributes":{"id":{"type":"string","description":"Identifier attribute, for internal use only.","description_kind":"plain","computed":true},"msg_vpn_name":{"type":"string","description":"The name of the Message VPN.","description_kind":"markdown","required":true},"subscription":{"type":"string","description":"Messages matching this subscription will follow this filter's configuration.","description_kind":"markdown","required":true},"subscription_syntax":{"type":"string","description":"The syntax of the trace filter subscription. The allowed values and their meaning are:\n\n\u003cpre\u003e\n\"smf\" - Subscription uses SMF syntax.\n\"mqtt\" - Subscription uses MQTT syntax.\n\u003c/pre\u003e\n","description_kind":"markdown","required":true},"telemetry_profile_name":{"type":"string","description":"The name of the Telemetry Profile.","description_kind":"markdown","required":true},"trace_filter_name":{"type":"string","description":"A name used to identify the trace filter. Consider a name that describes the subscriptions contained within the filter, such as the name of the application and/or the scenario in which the trace filter might be enabled, such as \"appNameDebug\".","description_kind":"markdown","required":true}},"description":"Trace filter subscriptions control which messages will be attracted by the tracing filter.\n\n\nAttribute|Identifying|Write-Only|Deprecated|Opaque\n:---|:---:|:---:|:---:|:---:\nmsg_vpn_name|x|||\nsubscription|x|||\nsubscription_syntax|x|||\ntelemetry_profile_name|x|||\ntrace_filter_name|x|||\n\n\n\nA SEMP client authorized with a minimum access scope/level of \"vpn/read-only\" is required to perform this operation.\n\nThis has been available since SEMP API version 2.31.","description_kind":"markdown"}},"solacebroker_msg_vpn_topic_endpoint":{"version":0,"block":{"attributes":{"access_type":{"type":"string","description":"The access type for delivering messages to consumer flows bound to the Topic Endpoint. Modifying this attribute while the object (or the relevant part of the object) is administratively enabled may be service impacting as egress_enabled will be temporarily set to false to apply the change. Changes to this attribute are synchronized to HA mates and replication sites via config-sync. The default value is `\"exclusive\"`. The allowed values and their meaning are:\n\n\u003cpre\u003e\n\"exclusive\" - Exclusive delivery of messages to the first bound consumer flow.\n\"non-exclusive\" - Non-exclusive delivery of messages to bound consumer flows in a round-robin (if partition count is zero) or partitioned (if partition count is non-zero) fashion.\n\u003c/pre\u003e\n Available since SEMP API version 2.4.","description_kind":"markdown","computed":true},"consumer_ack_propagation_enabled":{"type":"bool","description":"Enable or disable the propagation of consumer acknowledgments (ACKs) received on the active replication Message VPN to the standby replication Message VPN. Changes to this attribute are synchronized to HA mates and replication sites via config-sync. The default value is `true`.","description_kind":"markdown","computed":true},"dead_msg_queue":{"type":"string","description":"The name of the Dead Message Queue (DMQ) used by the Topic Endpoint. Changes to this attribute are synchronized to HA mates and replication sites via config-sync. The default value is `\"#DEAD_MSG_QUEUE\"`. Available since SEMP API version 2.2.","description_kind":"markdown","computed":true},"delivery_count_enabled":{"type":"bool","description":"Enable or disable the ability for client applications to query the message delivery count of messages received from the Topic Endpoint. This is a controlled availability feature. Please contact support to find out if this feature is supported for your use case. Changes to this attribute are synchronized to HA mates and replication sites via config-sync. The default value is `false`. Available since SEMP API version 2.19.","description_kind":"markdown","computed":true},"delivery_delay":{"type":"number","description":"The delay, in seconds, to apply to messages arriving on the Topic Endpoint before the messages are eligible for delivery. Changes to this attribute are synchronized to HA mates and replication sites via config-sync. The default value is `0`. Available since SEMP API version 2.22.","description_kind":"markdown","computed":true},"egress_enabled":{"type":"bool","description":"Enable or disable the transmission of messages from the Topic Endpoint. Changes to this attribute are synchronized to HA mates and replication sites via config-sync. The default value is `false`.","description_kind":"markdown","computed":true},"event_bind_count_threshold":{"nested_type":{"attributes":{"clear_percent":{"type":"number","description":"The clear threshold for the value of this counter as a percentage of its maximum value. Falling below this value will trigger a corresponding event. This attribute may not be returned in a GET.","description_kind":"markdown","computed":true},"clear_value":{"type":"number","description":"The clear threshold for the absolute value of this counter. Falling below this value will trigger a corresponding event. This attribute may not be returned in a GET.","description_kind":"markdown","computed":true},"set_percent":{"type":"number","description":"The set threshold for the value of this counter as a percentage of its maximum value. Exceeding this value will trigger a corresponding event. This attribute may not be returned in a GET.","description_kind":"markdown","computed":true},"set_value":{"type":"number","description":"The set threshold for the absolute value of this counter. Exceeding this value will trigger a corresponding event. This attribute may not be returned in a GET.","description_kind":"markdown","computed":true}},"nesting_mode":"single"},"description_kind":"plain","computed":true},"event_reject_low_priority_msg_limit_threshold":{"nested_type":{"attributes":{"clear_percent":{"type":"number","description":"The clear threshold for the value of this counter as a percentage of its maximum value. Falling below this value will trigger a corresponding event. This attribute may not be returned in a GET.","description_kind":"markdown","computed":true},"clear_value":{"type":"number","description":"The clear threshold for the absolute value of this counter. Falling below this value will trigger a corresponding event. This attribute may not be returned in a GET.","description_kind":"markdown","computed":true},"set_percent":{"type":"number","description":"The set threshold for the value of this counter as a percentage of its maximum value. Exceeding this value will trigger a corresponding event. This attribute may not be returned in a GET.","description_kind":"markdown","computed":true},"set_value":{"type":"number","description":"The set threshold for the absolute value of this counter. Exceeding this value will trigger a corresponding event. This attribute may not be returned in a GET.","description_kind":"markdown","computed":true}},"nesting_mode":"single"},"description_kind":"plain","computed":true},"event_spool_usage_threshold":{"nested_type":{"attributes":{"clear_percent":{"type":"number","description":"The clear threshold for the value of this counter as a percentage of its maximum value. Falling below this value will trigger a corresponding event. This attribute may not be returned in a GET.","description_kind":"markdown","computed":true},"clear_value":{"type":"number","description":"The clear threshold for the absolute value of this counter. Falling below this value will trigger a corresponding event. This attribute may not be returned in a GET.","description_kind":"markdown","computed":true},"set_percent":{"type":"number","description":"The set threshold for the value of this counter as a percentage of its maximum value. Exceeding this value will trigger a corresponding event. This attribute may not be returned in a GET.","description_kind":"markdown","computed":true},"set_value":{"type":"number","description":"The set threshold for the absolute value of this counter. Exceeding this value will trigger a corresponding event. This attribute may not be returned in a GET.","description_kind":"markdown","computed":true}},"nesting_mode":"single"},"description_kind":"plain","computed":true},"id":{"type":"string","description":"Identifier attribute, for internal use only.","description_kind":"plain","computed":true},"ingress_enabled":{"type":"bool","description":"Enable or disable the reception of messages to the Topic Endpoint. Changes to this attribute are synchronized to HA mates and replication sites via config-sync. The default value is `false`.","description_kind":"markdown","computed":true},"max_bind_count":{"type":"number","description":"The maximum number of consumer flows that can bind to the Topic Endpoint. Changes to this attribute are synchronized to HA mates and replication sites via config-sync. The default value is `1`. Available since SEMP API version 2.4.","description_kind":"markdown","computed":true},"max_delivered_unacked_msgs_per_flow":{"type":"number","description":"The maximum number of messages delivered but not acknowledged per flow for the Topic Endpoint. Changes to this attribute are synchronized to HA mates and replication sites via config-sync. The default value is `10000`.","description_kind":"markdown","computed":true},"max_msg_size":{"type":"number","description":"The maximum message size allowed in the Topic Endpoint, in bytes (B). Changes to this attribute are synchronized to HA mates and replication sites via config-sync. The default value is `10000000`.","description_kind":"markdown","computed":true},"max_redelivery_count":{"type":"number","description":"The maximum number of times the Topic Endpoint will attempt redelivery of a message prior to it being discarded or moved to the DMQ. A value of 0 means to retry forever. Changes to this attribute are synchronized to HA mates and replication sites via config-sync. The default value is `0`.","description_kind":"markdown","computed":true},"max_spool_usage":{"type":"number","description":"The maximum message spool usage allowed by the Topic Endpoint, in megabytes (MB). A value of 0 only allows spooling of the last message received and disables quota checking. Changes to this attribute are synchronized to HA mates and replication sites via config-sync. The default value is `5000`.","description_kind":"markdown","computed":true},"max_ttl":{"type":"number","description":"The maximum time in seconds a message can stay in the Topic Endpoint when `respect_ttl_enabled` is `\"true\"`. A message expires when the lesser of the sender assigned time-to-live (TTL) in the message and the `max_ttl` configured for the Topic Endpoint, is exceeded. A value of 0 disables expiry. Changes to this attribute are synchronized to HA mates and replication sites via config-sync. The default value is `0`.","description_kind":"markdown","computed":true},"msg_vpn_name":{"type":"string","description":"The name of the Message VPN.","description_kind":"markdown","required":true},"owner":{"type":"string","description":"The Client Username that owns the Topic Endpoint and has permission equivalent to `\"delete\"`. Modifying this attribute while the object (or the relevant part of the object) is administratively enabled may be service impacting as egress_enabled will be temporarily set to false to apply the change. Changes to this attribute are synchronized to HA mates and replication sites via config-sync. The default value is `\"\"`.","description_kind":"markdown","computed":true},"permission":{"type":"string","description":"The permission level for all consumers of the Topic Endpoint, excluding the owner. Modifying this attribute while the object (or the relevant part of the object) is administratively enabled may be service impacting as egress_enabled will be temporarily set to false to apply the change. Changes to this attribute are synchronized to HA mates and replication sites via config-sync. The default value is `\"no-access\"`. The allowed values and their meaning are:\n\n\u003cpre\u003e\n\"no-access\" - Disallows all access.\n\"read-only\" - Read-only access to the messages.\n\"consume\" - Consume (read and remove) messages.\n\"modify-topic\" - Consume messages or modify the topic/selector.\n\"delete\" - Consume messages, modify the topic/selector or delete the Client created endpoint altogether.\n\u003c/pre\u003e\n","description_kind":"markdown","computed":true},"redelivery_delay_enabled":{"type":"bool","description":"Enable or disable a message redelivery delay. When false, messages are redelivered as-soon-as-possible.  When true, messages are redelivered according to the initial, max and multiplier.  This should only be enabled when redelivery is enabled. Modifying this attribute while the object (or the relevant part of the object) is administratively enabled may be service impacting as egress_enabled will be temporarily set to false to apply the change. Changes to this attribute are synchronized to HA mates and replication sites via config-sync. The default value is `false`. Available since SEMP API version 2.33.","description_kind":"markdown","computed":true},"redelivery_delay_initial_interval":{"type":"number","description":"The delay to be used between the first 2 redelivery attempts.  This value is in milliseconds. Modifying this attribute while the object (or the relevant part of the object) is administratively enabled may be service impacting as egress_enabled will be temporarily set to false to apply the change. Changes to this attribute are synchronized to HA mates and replication sites via config-sync. The default value is `1000`. Available since SEMP API version 2.33.","description_kind":"markdown","computed":true},"redelivery_delay_max_interval":{"type":"number","description":"The maximum delay to be used between any 2 redelivery attempts.  This value is in milliseconds.  Due to technical limitations, some redelivery attempt delays may slightly exceed this value. Modifying this attribute while the object (or the relevant part of the object) is administratively enabled may be service impacting as egress_enabled will be temporarily set to false to apply the change. Changes to this attribute are synchronized to HA mates and replication sites via config-sync. The default value is `64000`. Available since SEMP API version 2.33.","description_kind":"markdown","computed":true},"redelivery_delay_multiplier":{"type":"number","description":"The amount each delay interval is multiplied by after each failed delivery attempt.  This number is in a fixed-point decimal format in which you must divide by 100 to get the floating point value. For example, a value of 125 would cause the delay to be multiplied by 1.25. Modifying this attribute while the object (or the relevant part of the object) is administratively enabled may be service impacting as egress_enabled will be temporarily set to false to apply the change. Changes to this attribute are synchronized to HA mates and replication sites via config-sync. The default value is `200`. Available since SEMP API version 2.33.","description_kind":"markdown","computed":true},"redelivery_enabled":{"type":"bool","description":"Enable or disable message redelivery. When enabled, the number of redelivery attempts is controlled by max_redelivery_count. When disabled, the message will never be delivered from the topic-endpoint more than once. Changes to this attribute are synchronized to HA mates and replication sites via config-sync. The default value is `true`. Available since SEMP API version 2.18.","description_kind":"markdown","computed":true},"reject_low_priority_msg_enabled":{"type":"bool","description":"Enable or disable the checking of low priority messages against the `reject_low_priority_msg_limit`. This may only be enabled if `reject_msg_to_sender_on_discard_behavior` does not have a value of `\"never\"`. Changes to this attribute are synchronized to HA mates and replication sites via config-sync. The default value is `false`.","description_kind":"markdown","computed":true},"reject_low_priority_msg_limit":{"type":"number","description":"The number of messages of any priority in the Topic Endpoint above which low priority messages are not admitted but higher priority messages are allowed. Changes to this attribute are synchronized to HA mates and replication sites via config-sync. The default value is `0`.","description_kind":"markdown","computed":true},"reject_msg_to_sender_on_discard_behavior":{"type":"string","description":"Determines when to return negative acknowledgments (NACKs) to sending clients on message discards. Note that NACKs cause the message to not be delivered to any destination and Transacted Session commits to fail. Modifying this attribute while the object (or the relevant part of the object) is administratively enabled may be service impacting as reject_low_priority_msg_enabled will be temporarily set to false to apply the change. Changes to this attribute are synchronized to HA mates and replication sites via config-sync. The default value is `\"never\"`. The allowed values and their meaning are:\n\n\u003cpre\u003e\n\"never\" - Silently discard messages.\n\"when-topic-endpoint-enabled\" - NACK each message discard back to the client, except messages that are discarded because an endpoint is administratively disabled.\n\"always\" - NACK each message discard back to the client, including messages that are discarded because an endpoint is administratively disabled.\n\u003c/pre\u003e\n","description_kind":"markdown","computed":true},"respect_msg_priority_enabled":{"type":"bool","description":"Enable or disable the respecting of message priority. When enabled, messages contained in the Topic Endpoint are delivered in priority order, from 9 (highest) to 0 (lowest). Modifying this attribute while the object (or the relevant part of the object) is administratively enabled may be service impacting as egress_enabled and ingress_enabled will be temporarily set to false to apply the change. Changes to this attribute are synchronized to HA mates and replication sites via config-sync. The default value is `false`. Available since SEMP API version 2.8.","description_kind":"markdown","computed":true},"respect_ttl_enabled":{"type":"bool","description":"Enable or disable the respecting of the time-to-live (TTL) for messages in the Topic Endpoint. When enabled, expired messages are discarded or moved to the DMQ. Changes to this attribute are synchronized to HA mates and replication sites via config-sync. The default value is `false`.","description_kind":"markdown","computed":true},"topic_endpoint_name":{"type":"string","description":"The name of the Topic Endpoint.","description_kind":"markdown","required":true}},"description":"A Topic Endpoint attracts messages published to a topic for which the Topic Endpoint has a matching topic subscription. The topic subscription for the Topic Endpoint is specified in the client request to bind a Flow to that Topic Endpoint. Queues are significantly more flexible than Topic Endpoints and are the recommended approach for most applications. The use of Topic Endpoints should be restricted to JMS applications.\n\n\nAttribute|Identifying|Write-Only|Deprecated|Opaque\n:---|:---:|:---:|:---:|:---:\nmsg_vpn_name|x|||\ntopic_endpoint_name|x|||\n\n\n\nA SEMP client authorized with a minimum access scope/level of \"vpn/read-only\" is required to perform this operation.\n\nThis has been available since SEMP API version 2.1.","description_kind":"markdown"}},"solacebroker_msg_vpn_topic_endpoint_template":{"version":0,"block":{"attributes":{"access_type":{"type":"string","description":"The access type for delivering messages to consumer flows. Changes to this attribute are synchronized to HA mates and replication sites via config-sync. The default value is `\"exclusive\"`. The allowed values and their meaning are:\n\n\u003cpre\u003e\n\"exclusive\" - Exclusive delivery of messages to the first bound consumer flow.\n\"non-exclusive\" - Non-exclusive delivery of messages to bound consumer flows in a round-robin (if partition count is zero) or partitioned (if partition count is non-zero) fashion.\n\u003c/pre\u003e\n","description_kind":"markdown","computed":true},"consumer_ack_propagation_enabled":{"type":"bool","description":"Enable or disable the propagation of consumer acknowledgments (ACKs) received on the active replication Message VPN to the standby replication Message VPN. Changes to this attribute are synchronized to HA mates and replication sites via config-sync. The default value is `true`.","description_kind":"markdown","computed":true},"dead_msg_queue":{"type":"string","description":"The name of the Dead Message Queue (DMQ). Changes to this attribute are synchronized to HA mates and replication sites via config-sync. The default value is `\"#DEAD_MSG_QUEUE\"`.","description_kind":"markdown","computed":true},"delivery_delay":{"type":"number","description":"The delay, in seconds, to apply to messages arriving on the Topic Endpoint before the messages are eligible for delivery. Changes to this attribute are synchronized to HA mates and replication sites via config-sync. The default value is `0`. Available since SEMP API version 2.22.","description_kind":"markdown","computed":true},"event_bind_count_threshold":{"nested_type":{"attributes":{"clear_percent":{"type":"number","description":"The clear threshold for the value of this counter as a percentage of its maximum value. Falling below this value will trigger a corresponding event. This attribute may not be returned in a GET.","description_kind":"markdown","computed":true},"clear_value":{"type":"number","description":"The clear threshold for the absolute value of this counter. Falling below this value will trigger a corresponding event. This attribute may not be returned in a GET.","description_kind":"markdown","computed":true},"set_percent":{"type":"number","description":"The set threshold for the value of this counter as a percentage of its maximum value. Exceeding this value will trigger a corresponding event. This attribute may not be returned in a GET.","description_kind":"markdown","computed":true},"set_value":{"type":"number","description":"The set threshold for the absolute value of this counter. Exceeding this value will trigger a corresponding event. This attribute may not be returned in a GET.","description_kind":"markdown","computed":true}},"nesting_mode":"single"},"description_kind":"plain","computed":true},"event_msg_spool_usage_threshold":{"nested_type":{"attributes":{"clear_percent":{"type":"number","description":"The clear threshold for the value of this counter as a percentage of its maximum value. Falling below this value will trigger a corresponding event. This attribute may not be returned in a GET.","description_kind":"markdown","computed":true},"clear_value":{"type":"number","description":"The clear threshold for the absolute value of this counter. Falling below this value will trigger a corresponding event. This attribute may not be returned in a GET.","description_kind":"markdown","computed":true},"set_percent":{"type":"number","description":"The set threshold for the value of this counter as a percentage of its maximum value. Exceeding this value will trigger a corresponding event. This attribute may not be returned in a GET.","description_kind":"markdown","computed":true},"set_value":{"type":"number","description":"The set threshold for the absolute value of this counter. Exceeding this value will trigger a corresponding event. This attribute may not be returned in a GET.","description_kind":"markdown","computed":true}},"nesting_mode":"single"},"description_kind":"plain","computed":true},"event_reject_low_priority_msg_limit_threshold":{"nested_type":{"attributes":{"clear_percent":{"type":"number","description":"The clear threshold for the value of this counter as a percentage of its maximum value. Falling below this value will trigger a corresponding event. This attribute may not be returned in a GET.","description_kind":"markdown","computed":true},"clear_value":{"type":"number","description":"The clear threshold for the absolute value of this counter. Falling below this value will trigger a corresponding event. This attribute may not be returned in a GET.","description_kind":"markdown","computed":true},"set_percent":{"type":"number","description":"The set threshold for the value of this counter as a percentage of its maximum value. Exceeding this value will trigger a corresponding event. This attribute may not be returned in a GET.","description_kind":"markdown","computed":true},"set_value":{"type":"number","description":"The set threshold for the absolute value of this counter. Exceeding this value will trigger a corresponding event. This attribute may not be returned in a GET.","description_kind":"markdown","computed":true}},"nesting_mode":"single"},"description_kind":"plain","computed":true},"id":{"type":"string","description":"Identifier attribute, for internal use only.","description_kind":"plain","computed":true},"max_bind_count":{"type":"number","description":"The maximum number of consumer flows that can bind. Changes to this attribute are synchronized to HA mates and replication sites via config-sync. The default value is `1`.","description_kind":"markdown","computed":true},"max_delivered_unacked_msgs_per_flow":{"type":"number","description":"The maximum number of messages delivered but not acknowledged per flow. Changes to this attribute are synchronized to HA mates and replication sites via config-sync. The default value is `10000`.","description_kind":"markdown","computed":true},"max_msg_size":{"type":"number","description":"The maximum message size allowed, in bytes (B). Changes to this attribute are synchronized to HA mates and replication sites via config-sync. The default value is `10000000`.","description_kind":"markdown","computed":true},"max_msg_spool_usage":{"type":"number","description":"The maximum message spool usage allowed, in megabytes (MB). A value of 0 only allows spooling of the last message received and disables quota checking. Changes to this attribute are synchronized to HA mates and replication sites via config-sync. The default value is `5000`.","description_kind":"markdown","computed":true},"max_redelivery_count":{"type":"number","description":"The maximum number of message redelivery attempts that will occur prior to the message being discarded or moved to the DMQ. A value of 0 means to retry forever. Changes to this attribute are synchronized to HA mates and replication sites via config-sync. The default value is `0`.","description_kind":"markdown","computed":true},"max_ttl":{"type":"number","description":"The maximum time in seconds a message can stay in the Topic Endpoint when `respect_ttl_enabled` is `\"true\"`. A message expires when the lesser of the sender assigned time-to-live (TTL) in the message and the `max_ttl` configured for the Topic Endpoint, is exceeded. A value of 0 disables expiry. Changes to this attribute are synchronized to HA mates and replication sites via config-sync. The default value is `0`.","description_kind":"markdown","computed":true},"msg_vpn_name":{"type":"string","description":"The name of the Message VPN.","description_kind":"markdown","required":true},"permission":{"type":"string","description":"The permission level for all consumers, excluding the owner. Changes to this attribute are synchronized to HA mates and replication sites via config-sync. The default value is `\"no-access\"`. The allowed values and their meaning are:\n\n\u003cpre\u003e\n\"no-access\" - Disallows all access.\n\"read-only\" - Read-only access to the messages.\n\"consume\" - Consume (read and remove) messages.\n\"modify-topic\" - Consume messages or modify the topic/selector.\n\"delete\" - Consume messages, modify the topic/selector or delete the Client created endpoint altogether.\n\u003c/pre\u003e\n","description_kind":"markdown","computed":true},"redelivery_delay_enabled":{"type":"bool","description":"Enable or disable a message redelivery delay. When false, messages are redelivered as-soon-as-possible.  When true, messages are redelivered according to the initial, max and multiplier.  This should only be enabled when redelivery is enabled. Changes to this attribute are synchronized to HA mates and replication sites via config-sync. The default value is `false`. Available since SEMP API version 2.33.","description_kind":"markdown","computed":true},"redelivery_delay_initial_interval":{"type":"number","description":"The delay to be used between the first 2 redelivery attempts.  This value is in milliseconds. Changes to this attribute are synchronized to HA mates and replication sites via config-sync. The default value is `1000`. Available since SEMP API version 2.33.","description_kind":"markdown","computed":true},"redelivery_delay_max_interval":{"type":"number","description":"The maximum delay to be used between any 2 redelivery attempts.  This value is in milliseconds.  Due to technical limitations, some redelivery attempt delays may slightly exceed this value. Changes to this attribute are synchronized to HA mates and replication sites via config-sync. The default value is `64000`. Available since SEMP API version 2.33.","description_kind":"markdown","computed":true},"redelivery_delay_multiplier":{"type":"number","description":"The amount each delay interval is multiplied by after each failed delivery attempt.  This number is in a fixed-point decimal format in which you must divide by 100 to get the floating point value. For example, a value of 125 would cause the delay to be multiplied by 1.25. Changes to this attribute are synchronized to HA mates and replication sites via config-sync. The default value is `200`. Available since SEMP API version 2.33.","description_kind":"markdown","computed":true},"redelivery_enabled":{"type":"bool","description":"Enable or disable message redelivery. When enabled, the number of redelivery attempts is controlled by max_redelivery_count. When disabled, the message will never be delivered from the topic-endpoint more than once. Changes to this attribute are synchronized to HA mates and replication sites via config-sync. The default value is `true`. Available since SEMP API version 2.18.","description_kind":"markdown","computed":true},"reject_low_priority_msg_enabled":{"type":"bool","description":"Enable or disable the checking of low priority messages against the `reject_low_priority_msg_limit`. This may only be enabled if `reject_msg_to_sender_on_discard_behavior` does not have a value of `\"never\"`. Changes to this attribute are synchronized to HA mates and replication sites via config-sync. The default value is `false`.","description_kind":"markdown","computed":true},"reject_low_priority_msg_limit":{"type":"number","description":"The number of messages that are permitted before low priority messages are rejected. Changes to this attribute are synchronized to HA mates and replication sites via config-sync. The default value is `0`.","description_kind":"markdown","computed":true},"reject_msg_to_sender_on_discard_behavior":{"type":"string","description":"Determines when to return negative acknowledgments (NACKs) to sending clients on message discards. Note that NACKs cause the message to not be delivered to any destination and Transacted Session commits to fail. Changes to this attribute are synchronized to HA mates and replication sites via config-sync. The default value is `\"never\"`. The allowed values and their meaning are:\n\n\u003cpre\u003e\n\"never\" - Silently discard messages.\n\"when-topic-endpoint-enabled\" - NACK each message discard back to the client, except messages that are discarded because an endpoint is administratively disabled.\n\"always\" - NACK each message discard back to the client, including messages that are discarded because an endpoint is administratively disabled.\n\u003c/pre\u003e\n","description_kind":"markdown","computed":true},"respect_msg_priority_enabled":{"type":"bool","description":"Enable or disable the respecting of message priority. When enabled, messages are delivered in priority order, from 9 (highest) to 0 (lowest). Changes to this attribute are synchronized to HA mates and replication sites via config-sync. The default value is `false`.","description_kind":"markdown","computed":true},"respect_ttl_enabled":{"type":"bool","description":"Enable or disable the respecting of the time-to-live (TTL) for messages. When enabled, expired messages are discarded or moved to the DMQ. Changes to this attribute are synchronized to HA mates and replication sites via config-sync. The default value is `false`.","description_kind":"markdown","computed":true},"topic_endpoint_name_filter":{"type":"string","description":"A pattern used to determine which Topic Endpoints use settings from this Template. Two different wildcards can be used in the pattern: * and \u003e. Similar to topic filters or subscription patterns, a \u003e matches anything (but only when used at the end), and a * matches zero or more characters but never a slash (/). A \u003e is only a wildcard when  used at the end, after a /. A * is only allowed at the end, after a slash (/). Changes to this attribute are synchronized to HA mates and replication sites via config-sync. The default value is `\"\"`.","description_kind":"markdown","computed":true},"topic_endpoint_template_name":{"type":"string","description":"The name of the Topic Endpoint Template.","description_kind":"markdown","required":true}},"description":"A Topic Endpoint Template provides a mechanism for specifying the initial state for client created topic endpoints.\n\n\nAttribute|Identifying|Write-Only|Deprecated|Opaque\n:---|:---:|:---:|:---:|:---:\nmsg_vpn_name|x|||\ntopic_endpoint_template_name|x|||\n\n\n\nA SEMP client authorized with a minimum access scope/level of \"vpn/read-only\" is required to perform this operation.\n\nThis has been available since SEMP API version 2.14.","description_kind":"markdown"}},"solacebroker_oauth_profile":{"version":0,"block":{"attributes":{"access_level_groups_claim_name":{"type":"string","description":"The name of the groups claim. Changes to this attribute are synchronized to HA mates via config-sync. The default value is `\"groups\"`.","description_kind":"markdown","computed":true},"access_level_groups_claim_string_format":{"type":"string","description":"The format of the access level groups claim value when it is a string. Changes to this attribute are synchronized to HA mates via config-sync. The default value is `\"single\"`. The allowed values and their meaning are:\n\n\u003cpre\u003e\n\"single\" - When the claim is a string, it is interpreted as as single group.\n\"space-delimited\" - When the claim is a string, it is interpreted as a space-delimited list of groups, similar to the \"scope\" claim.\n\u003c/pre\u003e\n Available since SEMP API version 2.32.","description_kind":"markdown","computed":true},"client_id":{"type":"string","description":"The OAuth client id. Changes to this attribute are synchronized to HA mates via config-sync. The default value is `\"\"`.","description_kind":"markdown","computed":true},"client_redirect_uri":{"type":"string","description":"The OAuth redirect URI. Changes to this attribute are synchronized to HA mates via config-sync. The default value is `\"\"`.","description_kind":"markdown","computed":true},"client_required_type":{"type":"string","description":"The required value for the TYP field in the ID token header. Changes to this attribute are synchronized to HA mates via config-sync. The default value is `\"JWT\"`.","description_kind":"markdown","computed":true},"client_scope":{"type":"string","description":"The OAuth scope. Changes to this attribute are synchronized to HA mates via config-sync. The default value is `\"openid email\"`.","description_kind":"markdown","computed":true},"client_validate_type_enabled":{"type":"bool","description":"Enable or disable verification of the TYP field in the ID token header. Changes to this attribute are synchronized to HA mates via config-sync. The default value is `true`.","description_kind":"markdown","computed":true},"default_global_access_level":{"type":"string","description":"The default global access level for this OAuth profile. Changes to this attribute are synchronized to HA mates via config-sync. The default value is `\"none\"`. The allowed values and their meaning are:\n\n\u003cpre\u003e\n\"none\" - User has no access to global data.\n\"read-only\" - User has read-only access to global data.\n\"read-write\" - User has read-write access to most global data.\n\"admin\" - User has read-write access to all global data.\n\u003c/pre\u003e\n","description_kind":"markdown","computed":true},"default_msg_vpn_access_level":{"type":"string","description":"The default message VPN access level for the OAuth profile. Changes to this attribute are synchronized to HA mates via config-sync. The default value is `\"none\"`. The allowed values and their meaning are:\n\n\u003cpre\u003e\n\"none\" - User has no access to a Message VPN.\n\"read-only\" - User has read-only access to a Message VPN.\n\"read-write\" - User has read-write access to most Message VPN settings.\n\u003c/pre\u003e\n","description_kind":"markdown","computed":true},"display_name":{"type":"string","description":"The user friendly name for the OAuth profile. Changes to this attribute are synchronized to HA mates via config-sync. The default value is `\"\"`.","description_kind":"markdown","computed":true},"enabled":{"type":"bool","description":"Enable or disable the OAuth profile. Changes to this attribute are synchronized to HA mates via config-sync. The default value is `false`.","description_kind":"markdown","computed":true},"endpoint_authorization":{"type":"string","description":"The OAuth authorization endpoint. Changes to this attribute are synchronized to HA mates via config-sync. The default value is `\"\"`.","description_kind":"markdown","computed":true},"endpoint_discovery":{"type":"string","description":"The OpenID Connect discovery endpoint or OAuth Authorization Server Metadata endpoint. Changes to this attribute are synchronized to HA mates via config-sync. The default value is `\"\"`.","description_kind":"markdown","computed":true},"endpoint_discovery_refresh_interval":{"type":"number","description":"The number of seconds between discovery endpoint requests. Changes to this attribute are synchronized to HA mates via config-sync. The default value is `86400`.","description_kind":"markdown","computed":true},"endpoint_introspection":{"type":"string","description":"The OAuth introspection endpoint. Changes to this attribute are synchronized to HA mates via config-sync. The default value is `\"\"`.","description_kind":"markdown","computed":true},"endpoint_introspection_timeout":{"type":"number","description":"The maximum time in seconds a token introspection request is allowed to take. Changes to this attribute are synchronized to HA mates via config-sync. The default value is `1`.","description_kind":"markdown","computed":true},"endpoint_jwks":{"type":"string","description":"The OAuth JWKS endpoint. Changes to this attribute are synchronized to HA mates via config-sync. The default value is `\"\"`.","description_kind":"markdown","computed":true},"endpoint_jwks_refresh_interval":{"type":"number","description":"The number of seconds between JWKS endpoint requests. Changes to this attribute are synchronized to HA mates via config-sync. The default value is `86400`.","description_kind":"markdown","computed":true},"endpoint_token":{"type":"string","description":"The OAuth token endpoint. Changes to this attribute are synchronized to HA mates via config-sync. The default value is `\"\"`.","description_kind":"markdown","computed":true},"endpoint_token_timeout":{"type":"number","description":"The maximum time in seconds a token request is allowed to take. Changes to this attribute are synchronized to HA mates via config-sync. The default value is `1`.","description_kind":"markdown","computed":true},"endpoint_userinfo":{"type":"string","description":"The OpenID Connect Userinfo endpoint. Changes to this attribute are synchronized to HA mates via config-sync. The default value is `\"\"`.","description_kind":"markdown","computed":true},"endpoint_userinfo_timeout":{"type":"number","description":"The maximum time in seconds a userinfo request is allowed to take. Changes to this attribute are synchronized to HA mates via config-sync. The default value is `1`.","description_kind":"markdown","computed":true},"id":{"type":"string","description":"Identifier attribute, for internal use only.","description_kind":"plain","computed":true},"interactive_enabled":{"type":"bool","description":"Enable or disable interactive logins via this OAuth provider. Changes to this attribute are synchronized to HA mates via config-sync. The default value is `true`.","description_kind":"markdown","computed":true},"interactive_prompt_for_expired_session":{"type":"string","description":"The value of the prompt parameter provided to the OAuth authorization server for login requests where the session has expired. Changes to this attribute are synchronized to HA mates via config-sync. The default value is `\"\"`.","description_kind":"markdown","computed":true},"interactive_prompt_for_new_session":{"type":"string","description":"The value of the prompt parameter provided to the OAuth authorization server for login requests where the session is new or the user has explicitly logged out. Changes to this attribute are synchronized to HA mates via config-sync. The default value is `\"select_account\"`.","description_kind":"markdown","computed":true},"issuer":{"type":"string","description":"The Issuer Identifier for the OAuth provider. Changes to this attribute are synchronized to HA mates via config-sync. The default value is `\"\"`.","description_kind":"markdown","computed":true},"oauth_profile_name":{"type":"string","description":"The name of the OAuth profile.","description_kind":"markdown","required":true},"oauth_role":{"type":"string","description":"The OAuth role of the broker. Changes to this attribute are synchronized to HA mates via config-sync. The default value is `\"client\"`. The allowed values and their meaning are:\n\n\u003cpre\u003e\n\"client\" - The broker is in the OAuth client role.\n\"resource-server\" - The broker is in the OAuth resource server role.\n\u003c/pre\u003e\n","description_kind":"markdown","computed":true},"resource_server_parse_access_token_enabled":{"type":"bool","description":"Enable or disable parsing of the access token as a JWT. Changes to this attribute are synchronized to HA mates via config-sync. The default value is `true`.","description_kind":"markdown","computed":true},"resource_server_required_audience":{"type":"string","description":"The required audience value. Changes to this attribute are synchronized to HA mates via config-sync. The default value is `\"\"`.","description_kind":"markdown","computed":true},"resource_server_required_issuer":{"type":"string","description":"The required issuer value. Changes to this attribute are synchronized to HA mates via config-sync. The default value is `\"\"`.","description_kind":"markdown","computed":true},"resource_server_required_scope":{"type":"string","description":"A space-separated list of scopes that must be present in the scope claim. Changes to this attribute are synchronized to HA mates via config-sync. The default value is `\"\"`.","description_kind":"markdown","computed":true},"resource_server_required_type":{"type":"string","description":"The required TYP value. Changes to this attribute are synchronized to HA mates via config-sync. The default value is `\"at+jwt\"`.","description_kind":"markdown","computed":true},"resource_server_validate_audience_enabled":{"type":"bool","description":"Enable or disable verification of the audience claim in the access token or introspection response. Changes to this attribute are synchronized to HA mates via config-sync. The default value is `true`.","description_kind":"markdown","computed":true},"resource_server_validate_issuer_enabled":{"type":"bool","description":"Enable or disable verification of the issuer claim in the access token or introspection response. Changes to this attribute are synchronized to HA mates via config-sync. The default value is `true`.","description_kind":"markdown","computed":true},"resource_server_validate_scope_enabled":{"type":"bool","description":"Enable or disable verification of the scope claim in the access token or introspection response. Changes to this attribute are synchronized to HA mates via config-sync. The default value is `true`.","description_kind":"markdown","computed":true},"resource_server_validate_type_enabled":{"type":"bool","description":"Enable or disable verification of the TYP field in the access token header. Changes to this attribute are synchronized to HA mates via config-sync. The default value is `true`.","description_kind":"markdown","computed":true},"semp_enabled":{"type":"bool","description":"Enable or disable authentication of SEMP requests with OAuth tokens. Changes to this attribute are synchronized to HA mates via config-sync. The default value is `true`.","description_kind":"markdown","computed":true},"username_claim_name":{"type":"string","description":"The name of the username claim. Changes to this attribute are synchronized to HA mates via config-sync. The default value is `\"sub\"`.","description_kind":"markdown","computed":true}},"description":"OAuth profiles specify how to securely authenticate to an OAuth provider.\n\n\nAttribute|Identifying|Write-Only|Deprecated|Opaque\n:---|:---:|:---:|:---:|:---:\nclient_secret||x||x\noauth_profile_name|x|||\n\n\n\nA SEMP client authorized with a minimum access scope/level of \"global/read-only\" is required to perform this operation.\n\nThis has been available since SEMP API version 2.24.","description_kind":"markdown"}},"solacebroker_oauth_profile_access_level_group":{"version":0,"block":{"attributes":{"description":{"type":"string","description":"A description for the group. Changes to this attribute are synchronized to HA mates via config-sync. The default value is `\"\"`.","description_kind":"markdown","computed":true},"global_access_level":{"type":"string","description":"The global access level for this group. Changes to this attribute are synchronized to HA mates via config-sync. The default value is `\"none\"`. The allowed values and their meaning are:\n\n\u003cpre\u003e\n\"none\" - User has no access to global data.\n\"read-only\" - User has read-only access to global data.\n\"read-write\" - User has read-write access to most global data.\n\"admin\" - User has read-write access to all global data.\n\u003c/pre\u003e\n","description_kind":"markdown","computed":true},"group_name":{"type":"string","description":"The name of the group.","description_kind":"markdown","required":true},"id":{"type":"string","description":"Identifier attribute, for internal use only.","description_kind":"plain","computed":true},"msg_vpn_access_level":{"type":"string","description":"The default message VPN access level for this group. Changes to this attribute are synchronized to HA mates via config-sync. The default value is `\"none\"`. The allowed values and their meaning are:\n\n\u003cpre\u003e\n\"none\" - User has no access to a Message VPN.\n\"read-only\" - User has read-only access to a Message VPN.\n\"read-write\" - User has read-write access to most Message VPN settings.\n\u003c/pre\u003e\n","description_kind":"markdown","computed":true},"oauth_profile_name":{"type":"string","description":"The name of the OAuth profile.","description_kind":"markdown","required":true}},"description":"The name of a group as it exists on the OAuth server being used to authenticate SEMP users.\n\n\nAttribute|Identifying|Write-Only|Deprecated|Opaque\n:---|:---:|:---:|:---:|:---:\ngroup_name|x|||\noauth_profile_name|x|||\n\n\n\nA SEMP client authorized with a minimum access scope/level of \"global/read-only\" is required to perform this operation.\n\nThis has been available since SEMP API version 2.24.","description_kind":"markdown"}},"solacebroker_oauth_profile_access_level_group_msg_vpn_access_level_exception":{"version":0,"block":{"attributes":{"access_level":{"type":"string","description":"The message VPN access level. Changes to this attribute are synchronized to HA mates via config-sync. The default value is `\"none\"`. The allowed values and their meaning are:\n\n\u003cpre\u003e\n\"none\" - User has no access to a Message VPN.\n\"read-only\" - User has read-only access to a Message VPN.\n\"read-write\" - User has read-write access to most Message VPN settings.\n\u003c/pre\u003e\n","description_kind":"markdown","computed":true},"group_name":{"type":"string","description":"The name of the group.","description_kind":"markdown","required":true},"id":{"type":"string","description":"Identifier attribute, for internal use only.","description_kind":"plain","computed":true},"msg_vpn_name":{"type":"string","description":"The name of the message VPN.","description_kind":"markdown","required":true},"oauth_profile_name":{"type":"string","description":"The name of the OAuth profile.","description_kind":"markdown","required":true}},"description":"Message VPN access-level exceptions for members of this group.\n\n\nAttribute|Identifying|Write-Only|Deprecated|Opaque\n:---|:---:|:---:|:---:|:---:\ngroup_name|x|||\nmsg_vpn_name|x|||\noauth_profile_name|x|||\n\n\n\nA SEMP client authorized with a minimum access scope/level of \"global/read-only\" is required to perform this operation.\n\nThis has been available since SEMP API version 2.24.","description_kind":"markdown"}},"solacebroker_oauth_profile_client_allowed_host":{"version":0,"block":{"attributes":{"allowed_host":{"type":"string","description":"An allowed value for the Host header.","description_kind":"markdown","required":true},"id":{"type":"string","description":"Identifier attribute, for internal use only.","description_kind":"plain","computed":true},"oauth_profile_name":{"type":"string","description":"The name of the OAuth profile.","description_kind":"markdown","required":true}},"description":"A valid hostname for this broker in OAuth redirects.\n\n\nAttribute|Identifying|Write-Only|Deprecated|Opaque\n:---|:---:|:---:|:---:|:---:\nallowed_host|x|||\noauth_profile_name|x|||\n\n\n\nA SEMP client authorized with a minimum access scope/level of \"global/read-only\" is required to perform this operation.\n\nThis has been available since SEMP API version 2.24.","description_kind":"markdown"}},"solacebroker_oauth_profile_client_authorization_parameter":{"version":0,"block":{"attributes":{"authorization_parameter_name":{"type":"string","description":"The name of the authorization parameter.","description_kind":"markdown","required":true},"authorization_parameter_value":{"type":"string","description":"The authorization parameter value. Changes to this attribute are synchronized to HA mates via config-sync. The default value is `\"\"`.","description_kind":"markdown","computed":true},"id":{"type":"string","description":"Identifier attribute, for internal use only.","description_kind":"plain","computed":true},"oauth_profile_name":{"type":"string","description":"The name of the OAuth profile.","description_kind":"markdown","required":true}},"description":"Additional parameters to be passed to the OAuth authorization endpoint.\n\n\nAttribute|Identifying|Write-Only|Deprecated|Opaque\n:---|:---:|:---:|:---:|:---:\nauthorization_parameter_name|x|||\noauth_profile_name|x|||\n\n\n\nA SEMP client authorized with a minimum access scope/level of \"global/read-only\" is required to perform this operation.\n\nThis has been available since SEMP API version 2.24.","description_kind":"markdown"}},"solacebroker_oauth_profile_client_required_claim":{"version":0,"block":{"attributes":{"client_required_claim_name":{"type":"string","description":"The name of the ID token claim to verify.","description_kind":"markdown","required":true},"client_required_claim_value":{"type":"string","description":"The required claim value, which must be a string containing a valid JSON value.","description_kind":"markdown","computed":true},"id":{"type":"string","description":"Identifier attribute, for internal use only.","description_kind":"plain","computed":true},"oauth_profile_name":{"type":"string","description":"The name of the OAuth profile.","description_kind":"markdown","required":true}},"description":"Additional claims to be verified in the ID token.\n\n\nAttribute|Identifying|Write-Only|Deprecated|Opaque\n:---|:---:|:---:|:---:|:---:\nclient_required_claim_name|x|||\noauth_profile_name|x|||\n\n\n\nA SEMP client authorized with a minimum access scope/level of \"global/read-only\" is required to perform this operation.\n\nThis has been available since SEMP API version 2.24.","description_kind":"markdown"}},"solacebroker_oauth_profile_default_msg_vpn_access_level_exception":{"version":0,"block":{"attributes":{"access_level":{"type":"string","description":"The message VPN access level. Changes to this attribute are synchronized to HA mates via config-sync. The default value is `\"none\"`. The allowed values and their meaning are:\n\n\u003cpre\u003e\n\"none\" - User has no access to a Message VPN.\n\"read-only\" - User has read-only access to a Message VPN.\n\"read-write\" - User has read-write access to most Message VPN settings.\n\u003c/pre\u003e\n","description_kind":"markdown","computed":true},"id":{"type":"string","description":"Identifier attribute, for internal use only.","description_kind":"plain","computed":true},"msg_vpn_name":{"type":"string","description":"The name of the message VPN.","description_kind":"markdown","required":true},"oauth_profile_name":{"type":"string","description":"The name of the OAuth profile.","description_kind":"markdown","required":true}},"description":"Default message VPN access-level exceptions.\n\n\nAttribute|Identifying|Write-Only|Deprecated|Opaque\n:---|:---:|:---:|:---:|:---:\nmsg_vpn_name|x|||\noauth_profile_name|x|||\n\n\n\nA SEMP client authorized with a minimum access scope/level of \"global/read-only\" is required to perform this operation.\n\nThis has been available since SEMP API version 2.24.","description_kind":"markdown"}},"solacebroker_oauth_profile_resource_server_required_claim":{"version":0,"block":{"attributes":{"id":{"type":"string","description":"Identifier attribute, for internal use only.","description_kind":"plain","computed":true},"oauth_profile_name":{"type":"string","description":"The name of the OAuth profile.","description_kind":"markdown","required":true},"resource_server_required_claim_name":{"type":"string","description":"The name of the access token claim to verify.","description_kind":"markdown","required":true},"resource_server_required_claim_value":{"type":"string","description":"The required claim value, which must be a string containing a valid JSON value.","description_kind":"markdown","computed":true}},"description":"Additional claims to be verified in the access token.\n\n\nAttribute|Identifying|Write-Only|Deprecated|Opaque\n:---|:---:|:---:|:---:|:---:\noauth_profile_name|x|||\nresource_server_required_claim_name|x|||\n\n\n\nA SEMP client authorized with a minimum access scope/level of \"global/read-only\" is required to perform this operation.\n\nThis has been available since SEMP API version 2.24.","description_kind":"markdown"}},"solacebroker_virtual_hostname":{"version":0,"block":{"attributes":{"enabled":{"type":"bool","description":"Enable or disable Virtual Hostname to Message VPN mapping. Changes to this attribute are synchronized to HA mates via config-sync. The default value is `false`.","description_kind":"markdown","computed":true},"id":{"type":"string","description":"Identifier attribute, for internal use only.","description_kind":"plain","computed":true},"msg_vpn_name":{"type":"string","description":"The message VPN to which this virtual hostname is mapped. Changes to this attribute are synchronized to HA mates via config-sync. The default value is `\"\"`.","description_kind":"markdown","computed":true},"virtual_hostname":{"type":"string","description":"The virtual hostname.","description_kind":"markdown","required":true}},"description":"A Virtual Hostname is a provisioned object on a message broker that contains a Virtual Hostname to Message VPN mapping.\n\nClients which connect to a global (as opposed to per Message VPN) port and provides this hostname will be directed to its corresponding Message VPN. A case-insentive match is performed on the full client-provided hostname against the configured virtual-hostname.\n\nThis mechanism is only supported for hostnames provided through the Server Name Indication (SNI) extension of TLS.\n\n\nAttribute|Identifying|Write-Only|Deprecated|Opaque\n:---|:---:|:---:|:---:|:---:\nvirtual_hostname|x|||\n\n\n\nA SEMP client authorized with a minimum access scope/level of \"global/read-only\" is required to perform this operation.\n\nThis has been available since SEMP API version 2.17.","description_kind":"markdown"}}}}}}
